{
  "version": 4,
  "terraform_version": "1.6.2",
  "serial": 1043,
  "lineage": "f78cd446-ae20-2964-b5ee-20d1f3d6190b",
  "outputs": {},
  "resources": [
    {
      "module": "module.api_container",
      "mode": "managed",
      "type": "aws_ecr_lifecycle_policy",
      "name": "default_policy",
      "provider": "provider[\"registry.terraform.io/hashicorp/aws\"]",
      "instances": [
        {
          "schema_version": 0,
          "attributes": {
            "id": "tests-api",
            "policy": "{\"rules\":[{\"action\":{\"type\":\"expire\"},\"description\":\"Keep last 2 images\",\"rulePriority\":1,\"selection\":{\"countNumber\":3,\"countType\":\"imageCountMoreThan\",\"tagPrefixList\":[\"v\"],\"tagStatus\":\"tagged\"}}]}",
            "registry_id": "211439781557",
            "repository": "tests-api"
          },
          "sensitive_attributes": [],
          "private": "bnVsbA==",
          "dependencies": [
            "module.api_container.aws_ecr_repository.repo"
          ]
        }
      ]
    },
    {
      "module": "module.api_container",
      "mode": "managed",
      "type": "aws_ecr_repository",
      "name": "repo",
      "provider": "provider[\"registry.terraform.io/hashicorp/aws\"]",
      "instances": [
        {
          "schema_version": 0,
          "attributes": {
            "arn": "arn:aws:ecr:eu-central-1:211439781557:repository/tests-api",
            "encryption_configuration": [
              {
                "encryption_type": "AES256",
                "kms_key": ""
              }
            ],
            "force_delete": true,
            "id": "tests-api",
            "image_scanning_configuration": [
              {
                "scan_on_push": false
              }
            ],
            "image_tag_mutability": "MUTABLE",
            "name": "tests-api",
            "registry_id": "211439781557",
            "repository_url": "211439781557.dkr.ecr.eu-central-1.amazonaws.com/tests-api",
            "tags": {
              "Name": "tests-api"
            },
            "tags_all": {
              "Name": "tests-api"
            },
            "timeouts": null
          },
          "sensitive_attributes": [],
          "private": "eyJlMmJmYjczMC1lY2FhLTExZTYtOGY4OC0zNDM2M2JjN2M0YzAiOnsiZGVsZXRlIjoxMjAwMDAwMDAwMDAwfX0="
        }
      ]
    },
    {
      "module": "module.api_container",
      "mode": "managed",
      "type": "aws_ecs_cluster",
      "name": "this",
      "provider": "provider[\"registry.terraform.io/hashicorp/aws\"]",
      "instances": [
        {
          "schema_version": 0,
          "attributes": {
            "arn": "arn:aws:ecs:eu-central-1:211439781557:cluster/tests-api",
            "configuration": [],
            "id": "arn:aws:ecs:eu-central-1:211439781557:cluster/tests-api",
            "name": "tests-api",
            "service_connect_defaults": [],
            "setting": [
              {
                "name": "containerInsights",
                "value": "disabled"
              }
            ],
            "tags": {
              "Name": "tests-api"
            },
            "tags_all": {
              "Name": "tests-api"
            }
          },
          "sensitive_attributes": [],
          "private": "bnVsbA=="
        }
      ]
    },
    {
      "module": "module.api_container",
      "mode": "managed",
      "type": "aws_ecs_service",
      "name": "service",
      "provider": "provider[\"registry.terraform.io/hashicorp/aws\"]",
      "instances": [
        {
          "schema_version": 0,
          "attributes": {
            "alarms": [],
            "capacity_provider_strategy": [],
            "cluster": "arn:aws:ecs:eu-central-1:211439781557:cluster/tests-api",
            "deployment_circuit_breaker": [
              {
                "enable": false,
                "rollback": false
              }
            ],
            "deployment_controller": [
              {
                "type": "ECS"
              }
            ],
            "deployment_maximum_percent": 200,
            "deployment_minimum_healthy_percent": 100,
            "desired_count": 1,
            "enable_ecs_managed_tags": false,
            "enable_execute_command": false,
            "force_new_deployment": null,
            "health_check_grace_period_seconds": 0,
            "iam_role": "/aws-service-role/ecs.amazonaws.com/AWSServiceRoleForECS",
            "id": "arn:aws:ecs:eu-central-1:211439781557:service/tests-api/tests-api-service",
            "launch_type": "FARGATE",
            "load_balancer": [
              {
                "container_name": "tests-api",
                "container_port": 8080,
                "elb_name": "",
                "target_group_arn": "arn:aws:elasticloadbalancing:eu-central-1:211439781557:targetgroup/tests-api/4d0a7d6f1395a81b"
              }
            ],
            "name": "tests-api-service",
            "network_configuration": [
              {
                "assign_public_ip": false,
                "security_groups": [
                  "sg-0c49b10edb7924c4f"
                ],
                "subnets": [
                  "subnet-00ca97d7ba11f1f24",
                  "subnet-0ea223f40195d5702"
                ]
              }
            ],
            "ordered_placement_strategy": [],
            "placement_constraints": [],
            "platform_version": "LATEST",
            "propagate_tags": "NONE",
            "scheduling_strategy": "REPLICA",
            "service_connect_configuration": [],
            "service_registries": [],
            "tags": {
              "Name": "tests-api"
            },
            "tags_all": {
              "Name": "tests-api"
            },
            "task_definition": "arn:aws:ecs:eu-central-1:211439781557:task-definition/tests-api-family:3",
            "timeouts": null,
            "triggers": {},
            "wait_for_steady_state": false
          },
          "sensitive_attributes": [],
          "private": "eyJlMmJmYjczMC1lY2FhLTExZTYtOGY4OC0zNDM2M2JjN2M0YzAiOnsiY3JlYXRlIjoxMjAwMDAwMDAwMDAwLCJkZWxldGUiOjEyMDAwMDAwMDAwMDAsInVwZGF0ZSI6MTIwMDAwMDAwMDAwMH19",
          "dependencies": [
            "module.api_container.aws_ecr_repository.repo",
            "module.api_container.aws_ecs_cluster.this",
            "module.api_container.null_resource.send_docker_image",
            "module.api_task.aws_alb_target_group.api",
            "module.api_task.aws_ecs_task_definition.api",
            "module.api_task.aws_security_group.api_container",
            "module.bastion.aws_eip.bastion",
            "module.bastion.aws_instance.bastion",
            "module.bastion.aws_security_group.bastion",
            "module.bastion.data.template_file.userdata",
            "module.external_application_load_balancer.aws_security_group.main",
            "module.key.aws_key_pair.bastion_key",
            "module.key.local_sensitive_file.bastion-private-key",
            "module.key.tls_private_key.t",
            "module.mongodb_cluster.aws_iam_instance_profile.mongo-instance-profile",
            "module.mongodb_cluster.aws_iam_role.mongo-role",
            "module.mongodb_cluster.aws_instance.mongo_primary",
            "module.mongodb_cluster.aws_security_group.mongo_sg",
            "module.mongodb_cluster.data.aws_iam_policy_document.instance-assume-role-policy",
            "module.mongodb_cluster.data.aws_region.current",
            "module.mongodb_cluster.data.template_file.userdata",
            "module.network.module.vpc.aws_subnet.private",
            "module.network.module.vpc.aws_subnet.public",
            "module.network.module.vpc.aws_vpc.this",
            "module.network.module.vpc.aws_vpc_ipv4_cidr_block_association.this",
            "module.roles.aws_iam_role.ecsTaskExecution",
            "module.roles.data.aws_iam_policy_document.ecsTaskExecution"
          ]
        }
      ]
    },
    {
      "module": "module.api_container",
      "mode": "managed",
      "type": "null_resource",
      "name": "send_docker_image",
      "provider": "provider[\"registry.terraform.io/hashicorp/null\"]",
      "instances": [
        {
          "schema_version": 0,
          "attributes": {
            "id": "672384651772957532",
            "triggers": {
              "value": "1.0.2"
            }
          },
          "sensitive_attributes": [],
          "dependencies": [
            "module.api_container.aws_ecr_repository.repo"
          ]
        }
      ]
    },
    {
      "module": "module.api_task",
      "mode": "managed",
      "type": "aws_alb_target_group",
      "name": "api",
      "provider": "provider[\"registry.terraform.io/hashicorp/aws\"]",
      "instances": [
        {
          "schema_version": 0,
          "attributes": {
            "arn": "arn:aws:elasticloadbalancing:eu-central-1:211439781557:targetgroup/tests-api/4d0a7d6f1395a81b",
            "arn_suffix": "targetgroup/tests-api/4d0a7d6f1395a81b",
            "connection_termination": null,
            "deregistration_delay": "300",
            "health_check": [
              {
                "enabled": true,
                "healthy_threshold": 3,
                "interval": 30,
                "matcher": "200",
                "path": "/api/v1/health",
                "port": "traffic-port",
                "protocol": "HTTP",
                "timeout": 3,
                "unhealthy_threshold": 2
              }
            ],
            "id": "arn:aws:elasticloadbalancing:eu-central-1:211439781557:targetgroup/tests-api/4d0a7d6f1395a81b",
            "ip_address_type": "ipv4",
            "lambda_multi_value_headers_enabled": false,
            "load_balancing_algorithm_type": "round_robin",
            "load_balancing_cross_zone_enabled": "use_load_balancer_configuration",
            "name": "tests-api",
            "name_prefix": "",
            "port": 8080,
            "preserve_client_ip": null,
            "protocol": "HTTP",
            "protocol_version": "HTTP1",
            "proxy_protocol_v2": false,
            "slow_start": 0,
            "stickiness": [
              {
                "cookie_duration": 86400,
                "cookie_name": "",
                "enabled": true,
                "type": "lb_cookie"
              }
            ],
            "tags": {},
            "tags_all": {},
            "target_failover": [
              {
                "on_deregistration": null,
                "on_unhealthy": null
              }
            ],
            "target_health_state": [
              {
                "enable_unhealthy_connection_termination": null
              }
            ],
            "target_type": "ip",
            "vpc_id": "vpc-0abf410b5f1e1e2da"
          },
          "sensitive_attributes": [],
          "private": "bnVsbA==",
          "dependencies": [
            "module.network.module.vpc.aws_vpc.this"
          ]
        }
      ]
    },
    {
      "module": "module.api_task",
      "mode": "managed",
      "type": "aws_ecs_task_definition",
      "name": "api",
      "provider": "provider[\"registry.terraform.io/hashicorp/aws\"]",
      "instances": [
        {
          "schema_version": 1,
          "attributes": {
            "arn": "arn:aws:ecs:eu-central-1:211439781557:task-definition/tests-api-family:3",
            "arn_without_revision": "arn:aws:ecs:eu-central-1:211439781557:task-definition/tests-api-family",
            "container_definitions": "[{\"cpu\":256,\"environment\":[{\"name\":\"MONGO_PATH\",\"value\":\"172.18.0.185:27017/test\"}],\"essential\":true,\"healthCheck\":{\"command\":[\"CMD-SHELL\",\"wget --no-verbose --tries=1 --spider localhost:8080/api/v1/health || exit 1\"],\"interval\":10,\"retries\":5,\"startPeriod\":20,\"timeout\":5},\"image\":\"211439781557.dkr.ecr.eu-central-1.amazonaws.com/tests-api:1.0.2\",\"memory\":512,\"mountPoints\":[],\"name\":\"tests-api\",\"portMappings\":[{\"containerPort\":8080,\"hostPort\":8080,\"protocol\":\"tcp\"},{\"containerPort\":27017,\"hostPort\":27017,\"protocol\":\"tcp\"}],\"volumesFrom\":[]}]",
            "cpu": "256",
            "ephemeral_storage": [],
            "execution_role_arn": "arn:aws:iam::211439781557:role/ecsTaskExecution",
            "family": "tests-api-family",
            "id": "tests-api-family",
            "inference_accelerator": [],
            "ipc_mode": "",
            "memory": "512",
            "network_mode": "awsvpc",
            "pid_mode": "",
            "placement_constraints": [],
            "proxy_configuration": [],
            "requires_compatibilities": [
              "FARGATE"
            ],
            "revision": 3,
            "runtime_platform": [],
            "skip_destroy": false,
            "tags": {
              "Name": "tests-api-family"
            },
            "tags_all": {
              "Name": "tests-api-family"
            },
            "task_role_arn": "",
            "volume": []
          },
          "sensitive_attributes": [],
          "private": "eyJzY2hlbWFfdmVyc2lvbiI6IjEifQ==",
          "dependencies": [
            "module.api_container.aws_ecr_repository.repo",
            "module.bastion.aws_eip.bastion",
            "module.bastion.aws_instance.bastion",
            "module.bastion.aws_security_group.bastion",
            "module.bastion.data.template_file.userdata",
            "module.key.aws_key_pair.bastion_key",
            "module.key.local_sensitive_file.bastion-private-key",
            "module.key.tls_private_key.t",
            "module.mongodb_cluster.aws_iam_instance_profile.mongo-instance-profile",
            "module.mongodb_cluster.aws_iam_role.mongo-role",
            "module.mongodb_cluster.aws_instance.mongo_primary",
            "module.mongodb_cluster.aws_security_group.mongo_sg",
            "module.mongodb_cluster.data.aws_iam_policy_document.instance-assume-role-policy",
            "module.mongodb_cluster.data.aws_region.current",
            "module.mongodb_cluster.data.template_file.userdata",
            "module.network.module.vpc.aws_subnet.private",
            "module.network.module.vpc.aws_subnet.public",
            "module.network.module.vpc.aws_vpc.this",
            "module.network.module.vpc.aws_vpc_ipv4_cidr_block_association.this",
            "module.roles.aws_iam_role.ecsTaskExecution",
            "module.roles.data.aws_iam_policy_document.ecsTaskExecution"
          ]
        }
      ]
    },
    {
      "module": "module.api_task",
      "mode": "managed",
      "type": "aws_lb_listener_rule",
      "name": "static",
      "provider": "provider[\"registry.terraform.io/hashicorp/aws\"]",
      "instances": [
        {
          "schema_version": 0,
          "attributes": {
            "action": [
              {
                "authenticate_cognito": [],
                "authenticate_oidc": [],
                "fixed_response": [],
                "forward": [],
                "order": 1,
                "redirect": [],
                "target_group_arn": "arn:aws:elasticloadbalancing:eu-central-1:211439781557:targetgroup/tests-api/4d0a7d6f1395a81b",
                "type": "forward"
              }
            ],
            "arn": "arn:aws:elasticloadbalancing:eu-central-1:211439781557:listener-rule/app/external/f8217e26f6125525/47d2c9a38ce3524d/32f4aa8307ca05b0",
            "condition": [
              {
                "host_header": [
                  {
                    "values": [
                      "api.watislaf.com"
                    ]
                  }
                ],
                "http_header": [],
                "http_request_method": [],
                "path_pattern": [],
                "query_string": [],
                "source_ip": []
              }
            ],
            "id": "arn:aws:elasticloadbalancing:eu-central-1:211439781557:listener-rule/app/external/f8217e26f6125525/47d2c9a38ce3524d/32f4aa8307ca05b0",
            "listener_arn": "arn:aws:elasticloadbalancing:eu-central-1:211439781557:listener/app/external/f8217e26f6125525/47d2c9a38ce3524d",
            "priority": 99,
            "tags": {},
            "tags_all": {}
          },
          "sensitive_attributes": [],
          "private": "bnVsbA==",
          "dependencies": [
            "module.api_task.aws_alb_target_group.api",
            "module.external_application_load_balancer.aws_alb.main",
            "module.external_application_load_balancer.aws_alb_listener.external_http",
            "module.external_application_load_balancer.aws_security_group.main",
            "module.network.module.vpc.aws_subnet.public",
            "module.network.module.vpc.aws_vpc.this",
            "module.network.module.vpc.aws_vpc_ipv4_cidr_block_association.this"
          ]
        }
      ]
    },
    {
      "module": "module.api_task",
      "mode": "managed",
      "type": "aws_security_group",
      "name": "api_container",
      "provider": "provider[\"registry.terraform.io/hashicorp/aws\"]",
      "instances": [
        {
          "schema_version": 1,
          "attributes": {
            "arn": "arn:aws:ec2:eu-central-1:211439781557:security-group/sg-0c49b10edb7924c4f",
            "description": "allow inbound access from the ALB only",
            "egress": [
              {
                "cidr_blocks": [
                  "0.0.0.0/0"
                ],
                "description": "",
                "from_port": 0,
                "ipv6_cidr_blocks": [],
                "prefix_list_ids": [],
                "protocol": "-1",
                "security_groups": [],
                "self": false,
                "to_port": 0
              }
            ],
            "id": "sg-0c49b10edb7924c4f",
            "ingress": [
              {
                "cidr_blocks": [],
                "description": "",
                "from_port": 8080,
                "ipv6_cidr_blocks": [],
                "prefix_list_ids": [],
                "protocol": "tcp",
                "security_groups": [
                  "sg-0dcbf1512818fccbd"
                ],
                "self": false,
                "to_port": 8080
              }
            ],
            "name": "tests-api-container",
            "name_prefix": "",
            "owner_id": "211439781557",
            "revoke_rules_on_delete": false,
            "tags": {
              "Name": "tests-api"
            },
            "tags_all": {
              "Name": "tests-api"
            },
            "timeouts": null,
            "vpc_id": "vpc-0abf410b5f1e1e2da"
          },
          "sensitive_attributes": [],
          "private": "eyJlMmJmYjczMC1lY2FhLTExZTYtOGY4OC0zNDM2M2JjN2M0YzAiOnsiY3JlYXRlIjo2MDAwMDAwMDAwMDAsImRlbGV0ZSI6OTAwMDAwMDAwMDAwfSwic2NoZW1hX3ZlcnNpb24iOiIxIn0=",
          "dependencies": [
            "module.external_application_load_balancer.aws_security_group.main",
            "module.network.module.vpc.aws_vpc.this"
          ]
        }
      ]
    },
    {
      "module": "module.bastion",
      "mode": "data",
      "type": "template_file",
      "name": "userdata",
      "provider": "provider[\"registry.terraform.io/hashicorp/template\"]",
      "instances": [
        {
          "schema_version": 0,
          "attributes": {
            "filename": null,
            "id": "9bc5ed7e03161e19cca03ba54031fb125c1e563530c06de84b56d88a63382a0b",
            "rendered": "#!/bin/bash\nset -x\n\nexec \u003e \u003e(sudo tee /var/log/user-data.log|logger -t user-data ) 2\u003e\u00261\nyum -y update\n\necho \"AllowTcpForwarding yes\" \u003e\u003e /etc/ssh/sshd_config\nservice sshd restart\n\nyum -y install curl iputils check-update gcc wget libcurl openssl\n\nchmod 400 /home/ec2-user/id_rsa\n",
            "template": "#!/bin/bash\nset -x\n\nexec \u003e \u003e(sudo tee /var/log/user-data.log|logger -t user-data ) 2\u003e\u00261\nyum -y update\n\necho \"AllowTcpForwarding yes\" \u003e\u003e /etc/ssh/sshd_config\nservice sshd restart\n\nyum -y install curl iputils check-update gcc wget libcurl openssl\n\nchmod 400 /home/ec2-user/id_rsa\n",
            "vars": null
          },
          "sensitive_attributes": []
        }
      ]
    },
    {
      "module": "module.bastion",
      "mode": "managed",
      "type": "aws_eip",
      "name": "bastion",
      "provider": "provider[\"registry.terraform.io/hashicorp/aws\"]",
      "instances": [
        {
          "schema_version": 0,
          "attributes": {
            "address": null,
            "allocation_id": "eipalloc-0c64d0622e678c2c6",
            "associate_with_private_ip": "172.18.101.180",
            "association_id": "eipassoc-0138cacdb9512b7fe",
            "carrier_ip": "",
            "customer_owned_ip": "",
            "customer_owned_ipv4_pool": "",
            "domain": "vpc",
            "id": "eipalloc-0c64d0622e678c2c6",
            "instance": "i-0552c83fc1c1895fa",
            "network_border_group": "eu-central-1",
            "network_interface": "eni-0735881dd775f3815",
            "private_dns": "ip-172-18-101-180.eu-central-1.compute.internal",
            "private_ip": "172.18.101.180",
            "public_dns": "ec2-52-29-82-110.eu-central-1.compute.amazonaws.com",
            "public_ip": "52.29.82.110",
            "public_ipv4_pool": "amazon",
            "tags": {},
            "tags_all": {},
            "timeouts": null,
            "vpc": true
          },
          "sensitive_attributes": [],
          "private": "eyJlMmJmYjczMC1lY2FhLTExZTYtOGY4OC0zNDM2M2JjN2M0YzAiOnsiZGVsZXRlIjoxODAwMDAwMDAwMDAsInJlYWQiOjkwMDAwMDAwMDAwMCwidXBkYXRlIjozMDAwMDAwMDAwMDB9fQ==",
          "dependencies": [
            "module.bastion.aws_instance.bastion",
            "module.bastion.aws_security_group.bastion",
            "module.bastion.data.template_file.userdata",
            "module.key.aws_key_pair.bastion_key",
            "module.key.local_sensitive_file.bastion-private-key",
            "module.key.tls_private_key.t",
            "module.network.module.vpc.aws_subnet.public",
            "module.network.module.vpc.aws_vpc.this",
            "module.network.module.vpc.aws_vpc_ipv4_cidr_block_association.this"
          ]
        }
      ]
    },
    {
      "module": "module.bastion",
      "mode": "managed",
      "type": "aws_instance",
      "name": "bastion",
      "provider": "provider[\"registry.terraform.io/hashicorp/aws\"]",
      "instances": [
        {
          "schema_version": 1,
          "attributes": {
            "ami": "ami-0a485299eeb98b979",
            "arn": "arn:aws:ec2:eu-central-1:211439781557:instance/i-0552c83fc1c1895fa",
            "associate_public_ip_address": true,
            "availability_zone": "eu-central-1b",
            "capacity_reservation_specification": [
              {
                "capacity_reservation_preference": "open",
                "capacity_reservation_target": []
              }
            ],
            "cpu_core_count": 1,
            "cpu_options": [
              {
                "amd_sev_snp": "",
                "core_count": 1,
                "threads_per_core": 2
              }
            ],
            "cpu_threads_per_core": 2,
            "credit_specification": [
              {
                "cpu_credits": "standard"
              }
            ],
            "disable_api_stop": false,
            "disable_api_termination": false,
            "ebs_block_device": [],
            "ebs_optimized": false,
            "enclave_options": [
              {
                "enabled": false
              }
            ],
            "ephemeral_block_device": [],
            "get_password_data": false,
            "hibernation": false,
            "host_id": "",
            "host_resource_group_arn": null,
            "iam_instance_profile": "",
            "id": "i-0552c83fc1c1895fa",
            "instance_initiated_shutdown_behavior": "stop",
            "instance_lifecycle": "",
            "instance_market_options": [],
            "instance_state": "running",
            "instance_type": "t3.nano",
            "ipv6_address_count": 0,
            "ipv6_addresses": [],
            "key_name": "bastion_key",
            "launch_template": [],
            "maintenance_options": [
              {
                "auto_recovery": "default"
              }
            ],
            "metadata_options": [
              {
                "http_endpoint": "enabled",
                "http_protocol_ipv6": "disabled",
                "http_put_response_hop_limit": 2,
                "http_tokens": "required",
                "instance_metadata_tags": "disabled"
              }
            ],
            "monitoring": false,
            "network_interface": [],
            "outpost_arn": "",
            "password_data": "",
            "placement_group": "",
            "placement_partition_number": 0,
            "primary_network_interface_id": "eni-0735881dd775f3815",
            "private_dns": "ip-172-18-101-180.eu-central-1.compute.internal",
            "private_dns_name_options": [
              {
                "enable_resource_name_dns_a_record": false,
                "enable_resource_name_dns_aaaa_record": false,
                "hostname_type": "ip-name"
              }
            ],
            "private_ip": "172.18.101.180",
            "public_dns": "ec2-52-29-82-110.eu-central-1.compute.amazonaws.com",
            "public_ip": "52.29.82.110",
            "root_block_device": [
              {
                "delete_on_termination": true,
                "device_name": "/dev/xvda",
                "encrypted": false,
                "iops": 0,
                "kms_key_id": "",
                "tags": {
                  "Name": "bastion_root"
                },
                "throughput": 0,
                "volume_id": "vol-0339b7e7e54c3aeaa",
                "volume_size": 8,
                "volume_type": "standard"
              }
            ],
            "secondary_private_ips": [],
            "security_groups": [],
            "source_dest_check": true,
            "spot_instance_request_id": "",
            "subnet_id": "subnet-0ea13de5c6b8c273b",
            "tags": {
              "Name": "bastion"
            },
            "tags_all": {
              "Name": "bastion"
            },
            "tenancy": "default",
            "timeouts": null,
            "user_data": "e9f8782589ce13cf2307f41bcc0d8d691ec6dc1b",
            "user_data_base64": null,
            "user_data_replace_on_change": false,
            "volume_tags": null,
            "vpc_security_group_ids": [
              "sg-09266c10228adf541"
            ]
          },
          "sensitive_attributes": [],
          "private": "eyJlMmJmYjczMC1lY2FhLTExZTYtOGY4OC0zNDM2M2JjN2M0YzAiOnsiY3JlYXRlIjo2MDAwMDAwMDAwMDAsImRlbGV0ZSI6MTIwMDAwMDAwMDAwMCwidXBkYXRlIjo2MDAwMDAwMDAwMDB9LCJzY2hlbWFfdmVyc2lvbiI6IjEifQ==",
          "dependencies": [
            "module.bastion.aws_security_group.bastion",
            "module.bastion.data.template_file.userdata",
            "module.key.aws_key_pair.bastion_key",
            "module.key.local_sensitive_file.bastion-private-key",
            "module.key.tls_private_key.t",
            "module.network.module.vpc.aws_subnet.public",
            "module.network.module.vpc.aws_vpc.this",
            "module.network.module.vpc.aws_vpc_ipv4_cidr_block_association.this"
          ]
        }
      ]
    },
    {
      "module": "module.bastion",
      "mode": "managed",
      "type": "aws_security_group",
      "name": "bastion",
      "provider": "provider[\"registry.terraform.io/hashicorp/aws\"]",
      "instances": [
        {
          "schema_version": 1,
          "attributes": {
            "arn": "arn:aws:ec2:eu-central-1:211439781557:security-group/sg-09266c10228adf541",
            "description": "EC2 Bastion Host Security Group",
            "egress": [
              {
                "cidr_blocks": [
                  "0.0.0.0/0"
                ],
                "description": "IPv4 route Open to Public Internet",
                "from_port": 0,
                "ipv6_cidr_blocks": [],
                "prefix_list_ids": [],
                "protocol": "-1",
                "security_groups": [],
                "self": false,
                "to_port": 0
              },
              {
                "cidr_blocks": [],
                "description": "IPv6 route Open to Public Internet",
                "from_port": 0,
                "ipv6_cidr_blocks": [
                  "::/0"
                ],
                "prefix_list_ids": [],
                "protocol": "-1",
                "security_groups": [],
                "self": false,
                "to_port": 0
              }
            ],
            "id": "sg-09266c10228adf541",
            "ingress": [
              {
                "cidr_blocks": [
                  "0.0.0.0/0"
                ],
                "description": "",
                "from_port": 22,
                "ipv6_cidr_blocks": [],
                "prefix_list_ids": [],
                "protocol": "tcp",
                "security_groups": [],
                "self": false,
                "to_port": 22
              }
            ],
            "name": "bastion",
            "name_prefix": "",
            "owner_id": "211439781557",
            "revoke_rules_on_delete": false,
            "tags": {},
            "tags_all": {},
            "timeouts": null,
            "vpc_id": "vpc-0abf410b5f1e1e2da"
          },
          "sensitive_attributes": [],
          "private": "eyJlMmJmYjczMC1lY2FhLTExZTYtOGY4OC0zNDM2M2JjN2M0YzAiOnsiY3JlYXRlIjo2MDAwMDAwMDAwMDAsImRlbGV0ZSI6OTAwMDAwMDAwMDAwfSwic2NoZW1hX3ZlcnNpb24iOiIxIn0=",
          "dependencies": [
            "module.network.module.vpc.aws_vpc.this"
          ]
        }
      ]
    },
    {
      "module": "module.external_application_load_balancer",
      "mode": "managed",
      "type": "aws_alb",
      "name": "main",
      "provider": "provider[\"registry.terraform.io/hashicorp/aws\"]",
      "instances": [
        {
          "schema_version": 0,
          "attributes": {
            "access_logs": [
              {
                "bucket": "",
                "enabled": false,
                "prefix": ""
              }
            ],
            "arn": "arn:aws:elasticloadbalancing:eu-central-1:211439781557:loadbalancer/app/external/f8217e26f6125525",
            "arn_suffix": "app/external/f8217e26f6125525",
            "customer_owned_ipv4_pool": "",
            "desync_mitigation_mode": "defensive",
            "dns_name": "external-1982050528.eu-central-1.elb.amazonaws.com",
            "dns_record_client_routing_policy": null,
            "drop_invalid_header_fields": false,
            "enable_cross_zone_load_balancing": true,
            "enable_deletion_protection": false,
            "enable_http2": true,
            "enable_tls_version_and_cipher_suite_headers": false,
            "enable_waf_fail_open": false,
            "enable_xff_client_port": false,
            "id": "arn:aws:elasticloadbalancing:eu-central-1:211439781557:loadbalancer/app/external/f8217e26f6125525",
            "idle_timeout": 60,
            "internal": false,
            "ip_address_type": "ipv4",
            "load_balancer_type": "application",
            "name": "external",
            "name_prefix": "",
            "preserve_host_header": false,
            "security_groups": [
              "sg-0dcbf1512818fccbd"
            ],
            "subnet_mapping": [
              {
                "allocation_id": "",
                "ipv6_address": "",
                "outpost_id": "",
                "private_ipv4_address": "",
                "subnet_id": "subnet-05318cd332c1ceffa"
              },
              {
                "allocation_id": "",
                "ipv6_address": "",
                "outpost_id": "",
                "private_ipv4_address": "",
                "subnet_id": "subnet-0ea13de5c6b8c273b"
              }
            ],
            "subnets": [
              "subnet-05318cd332c1ceffa",
              "subnet-0ea13de5c6b8c273b"
            ],
            "tags": {
              "Name": "external"
            },
            "tags_all": {
              "Name": "external"
            },
            "timeouts": null,
            "vpc_id": "vpc-0abf410b5f1e1e2da",
            "xff_header_processing_mode": "append",
            "zone_id": "Z215JYRZR1TBD5"
          },
          "sensitive_attributes": [],
          "private": "eyJlMmJmYjczMC1lY2FhLTExZTYtOGY4OC0zNDM2M2JjN2M0YzAiOnsiY3JlYXRlIjo2MDAwMDAwMDAwMDAsImRlbGV0ZSI6NjAwMDAwMDAwMDAwLCJ1cGRhdGUiOjYwMDAwMDAwMDAwMH19",
          "dependencies": [
            "module.external_application_load_balancer.aws_security_group.main",
            "module.network.module.vpc.aws_subnet.public",
            "module.network.module.vpc.aws_vpc.this",
            "module.network.module.vpc.aws_vpc_ipv4_cidr_block_association.this"
          ]
        }
      ]
    },
    {
      "module": "module.external_application_load_balancer",
      "mode": "managed",
      "type": "aws_alb_listener",
      "name": "external_http",
      "provider": "provider[\"registry.terraform.io/hashicorp/aws\"]",
      "instances": [
        {
          "schema_version": 0,
          "attributes": {
            "alpn_policy": null,
            "arn": "arn:aws:elasticloadbalancing:eu-central-1:211439781557:listener/app/external/f8217e26f6125525/47d2c9a38ce3524d",
            "certificate_arn": null,
            "default_action": [
              {
                "authenticate_cognito": [],
                "authenticate_oidc": [],
                "fixed_response": [],
                "forward": [],
                "order": 1,
                "redirect": [
                  {
                    "host": "#{host}",
                    "path": "/#{path}",
                    "port": "443",
                    "protocol": "HTTPS",
                    "query": "#{query}",
                    "status_code": "HTTP_301"
                  }
                ],
                "target_group_arn": "",
                "type": "redirect"
              }
            ],
            "id": "arn:aws:elasticloadbalancing:eu-central-1:211439781557:listener/app/external/f8217e26f6125525/47d2c9a38ce3524d",
            "load_balancer_arn": "arn:aws:elasticloadbalancing:eu-central-1:211439781557:loadbalancer/app/external/f8217e26f6125525",
            "port": 80,
            "protocol": "HTTP",
            "ssl_policy": "",
            "tags": {},
            "tags_all": {},
            "timeouts": null
          },
          "sensitive_attributes": [],
          "private": "eyJlMmJmYjczMC1lY2FhLTExZTYtOGY4OC0zNDM2M2JjN2M0YzAiOnsicmVhZCI6NjAwMDAwMDAwMDAwfX0=",
          "dependencies": [
            "module.external_application_load_balancer.aws_alb.main",
            "module.external_application_load_balancer.aws_security_group.main",
            "module.network.module.vpc.aws_subnet.public",
            "module.network.module.vpc.aws_vpc.this",
            "module.network.module.vpc.aws_vpc_ipv4_cidr_block_association.this"
          ]
        }
      ]
    },
    {
      "module": "module.external_application_load_balancer",
      "mode": "managed",
      "type": "aws_security_group",
      "name": "main",
      "provider": "provider[\"registry.terraform.io/hashicorp/aws\"]",
      "instances": [
        {
          "schema_version": 1,
          "attributes": {
            "arn": "arn:aws:ec2:eu-central-1:211439781557:security-group/sg-0dcbf1512818fccbd",
            "description": "controls access to the ALB",
            "egress": [
              {
                "cidr_blocks": [
                  "0.0.0.0/0"
                ],
                "description": "",
                "from_port": 0,
                "ipv6_cidr_blocks": [],
                "prefix_list_ids": [],
                "protocol": "-1",
                "security_groups": [],
                "self": false,
                "to_port": 0
              }
            ],
            "id": "sg-0dcbf1512818fccbd",
            "ingress": [
              {
                "cidr_blocks": [
                  "0.0.0.0/0"
                ],
                "description": "",
                "from_port": 443,
                "ipv6_cidr_blocks": [],
                "prefix_list_ids": [],
                "protocol": "tcp",
                "security_groups": [],
                "self": false,
                "to_port": 443
              },
              {
                "cidr_blocks": [
                  "0.0.0.0/0"
                ],
                "description": "",
                "from_port": 80,
                "ipv6_cidr_blocks": [],
                "prefix_list_ids": [],
                "protocol": "tcp",
                "security_groups": [],
                "self": false,
                "to_port": 80
              }
            ],
            "name": "common-external-load-balancer-security-group",
            "name_prefix": "",
            "owner_id": "211439781557",
            "revoke_rules_on_delete": false,
            "tags": {},
            "tags_all": {},
            "timeouts": null,
            "vpc_id": "vpc-0abf410b5f1e1e2da"
          },
          "sensitive_attributes": [],
          "private": "eyJlMmJmYjczMC1lY2FhLTExZTYtOGY4OC0zNDM2M2JjN2M0YzAiOnsiY3JlYXRlIjo2MDAwMDAwMDAwMDAsImRlbGV0ZSI6OTAwMDAwMDAwMDAwfSwic2NoZW1hX3ZlcnNpb24iOiIxIn0=",
          "dependencies": [
            "module.network.module.vpc.aws_vpc.this"
          ]
        }
      ]
    },
    {
      "module": "module.key",
      "mode": "managed",
      "type": "aws_key_pair",
      "name": "bastion_key",
      "provider": "provider[\"registry.terraform.io/hashicorp/aws\"]",
      "instances": [
        {
          "schema_version": 1,
          "attributes": {
            "arn": "arn:aws:ec2:eu-central-1:211439781557:key-pair/bastion_key",
            "fingerprint": "45:31:8e:3d:6c:94:fe:c2:25:c1:12:7d:f0:40:ea:27",
            "id": "bastion_key",
            "key_name": "bastion_key",
            "key_name_prefix": "",
            "key_pair_id": "key-06e57bb6bbe2b0067",
            "key_type": "rsa",
            "public_key": "ssh-rsa AAAAB3NzaC1yc2EAAAADAQABAAACAQDoiP+nWHrniYstcljkptg4yTrO3taVg8FA3931sOQsTLyfyJPQLnjLOWJK+GYn0aSI7Nttpu6qmIoyO2WpNTfS5+abLI//T6PuOiByu3+ORBl1zMTdxOaN/lgq1kkO0z5ish2Pb33Hswum/KaJLwcspPB7R36oFbNGSuXzExKXx1FhOAefkJY7HGRg/uce5shiL4u7R6AnsCiYle9VhfmylZQraefq/WBg2b6RaYHS5zJJuPidvIEPJnqUuGvUvK8UydAKhUqaF+RpR4pEwSsagOfBtyT8EQMWVdmUHF/VAqR4IlEIxFPWBxExMXlen6VyXwB7LjYxcq+kOI/A+kq4090aPbyVMZ225fSd/lxCcaEvZNPq9TuyDCrI0h4e6OsB9T7xzNtD96fG+iIMuTLAQq2sQVm8vt7ftJaRZgHpG4PkUBgvjwaJIyeKwuHn1MFcyp4tlRC5qR5SO/rRtqihL0hRzVWqs4oDnbPgmuP6/l4spxsaTHs02qx9bBx20jIKr7+wd0Se+4k1Cg7qvhBt7wzvjVl6pQgDiKj7H8fPOIDj8jEPXy4S3apkHHef7dYvTRl4HXaGkAOk6ro+Cai4quAZSQr+a1rmLxRbPvEhmFAbDEUc+aU7b/RQJ+UlfrzQiCT2dRcxJWTpZN6FhI7qUdCdGbudbFFWuDCR2s6HIQ==",
            "tags": {},
            "tags_all": {}
          },
          "sensitive_attributes": [],
          "private": "eyJzY2hlbWFfdmVyc2lvbiI6IjEifQ==",
          "dependencies": [
            "module.key.tls_private_key.t"
          ]
        }
      ]
    },
    {
      "module": "module.key",
      "mode": "managed",
      "type": "local_file",
      "name": "bastion-public-key",
      "provider": "provider[\"registry.terraform.io/hashicorp/local\"]",
      "instances": [
        {
          "schema_version": 0,
          "attributes": {
            "content": "ssh-rsa AAAAB3NzaC1yc2EAAAADAQABAAACAQDoiP+nWHrniYstcljkptg4yTrO3taVg8FA3931sOQsTLyfyJPQLnjLOWJK+GYn0aSI7Nttpu6qmIoyO2WpNTfS5+abLI//T6PuOiByu3+ORBl1zMTdxOaN/lgq1kkO0z5ish2Pb33Hswum/KaJLwcspPB7R36oFbNGSuXzExKXx1FhOAefkJY7HGRg/uce5shiL4u7R6AnsCiYle9VhfmylZQraefq/WBg2b6RaYHS5zJJuPidvIEPJnqUuGvUvK8UydAKhUqaF+RpR4pEwSsagOfBtyT8EQMWVdmUHF/VAqR4IlEIxFPWBxExMXlen6VyXwB7LjYxcq+kOI/A+kq4090aPbyVMZ225fSd/lxCcaEvZNPq9TuyDCrI0h4e6OsB9T7xzNtD96fG+iIMuTLAQq2sQVm8vt7ftJaRZgHpG4PkUBgvjwaJIyeKwuHn1MFcyp4tlRC5qR5SO/rRtqihL0hRzVWqs4oDnbPgmuP6/l4spxsaTHs02qx9bBx20jIKr7+wd0Se+4k1Cg7qvhBt7wzvjVl6pQgDiKj7H8fPOIDj8jEPXy4S3apkHHef7dYvTRl4HXaGkAOk6ro+Cai4quAZSQr+a1rmLxRbPvEhmFAbDEUc+aU7b/RQJ+UlfrzQiCT2dRcxJWTpZN6FhI7qUdCdGbudbFFWuDCR2s6HIQ==\n",
            "content_base64": null,
            "content_base64sha256": "r+kUUvd/K6qS2WrjVGxPB0m9zpQGWkUBNioMf473M0g=",
            "content_base64sha512": "B41Cq/Yy4ao/bBkUT4F85nuLQYPvRyIwgRSs9CPH4Fy7njkW3vOP2l0pEwTip7xspolDVfv/TEFN6f4kbGUuvw==",
            "content_md5": "c17d4ebb9e9b2e2abc62e0387b0f6952",
            "content_sha1": "af4e751adba024254071cb879846598d81593ea1",
            "content_sha256": "afe91452f77f2baa92d96ae3546c4f0749bdce94065a4501362a0c7f8ef73348",
            "content_sha512": "078d42abf632e1aa3f6c19144f817ce67b8b4183ef4722308114acf423c7e05cbb9e3916def38fda5d291304e2a7bc6ca6894355fbff4c414de9fe246c652ebf",
            "directory_permission": "0777",
            "file_permission": "0777",
            "filename": "/Users/vladislavkozulin/work/dcms/infra/ssh/key.pub",
            "id": "af4e751adba024254071cb879846598d81593ea1",
            "sensitive_content": null,
            "source": null
          },
          "sensitive_attributes": [],
          "dependencies": [
            "module.key.tls_private_key.t"
          ]
        }
      ]
    },
    {
      "module": "module.key",
      "mode": "managed",
      "type": "local_sensitive_file",
      "name": "bastion-private-key",
      "provider": "provider[\"registry.terraform.io/hashicorp/local\"]",
      "instances": [
        {
          "schema_version": 0,
          "attributes": {
            "content": "-----BEGIN RSA PRIVATE KEY-----\nMIIJKQIBAAKCAgEA6Ij/p1h654mLLXJY5KbYOMk6zt7WlYPBQN/d9bDkLEy8n8iT\n0C54yzliSvhmJ9GkiOzbbabuqpiKMjtlqTU30ufmmyyP/0+j7jogcrt/jkQZdczE\n3cTmjf5YKtZJDtM+YrIdj299x7MLpvymiS8HLKTwe0d+qBWzRkrl8xMSl8dRYTgH\nn5CWOxxkYP7nHubIYi+Lu0egJ7AomJXvVYX5spWUK2nn6v1gYNm+kWmB0ucySbj4\nnbyBDyZ6lLhr1LyvFMnQCoVKmhfkaUeKRMErGoDnwbck/BEDFlXZlBxf1QKkeCJR\nCMRT1gcRMTF5Xp+lcl8Aey42MXKvpDiPwPpKuNPdGj28lTGdtuX0nf5cQnGhL2TT\n6vU7sgwqyNIeHujrAfU+8czbQ/enxvoiDLkywEKtrEFZvL7e37SWkWYB6RuD5FAY\nL48GiSMnisLh59TBXMqeLZUQuakeUjv60baooS9IUc1VqrOKA52z4Jrj+v5eLKcb\nGkx7NNqsfWwcdtIyCq+/sHdEnvuJNQoO6r4Qbe8M741ZeqUIA4io+x/HzziA4/Ix\nD18uEt2qZBx3n+3WL00ZeB12hpADpOq6PgmouKrgGUkK/mta5i8UWz7xIZhQGwxF\nHPmlO2/0UCflJX680Igk9nUXMSVk6WTehYSO6lHQnRm7nWxRVrgwkdrOhyECAwEA\nAQKCAgEA2gB+NWRlLSas3XmDTzIAKhS11nXhlSCFkA2Q6KLi94klmWMQ+K5ovpXY\nydJg61nGuDveZ8mFnVgOz5MR9vWWlVqlvrqjcUc3t8K04vtXVYgQmnjT49mSEHLw\nM5Dbw1NV/G9h+TQcJpl8Bhx9AMWfI0Kq1disLGbTwMW9GQq7dqH9cHh35SdHQLmY\nfbrb8QOJv0s14+j9g9fJ52tBittkwgErfRv3uj27GnFpEKhqdtAbPDR2mGK+V/bK\nGx1esn4GYiXlrcdSrm5RzEWuolC62UkafWj2+n30d/8aUZncWjX0/U+myuJMeq37\ndzQbxhNDp5rbN6CWW/taIUqJsvC0FRNDWnAJ0sYSE60iklKPGEOUrgdvMDFHCESn\nfQZ7ob+E4I96nJQ+taFb82FwOGzzpCPgklSOxxJexZeNPo2OEuMYxPBYw+hWC7vT\npAEyJm/+8kYl6K77LK2s5pcZg+8E3urVHmOqsnoXnpxAg9Ywc6QwRYbEdg3XkFFt\nhZ/CnGE1+dTnTKHMixmmCPT2fOFg16Amulqv3gPvi1yQDuksC6Hwuhe4xhTvbQsg\nSKIM4qGPoXE8V3orjvvHZK3SJZvsby1wXQ9UUh/KDogRTPxTzahIXqUX8ZW49Rth\nWVoF1xTqTuTcRBt/dRGMkOzgHbn1sLq7ESjCJLGcs9LV3xwAHkUCggEBAOilSFk/\nv+9CDhTg0seKW+xvoureQB9FGfwK+Zex/M3qn2tgVLKLqVVvZ8NyqtDMY83UBZCn\nrX6NyYyLZtl09GHvU4q3Wt5+tbyAOBLTxJuArTGvU8+GVWYTPCXzqv46cx7OIow7\nYlVunSQK3xdKyJ+8Hwm2i2qsbAHvCZ2Y1wQ5VAa8lNTgYoF3Ba4rGV+5QjArCraA\n509eGsS4jQ3zURK8HtwHhCvNE6UIL9q6sNV4I3Ezwd1DfMsasc8oqRFo4lz35KAd\nnwGJSUlw+sanCjTYMDLqHUI/QHW2L303LGXPBCzt3YPT4iqHA9ACK8Z7zLZewKsu\niUk6zPMaMdD9xF8CggEBAP/g4HDPK4Q+vopcW32L080Vk2i+CmYijbKil47znQcg\n3g094fotS/nw/JauV2P+TuzjDvaF65BOyWgErJkF1eIPbhZ3NWRJQoVCh43gP4oL\nrFSURg/fkRHzNNXmPTjVUfgcYYq40Sdcl5ZkfF8ipBxo0myH+ZdwkZoLwDmgy0Rh\ncNhdcAUikjD5z+GflhYybxg1aUkNMl2+nKDxMdP3/0ZP+/AfLZY2cY335ko9aZD7\nIZnQ4mCJQ+mkIMXRDunMpq0skKSa2fCoUyB6xvt1gNLv9RfAgtYkNQiS6jMLESGf\nesC1b+rAmZZITjtrnMUuX/VixSU7/qjFjvnTR9frZH8CggEAXceSnHd4NUgZSQ0/\nqjP5zhtKPwcMLg665MC/0AhtccwsKyqPudFWlxvrZfvpI3XgnW3kOGV/KE6bek4P\nTYU5pejFcltrA9lsBOpisCQxUsXSCv8z96mc7yK90kahHQ4OrdJGVuTxRKLsMUU4\nnLkGmm1Iza+KD5wlhboH1EFyGz/IwVZvYEh7LNj/ry+scMvLBIO1M9BObc3vWHFU\nWtVETxsKDYPyIX3vd00PjUpIUiS1lMJaWYkE2xKNroYjcOMorHU48do+6G2g3zvt\nuvpGwPqMo1mAJd49a7Xe+sis2vVSJ5JTAvr8Zkw6mzTk1IO/B5y2acq+iIhtaWmb\nvzUsXQKCAQEA9+Xg68n6afvz085YoRBH2YgOsUp0frD5QNi/JrKkLlTMbF3Iwf0C\nf5rWzBEJ/4lQ47WzOGlUaBG8lPb6VKJPrdyvFjrV0lwbg0mKVIyuYkqe4a5pFlXN\nkWtjg9u08ovRByRP5/rYP184SW7/A5hnEFMJkjZGPE7F8U1zJSG/7HbOwf/8WC0/\nHw3XNcrLuKOR+A0+/JQ5eJMD4fTrBmZcvb0d42wBWWdTqmxCgyhuTxTOX9v8hfRW\nhFQLoDrDTQWFcX8cfyy6+qnJJ01r3BDiBvqNJD7RQy/+5ViYZ21QYpfEcFEXpYKF\nChDxIiZG0s30D6NqRoGSXeZQd38XOnwGdwKCAQAruo9o8XGslcZskxlBtuhazgyk\nQ+MFzhiBPQprAGgYvNRSZQNF+RV4l3jkSVZxy4/cmCOndgkcYu+6f5Osjdw+TDeK\nweg9DyfGNzu3Wq2gYZxojdl+FC9mYwwcZQiIKdadlG0Al9hnz+GsZnpwW2i2k8AN\nY2UmyoZEUezMm0xgkHnG+EonyqMVQ00+NR0XSgihOK7Md2Zp+ZkQ/F6Snow+a7Hf\nKFL3ayDvZLnqhjzVls6+wPNhU/+ONkcnefSBAKYDSR/XQuVrm0Ht5XM9Vm49K1af\n25ZriX3nn5ZW1YyUljnrhYWji5GoQI10TPXia1M9qshRvOJRwh0RzR2Gg+FI\n-----END RSA PRIVATE KEY-----\n",
            "content_base64": null,
            "content_base64sha256": "vnWb0qNizT96J/qyVbgtps7EpAGaFtEyRJeqFd3YV3U=",
            "content_base64sha512": "zc/4qEPHA7AQ2lSpcY8COsH+QKYJWVUZBVFKd/sZh8w9SZvXVyg7DJ6cwXNsCfsnFU3smHtkkd9h98ixloGapg==",
            "content_md5": "08fadc1ce396153525bc941e5fe6a24f",
            "content_sha1": "4d0ca36afb8cfdd3485fad59f69946a621612a80",
            "content_sha256": "be759bd2a362cd3f7a27fab255b82da6cec4a4019a16d1324497aa15ddd85775",
            "content_sha512": "cdcff8a843c703b010da54a9718f023ac1fe40a60959551905514a77fb1987cc3d499bd757283b0c9e9cc1736c09fb27154dec987b6491df61f7c8b196819aa6",
            "directory_permission": "0700",
            "file_permission": "0600",
            "filename": "/Users/vladislavkozulin/work/dcms/infra/ssh/key",
            "id": "4d0ca36afb8cfdd3485fad59f69946a621612a80",
            "source": null
          },
          "sensitive_attributes": [
            [
              {
                "type": "get_attr",
                "value": "content"
              }
            ]
          ],
          "dependencies": [
            "module.key.tls_private_key.t"
          ]
        }
      ]
    },
    {
      "module": "module.key",
      "mode": "managed",
      "type": "tls_private_key",
      "name": "t",
      "provider": "provider[\"registry.terraform.io/hashicorp/tls\"]",
      "instances": [
        {
          "schema_version": 1,
          "attributes": {
            "algorithm": "RSA",
            "ecdsa_curve": "P224",
            "id": "32a8aa23fe8fa8f6f5e3ec6c47da25eb05bbcd63",
            "private_key_openssh": "-----BEGIN OPENSSH PRIVATE KEY-----\nb3BlbnNzaC1rZXktdjEAAAAABG5vbmUAAAAEbm9uZQAAAAAAAAABAAACFwAAAAdz\nc2gtcnNhAAAAAwEAAQAAAgEA6Ij/p1h654mLLXJY5KbYOMk6zt7WlYPBQN/d9bDk\nLEy8n8iT0C54yzliSvhmJ9GkiOzbbabuqpiKMjtlqTU30ufmmyyP/0+j7jogcrt/\njkQZdczE3cTmjf5YKtZJDtM+YrIdj299x7MLpvymiS8HLKTwe0d+qBWzRkrl8xMS\nl8dRYTgHn5CWOxxkYP7nHubIYi+Lu0egJ7AomJXvVYX5spWUK2nn6v1gYNm+kWmB\n0ucySbj4nbyBDyZ6lLhr1LyvFMnQCoVKmhfkaUeKRMErGoDnwbck/BEDFlXZlBxf\n1QKkeCJRCMRT1gcRMTF5Xp+lcl8Aey42MXKvpDiPwPpKuNPdGj28lTGdtuX0nf5c\nQnGhL2TT6vU7sgwqyNIeHujrAfU+8czbQ/enxvoiDLkywEKtrEFZvL7e37SWkWYB\n6RuD5FAYL48GiSMnisLh59TBXMqeLZUQuakeUjv60baooS9IUc1VqrOKA52z4Jrj\n+v5eLKcbGkx7NNqsfWwcdtIyCq+/sHdEnvuJNQoO6r4Qbe8M741ZeqUIA4io+x/H\nzziA4/IxD18uEt2qZBx3n+3WL00ZeB12hpADpOq6PgmouKrgGUkK/mta5i8UWz7x\nIZhQGwxFHPmlO2/0UCflJX680Igk9nUXMSVk6WTehYSO6lHQnRm7nWxRVrgwkdrO\nhyEAAAc4pjPc0aYz3NEAAAAHc3NoLXJzYQAAAgEA6Ij/p1h654mLLXJY5KbYOMk6\nzt7WlYPBQN/d9bDkLEy8n8iT0C54yzliSvhmJ9GkiOzbbabuqpiKMjtlqTU30ufm\nmyyP/0+j7jogcrt/jkQZdczE3cTmjf5YKtZJDtM+YrIdj299x7MLpvymiS8HLKTw\ne0d+qBWzRkrl8xMSl8dRYTgHn5CWOxxkYP7nHubIYi+Lu0egJ7AomJXvVYX5spWU\nK2nn6v1gYNm+kWmB0ucySbj4nbyBDyZ6lLhr1LyvFMnQCoVKmhfkaUeKRMErGoDn\nwbck/BEDFlXZlBxf1QKkeCJRCMRT1gcRMTF5Xp+lcl8Aey42MXKvpDiPwPpKuNPd\nGj28lTGdtuX0nf5cQnGhL2TT6vU7sgwqyNIeHujrAfU+8czbQ/enxvoiDLkywEKt\nrEFZvL7e37SWkWYB6RuD5FAYL48GiSMnisLh59TBXMqeLZUQuakeUjv60baooS9I\nUc1VqrOKA52z4Jrj+v5eLKcbGkx7NNqsfWwcdtIyCq+/sHdEnvuJNQoO6r4Qbe8M\n741ZeqUIA4io+x/HzziA4/IxD18uEt2qZBx3n+3WL00ZeB12hpADpOq6PgmouKrg\nGUkK/mta5i8UWz7xIZhQGwxFHPmlO2/0UCflJX680Igk9nUXMSVk6WTehYSO6lHQ\nnRm7nWxRVrgwkdrOhyEAAAADAQABAAACAQDaAH41ZGUtJqzdeYNPMgAqFLXWdeGV\nIIWQDZDoouL3iSWZYxD4rmi+ldjJ0mDrWca4O95nyYWdWA7PkxH29ZaVWqW+uqNx\nRze3wrTi+1dViBCaeNPj2ZIQcvAzkNvDU1X8b2H5NBwmmXwGHH0AxZ8jQqrV2Kws\nZtPAxb0ZCrt2of1weHflJ0dAuZh9utvxA4m/SzXj6P2D18nna0GK22TCASt9G/e6\nPbsacWkQqGp20Bs8NHaYYr5X9sobHV6yfgZiJeWtx1KublHMRa6iULrZSRp9aPb6\nffR3/xpRmdxaNfT9T6bK4kx6rft3NBvGE0Onmts3oJZb+1ohSomy8LQVE0NacAnS\nxhITrSKSUo8YQ5SuB28wMUcIRKd9Bnuhv4Tgj3qclD61oVvzYXA4bPOkI+CSVI7H\nEl7Fl40+jY4S4xjE8FjD6FYLu9OkATImb/7yRiXorvssrazmlxmD7wTe6tUeY6qy\neheenECD1jBzpDBFhsR2DdeQUW2Fn8KcYTX51OdMocyLGaYI9PZ84WDXoCa6Wq/e\nA++LXJAO6SwLofC6F7jGFO9tCyBIogzioY+hcTxXeiuO+8dkrdIlm+xvLXBdD1RS\nH8oOiBFM/FPNqEhepRfxlbj1G2FZWgXXFOpO5NxEG391EYyQ7OAdufWwursRKMIk\nsZyz0tXfHAAeRQAAAQAruo9o8XGslcZskxlBtuhazgykQ+MFzhiBPQprAGgYvNRS\nZQNF+RV4l3jkSVZxy4/cmCOndgkcYu+6f5Osjdw+TDeKweg9DyfGNzu3Wq2gYZxo\njdl+FC9mYwwcZQiIKdadlG0Al9hnz+GsZnpwW2i2k8ANY2UmyoZEUezMm0xgkHnG\n+EonyqMVQ00+NR0XSgihOK7Md2Zp+ZkQ/F6Snow+a7HfKFL3ayDvZLnqhjzVls6+\nwPNhU/+ONkcnefSBAKYDSR/XQuVrm0Ht5XM9Vm49K1af25ZriX3nn5ZW1YyUljnr\nhYWji5GoQI10TPXia1M9qshRvOJRwh0RzR2Gg+FIAAABAQDopUhZP7/vQg4U4NLH\nilvsb6Lq3kAfRRn8CvmXsfzN6p9rYFSyi6lVb2fDcqrQzGPN1AWQp61+jcmMi2bZ\ndPRh71OKt1refrW8gDgS08SbgK0xr1PPhlVmEzwl86r+OnMeziKMO2JVbp0kCt8X\nSsifvB8JtotqrGwB7wmdmNcEOVQGvJTU4GKBdwWuKxlfuUIwKwq2gOdPXhrEuI0N\n81ESvB7cB4QrzROlCC/aurDVeCNxM8HdQ3zLGrHPKKkRaOJc9+SgHZ8BiUlJcPrG\npwo02DAy6h1CP0B1ti99NyxlzwQs7d2D0+IqhwPQAivGe8y2XsCrLolJOszzGjHQ\n/cRfAAABAQD/4OBwzyuEPr6KXFt9i9PNFZNovgpmIo2yopeO850HIN4NPeH6LUv5\n8PyWrldj/k7s4w72heuQTsloBKyZBdXiD24WdzVkSUKFQoeN4D+KC6xUlEYP35ER\n8zTV5j041VH4HGGKuNEnXJeWZHxfIqQcaNJsh/mXcJGaC8A5oMtEYXDYXXAFIpIw\n+c/hn5YWMm8YNWlJDTJdvpyg8THT9/9GT/vwHy2WNnGN9+ZKPWmQ+yGZ0OJgiUPp\npCDF0Q7pzKatLJCkmtnwqFMgesb7dYDS7/UXwILWJDUIkuozCxEhn3rAtW/qwJmW\nSE47a5zFLl/1YsUlO/6oxY7500fX62R/AAAAAAEC\n-----END OPENSSH PRIVATE KEY-----\n",
            "private_key_pem": "-----BEGIN RSA PRIVATE KEY-----\nMIIJKQIBAAKCAgEA6Ij/p1h654mLLXJY5KbYOMk6zt7WlYPBQN/d9bDkLEy8n8iT\n0C54yzliSvhmJ9GkiOzbbabuqpiKMjtlqTU30ufmmyyP/0+j7jogcrt/jkQZdczE\n3cTmjf5YKtZJDtM+YrIdj299x7MLpvymiS8HLKTwe0d+qBWzRkrl8xMSl8dRYTgH\nn5CWOxxkYP7nHubIYi+Lu0egJ7AomJXvVYX5spWUK2nn6v1gYNm+kWmB0ucySbj4\nnbyBDyZ6lLhr1LyvFMnQCoVKmhfkaUeKRMErGoDnwbck/BEDFlXZlBxf1QKkeCJR\nCMRT1gcRMTF5Xp+lcl8Aey42MXKvpDiPwPpKuNPdGj28lTGdtuX0nf5cQnGhL2TT\n6vU7sgwqyNIeHujrAfU+8czbQ/enxvoiDLkywEKtrEFZvL7e37SWkWYB6RuD5FAY\nL48GiSMnisLh59TBXMqeLZUQuakeUjv60baooS9IUc1VqrOKA52z4Jrj+v5eLKcb\nGkx7NNqsfWwcdtIyCq+/sHdEnvuJNQoO6r4Qbe8M741ZeqUIA4io+x/HzziA4/Ix\nD18uEt2qZBx3n+3WL00ZeB12hpADpOq6PgmouKrgGUkK/mta5i8UWz7xIZhQGwxF\nHPmlO2/0UCflJX680Igk9nUXMSVk6WTehYSO6lHQnRm7nWxRVrgwkdrOhyECAwEA\nAQKCAgEA2gB+NWRlLSas3XmDTzIAKhS11nXhlSCFkA2Q6KLi94klmWMQ+K5ovpXY\nydJg61nGuDveZ8mFnVgOz5MR9vWWlVqlvrqjcUc3t8K04vtXVYgQmnjT49mSEHLw\nM5Dbw1NV/G9h+TQcJpl8Bhx9AMWfI0Kq1disLGbTwMW9GQq7dqH9cHh35SdHQLmY\nfbrb8QOJv0s14+j9g9fJ52tBittkwgErfRv3uj27GnFpEKhqdtAbPDR2mGK+V/bK\nGx1esn4GYiXlrcdSrm5RzEWuolC62UkafWj2+n30d/8aUZncWjX0/U+myuJMeq37\ndzQbxhNDp5rbN6CWW/taIUqJsvC0FRNDWnAJ0sYSE60iklKPGEOUrgdvMDFHCESn\nfQZ7ob+E4I96nJQ+taFb82FwOGzzpCPgklSOxxJexZeNPo2OEuMYxPBYw+hWC7vT\npAEyJm/+8kYl6K77LK2s5pcZg+8E3urVHmOqsnoXnpxAg9Ywc6QwRYbEdg3XkFFt\nhZ/CnGE1+dTnTKHMixmmCPT2fOFg16Amulqv3gPvi1yQDuksC6Hwuhe4xhTvbQsg\nSKIM4qGPoXE8V3orjvvHZK3SJZvsby1wXQ9UUh/KDogRTPxTzahIXqUX8ZW49Rth\nWVoF1xTqTuTcRBt/dRGMkOzgHbn1sLq7ESjCJLGcs9LV3xwAHkUCggEBAOilSFk/\nv+9CDhTg0seKW+xvoureQB9FGfwK+Zex/M3qn2tgVLKLqVVvZ8NyqtDMY83UBZCn\nrX6NyYyLZtl09GHvU4q3Wt5+tbyAOBLTxJuArTGvU8+GVWYTPCXzqv46cx7OIow7\nYlVunSQK3xdKyJ+8Hwm2i2qsbAHvCZ2Y1wQ5VAa8lNTgYoF3Ba4rGV+5QjArCraA\n509eGsS4jQ3zURK8HtwHhCvNE6UIL9q6sNV4I3Ezwd1DfMsasc8oqRFo4lz35KAd\nnwGJSUlw+sanCjTYMDLqHUI/QHW2L303LGXPBCzt3YPT4iqHA9ACK8Z7zLZewKsu\niUk6zPMaMdD9xF8CggEBAP/g4HDPK4Q+vopcW32L080Vk2i+CmYijbKil47znQcg\n3g094fotS/nw/JauV2P+TuzjDvaF65BOyWgErJkF1eIPbhZ3NWRJQoVCh43gP4oL\nrFSURg/fkRHzNNXmPTjVUfgcYYq40Sdcl5ZkfF8ipBxo0myH+ZdwkZoLwDmgy0Rh\ncNhdcAUikjD5z+GflhYybxg1aUkNMl2+nKDxMdP3/0ZP+/AfLZY2cY335ko9aZD7\nIZnQ4mCJQ+mkIMXRDunMpq0skKSa2fCoUyB6xvt1gNLv9RfAgtYkNQiS6jMLESGf\nesC1b+rAmZZITjtrnMUuX/VixSU7/qjFjvnTR9frZH8CggEAXceSnHd4NUgZSQ0/\nqjP5zhtKPwcMLg665MC/0AhtccwsKyqPudFWlxvrZfvpI3XgnW3kOGV/KE6bek4P\nTYU5pejFcltrA9lsBOpisCQxUsXSCv8z96mc7yK90kahHQ4OrdJGVuTxRKLsMUU4\nnLkGmm1Iza+KD5wlhboH1EFyGz/IwVZvYEh7LNj/ry+scMvLBIO1M9BObc3vWHFU\nWtVETxsKDYPyIX3vd00PjUpIUiS1lMJaWYkE2xKNroYjcOMorHU48do+6G2g3zvt\nuvpGwPqMo1mAJd49a7Xe+sis2vVSJ5JTAvr8Zkw6mzTk1IO/B5y2acq+iIhtaWmb\nvzUsXQKCAQEA9+Xg68n6afvz085YoRBH2YgOsUp0frD5QNi/JrKkLlTMbF3Iwf0C\nf5rWzBEJ/4lQ47WzOGlUaBG8lPb6VKJPrdyvFjrV0lwbg0mKVIyuYkqe4a5pFlXN\nkWtjg9u08ovRByRP5/rYP184SW7/A5hnEFMJkjZGPE7F8U1zJSG/7HbOwf/8WC0/\nHw3XNcrLuKOR+A0+/JQ5eJMD4fTrBmZcvb0d42wBWWdTqmxCgyhuTxTOX9v8hfRW\nhFQLoDrDTQWFcX8cfyy6+qnJJ01r3BDiBvqNJD7RQy/+5ViYZ21QYpfEcFEXpYKF\nChDxIiZG0s30D6NqRoGSXeZQd38XOnwGdwKCAQAruo9o8XGslcZskxlBtuhazgyk\nQ+MFzhiBPQprAGgYvNRSZQNF+RV4l3jkSVZxy4/cmCOndgkcYu+6f5Osjdw+TDeK\nweg9DyfGNzu3Wq2gYZxojdl+FC9mYwwcZQiIKdadlG0Al9hnz+GsZnpwW2i2k8AN\nY2UmyoZEUezMm0xgkHnG+EonyqMVQ00+NR0XSgihOK7Md2Zp+ZkQ/F6Snow+a7Hf\nKFL3ayDvZLnqhjzVls6+wPNhU/+ONkcnefSBAKYDSR/XQuVrm0Ht5XM9Vm49K1af\n25ZriX3nn5ZW1YyUljnrhYWji5GoQI10TPXia1M9qshRvOJRwh0RzR2Gg+FI\n-----END RSA PRIVATE KEY-----\n",
            "private_key_pem_pkcs8": "-----BEGIN PRIVATE KEY-----\nMIIJQwIBADANBgkqhkiG9w0BAQEFAASCCS0wggkpAgEAAoICAQDoiP+nWHrniYst\ncljkptg4yTrO3taVg8FA3931sOQsTLyfyJPQLnjLOWJK+GYn0aSI7Nttpu6qmIoy\nO2WpNTfS5+abLI//T6PuOiByu3+ORBl1zMTdxOaN/lgq1kkO0z5ish2Pb33Hswum\n/KaJLwcspPB7R36oFbNGSuXzExKXx1FhOAefkJY7HGRg/uce5shiL4u7R6AnsCiY\nle9VhfmylZQraefq/WBg2b6RaYHS5zJJuPidvIEPJnqUuGvUvK8UydAKhUqaF+Rp\nR4pEwSsagOfBtyT8EQMWVdmUHF/VAqR4IlEIxFPWBxExMXlen6VyXwB7LjYxcq+k\nOI/A+kq4090aPbyVMZ225fSd/lxCcaEvZNPq9TuyDCrI0h4e6OsB9T7xzNtD96fG\n+iIMuTLAQq2sQVm8vt7ftJaRZgHpG4PkUBgvjwaJIyeKwuHn1MFcyp4tlRC5qR5S\nO/rRtqihL0hRzVWqs4oDnbPgmuP6/l4spxsaTHs02qx9bBx20jIKr7+wd0Se+4k1\nCg7qvhBt7wzvjVl6pQgDiKj7H8fPOIDj8jEPXy4S3apkHHef7dYvTRl4HXaGkAOk\n6ro+Cai4quAZSQr+a1rmLxRbPvEhmFAbDEUc+aU7b/RQJ+UlfrzQiCT2dRcxJWTp\nZN6FhI7qUdCdGbudbFFWuDCR2s6HIQIDAQABAoICAQDaAH41ZGUtJqzdeYNPMgAq\nFLXWdeGVIIWQDZDoouL3iSWZYxD4rmi+ldjJ0mDrWca4O95nyYWdWA7PkxH29ZaV\nWqW+uqNxRze3wrTi+1dViBCaeNPj2ZIQcvAzkNvDU1X8b2H5NBwmmXwGHH0AxZ8j\nQqrV2KwsZtPAxb0ZCrt2of1weHflJ0dAuZh9utvxA4m/SzXj6P2D18nna0GK22TC\nASt9G/e6PbsacWkQqGp20Bs8NHaYYr5X9sobHV6yfgZiJeWtx1KublHMRa6iULrZ\nSRp9aPb6ffR3/xpRmdxaNfT9T6bK4kx6rft3NBvGE0Onmts3oJZb+1ohSomy8LQV\nE0NacAnSxhITrSKSUo8YQ5SuB28wMUcIRKd9Bnuhv4Tgj3qclD61oVvzYXA4bPOk\nI+CSVI7HEl7Fl40+jY4S4xjE8FjD6FYLu9OkATImb/7yRiXorvssrazmlxmD7wTe\n6tUeY6qyeheenECD1jBzpDBFhsR2DdeQUW2Fn8KcYTX51OdMocyLGaYI9PZ84WDX\noCa6Wq/eA++LXJAO6SwLofC6F7jGFO9tCyBIogzioY+hcTxXeiuO+8dkrdIlm+xv\nLXBdD1RSH8oOiBFM/FPNqEhepRfxlbj1G2FZWgXXFOpO5NxEG391EYyQ7OAdufWw\nursRKMIksZyz0tXfHAAeRQKCAQEA6KVIWT+/70IOFODSx4pb7G+i6t5AH0UZ/Ar5\nl7H8zeqfa2BUsoupVW9nw3Kq0MxjzdQFkKetfo3JjItm2XT0Ye9Tirda3n61vIA4\nEtPEm4CtMa9Tz4ZVZhM8JfOq/jpzHs4ijDtiVW6dJArfF0rIn7wfCbaLaqxsAe8J\nnZjXBDlUBryU1OBigXcFrisZX7lCMCsKtoDnT14axLiNDfNRErwe3AeEK80TpQgv\n2rqw1XgjcTPB3UN8yxqxzyipEWjiXPfkoB2fAYlJSXD6xqcKNNgwMuodQj9AdbYv\nfTcsZc8ELO3dg9PiKocD0AIrxnvMtl7Aqy6JSTrM8xox0P3EXwKCAQEA/+DgcM8r\nhD6+ilxbfYvTzRWTaL4KZiKNsqKXjvOdByDeDT3h+i1L+fD8lq5XY/5O7OMO9oXr\nkE7JaASsmQXV4g9uFnc1ZElChUKHjeA/igusVJRGD9+REfM01eY9ONVR+BxhirjR\nJ1yXlmR8XyKkHGjSbIf5l3CRmgvAOaDLRGFw2F1wBSKSMPnP4Z+WFjJvGDVpSQ0y\nXb6coPEx0/f/Rk/78B8tljZxjffmSj1pkPshmdDiYIlD6aQgxdEO6cymrSyQpJrZ\n8KhTIHrG+3WA0u/1F8CC1iQ1CJLqMwsRIZ96wLVv6sCZlkhOO2ucxS5f9WLFJTv+\nqMWO+dNH1+tkfwKCAQBdx5Kcd3g1SBlJDT+qM/nOG0o/BwwuDrrkwL/QCG1xzCwr\nKo+50VaXG+tl++kjdeCdbeQ4ZX8oTpt6Tg9NhTml6MVyW2sD2WwE6mKwJDFSxdIK\n/zP3qZzvIr3SRqEdDg6t0kZW5PFEouwxRTicuQaabUjNr4oPnCWFugfUQXIbP8jB\nVm9gSHss2P+vL6xwy8sEg7Uz0E5tze9YcVRa1URPGwoNg/Ihfe93TQ+NSkhSJLWU\nwlpZiQTbEo2uhiNw4yisdTjx2j7obaDfO+26+kbA+oyjWYAl3j1rtd76yKza9VIn\nklMC+vxmTDqbNOTUg78HnLZpyr6IiG1paZu/NSxdAoIBAQD35eDryfpp+/PTzlih\nEEfZiA6xSnR+sPlA2L8msqQuVMxsXcjB/QJ/mtbMEQn/iVDjtbM4aVRoEbyU9vpU\nok+t3K8WOtXSXBuDSYpUjK5iSp7hrmkWVc2Ra2OD27Tyi9EHJE/n+tg/XzhJbv8D\nmGcQUwmSNkY8TsXxTXMlIb/sds7B//xYLT8fDdc1ysu4o5H4DT78lDl4kwPh9OsG\nZly9vR3jbAFZZ1OqbEKDKG5PFM5f2/yF9FaEVAugOsNNBYVxfxx/LLr6qcknTWvc\nEOIG+o0kPtFDL/7lWJhnbVBil8RwURelgoUKEPEiJkbSzfQPo2pGgZJd5lB3fxc6\nfAZ3AoIBACu6j2jxcayVxmyTGUG26FrODKRD4wXOGIE9CmsAaBi81FJlA0X5FXiX\neORJVnHLj9yYI6d2CRxi77p/k6yN3D5MN4rB6D0PJ8Y3O7daraBhnGiN2X4UL2Zj\nDBxlCIgp1p2UbQCX2GfP4axmenBbaLaTwA1jZSbKhkRR7MybTGCQecb4SifKoxVD\nTT41HRdKCKE4rsx3Zmn5mRD8XpKejD5rsd8oUvdrIO9kueqGPNWWzr7A82FT/442\nRyd59IEApgNJH9dC5WubQe3lcz1Wbj0rVp/blmuJfeefllbVjJSWOeuFhaOLkahA\njXRM9eJrUz2qyFG84lHCHRHNHYaD4Ug=\n-----END PRIVATE KEY-----\n",
            "public_key_fingerprint_md5": "f1:c8:69:2f:f9:24:5c:cb:00:9b:c2:b4:a9:07:c2:17",
            "public_key_fingerprint_sha256": "SHA256:xubsLoD+X3U1WJNfOYpnkzAlkuQ6qzdKzvBSH4Nq2Mc",
            "public_key_openssh": "ssh-rsa AAAAB3NzaC1yc2EAAAADAQABAAACAQDoiP+nWHrniYstcljkptg4yTrO3taVg8FA3931sOQsTLyfyJPQLnjLOWJK+GYn0aSI7Nttpu6qmIoyO2WpNTfS5+abLI//T6PuOiByu3+ORBl1zMTdxOaN/lgq1kkO0z5ish2Pb33Hswum/KaJLwcspPB7R36oFbNGSuXzExKXx1FhOAefkJY7HGRg/uce5shiL4u7R6AnsCiYle9VhfmylZQraefq/WBg2b6RaYHS5zJJuPidvIEPJnqUuGvUvK8UydAKhUqaF+RpR4pEwSsagOfBtyT8EQMWVdmUHF/VAqR4IlEIxFPWBxExMXlen6VyXwB7LjYxcq+kOI/A+kq4090aPbyVMZ225fSd/lxCcaEvZNPq9TuyDCrI0h4e6OsB9T7xzNtD96fG+iIMuTLAQq2sQVm8vt7ftJaRZgHpG4PkUBgvjwaJIyeKwuHn1MFcyp4tlRC5qR5SO/rRtqihL0hRzVWqs4oDnbPgmuP6/l4spxsaTHs02qx9bBx20jIKr7+wd0Se+4k1Cg7qvhBt7wzvjVl6pQgDiKj7H8fPOIDj8jEPXy4S3apkHHef7dYvTRl4HXaGkAOk6ro+Cai4quAZSQr+a1rmLxRbPvEhmFAbDEUc+aU7b/RQJ+UlfrzQiCT2dRcxJWTpZN6FhI7qUdCdGbudbFFWuDCR2s6HIQ==\n",
            "public_key_pem": "-----BEGIN PUBLIC KEY-----\nMIICIjANBgkqhkiG9w0BAQEFAAOCAg8AMIICCgKCAgEA6Ij/p1h654mLLXJY5KbY\nOMk6zt7WlYPBQN/d9bDkLEy8n8iT0C54yzliSvhmJ9GkiOzbbabuqpiKMjtlqTU3\n0ufmmyyP/0+j7jogcrt/jkQZdczE3cTmjf5YKtZJDtM+YrIdj299x7MLpvymiS8H\nLKTwe0d+qBWzRkrl8xMSl8dRYTgHn5CWOxxkYP7nHubIYi+Lu0egJ7AomJXvVYX5\nspWUK2nn6v1gYNm+kWmB0ucySbj4nbyBDyZ6lLhr1LyvFMnQCoVKmhfkaUeKRMEr\nGoDnwbck/BEDFlXZlBxf1QKkeCJRCMRT1gcRMTF5Xp+lcl8Aey42MXKvpDiPwPpK\nuNPdGj28lTGdtuX0nf5cQnGhL2TT6vU7sgwqyNIeHujrAfU+8czbQ/enxvoiDLky\nwEKtrEFZvL7e37SWkWYB6RuD5FAYL48GiSMnisLh59TBXMqeLZUQuakeUjv60bao\noS9IUc1VqrOKA52z4Jrj+v5eLKcbGkx7NNqsfWwcdtIyCq+/sHdEnvuJNQoO6r4Q\nbe8M741ZeqUIA4io+x/HzziA4/IxD18uEt2qZBx3n+3WL00ZeB12hpADpOq6Pgmo\nuKrgGUkK/mta5i8UWz7xIZhQGwxFHPmlO2/0UCflJX680Igk9nUXMSVk6WTehYSO\n6lHQnRm7nWxRVrgwkdrOhyECAwEAAQ==\n-----END PUBLIC KEY-----\n",
            "rsa_bits": 4096
          },
          "sensitive_attributes": []
        }
      ]
    },
    {
      "module": "module.mongodb_cluster",
      "mode": "data",
      "type": "aws_iam_policy_document",
      "name": "instance-assume-role-policy",
      "provider": "provider[\"registry.terraform.io/hashicorp/aws\"]",
      "instances": [
        {
          "schema_version": 0,
          "attributes": {
            "id": "2851119427",
            "json": "{\n  \"Version\": \"2012-10-17\",\n  \"Statement\": [\n    {\n      \"Effect\": \"Allow\",\n      \"Action\": \"sts:AssumeRole\",\n      \"Principal\": {\n        \"Service\": \"ec2.amazonaws.com\"\n      }\n    }\n  ]\n}",
            "override_policy_documents": null,
            "policy_id": null,
            "source_policy_documents": null,
            "statement": [
              {
                "actions": [
                  "sts:AssumeRole"
                ],
                "condition": [],
                "effect": "Allow",
                "not_actions": [],
                "not_principals": [],
                "not_resources": [],
                "principals": [
                  {
                    "identifiers": [
                      "ec2.amazonaws.com"
                    ],
                    "type": "Service"
                  }
                ],
                "resources": [],
                "sid": ""
              }
            ],
            "version": "2012-10-17"
          },
          "sensitive_attributes": []
        }
      ]
    },
    {
      "module": "module.mongodb_cluster",
      "mode": "data",
      "type": "aws_region",
      "name": "current",
      "provider": "provider[\"registry.terraform.io/hashicorp/aws\"]",
      "instances": [
        {
          "schema_version": 0,
          "attributes": {
            "description": "Europe (Frankfurt)",
            "endpoint": "ec2.eu-central-1.amazonaws.com",
            "id": "eu-central-1",
            "name": "eu-central-1"
          },
          "sensitive_attributes": []
        }
      ]
    },
    {
      "module": "module.mongodb_cluster",
      "mode": "data",
      "type": "template_file",
      "name": "userdata",
      "provider": "provider[\"registry.terraform.io/hashicorp/template\"]",
      "instances": [
        {
          "schema_version": 0,
          "attributes": {
            "filename": null,
            "id": "2d148b6b450ba5669f5f89d0e79665a120e83d11e5e6ee5fc336a951d45eb094",
            "rendered": "#!/bin/bash\n\napt-get update\n\napt-get install gnupg curl\n\nsudo curl -fsSL https://pgp.mongodb.com/server-7.0.asc |  sudo gpg -o /usr/share/keyrings/mongodb-server-7.0.gpg  --dearmor\n\necho \"deb [ arch=amd64,arm64 signed-by=/usr/share/keyrings/mongodb-server-7.0.gpg ] https://repo.mongodb.org/apt/ubuntu jammy/mongodb-org/7.0 multiverse\" | tee /etc/apt/sources.list.d/mongodb-org-7.0.list\n\nsudo apt-get update\n\nMONGO_VERSION=7.0.2\napt-get install -y mongodb-org=7.0.2 mongodb-org-database=7.0.2 mongodb-org-server=7.0.2 mongodb-mongosh=2.0.1 mongodb-org-mongos=7.0.2 mongodb-org-tools=7.0.2\n\n# PIN PACKAGE\necho \"mongodb-org hold\" | dpkg --set-selections\necho \"mongodb-org-database hold\" | dpkg --set-selections\necho \"mongodb-org-server hold\" | dpkg --set-selections\necho \"mongodb-mongosh hold\" | dpkg --set-selectionsbrew services start mongodb-community@4.4\necho \"mongodb-org-mongos hold\" | dpkg --set-selections\necho \"mongodb-org-tools hold\" | dpkg --set-selections\n\nsed -i 's/127.0.0.1/0.0.0.0/g' /etc/mongod.conf\n\n\nsystemctl start mongod\n",
            "template": "#!/bin/bash\n\napt-get update\n\napt-get install gnupg curl\n\nsudo curl -fsSL https://pgp.mongodb.com/server-7.0.asc |  sudo gpg -o /usr/share/keyrings/mongodb-server-7.0.gpg  --dearmor\n\necho \"deb [ arch=amd64,arm64 signed-by=/usr/share/keyrings/mongodb-server-7.0.gpg ] https://repo.mongodb.org/apt/ubuntu jammy/mongodb-org/7.0 multiverse\" | tee /etc/apt/sources.list.d/mongodb-org-7.0.list\n\nsudo apt-get update\n\nMONGO_VERSION=7.0.2\napt-get install -y mongodb-org=7.0.2 mongodb-org-database=7.0.2 mongodb-org-server=7.0.2 mongodb-mongosh=2.0.1 mongodb-org-mongos=7.0.2 mongodb-org-tools=7.0.2\n\n# PIN PACKAGE\necho \"mongodb-org hold\" | dpkg --set-selections\necho \"mongodb-org-database hold\" | dpkg --set-selections\necho \"mongodb-org-server hold\" | dpkg --set-selections\necho \"mongodb-mongosh hold\" | dpkg --set-selectionsbrew services start mongodb-community@4.4\necho \"mongodb-org-mongos hold\" | dpkg --set-selections\necho \"mongodb-org-tools hold\" | dpkg --set-selections\n\nsed -i 's/127.0.0.1/0.0.0.0/g' /etc/mongod.conf\n\n\nsystemctl start mongod\n",
            "vars": {
              "aws_region": "eu-central-1",
              "mongo_database": "admin",
              "mongo_password": "mongo4pass",
              "mongo_username": "admin",
              "replica_set_name": "mongoRs"
            }
          },
          "sensitive_attributes": []
        }
      ]
    },
    {
      "module": "module.mongodb_cluster",
      "mode": "managed",
      "type": "aws_iam_instance_profile",
      "name": "mongo-instance-profile",
      "provider": "provider[\"registry.terraform.io/hashicorp/aws\"]",
      "instances": [
        {
          "schema_version": 0,
          "attributes": {
            "arn": "arn:aws:iam::211439781557:instance-profile/mongo-instance-profile",
            "create_date": "2023-11-08T18:22:34Z",
            "id": "mongo-instance-profile",
            "name": "mongo-instance-profile",
            "name_prefix": "",
            "path": "/",
            "role": "mongo_role",
            "tags": {},
            "tags_all": {},
            "unique_id": "AIPATCOWLA22ZIBBUEYBH"
          },
          "sensitive_attributes": [],
          "private": "bnVsbA==",
          "dependencies": [
            "module.mongodb_cluster.aws_iam_role.mongo-role",
            "module.mongodb_cluster.data.aws_iam_policy_document.instance-assume-role-policy"
          ]
        }
      ]
    },
    {
      "module": "module.mongodb_cluster",
      "mode": "managed",
      "type": "aws_iam_role",
      "name": "mongo-role",
      "provider": "provider[\"registry.terraform.io/hashicorp/aws\"]",
      "instances": [
        {
          "schema_version": 0,
          "attributes": {
            "arn": "arn:aws:iam::211439781557:role/system/mongo_role",
            "assume_role_policy": "{\"Statement\":[{\"Action\":\"sts:AssumeRole\",\"Effect\":\"Allow\",\"Principal\":{\"Service\":\"ec2.amazonaws.com\"}}],\"Version\":\"2012-10-17\"}",
            "create_date": "2023-11-08T18:22:33Z",
            "description": "",
            "force_detach_policies": false,
            "id": "mongo_role",
            "inline_policy": [
              {
                "name": "ec2-describe-instance-policy",
                "policy": "{\"Version\":\"2012-10-17\",\"Statement\":[{\"Action\":[\"ec2:DescribeInstances\",\"ec2:DescribeTags\"],\"Effect\":\"Allow\",\"Resource\":\"*\"}]}"
              }
            ],
            "managed_policy_arns": [],
            "max_session_duration": 3600,
            "name": "mongo_role",
            "name_prefix": "",
            "path": "/system/",
            "permissions_boundary": "",
            "tags": {},
            "tags_all": {},
            "unique_id": "AROATCOWLA22RSF5IQOE3"
          },
          "sensitive_attributes": [],
          "private": "bnVsbA==",
          "dependencies": [
            "module.mongodb_cluster.data.aws_iam_policy_document.instance-assume-role-policy"
          ]
        }
      ]
    },
    {
      "module": "module.mongodb_cluster",
      "mode": "managed",
      "type": "aws_iam_role_policy",
      "name": "ec2-describe-instance-policy",
      "provider": "provider[\"registry.terraform.io/hashicorp/aws\"]",
      "instances": [
        {
          "schema_version": 0,
          "attributes": {
            "id": "mongo_role:ec2-describe-instance-policy",
            "name": "ec2-describe-instance-policy",
            "name_prefix": "",
            "policy": "{\"Version\":\"2012-10-17\",\"Statement\":[{\"Action\":[\"ec2:DescribeInstances\",\"ec2:DescribeTags\"],\"Effect\":\"Allow\",\"Resource\":\"*\"}]}",
            "role": "mongo_role"
          },
          "sensitive_attributes": [],
          "private": "bnVsbA==",
          "dependencies": [
            "module.mongodb_cluster.aws_iam_role.mongo-role",
            "module.mongodb_cluster.data.aws_iam_policy_document.instance-assume-role-policy"
          ]
        }
      ]
    },
    {
      "module": "module.mongodb_cluster",
      "mode": "managed",
      "type": "aws_instance",
      "name": "mongo_primary",
      "provider": "provider[\"registry.terraform.io/hashicorp/aws\"]",
      "instances": [
        {
          "schema_version": 1,
          "attributes": {
            "ami": "ami-06dd92ecc74fdfb36",
            "arn": "arn:aws:ec2:eu-central-1:211439781557:instance/i-0ace397dbae202c3b",
            "associate_public_ip_address": false,
            "availability_zone": "eu-central-1a",
            "capacity_reservation_specification": [
              {
                "capacity_reservation_preference": "open",
                "capacity_reservation_target": []
              }
            ],
            "cpu_core_count": 1,
            "cpu_options": [
              {
                "amd_sev_snp": "",
                "core_count": 1,
                "threads_per_core": 1
              }
            ],
            "cpu_threads_per_core": 1,
            "credit_specification": [
              {
                "cpu_credits": "standard"
              }
            ],
            "disable_api_stop": false,
            "disable_api_termination": false,
            "ebs_block_device": [],
            "ebs_optimized": false,
            "enclave_options": [
              {
                "enabled": false
              }
            ],
            "ephemeral_block_device": [],
            "get_password_data": false,
            "hibernation": false,
            "host_id": "",
            "host_resource_group_arn": null,
            "iam_instance_profile": "mongo-instance-profile",
            "id": "i-0ace397dbae202c3b",
            "instance_initiated_shutdown_behavior": "stop",
            "instance_lifecycle": "",
            "instance_market_options": [],
            "instance_state": "running",
            "instance_type": "t2.micro",
            "ipv6_address_count": 0,
            "ipv6_addresses": [],
            "key_name": "bastion_key",
            "launch_template": [],
            "maintenance_options": [
              {
                "auto_recovery": "default"
              }
            ],
            "metadata_options": [
              {
                "http_endpoint": "enabled",
                "http_protocol_ipv6": "disabled",
                "http_put_response_hop_limit": 1,
                "http_tokens": "optional",
                "instance_metadata_tags": "disabled"
              }
            ],
            "monitoring": false,
            "network_interface": [],
            "outpost_arn": "",
            "password_data": "",
            "placement_group": "",
            "placement_partition_number": 0,
            "primary_network_interface_id": "eni-0346954735530b775",
            "private_dns": "ip-172-18-0-185.eu-central-1.compute.internal",
            "private_dns_name_options": [
              {
                "enable_resource_name_dns_a_record": false,
                "enable_resource_name_dns_aaaa_record": false,
                "hostname_type": "ip-name"
              }
            ],
            "private_ip": "172.18.0.185",
            "public_dns": "",
            "public_ip": "",
            "root_block_device": [
              {
                "delete_on_termination": true,
                "device_name": "/dev/sda1",
                "encrypted": false,
                "iops": 0,
                "kms_key_id": "",
                "tags": {},
                "throughput": 0,
                "volume_id": "vol-055b5b11b03623fab",
                "volume_size": 8,
                "volume_type": "standard"
              }
            ],
            "secondary_private_ips": [],
            "security_groups": [],
            "source_dest_check": true,
            "spot_instance_request_id": "",
            "subnet_id": "subnet-0ea223f40195d5702",
            "tags": {
              "Name": "Mongo-Primary",
              "Type": "primary"
            },
            "tags_all": {
              "Name": "Mongo-Primary",
              "Type": "primary"
            },
            "tenancy": "default",
            "timeouts": null,
            "user_data": "95cb9de3b859d48d660399b0ef9490428671c25e",
            "user_data_base64": null,
            "user_data_replace_on_change": false,
            "volume_tags": null,
            "vpc_security_group_ids": [
              "sg-08b52c42124c197ae"
            ]
          },
          "sensitive_attributes": [],
          "private": "eyJlMmJmYjczMC1lY2FhLTExZTYtOGY4OC0zNDM2M2JjN2M0YzAiOnsiY3JlYXRlIjo2MDAwMDAwMDAwMDAsImRlbGV0ZSI6MTIwMDAwMDAwMDAwMCwidXBkYXRlIjo2MDAwMDAwMDAwMDB9LCJzY2hlbWFfdmVyc2lvbiI6IjEifQ==",
          "dependencies": [
            "module.bastion.aws_eip.bastion",
            "module.bastion.aws_instance.bastion",
            "module.bastion.aws_security_group.bastion",
            "module.bastion.data.template_file.userdata",
            "module.key.aws_key_pair.bastion_key",
            "module.key.local_sensitive_file.bastion-private-key",
            "module.key.tls_private_key.t",
            "module.mongodb_cluster.aws_iam_instance_profile.mongo-instance-profile",
            "module.mongodb_cluster.aws_iam_role.mongo-role",
            "module.mongodb_cluster.aws_security_group.mongo_sg",
            "module.mongodb_cluster.data.aws_iam_policy_document.instance-assume-role-policy",
            "module.mongodb_cluster.data.aws_region.current",
            "module.mongodb_cluster.data.template_file.userdata",
            "module.network.module.vpc.aws_subnet.private",
            "module.network.module.vpc.aws_subnet.public",
            "module.network.module.vpc.aws_vpc.this",
            "module.network.module.vpc.aws_vpc_ipv4_cidr_block_association.this"
          ]
        }
      ]
    },
    {
      "module": "module.mongodb_cluster",
      "mode": "managed",
      "type": "aws_security_group",
      "name": "mongo_sg",
      "provider": "provider[\"registry.terraform.io/hashicorp/aws\"]",
      "instances": [
        {
          "schema_version": 1,
          "attributes": {
            "arn": "arn:aws:ec2:eu-central-1:211439781557:security-group/sg-08b52c42124c197ae",
            "description": "Managed by Terraform",
            "egress": [
              {
                "cidr_blocks": [
                  "0.0.0.0/0"
                ],
                "description": "",
                "from_port": 0,
                "ipv6_cidr_blocks": [],
                "prefix_list_ids": [],
                "protocol": "-1",
                "security_groups": [],
                "self": false,
                "to_port": 0
              }
            ],
            "id": "sg-08b52c42124c197ae",
            "ingress": [
              {
                "cidr_blocks": [
                  "172.18.0.0/16"
                ],
                "description": "",
                "from_port": -1,
                "ipv6_cidr_blocks": [],
                "prefix_list_ids": [],
                "protocol": "icmp",
                "security_groups": [],
                "self": false,
                "to_port": -1
              },
              {
                "cidr_blocks": [
                  "172.18.0.0/16"
                ],
                "description": "",
                "from_port": 22,
                "ipv6_cidr_blocks": [],
                "prefix_list_ids": [],
                "protocol": "tcp",
                "security_groups": [],
                "self": false,
                "to_port": 22
              },
              {
                "cidr_blocks": [
                  "172.18.0.0/16"
                ],
                "description": "",
                "from_port": 27017,
                "ipv6_cidr_blocks": [],
                "prefix_list_ids": [],
                "protocol": "tcp",
                "security_groups": [],
                "self": false,
                "to_port": 27017
              }
            ],
            "name": "mongo_sg",
            "name_prefix": "",
            "owner_id": "211439781557",
            "revoke_rules_on_delete": false,
            "tags": {
              "Name": "Mongo_Security_Group"
            },
            "tags_all": {
              "Name": "Mongo_Security_Group"
            },
            "timeouts": null,
            "vpc_id": "vpc-0abf410b5f1e1e2da"
          },
          "sensitive_attributes": [],
          "private": "eyJlMmJmYjczMC1lY2FhLTExZTYtOGY4OC0zNDM2M2JjN2M0YzAiOnsiY3JlYXRlIjo2MDAwMDAwMDAwMDAsImRlbGV0ZSI6OTAwMDAwMDAwMDAwfSwic2NoZW1hX3ZlcnNpb24iOiIxIn0=",
          "dependencies": [
            "module.network.module.vpc.aws_vpc.this"
          ]
        }
      ]
    },
    {
      "module": "module.network",
      "mode": "managed",
      "type": "aws_eip",
      "name": "nat",
      "provider": "provider[\"registry.terraform.io/hashicorp/aws\"]",
      "instances": [
        {
          "schema_version": 0,
          "attributes": {
            "address": null,
            "allocation_id": "eipalloc-003f8fc45cea89a3c",
            "associate_with_private_ip": null,
            "association_id": "eipassoc-07fcdd6257fc16cdc",
            "carrier_ip": "",
            "customer_owned_ip": "",
            "customer_owned_ipv4_pool": "",
            "domain": "vpc",
            "id": "eipalloc-003f8fc45cea89a3c",
            "instance": "i-008a4c082e9b7723b",
            "network_border_group": "eu-central-1",
            "network_interface": "eni-060de27df98215d8a",
            "private_dns": "ip-172-18-100-68.eu-central-1.compute.internal",
            "private_ip": "172.18.100.68",
            "public_dns": "ec2-3-78-71-79.eu-central-1.compute.amazonaws.com",
            "public_ip": "3.78.71.79",
            "public_ipv4_pool": "amazon",
            "tags": {
              "Name": "nat-instance-main"
            },
            "tags_all": {
              "Name": "nat-instance-main"
            },
            "timeouts": null,
            "vpc": true
          },
          "sensitive_attributes": [],
          "private": "eyJlMmJmYjczMC1lY2FhLTExZTYtOGY4OC0zNDM2M2JjN2M0YzAiOnsiZGVsZXRlIjoxODAwMDAwMDAwMDAsInJlYWQiOjkwMDAwMDAwMDAwMCwidXBkYXRlIjozMDAwMDAwMDAwMDB9fQ==",
          "dependencies": [
            "module.network.module.nat.aws_network_interface.this",
            "module.network.module.nat.aws_security_group.this",
            "module.network.module.vpc.aws_subnet.public",
            "module.network.module.vpc.aws_vpc.this",
            "module.network.module.vpc.aws_vpc_ipv4_cidr_block_association.this"
          ]
        }
      ]
    },
    {
      "module": "module.network.module.nat",
      "mode": "data",
      "type": "aws_ami",
      "name": "this",
      "provider": "provider[\"registry.terraform.io/hashicorp/aws\"]",
      "instances": [
        {
          "schema_version": 0,
          "attributes": {
            "architecture": "x86_64",
            "arn": "arn:aws:ec2:eu-central-1::image/ami-0812d7c8f1abc0e24",
            "block_device_mappings": [
              {
                "device_name": "/dev/xvda",
                "ebs": {
                  "delete_on_termination": "true",
                  "encrypted": "false",
                  "iops": "0",
                  "snapshot_id": "snap-047ab690fadd0a682",
                  "throughput": "0",
                  "volume_size": "8",
                  "volume_type": "gp2"
                },
                "no_device": "",
                "virtual_name": ""
              }
            ],
            "boot_mode": "",
            "creation_date": "2023-11-01T21:41:17.000Z",
            "deprecation_time": "2025-07-01T00:00:00.000Z",
            "description": "Amazon Linux 2 AMI 2.0.20231101.0 x86_64 HVM gp2",
            "ena_support": true,
            "executable_users": null,
            "filter": [
              {
                "name": "architecture",
                "values": [
                  "x86_64"
                ]
              },
              {
                "name": "block-device-mapping.volume-type",
                "values": [
                  "gp2"
                ]
              },
              {
                "name": "name",
                "values": [
                  "amzn2-ami-hvm-*"
                ]
              },
              {
                "name": "root-device-type",
                "values": [
                  "ebs"
                ]
              },
              {
                "name": "virtualization-type",
                "values": [
                  "hvm"
                ]
              }
            ],
            "hypervisor": "xen",
            "id": "ami-0812d7c8f1abc0e24",
            "image_id": "ami-0812d7c8f1abc0e24",
            "image_location": "amazon/amzn2-ami-hvm-2.0.20231101.0-x86_64-gp2",
            "image_owner_alias": "amazon",
            "image_type": "machine",
            "imds_support": "",
            "include_deprecated": false,
            "kernel_id": "",
            "most_recent": true,
            "name": "amzn2-ami-hvm-2.0.20231101.0-x86_64-gp2",
            "name_regex": null,
            "owner_id": "137112412989",
            "owners": [
              "amazon"
            ],
            "platform": "",
            "platform_details": "Linux/UNIX",
            "product_codes": [],
            "public": true,
            "ramdisk_id": "",
            "root_device_name": "/dev/xvda",
            "root_device_type": "ebs",
            "root_snapshot_id": "snap-047ab690fadd0a682",
            "sriov_net_support": "simple",
            "state": "available",
            "state_reason": {
              "code": "UNSET",
              "message": "UNSET"
            },
            "tags": {},
            "timeouts": null,
            "tpm_support": "",
            "usage_operation": "RunInstances",
            "virtualization_type": "hvm"
          },
          "sensitive_attributes": []
        }
      ]
    },
    {
      "module": "module.network.module.nat",
      "mode": "managed",
      "type": "aws_autoscaling_group",
      "name": "this",
      "provider": "provider[\"registry.terraform.io/hashicorp/aws\"]",
      "instances": [
        {
          "schema_version": 1,
          "attributes": {
            "arn": "arn:aws:autoscaling:eu-central-1:211439781557:autoScalingGroup:f2e09d56-85f2-4116-93a1-dd091fca2bfd:autoScalingGroupName/main2023110818225044510000000b",
            "availability_zones": [
              "eu-central-1a"
            ],
            "capacity_rebalance": false,
            "context": "",
            "default_cooldown": 300,
            "default_instance_warmup": 0,
            "desired_capacity": 1,
            "desired_capacity_type": "",
            "enabled_metrics": [],
            "force_delete": false,
            "force_delete_warm_pool": false,
            "health_check_grace_period": 300,
            "health_check_type": "EC2",
            "id": "main2023110818225044510000000b",
            "ignore_failed_scaling_activities": false,
            "initial_lifecycle_hook": [],
            "instance_refresh": [],
            "launch_configuration": "",
            "launch_template": [],
            "load_balancers": [],
            "max_instance_lifetime": 0,
            "max_size": 1,
            "metrics_granularity": "1Minute",
            "min_elb_capacity": null,
            "min_size": 1,
            "mixed_instances_policy": [
              {
                "instances_distribution": [
                  {
                    "on_demand_allocation_strategy": "prioritized",
                    "on_demand_base_capacity": 0,
                    "on_demand_percentage_above_base_capacity": 0,
                    "spot_allocation_strategy": "lowest-price",
                    "spot_instance_pools": 2,
                    "spot_max_price": ""
                  }
                ],
                "launch_template": [
                  {
                    "launch_template_specification": [
                      {
                        "launch_template_id": "lt-00da2168284f0d0a5",
                        "launch_template_name": "main20231108182249564800000009",
                        "version": "$Latest"
                      }
                    ],
                    "override": [
                      {
                        "instance_requirements": [],
                        "instance_type": "t3.nano",
                        "launch_template_specification": [],
                        "weighted_capacity": ""
                      },
                      {
                        "instance_requirements": [],
                        "instance_type": "t3a.nano",
                        "launch_template_specification": [],
                        "weighted_capacity": ""
                      }
                    ]
                  }
                ]
              }
            ],
            "name": "main2023110818225044510000000b",
            "name_prefix": "main",
            "placement_group": "",
            "predicted_capacity": 0,
            "protect_from_scale_in": false,
            "service_linked_role_arn": "arn:aws:iam::211439781557:role/aws-service-role/autoscaling.amazonaws.com/AWSServiceRoleForAutoScaling",
            "suspended_processes": [],
            "tag": [
              {
                "key": "Name",
                "propagate_at_launch": false,
                "value": "nat-instance-main"
              }
            ],
            "target_group_arns": [],
            "termination_policies": [],
            "timeouts": null,
            "traffic_source": [],
            "vpc_zone_identifier": [
              "subnet-05318cd332c1ceffa"
            ],
            "wait_for_capacity_timeout": "10m",
            "wait_for_elb_capacity": null,
            "warm_pool": [],
            "warm_pool_size": 0
          },
          "sensitive_attributes": [],
          "private": "eyJlMmJmYjczMC1lY2FhLTExZTYtOGY4OC0zNDM2M2JjN2M0YzAiOnsiZGVsZXRlIjo2MDAwMDAwMDAwMDAsInVwZGF0ZSI6NjAwMDAwMDAwMDAwfSwic2NoZW1hX3ZlcnNpb24iOiIxIn0=",
          "dependencies": [
            "module.network.module.nat.aws_iam_instance_profile.this",
            "module.network.module.nat.aws_iam_role.this",
            "module.network.module.nat.aws_launch_template.this",
            "module.network.module.nat.aws_network_interface.this",
            "module.network.module.nat.aws_security_group.this",
            "module.network.module.nat.data.aws_ami.this",
            "module.network.module.vpc.aws_subnet.public",
            "module.network.module.vpc.aws_vpc.this",
            "module.network.module.vpc.aws_vpc_ipv4_cidr_block_association.this"
          ],
          "create_before_destroy": true
        }
      ]
    },
    {
      "module": "module.network.module.nat",
      "mode": "managed",
      "type": "aws_iam_instance_profile",
      "name": "this",
      "provider": "provider[\"registry.terraform.io/hashicorp/aws\"]",
      "instances": [
        {
          "schema_version": 0,
          "attributes": {
            "arn": "arn:aws:iam::211439781557:instance-profile/main20231108182235031000000004",
            "create_date": "2023-11-08T18:22:35Z",
            "id": "main20231108182235031000000004",
            "name": "main20231108182235031000000004",
            "name_prefix": "main",
            "path": "/",
            "role": "main20231108182232823900000001",
            "tags": {
              "Name": "nat-instance-main"
            },
            "tags_all": {
              "Name": "nat-instance-main"
            },
            "unique_id": "AIPATCOWLA22SCZTNHZPK"
          },
          "sensitive_attributes": [],
          "private": "bnVsbA==",
          "dependencies": [
            "module.network.module.nat.aws_iam_role.this"
          ],
          "create_before_destroy": true
        }
      ]
    },
    {
      "module": "module.network.module.nat",
      "mode": "managed",
      "type": "aws_iam_role",
      "name": "this",
      "provider": "provider[\"registry.terraform.io/hashicorp/aws\"]",
      "instances": [
        {
          "schema_version": 0,
          "attributes": {
            "arn": "arn:aws:iam::211439781557:role/main20231108182232823900000001",
            "assume_role_policy": "{\"Statement\":[{\"Action\":\"sts:AssumeRole\",\"Effect\":\"Allow\",\"Principal\":{\"Service\":\"ec2.amazonaws.com\"}}],\"Version\":\"2012-10-17\"}",
            "create_date": "2023-11-08T18:22:33Z",
            "description": "",
            "force_detach_policies": false,
            "id": "main20231108182232823900000001",
            "inline_policy": [
              {
                "name": "main20231108182234274400000002",
                "policy": "{\"Version\":\"2012-10-17\",\"Statement\":[{\"Action\":[\"ec2:AttachNetworkInterface\"],\"Effect\":\"Allow\",\"Resource\":\"*\"}]}"
              }
            ],
            "managed_policy_arns": [
              "arn:aws:iam::aws:policy/AmazonSSMManagedInstanceCore"
            ],
            "max_session_duration": 3600,
            "name": "main20231108182232823900000001",
            "name_prefix": "main",
            "path": "/",
            "permissions_boundary": "",
            "tags": {
              "Name": "nat-instance-main"
            },
            "tags_all": {
              "Name": "nat-instance-main"
            },
            "unique_id": "AROATCOWLA223E2VAJBJM"
          },
          "sensitive_attributes": [],
          "private": "bnVsbA==",
          "create_before_destroy": true
        }
      ]
    },
    {
      "module": "module.network.module.nat",
      "mode": "managed",
      "type": "aws_iam_role_policy",
      "name": "eni",
      "provider": "provider[\"registry.terraform.io/hashicorp/aws\"]",
      "instances": [
        {
          "schema_version": 0,
          "attributes": {
            "id": "main20231108182232823900000001:main20231108182234274400000002",
            "name": "main20231108182234274400000002",
            "name_prefix": "main",
            "policy": "{\"Version\":\"2012-10-17\",\"Statement\":[{\"Action\":[\"ec2:AttachNetworkInterface\"],\"Effect\":\"Allow\",\"Resource\":\"*\"}]}",
            "role": "main20231108182232823900000001"
          },
          "sensitive_attributes": [],
          "private": "bnVsbA==",
          "dependencies": [
            "module.network.module.nat.aws_iam_role.this"
          ]
        }
      ]
    },
    {
      "module": "module.network.module.nat",
      "mode": "managed",
      "type": "aws_iam_role_policy_attachment",
      "name": "ssm",
      "provider": "provider[\"registry.terraform.io/hashicorp/aws\"]",
      "instances": [
        {
          "schema_version": 0,
          "attributes": {
            "id": "main20231108182232823900000001-20231108182235284500000005",
            "policy_arn": "arn:aws:iam::aws:policy/AmazonSSMManagedInstanceCore",
            "role": "main20231108182232823900000001"
          },
          "sensitive_attributes": [],
          "private": "bnVsbA==",
          "dependencies": [
            "module.network.module.nat.aws_iam_role.this"
          ]
        }
      ]
    },
    {
      "module": "module.network.module.nat",
      "mode": "managed",
      "type": "aws_launch_template",
      "name": "this",
      "provider": "provider[\"registry.terraform.io/hashicorp/aws\"]",
      "instances": [
        {
          "schema_version": 0,
          "attributes": {
            "arn": "arn:aws:ec2:eu-central-1:211439781557:launch-template/lt-00da2168284f0d0a5",
            "block_device_mappings": [],
            "capacity_reservation_specification": [],
            "cpu_options": [],
            "credit_specification": [],
            "default_version": 1,
            "description": "Launch template for NAT instance main",
            "disable_api_stop": false,
            "disable_api_termination": false,
            "ebs_optimized": "",
            "elastic_gpu_specifications": [],
            "elastic_inference_accelerator": [],
            "enclave_options": [],
            "hibernation_options": [],
            "iam_instance_profile": [
              {
                "arn": "arn:aws:iam::211439781557:instance-profile/main20231108182235031000000004",
                "name": ""
              }
            ],
            "id": "lt-00da2168284f0d0a5",
            "image_id": "ami-0812d7c8f1abc0e24",
            "instance_initiated_shutdown_behavior": "",
            "instance_market_options": [],
            "instance_requirements": [],
            "instance_type": "",
            "kernel_id": "",
            "key_name": "",
            "latest_version": 1,
            "license_specification": [],
            "maintenance_options": [],
            "metadata_options": [
              {
                "http_endpoint": "enabled",
                "http_protocol_ipv6": "",
                "http_put_response_hop_limit": 0,
                "http_tokens": "required",
                "instance_metadata_tags": ""
              }
            ],
            "monitoring": [],
            "name": "main20231108182249564800000009",
            "name_prefix": "main",
            "network_interfaces": [
              {
                "associate_carrier_ip_address": "",
                "associate_public_ip_address": "true",
                "delete_on_termination": "true",
                "description": "",
                "device_index": 0,
                "interface_type": "",
                "ipv4_address_count": 0,
                "ipv4_addresses": [],
                "ipv4_prefix_count": 0,
                "ipv4_prefixes": [],
                "ipv6_address_count": 0,
                "ipv6_addresses": [],
                "ipv6_prefix_count": 0,
                "ipv6_prefixes": [],
                "network_card_index": 0,
                "network_interface_id": "",
                "private_ip_address": "",
                "security_groups": [
                  "sg-02683453b7b6b380d"
                ],
                "subnet_id": ""
              }
            ],
            "placement": [],
            "private_dns_name_options": [],
            "ram_disk_id": "",
            "security_group_names": [],
            "tag_specifications": [
              {
                "resource_type": "instance",
                "tags": {
                  "Name": "nat-instance-main"
                }
              }
            ],
            "tags": {
              "Name": "nat-instance-main"
            },
            "tags_all": {
              "Name": "nat-instance-main"
            },
            "update_default_version": null,
            "user_data": "I2Nsb3VkLWNvbmZpZwoicnVuY21kIjoKLSAtICIvb3B0L25hdC9ydW5vbmNlLnNoIgoid3JpdGVfZmlsZXMiOgotICJjb250ZW50IjogfAogICAgIyEvYmluL2Jhc2ggLXgKCiAgICAjIGF0dGFjaCB0aGUgRU5JCiAgICBhd3MgZWMyIGF0dGFjaC1uZXR3b3JrLWludGVyZmFjZSBcCiAgICAgIC0tcmVnaW9uICIkKC9vcHQvYXdzL2Jpbi9lYzItbWV0YWRhdGEgLXogIHwgc2VkICdzL3BsYWNlbWVudDogXCguKlwpLiQvXDEvJykiIFwKICAgICAgLS1pbnN0YW5jZS1pZCAiJCgvb3B0L2F3cy9iaW4vZWMyLW1ldGFkYXRhIC1pIHwgY3V0IC1kJyAnIC1mMikiIFwKICAgICAgLS1kZXZpY2UtaW5kZXggMSBcCiAgICAgIC0tbmV0d29yay1pbnRlcmZhY2UtaWQgImVuaS0wNjBkZTI3ZGY5ODIxNWQ4YSIKCiAgICAjIHN0YXJ0IFNOQVQKICAgIHN5c3RlbWN0bCBlbmFibGUgc25hdAogICAgc3lzdGVtY3RsIHN0YXJ0IHNuYXQKICAicGF0aCI6ICIvb3B0L25hdC9ydW5vbmNlLnNoIgogICJwZXJtaXNzaW9ucyI6ICIwNzU1IgotICJjb250ZW50IjogfAogICAgIyEvYmluL2Jhc2gKICAgIHNldCAteAoKICAgICMgd2FpdCBmb3IgZXRoMQogICAgd2hpbGUgISBpcCBsaW5rIHNob3cgZGV2IGV0aDE7IGRvCiAgICAgIHNsZWVwIDEKICAgIGRvbmUKCiAgICAjIGVuYWJsZSBJUCBmb3J3YXJkaW5nIGFuZCBOQVQKICAgIHN5c2N0bCAtcSAtdyBuZXQuaXB2NC5pcF9mb3J3YXJkPTEKICAgIHN5c2N0bCAtcSAtdyBuZXQuaXB2NC5jb25mLmV0aDEuc2VuZF9yZWRpcmVjdHM9MAogICAgaXB0YWJsZXMgLXQgbmF0IC1BIFBPU1RST1VUSU5HIC1vIGV0aDEgLWogTUFTUVVFUkFERQoKICAgICMgcHJldmVudCBzZXR0aW5nIHRoZSBkZWZhdWx0IHJvdXRlIHRvIGV0aDAgYWZ0ZXIgcmVib290CiAgICBybSAtZiAvZXRjL3N5c2NvbmZpZy9uZXR3b3JrLXNjcmlwdHMvaWZjZmctZXRoMAoKICAgICMgc3dpdGNoIHRoZSBkZWZhdWx0IHJvdXRlIHRvIGV0aDEKICAgIGlwIHJvdXRlIGRlbCBkZWZhdWx0IGRldiBldGgwCgogICAgIyB3YWl0IGZvciBuZXR3b3JrIGNvbm5lY3Rpb24KICAgIGN1cmwgLS1yZXRyeSAxMCBodHRwOi8vd3d3LmV4YW1wbGUuY29tCgogICAgIyByZWVzdGFibGlzaCBjb25uZWN0aW9ucwogICAgc3lzdGVtY3RsIHJlc3RhcnQgYW1hem9uLXNzbS1hZ2VudC5zZXJ2aWNlCiAgInBhdGgiOiAiL29wdC9uYXQvc25hdC5zaCIKICAicGVybWlzc2lvbnMiOiAiMDc1NSIKLSAiY29udGVudCI6IHwKICAgIFtVbml0XQogICAgRGVzY3JpcHRpb24gPSBTTkFUIHZpYSBFTkkgZXRoMQoKICAgIFtTZXJ2aWNlXQogICAgRXhlY1N0YXJ0ID0gL29wdC9uYXQvc25hdC5zaAogICAgVHlwZSA9IG9uZXNob3QKCiAgICBbSW5zdGFsbF0KICAgIFdhbnRlZEJ5ID0gbXVsdGktdXNlci50YXJnZXQKICAicGF0aCI6ICIvZXRjL3N5c3RlbWQvc3lzdGVtL3NuYXQuc2VydmljZSIK",
            "vpc_security_group_ids": []
          },
          "sensitive_attributes": [],
          "private": "bnVsbA==",
          "dependencies": [
            "module.network.module.nat.aws_iam_instance_profile.this",
            "module.network.module.nat.aws_iam_role.this",
            "module.network.module.nat.aws_network_interface.this",
            "module.network.module.nat.aws_security_group.this",
            "module.network.module.nat.data.aws_ami.this",
            "module.network.module.vpc.aws_subnet.public",
            "module.network.module.vpc.aws_vpc.this",
            "module.network.module.vpc.aws_vpc_ipv4_cidr_block_association.this"
          ],
          "create_before_destroy": true
        }
      ]
    },
    {
      "module": "module.network.module.nat",
      "mode": "managed",
      "type": "aws_network_interface",
      "name": "this",
      "provider": "provider[\"registry.terraform.io/hashicorp/aws\"]",
      "instances": [
        {
          "schema_version": 0,
          "attributes": {
            "arn": "arn:aws:ec2:eu-central-1:211439781557:network-interface/eni-060de27df98215d8a",
            "attachment": [
              {
                "attachment_id": "eni-attach-06d7bbf1dca88949c",
                "device_index": 1,
                "instance": "i-008a4c082e9b7723b"
              }
            ],
            "description": "ENI for NAT instance main",
            "id": "eni-060de27df98215d8a",
            "interface_type": "interface",
            "ipv4_prefix_count": 0,
            "ipv4_prefixes": [],
            "ipv6_address_count": 0,
            "ipv6_address_list": [],
            "ipv6_address_list_enabled": false,
            "ipv6_addresses": [],
            "ipv6_prefix_count": 0,
            "ipv6_prefixes": [],
            "mac_address": "02:84:66:3b:59:c9",
            "outpost_arn": "",
            "owner_id": "211439781557",
            "private_dns_name": "ip-172-18-100-68.eu-central-1.compute.internal",
            "private_ip": "172.18.100.68",
            "private_ip_list": [
              "172.18.100.68"
            ],
            "private_ip_list_enabled": false,
            "private_ips": [
              "172.18.100.68"
            ],
            "private_ips_count": 0,
            "security_groups": [
              "sg-02683453b7b6b380d"
            ],
            "source_dest_check": false,
            "subnet_id": "subnet-05318cd332c1ceffa",
            "tags": {
              "Name": "nat-instance-main"
            },
            "tags_all": {
              "Name": "nat-instance-main"
            }
          },
          "sensitive_attributes": [],
          "private": "bnVsbA==",
          "dependencies": [
            "module.network.module.nat.aws_security_group.this",
            "module.network.module.vpc.aws_subnet.public",
            "module.network.module.vpc.aws_vpc.this",
            "module.network.module.vpc.aws_vpc_ipv4_cidr_block_association.this"
          ],
          "create_before_destroy": true
        }
      ]
    },
    {
      "module": "module.network.module.nat",
      "mode": "managed",
      "type": "aws_route",
      "name": "this",
      "provider": "provider[\"registry.terraform.io/hashicorp/aws\"]",
      "instances": [
        {
          "index_key": 0,
          "schema_version": 0,
          "attributes": {
            "carrier_gateway_id": "",
            "core_network_arn": "",
            "destination_cidr_block": "0.0.0.0/0",
            "destination_ipv6_cidr_block": "",
            "destination_prefix_list_id": "",
            "egress_only_gateway_id": "",
            "gateway_id": "",
            "id": "r-rtb-08a9142f201409ebe1080289494",
            "instance_id": "i-008a4c082e9b7723b",
            "instance_owner_id": "211439781557",
            "local_gateway_id": "",
            "nat_gateway_id": "",
            "network_interface_id": "eni-060de27df98215d8a",
            "origin": "CreateRoute",
            "route_table_id": "rtb-08a9142f201409ebe",
            "state": "active",
            "timeouts": null,
            "transit_gateway_id": "",
            "vpc_endpoint_id": "",
            "vpc_peering_connection_id": ""
          },
          "sensitive_attributes": [],
          "private": "eyJlMmJmYjczMC1lY2FhLTExZTYtOGY4OC0zNDM2M2JjN2M0YzAiOnsiY3JlYXRlIjozMDAwMDAwMDAwMDAsImRlbGV0ZSI6MzAwMDAwMDAwMDAwLCJ1cGRhdGUiOjEyMDAwMDAwMDAwMH19",
          "dependencies": [
            "module.network.module.nat.aws_network_interface.this",
            "module.network.module.nat.aws_security_group.this",
            "module.network.module.vpc.aws_route_table.private",
            "module.network.module.vpc.aws_subnet.public",
            "module.network.module.vpc.aws_vpc.this",
            "module.network.module.vpc.aws_vpc_ipv4_cidr_block_association.this"
          ]
        },
        {
          "index_key": 1,
          "schema_version": 0,
          "attributes": {
            "carrier_gateway_id": "",
            "core_network_arn": "",
            "destination_cidr_block": "0.0.0.0/0",
            "destination_ipv6_cidr_block": "",
            "destination_prefix_list_id": "",
            "egress_only_gateway_id": "",
            "gateway_id": "",
            "id": "r-rtb-00f64a23f8a48a6fe1080289494",
            "instance_id": "i-008a4c082e9b7723b",
            "instance_owner_id": "211439781557",
            "local_gateway_id": "",
            "nat_gateway_id": "",
            "network_interface_id": "eni-060de27df98215d8a",
            "origin": "CreateRoute",
            "route_table_id": "rtb-00f64a23f8a48a6fe",
            "state": "active",
            "timeouts": null,
            "transit_gateway_id": "",
            "vpc_endpoint_id": "",
            "vpc_peering_connection_id": ""
          },
          "sensitive_attributes": [],
          "private": "eyJlMmJmYjczMC1lY2FhLTExZTYtOGY4OC0zNDM2M2JjN2M0YzAiOnsiY3JlYXRlIjozMDAwMDAwMDAwMDAsImRlbGV0ZSI6MzAwMDAwMDAwMDAwLCJ1cGRhdGUiOjEyMDAwMDAwMDAwMH19",
          "dependencies": [
            "module.network.module.nat.aws_network_interface.this",
            "module.network.module.nat.aws_security_group.this",
            "module.network.module.vpc.aws_route_table.private",
            "module.network.module.vpc.aws_subnet.public",
            "module.network.module.vpc.aws_vpc.this",
            "module.network.module.vpc.aws_vpc_ipv4_cidr_block_association.this"
          ]
        }
      ]
    },
    {
      "module": "module.network.module.nat",
      "mode": "managed",
      "type": "aws_security_group",
      "name": "this",
      "provider": "provider[\"registry.terraform.io/hashicorp/aws\"]",
      "instances": [
        {
          "schema_version": 1,
          "attributes": {
            "arn": "arn:aws:ec2:eu-central-1:211439781557:security-group/sg-02683453b7b6b380d",
            "description": "Security group for NAT instance main",
            "egress": [
              {
                "cidr_blocks": [
                  "0.0.0.0/0"
                ],
                "description": "",
                "from_port": 0,
                "ipv6_cidr_blocks": [],
                "prefix_list_ids": [],
                "protocol": "tcp",
                "security_groups": [],
                "self": false,
                "to_port": 65535
              }
            ],
            "id": "sg-02683453b7b6b380d",
            "ingress": [
              {
                "cidr_blocks": [
                  "172.18.0.0/24",
                  "172.18.1.0/24"
                ],
                "description": "",
                "from_port": 0,
                "ipv6_cidr_blocks": [],
                "prefix_list_ids": [],
                "protocol": "-1",
                "security_groups": [],
                "self": false,
                "to_port": 0
              }
            ],
            "name": "main20231108182246049600000006",
            "name_prefix": "main",
            "owner_id": "211439781557",
            "revoke_rules_on_delete": false,
            "tags": {
              "Name": "nat-instance-main"
            },
            "tags_all": {
              "Name": "nat-instance-main"
            },
            "timeouts": null,
            "vpc_id": "vpc-0abf410b5f1e1e2da"
          },
          "sensitive_attributes": [],
          "private": "eyJlMmJmYjczMC1lY2FhLTExZTYtOGY4OC0zNDM2M2JjN2M0YzAiOnsiY3JlYXRlIjo2MDAwMDAwMDAwMDAsImRlbGV0ZSI6OTAwMDAwMDAwMDAwfSwic2NoZW1hX3ZlcnNpb24iOiIxIn0=",
          "dependencies": [
            "module.network.module.vpc.aws_vpc.this"
          ],
          "create_before_destroy": true
        }
      ]
    },
    {
      "module": "module.network.module.nat",
      "mode": "managed",
      "type": "aws_security_group_rule",
      "name": "egress",
      "provider": "provider[\"registry.terraform.io/hashicorp/aws\"]",
      "instances": [
        {
          "schema_version": 2,
          "attributes": {
            "cidr_blocks": [
              "0.0.0.0/0"
            ],
            "description": "",
            "from_port": 0,
            "id": "sgrule-3353035996",
            "ipv6_cidr_blocks": null,
            "prefix_list_ids": null,
            "protocol": "tcp",
            "security_group_id": "sg-02683453b7b6b380d",
            "security_group_rule_id": "sgr-072ea037b35584961",
            "self": false,
            "source_security_group_id": null,
            "timeouts": null,
            "to_port": 65535,
            "type": "egress"
          },
          "sensitive_attributes": [],
          "private": "eyJlMmJmYjczMC1lY2FhLTExZTYtOGY4OC0zNDM2M2JjN2M0YzAiOnsiY3JlYXRlIjozMDAwMDAwMDAwMDB9LCJzY2hlbWFfdmVyc2lvbiI6IjIifQ==",
          "dependencies": [
            "module.network.module.nat.aws_security_group.this",
            "module.network.module.vpc.aws_vpc.this"
          ]
        }
      ]
    },
    {
      "module": "module.network.module.nat",
      "mode": "managed",
      "type": "aws_security_group_rule",
      "name": "ingress_any",
      "provider": "provider[\"registry.terraform.io/hashicorp/aws\"]",
      "instances": [
        {
          "schema_version": 2,
          "attributes": {
            "cidr_blocks": [
              "172.18.0.0/24",
              "172.18.1.0/24"
            ],
            "description": "",
            "from_port": 0,
            "id": "sgrule-461565842",
            "ipv6_cidr_blocks": null,
            "prefix_list_ids": null,
            "protocol": "-1",
            "security_group_id": "sg-02683453b7b6b380d",
            "security_group_rule_id": "",
            "self": false,
            "source_security_group_id": null,
            "timeouts": null,
            "to_port": 0,
            "type": "ingress"
          },
          "sensitive_attributes": [],
          "private": "eyJlMmJmYjczMC1lY2FhLTExZTYtOGY4OC0zNDM2M2JjN2M0YzAiOnsiY3JlYXRlIjozMDAwMDAwMDAwMDB9LCJzY2hlbWFfdmVyc2lvbiI6IjIifQ==",
          "dependencies": [
            "module.network.module.nat.aws_security_group.this",
            "module.network.module.vpc.aws_subnet.private",
            "module.network.module.vpc.aws_vpc.this",
            "module.network.module.vpc.aws_vpc_ipv4_cidr_block_association.this"
          ]
        }
      ]
    },
    {
      "module": "module.network.module.vpc",
      "mode": "managed",
      "type": "aws_default_network_acl",
      "name": "this",
      "provider": "provider[\"registry.terraform.io/hashicorp/aws\"]",
      "instances": [
        {
          "index_key": 0,
          "schema_version": 0,
          "attributes": {
            "arn": "arn:aws:ec2:eu-central-1:211439781557:network-acl/acl-04094b72202d639b1",
            "default_network_acl_id": "acl-04094b72202d639b1",
            "egress": [
              {
                "action": "allow",
                "cidr_block": "",
                "from_port": 0,
                "icmp_code": 0,
                "icmp_type": 0,
                "ipv6_cidr_block": "::/0",
                "protocol": "-1",
                "rule_no": 101,
                "to_port": 0
              },
              {
                "action": "allow",
                "cidr_block": "0.0.0.0/0",
                "from_port": 0,
                "icmp_code": 0,
                "icmp_type": 0,
                "ipv6_cidr_block": "",
                "protocol": "-1",
                "rule_no": 100,
                "to_port": 0
              }
            ],
            "id": "acl-04094b72202d639b1",
            "ingress": [
              {
                "action": "allow",
                "cidr_block": "",
                "from_port": 0,
                "icmp_code": 0,
                "icmp_type": 0,
                "ipv6_cidr_block": "::/0",
                "protocol": "-1",
                "rule_no": 101,
                "to_port": 0
              },
              {
                "action": "allow",
                "cidr_block": "0.0.0.0/0",
                "from_port": 0,
                "icmp_code": 0,
                "icmp_type": 0,
                "ipv6_cidr_block": "",
                "protocol": "-1",
                "rule_no": 100,
                "to_port": 0
              }
            ],
            "owner_id": "211439781557",
            "subnet_ids": [
              "subnet-00ca97d7ba11f1f24",
              "subnet-05318cd332c1ceffa",
              "subnet-0ea13de5c6b8c273b",
              "subnet-0ea223f40195d5702"
            ],
            "tags": {
              "Name": "dcms-default"
            },
            "tags_all": {
              "Name": "dcms-default"
            },
            "vpc_id": "vpc-0abf410b5f1e1e2da"
          },
          "sensitive_attributes": [],
          "private": "bnVsbA==",
          "dependencies": [
            "module.network.module.vpc.aws_vpc.this"
          ]
        }
      ]
    },
    {
      "module": "module.network.module.vpc",
      "mode": "managed",
      "type": "aws_default_route_table",
      "name": "default",
      "provider": "provider[\"registry.terraform.io/hashicorp/aws\"]",
      "instances": [
        {
          "index_key": 0,
          "schema_version": 0,
          "attributes": {
            "arn": "arn:aws:ec2:eu-central-1:211439781557:route-table/rtb-0a975e17cea329ab0",
            "default_route_table_id": "rtb-0a975e17cea329ab0",
            "id": "rtb-0a975e17cea329ab0",
            "owner_id": "211439781557",
            "propagating_vgws": [],
            "route": [],
            "tags": {
              "Name": "dcms-default"
            },
            "tags_all": {
              "Name": "dcms-default"
            },
            "timeouts": {
              "create": "5m",
              "update": "5m"
            },
            "vpc_id": "vpc-0abf410b5f1e1e2da"
          },
          "sensitive_attributes": [],
          "private": "eyJlMmJmYjczMC1lY2FhLTExZTYtOGY4OC0zNDM2M2JjN2M0YzAiOnsiY3JlYXRlIjozMDAwMDAwMDAwMDAsInVwZGF0ZSI6MzAwMDAwMDAwMDAwfX0=",
          "dependencies": [
            "module.network.module.vpc.aws_vpc.this"
          ]
        }
      ]
    },
    {
      "module": "module.network.module.vpc",
      "mode": "managed",
      "type": "aws_default_security_group",
      "name": "this",
      "provider": "provider[\"registry.terraform.io/hashicorp/aws\"]",
      "instances": [
        {
          "index_key": 0,
          "schema_version": 1,
          "attributes": {
            "arn": "arn:aws:ec2:eu-central-1:211439781557:security-group/sg-073959b932aabfcc9",
            "description": "default VPC security group",
            "egress": [],
            "id": "sg-073959b932aabfcc9",
            "ingress": [],
            "name": "default",
            "name_prefix": "",
            "owner_id": "211439781557",
            "revoke_rules_on_delete": false,
            "tags": {
              "Name": "dcms-default"
            },
            "tags_all": {
              "Name": "dcms-default"
            },
            "vpc_id": "vpc-0abf410b5f1e1e2da"
          },
          "sensitive_attributes": [],
          "private": "eyJzY2hlbWFfdmVyc2lvbiI6IjEifQ==",
          "dependencies": [
            "module.network.module.vpc.aws_vpc.this"
          ]
        }
      ]
    },
    {
      "module": "module.network.module.vpc",
      "mode": "managed",
      "type": "aws_internet_gateway",
      "name": "this",
      "provider": "provider[\"registry.terraform.io/hashicorp/aws\"]",
      "instances": [
        {
          "index_key": 0,
          "schema_version": 0,
          "attributes": {
            "arn": "arn:aws:ec2:eu-central-1:211439781557:internet-gateway/igw-0f3196e3ed7ecf6c3",
            "id": "igw-0f3196e3ed7ecf6c3",
            "owner_id": "211439781557",
            "tags": {
              "Name": "dcms"
            },
            "tags_all": {
              "Name": "dcms"
            },
            "timeouts": null,
            "vpc_id": "vpc-0abf410b5f1e1e2da"
          },
          "sensitive_attributes": [],
          "private": "eyJlMmJmYjczMC1lY2FhLTExZTYtOGY4OC0zNDM2M2JjN2M0YzAiOnsiY3JlYXRlIjoxMjAwMDAwMDAwMDAwLCJkZWxldGUiOjEyMDAwMDAwMDAwMDAsInVwZGF0ZSI6MTIwMDAwMDAwMDAwMH19",
          "dependencies": [
            "module.network.module.vpc.aws_vpc.this",
            "module.network.module.vpc.aws_vpc_ipv4_cidr_block_association.this"
          ]
        }
      ]
    },
    {
      "module": "module.network.module.vpc",
      "mode": "managed",
      "type": "aws_route",
      "name": "public_internet_gateway",
      "provider": "provider[\"registry.terraform.io/hashicorp/aws\"]",
      "instances": [
        {
          "index_key": 0,
          "schema_version": 0,
          "attributes": {
            "carrier_gateway_id": "",
            "core_network_arn": "",
            "destination_cidr_block": "0.0.0.0/0",
            "destination_ipv6_cidr_block": "",
            "destination_prefix_list_id": "",
            "egress_only_gateway_id": "",
            "gateway_id": "igw-0f3196e3ed7ecf6c3",
            "id": "r-rtb-006cd3681eb516db51080289494",
            "instance_id": "",
            "instance_owner_id": "",
            "local_gateway_id": "",
            "nat_gateway_id": "",
            "network_interface_id": "",
            "origin": "CreateRoute",
            "route_table_id": "rtb-006cd3681eb516db5",
            "state": "active",
            "timeouts": {
              "create": "5m",
              "delete": null,
              "update": null
            },
            "transit_gateway_id": "",
            "vpc_endpoint_id": "",
            "vpc_peering_connection_id": ""
          },
          "sensitive_attributes": [],
          "private": "eyJlMmJmYjczMC1lY2FhLTExZTYtOGY4OC0zNDM2M2JjN2M0YzAiOnsiY3JlYXRlIjozMDAwMDAwMDAwMDAsImRlbGV0ZSI6MzAwMDAwMDAwMDAwLCJ1cGRhdGUiOjEyMDAwMDAwMDAwMH19",
          "dependencies": [
            "module.network.module.vpc.aws_internet_gateway.this",
            "module.network.module.vpc.aws_route_table.public",
            "module.network.module.vpc.aws_vpc.this",
            "module.network.module.vpc.aws_vpc_ipv4_cidr_block_association.this"
          ]
        }
      ]
    },
    {
      "module": "module.network.module.vpc",
      "mode": "managed",
      "type": "aws_route_table",
      "name": "private",
      "provider": "provider[\"registry.terraform.io/hashicorp/aws\"]",
      "instances": [
        {
          "index_key": 0,
          "schema_version": 0,
          "attributes": {
            "arn": "arn:aws:ec2:eu-central-1:211439781557:route-table/rtb-08a9142f201409ebe",
            "id": "rtb-08a9142f201409ebe",
            "owner_id": "211439781557",
            "propagating_vgws": [],
            "route": [
              {
                "carrier_gateway_id": "",
                "cidr_block": "0.0.0.0/0",
                "core_network_arn": "",
                "destination_prefix_list_id": "",
                "egress_only_gateway_id": "",
                "gateway_id": "",
                "ipv6_cidr_block": "",
                "local_gateway_id": "",
                "nat_gateway_id": "",
                "network_interface_id": "eni-060de27df98215d8a",
                "transit_gateway_id": "",
                "vpc_endpoint_id": "",
                "vpc_peering_connection_id": ""
              }
            ],
            "tags": {
              "Name": "dcms-private-eu-central-1a"
            },
            "tags_all": {
              "Name": "dcms-private-eu-central-1a"
            },
            "timeouts": null,
            "vpc_id": "vpc-0abf410b5f1e1e2da"
          },
          "sensitive_attributes": [],
          "private": "eyJlMmJmYjczMC1lY2FhLTExZTYtOGY4OC0zNDM2M2JjN2M0YzAiOnsiY3JlYXRlIjozMDAwMDAwMDAwMDAsImRlbGV0ZSI6MzAwMDAwMDAwMDAwLCJ1cGRhdGUiOjEyMDAwMDAwMDAwMH19",
          "dependencies": [
            "module.network.module.vpc.aws_vpc.this",
            "module.network.module.vpc.aws_vpc_ipv4_cidr_block_association.this"
          ]
        },
        {
          "index_key": 1,
          "schema_version": 0,
          "attributes": {
            "arn": "arn:aws:ec2:eu-central-1:211439781557:route-table/rtb-00f64a23f8a48a6fe",
            "id": "rtb-00f64a23f8a48a6fe",
            "owner_id": "211439781557",
            "propagating_vgws": [],
            "route": [
              {
                "carrier_gateway_id": "",
                "cidr_block": "0.0.0.0/0",
                "core_network_arn": "",
                "destination_prefix_list_id": "",
                "egress_only_gateway_id": "",
                "gateway_id": "",
                "ipv6_cidr_block": "",
                "local_gateway_id": "",
                "nat_gateway_id": "",
                "network_interface_id": "eni-060de27df98215d8a",
                "transit_gateway_id": "",
                "vpc_endpoint_id": "",
                "vpc_peering_connection_id": ""
              }
            ],
            "tags": {
              "Name": "dcms-private-eu-central-1b"
            },
            "tags_all": {
              "Name": "dcms-private-eu-central-1b"
            },
            "timeouts": null,
            "vpc_id": "vpc-0abf410b5f1e1e2da"
          },
          "sensitive_attributes": [],
          "private": "eyJlMmJmYjczMC1lY2FhLTExZTYtOGY4OC0zNDM2M2JjN2M0YzAiOnsiY3JlYXRlIjozMDAwMDAwMDAwMDAsImRlbGV0ZSI6MzAwMDAwMDAwMDAwLCJ1cGRhdGUiOjEyMDAwMDAwMDAwMH19",
          "dependencies": [
            "module.network.module.vpc.aws_vpc.this",
            "module.network.module.vpc.aws_vpc_ipv4_cidr_block_association.this"
          ]
        }
      ]
    },
    {
      "module": "module.network.module.vpc",
      "mode": "managed",
      "type": "aws_route_table",
      "name": "public",
      "provider": "provider[\"registry.terraform.io/hashicorp/aws\"]",
      "instances": [
        {
          "index_key": 0,
          "schema_version": 0,
          "attributes": {
            "arn": "arn:aws:ec2:eu-central-1:211439781557:route-table/rtb-006cd3681eb516db5",
            "id": "rtb-006cd3681eb516db5",
            "owner_id": "211439781557",
            "propagating_vgws": [],
            "route": [
              {
                "carrier_gateway_id": "",
                "cidr_block": "0.0.0.0/0",
                "core_network_arn": "",
                "destination_prefix_list_id": "",
                "egress_only_gateway_id": "",
                "gateway_id": "igw-0f3196e3ed7ecf6c3",
                "ipv6_cidr_block": "",
                "local_gateway_id": "",
                "nat_gateway_id": "",
                "network_interface_id": "",
                "transit_gateway_id": "",
                "vpc_endpoint_id": "",
                "vpc_peering_connection_id": ""
              }
            ],
            "tags": {
              "Name": "dcms-public"
            },
            "tags_all": {
              "Name": "dcms-public"
            },
            "timeouts": null,
            "vpc_id": "vpc-0abf410b5f1e1e2da"
          },
          "sensitive_attributes": [],
          "private": "eyJlMmJmYjczMC1lY2FhLTExZTYtOGY4OC0zNDM2M2JjN2M0YzAiOnsiY3JlYXRlIjozMDAwMDAwMDAwMDAsImRlbGV0ZSI6MzAwMDAwMDAwMDAwLCJ1cGRhdGUiOjEyMDAwMDAwMDAwMH19",
          "dependencies": [
            "module.network.module.vpc.aws_vpc.this",
            "module.network.module.vpc.aws_vpc_ipv4_cidr_block_association.this"
          ]
        }
      ]
    },
    {
      "module": "module.network.module.vpc",
      "mode": "managed",
      "type": "aws_route_table_association",
      "name": "private",
      "provider": "provider[\"registry.terraform.io/hashicorp/aws\"]",
      "instances": [
        {
          "index_key": 0,
          "schema_version": 0,
          "attributes": {
            "gateway_id": "",
            "id": "rtbassoc-02d09c6d569156f7c",
            "route_table_id": "rtb-08a9142f201409ebe",
            "subnet_id": "subnet-0ea223f40195d5702",
            "timeouts": null
          },
          "sensitive_attributes": [],
          "private": "eyJlMmJmYjczMC1lY2FhLTExZTYtOGY4OC0zNDM2M2JjN2M0YzAiOnsiY3JlYXRlIjozMDAwMDAwMDAwMDAsImRlbGV0ZSI6MzAwMDAwMDAwMDAwLCJ1cGRhdGUiOjEyMDAwMDAwMDAwMH19",
          "dependencies": [
            "module.network.module.vpc.aws_route_table.private",
            "module.network.module.vpc.aws_subnet.private",
            "module.network.module.vpc.aws_vpc.this",
            "module.network.module.vpc.aws_vpc_ipv4_cidr_block_association.this"
          ]
        },
        {
          "index_key": 1,
          "schema_version": 0,
          "attributes": {
            "gateway_id": "",
            "id": "rtbassoc-054acaf3127b73ca6",
            "route_table_id": "rtb-00f64a23f8a48a6fe",
            "subnet_id": "subnet-00ca97d7ba11f1f24",
            "timeouts": null
          },
          "sensitive_attributes": [],
          "private": "eyJlMmJmYjczMC1lY2FhLTExZTYtOGY4OC0zNDM2M2JjN2M0YzAiOnsiY3JlYXRlIjozMDAwMDAwMDAwMDAsImRlbGV0ZSI6MzAwMDAwMDAwMDAwLCJ1cGRhdGUiOjEyMDAwMDAwMDAwMH19",
          "dependencies": [
            "module.network.module.vpc.aws_route_table.private",
            "module.network.module.vpc.aws_subnet.private",
            "module.network.module.vpc.aws_vpc.this",
            "module.network.module.vpc.aws_vpc_ipv4_cidr_block_association.this"
          ]
        }
      ]
    },
    {
      "module": "module.network.module.vpc",
      "mode": "managed",
      "type": "aws_route_table_association",
      "name": "public",
      "provider": "provider[\"registry.terraform.io/hashicorp/aws\"]",
      "instances": [
        {
          "index_key": 0,
          "schema_version": 0,
          "attributes": {
            "gateway_id": "",
            "id": "rtbassoc-0b079984bfa8d6048",
            "route_table_id": "rtb-006cd3681eb516db5",
            "subnet_id": "subnet-05318cd332c1ceffa",
            "timeouts": null
          },
          "sensitive_attributes": [],
          "private": "eyJlMmJmYjczMC1lY2FhLTExZTYtOGY4OC0zNDM2M2JjN2M0YzAiOnsiY3JlYXRlIjozMDAwMDAwMDAwMDAsImRlbGV0ZSI6MzAwMDAwMDAwMDAwLCJ1cGRhdGUiOjEyMDAwMDAwMDAwMH19",
          "dependencies": [
            "module.network.module.vpc.aws_route_table.public",
            "module.network.module.vpc.aws_subnet.public",
            "module.network.module.vpc.aws_vpc.this",
            "module.network.module.vpc.aws_vpc_ipv4_cidr_block_association.this"
          ]
        },
        {
          "index_key": 1,
          "schema_version": 0,
          "attributes": {
            "gateway_id": "",
            "id": "rtbassoc-0e7e8ac457085a5c9",
            "route_table_id": "rtb-006cd3681eb516db5",
            "subnet_id": "subnet-0ea13de5c6b8c273b",
            "timeouts": null
          },
          "sensitive_attributes": [],
          "private": "eyJlMmJmYjczMC1lY2FhLTExZTYtOGY4OC0zNDM2M2JjN2M0YzAiOnsiY3JlYXRlIjozMDAwMDAwMDAwMDAsImRlbGV0ZSI6MzAwMDAwMDAwMDAwLCJ1cGRhdGUiOjEyMDAwMDAwMDAwMH19",
          "dependencies": [
            "module.network.module.vpc.aws_route_table.public",
            "module.network.module.vpc.aws_subnet.public",
            "module.network.module.vpc.aws_vpc.this",
            "module.network.module.vpc.aws_vpc_ipv4_cidr_block_association.this"
          ]
        }
      ]
    },
    {
      "module": "module.network.module.vpc",
      "mode": "managed",
      "type": "aws_subnet",
      "name": "private",
      "provider": "provider[\"registry.terraform.io/hashicorp/aws\"]",
      "instances": [
        {
          "index_key": 0,
          "schema_version": 1,
          "attributes": {
            "arn": "arn:aws:ec2:eu-central-1:211439781557:subnet/subnet-0ea223f40195d5702",
            "assign_ipv6_address_on_creation": false,
            "availability_zone": "eu-central-1a",
            "availability_zone_id": "euc1-az2",
            "cidr_block": "172.18.0.0/24",
            "customer_owned_ipv4_pool": "",
            "enable_dns64": false,
            "enable_lni_at_device_index": 0,
            "enable_resource_name_dns_a_record_on_launch": false,
            "enable_resource_name_dns_aaaa_record_on_launch": false,
            "id": "subnet-0ea223f40195d5702",
            "ipv6_cidr_block": "",
            "ipv6_cidr_block_association_id": "",
            "ipv6_native": false,
            "map_customer_owned_ip_on_launch": false,
            "map_public_ip_on_launch": false,
            "outpost_arn": "",
            "owner_id": "211439781557",
            "private_dns_hostname_type_on_launch": "ip-name",
            "tags": {
              "Name": "dcms-private-eu-central-1a"
            },
            "tags_all": {
              "Name": "dcms-private-eu-central-1a"
            },
            "timeouts": null,
            "vpc_id": "vpc-0abf410b5f1e1e2da"
          },
          "sensitive_attributes": [],
          "private": "eyJlMmJmYjczMC1lY2FhLTExZTYtOGY4OC0zNDM2M2JjN2M0YzAiOnsiY3JlYXRlIjo2MDAwMDAwMDAwMDAsImRlbGV0ZSI6MTIwMDAwMDAwMDAwMH0sInNjaGVtYV92ZXJzaW9uIjoiMSJ9",
          "dependencies": [
            "module.network.module.vpc.aws_vpc.this",
            "module.network.module.vpc.aws_vpc_ipv4_cidr_block_association.this"
          ]
        },
        {
          "index_key": 1,
          "schema_version": 1,
          "attributes": {
            "arn": "arn:aws:ec2:eu-central-1:211439781557:subnet/subnet-00ca97d7ba11f1f24",
            "assign_ipv6_address_on_creation": false,
            "availability_zone": "eu-central-1b",
            "availability_zone_id": "euc1-az3",
            "cidr_block": "172.18.1.0/24",
            "customer_owned_ipv4_pool": "",
            "enable_dns64": false,
            "enable_lni_at_device_index": 0,
            "enable_resource_name_dns_a_record_on_launch": false,
            "enable_resource_name_dns_aaaa_record_on_launch": false,
            "id": "subnet-00ca97d7ba11f1f24",
            "ipv6_cidr_block": "",
            "ipv6_cidr_block_association_id": "",
            "ipv6_native": false,
            "map_customer_owned_ip_on_launch": false,
            "map_public_ip_on_launch": false,
            "outpost_arn": "",
            "owner_id": "211439781557",
            "private_dns_hostname_type_on_launch": "ip-name",
            "tags": {
              "Name": "dcms-private-eu-central-1b"
            },
            "tags_all": {
              "Name": "dcms-private-eu-central-1b"
            },
            "timeouts": null,
            "vpc_id": "vpc-0abf410b5f1e1e2da"
          },
          "sensitive_attributes": [],
          "private": "eyJlMmJmYjczMC1lY2FhLTExZTYtOGY4OC0zNDM2M2JjN2M0YzAiOnsiY3JlYXRlIjo2MDAwMDAwMDAwMDAsImRlbGV0ZSI6MTIwMDAwMDAwMDAwMH0sInNjaGVtYV92ZXJzaW9uIjoiMSJ9",
          "dependencies": [
            "module.network.module.vpc.aws_vpc.this",
            "module.network.module.vpc.aws_vpc_ipv4_cidr_block_association.this"
          ]
        }
      ]
    },
    {
      "module": "module.network.module.vpc",
      "mode": "managed",
      "type": "aws_subnet",
      "name": "public",
      "provider": "provider[\"registry.terraform.io/hashicorp/aws\"]",
      "instances": [
        {
          "index_key": 0,
          "schema_version": 1,
          "attributes": {
            "arn": "arn:aws:ec2:eu-central-1:211439781557:subnet/subnet-05318cd332c1ceffa",
            "assign_ipv6_address_on_creation": false,
            "availability_zone": "eu-central-1a",
            "availability_zone_id": "euc1-az2",
            "cidr_block": "172.18.100.0/24",
            "customer_owned_ipv4_pool": "",
            "enable_dns64": false,
            "enable_lni_at_device_index": 0,
            "enable_resource_name_dns_a_record_on_launch": false,
            "enable_resource_name_dns_aaaa_record_on_launch": false,
            "id": "subnet-05318cd332c1ceffa",
            "ipv6_cidr_block": "",
            "ipv6_cidr_block_association_id": "",
            "ipv6_native": false,
            "map_customer_owned_ip_on_launch": false,
            "map_public_ip_on_launch": false,
            "outpost_arn": "",
            "owner_id": "211439781557",
            "private_dns_hostname_type_on_launch": "ip-name",
            "tags": {
              "Name": "dcms-public-eu-central-1a"
            },
            "tags_all": {
              "Name": "dcms-public-eu-central-1a"
            },
            "timeouts": null,
            "vpc_id": "vpc-0abf410b5f1e1e2da"
          },
          "sensitive_attributes": [],
          "private": "eyJlMmJmYjczMC1lY2FhLTExZTYtOGY4OC0zNDM2M2JjN2M0YzAiOnsiY3JlYXRlIjo2MDAwMDAwMDAwMDAsImRlbGV0ZSI6MTIwMDAwMDAwMDAwMH0sInNjaGVtYV92ZXJzaW9uIjoiMSJ9",
          "dependencies": [
            "module.network.module.vpc.aws_vpc.this",
            "module.network.module.vpc.aws_vpc_ipv4_cidr_block_association.this"
          ],
          "create_before_destroy": true
        },
        {
          "index_key": 1,
          "schema_version": 1,
          "attributes": {
            "arn": "arn:aws:ec2:eu-central-1:211439781557:subnet/subnet-0ea13de5c6b8c273b",
            "assign_ipv6_address_on_creation": false,
            "availability_zone": "eu-central-1b",
            "availability_zone_id": "euc1-az3",
            "cidr_block": "172.18.101.0/24",
            "customer_owned_ipv4_pool": "",
            "enable_dns64": false,
            "enable_lni_at_device_index": 0,
            "enable_resource_name_dns_a_record_on_launch": false,
            "enable_resource_name_dns_aaaa_record_on_launch": false,
            "id": "subnet-0ea13de5c6b8c273b",
            "ipv6_cidr_block": "",
            "ipv6_cidr_block_association_id": "",
            "ipv6_native": false,
            "map_customer_owned_ip_on_launch": false,
            "map_public_ip_on_launch": false,
            "outpost_arn": "",
            "owner_id": "211439781557",
            "private_dns_hostname_type_on_launch": "ip-name",
            "tags": {
              "Name": "dcms-public-eu-central-1b"
            },
            "tags_all": {
              "Name": "dcms-public-eu-central-1b"
            },
            "timeouts": null,
            "vpc_id": "vpc-0abf410b5f1e1e2da"
          },
          "sensitive_attributes": [],
          "private": "eyJlMmJmYjczMC1lY2FhLTExZTYtOGY4OC0zNDM2M2JjN2M0YzAiOnsiY3JlYXRlIjo2MDAwMDAwMDAwMDAsImRlbGV0ZSI6MTIwMDAwMDAwMDAwMH0sInNjaGVtYV92ZXJzaW9uIjoiMSJ9",
          "dependencies": [
            "module.network.module.vpc.aws_vpc.this",
            "module.network.module.vpc.aws_vpc_ipv4_cidr_block_association.this"
          ],
          "create_before_destroy": true
        }
      ]
    },
    {
      "module": "module.network.module.vpc",
      "mode": "managed",
      "type": "aws_vpc",
      "name": "this",
      "provider": "provider[\"registry.terraform.io/hashicorp/aws\"]",
      "instances": [
        {
          "index_key": 0,
          "schema_version": 1,
          "attributes": {
            "arn": "arn:aws:ec2:eu-central-1:211439781557:vpc/vpc-0abf410b5f1e1e2da",
            "assign_generated_ipv6_cidr_block": false,
            "cidr_block": "172.18.0.0/16",
            "default_network_acl_id": "acl-04094b72202d639b1",
            "default_route_table_id": "rtb-0a975e17cea329ab0",
            "default_security_group_id": "sg-073959b932aabfcc9",
            "dhcp_options_id": "dopt-08121af603ba77c81",
            "enable_dns_hostnames": true,
            "enable_dns_support": true,
            "enable_network_address_usage_metrics": false,
            "id": "vpc-0abf410b5f1e1e2da",
            "instance_tenancy": "default",
            "ipv4_ipam_pool_id": null,
            "ipv4_netmask_length": null,
            "ipv6_association_id": "",
            "ipv6_cidr_block": "",
            "ipv6_cidr_block_network_border_group": "",
            "ipv6_ipam_pool_id": "",
            "ipv6_netmask_length": 0,
            "main_route_table_id": "rtb-0a975e17cea329ab0",
            "owner_id": "211439781557",
            "tags": {
              "Name": "dcms"
            },
            "tags_all": {
              "Name": "dcms"
            }
          },
          "sensitive_attributes": [],
          "private": "eyJzY2hlbWFfdmVyc2lvbiI6IjEifQ==",
          "create_before_destroy": true
        }
      ]
    },
    {
      "module": "module.roles",
      "mode": "data",
      "type": "aws_iam_policy_document",
      "name": "ecsTaskExecution",
      "provider": "provider[\"registry.terraform.io/hashicorp/aws\"]",
      "instances": [
        {
          "schema_version": 0,
          "attributes": {
            "id": "1077804475",
            "json": "{\n  \"Version\": \"2012-10-17\",\n  \"Statement\": [\n    {\n      \"Effect\": \"Allow\",\n      \"Action\": \"sts:AssumeRole\",\n      \"Principal\": {\n        \"Service\": \"ecs-tasks.amazonaws.com\"\n      }\n    }\n  ]\n}",
            "override_policy_documents": null,
            "policy_id": null,
            "source_policy_documents": null,
            "statement": [
              {
                "actions": [
                  "sts:AssumeRole"
                ],
                "condition": [],
                "effect": "Allow",
                "not_actions": [],
                "not_principals": [],
                "not_resources": [],
                "principals": [
                  {
                    "identifiers": [
                      "ecs-tasks.amazonaws.com"
                    ],
                    "type": "Service"
                  }
                ],
                "resources": [],
                "sid": ""
              }
            ],
            "version": "2012-10-17"
          },
          "sensitive_attributes": []
        }
      ]
    },
    {
      "module": "module.roles",
      "mode": "managed",
      "type": "aws_iam_role",
      "name": "ecsTaskExecution",
      "provider": "provider[\"registry.terraform.io/hashicorp/aws\"]",
      "instances": [
        {
          "schema_version": 0,
          "attributes": {
            "arn": "arn:aws:iam::211439781557:role/ecsTaskExecution",
            "assume_role_policy": "{\"Statement\":[{\"Action\":\"sts:AssumeRole\",\"Effect\":\"Allow\",\"Principal\":{\"Service\":\"ecs-tasks.amazonaws.com\"}}],\"Version\":\"2012-10-17\"}",
            "create_date": "2023-11-08T18:22:33Z",
            "description": "",
            "force_detach_policies": false,
            "id": "ecsTaskExecution",
            "inline_policy": [],
            "managed_policy_arns": [
              "arn:aws:iam::aws:policy/service-role/AmazonECSTaskExecutionRolePolicy"
            ],
            "max_session_duration": 3600,
            "name": "ecsTaskExecution",
            "name_prefix": "",
            "path": "/",
            "permissions_boundary": "",
            "tags": {
              "Name": "ecsTaskExecution"
            },
            "tags_all": {
              "Name": "ecsTaskExecution"
            },
            "unique_id": "AROATCOWLA22YJDANQ3JI"
          },
          "sensitive_attributes": [],
          "private": "bnVsbA==",
          "dependencies": [
            "module.roles.data.aws_iam_policy_document.ecsTaskExecution"
          ]
        }
      ]
    },
    {
      "module": "module.roles",
      "mode": "managed",
      "type": "aws_iam_role_policy_attachment",
      "name": "ecsTaskExecution",
      "provider": "provider[\"registry.terraform.io/hashicorp/aws\"]",
      "instances": [
        {
          "schema_version": 0,
          "attributes": {
            "id": "ecsTaskExecution-20231108182234535500000003",
            "policy_arn": "arn:aws:iam::aws:policy/service-role/AmazonECSTaskExecutionRolePolicy",
            "role": "ecsTaskExecution"
          },
          "sensitive_attributes": [],
          "private": "bnVsbA==",
          "dependencies": [
            "module.roles.aws_iam_role.ecsTaskExecution",
            "module.roles.data.aws_iam_policy_document.ecsTaskExecution"
          ]
        }
      ]
    },
    {
      "module": "module.web_container",
      "mode": "managed",
      "type": "aws_ecr_lifecycle_policy",
      "name": "default_policy",
      "provider": "provider[\"registry.terraform.io/hashicorp/aws\"]",
      "instances": [
        {
          "schema_version": 0,
          "attributes": {
            "id": "tests-web",
            "policy": "{\"rules\":[{\"action\":{\"type\":\"expire\"},\"description\":\"Keep last 2 images\",\"rulePriority\":1,\"selection\":{\"countNumber\":3,\"countType\":\"imageCountMoreThan\",\"tagPrefixList\":[\"v\"],\"tagStatus\":\"tagged\"}}]}",
            "registry_id": "211439781557",
            "repository": "tests-web"
          },
          "sensitive_attributes": [],
          "private": "bnVsbA==",
          "dependencies": [
            "module.web_container.aws_ecr_repository.repo"
          ]
        }
      ]
    },
    {
      "module": "module.web_container",
      "mode": "managed",
      "type": "aws_ecr_repository",
      "name": "repo",
      "provider": "provider[\"registry.terraform.io/hashicorp/aws\"]",
      "instances": [
        {
          "schema_version": 0,
          "attributes": {
            "arn": "arn:aws:ecr:eu-central-1:211439781557:repository/tests-web",
            "encryption_configuration": [
              {
                "encryption_type": "AES256",
                "kms_key": ""
              }
            ],
            "force_delete": true,
            "id": "tests-web",
            "image_scanning_configuration": [
              {
                "scan_on_push": false
              }
            ],
            "image_tag_mutability": "MUTABLE",
            "name": "tests-web",
            "registry_id": "211439781557",
            "repository_url": "211439781557.dkr.ecr.eu-central-1.amazonaws.com/tests-web",
            "tags": {
              "Name": "tests-web"
            },
            "tags_all": {
              "Name": "tests-web"
            },
            "timeouts": null
          },
          "sensitive_attributes": [],
          "private": "eyJlMmJmYjczMC1lY2FhLTExZTYtOGY4OC0zNDM2M2JjN2M0YzAiOnsiZGVsZXRlIjoxMjAwMDAwMDAwMDAwfX0="
        }
      ]
    },
    {
      "module": "module.web_container",
      "mode": "managed",
      "type": "aws_ecs_cluster",
      "name": "this",
      "provider": "provider[\"registry.terraform.io/hashicorp/aws\"]",
      "instances": [
        {
          "schema_version": 0,
          "attributes": {
            "arn": "arn:aws:ecs:eu-central-1:211439781557:cluster/tests-web",
            "configuration": [],
            "id": "arn:aws:ecs:eu-central-1:211439781557:cluster/tests-web",
            "name": "tests-web",
            "service_connect_defaults": [],
            "setting": [
              {
                "name": "containerInsights",
                "value": "disabled"
              }
            ],
            "tags": {
              "Name": "tests-web"
            },
            "tags_all": {
              "Name": "tests-web"
            }
          },
          "sensitive_attributes": [],
          "private": "bnVsbA=="
        }
      ]
    },
    {
      "module": "module.web_container",
      "mode": "managed",
      "type": "aws_ecs_service",
      "name": "service",
      "provider": "provider[\"registry.terraform.io/hashicorp/aws\"]",
      "instances": [
        {
          "schema_version": 0,
          "attributes": {
            "alarms": [],
            "capacity_provider_strategy": [],
            "cluster": "arn:aws:ecs:eu-central-1:211439781557:cluster/tests-web",
            "deployment_circuit_breaker": [
              {
                "enable": false,
                "rollback": false
              }
            ],
            "deployment_controller": [
              {
                "type": "ECS"
              }
            ],
            "deployment_maximum_percent": 200,
            "deployment_minimum_healthy_percent": 100,
            "desired_count": 1,
            "enable_ecs_managed_tags": false,
            "enable_execute_command": false,
            "force_new_deployment": null,
            "health_check_grace_period_seconds": 0,
            "iam_role": "/aws-service-role/ecs.amazonaws.com/AWSServiceRoleForECS",
            "id": "arn:aws:ecs:eu-central-1:211439781557:service/tests-web/tests-web-service",
            "launch_type": "FARGATE",
            "load_balancer": [
              {
                "container_name": "tests-web",
                "container_port": 4173,
                "elb_name": "",
                "target_group_arn": "arn:aws:elasticloadbalancing:eu-central-1:211439781557:targetgroup/tests-web/b78aaad6777194f8"
              }
            ],
            "name": "tests-web-service",
            "network_configuration": [
              {
                "assign_public_ip": false,
                "security_groups": [
                  "sg-056856fc230e053f2"
                ],
                "subnets": [
                  "subnet-00ca97d7ba11f1f24",
                  "subnet-0ea223f40195d5702"
                ]
              }
            ],
            "ordered_placement_strategy": [],
            "placement_constraints": [],
            "platform_version": "LATEST",
            "propagate_tags": "NONE",
            "scheduling_strategy": "REPLICA",
            "service_connect_configuration": [],
            "service_registries": [],
            "tags": {
              "Name": "tests-web"
            },
            "tags_all": {
              "Name": "tests-web"
            },
            "task_definition": "arn:aws:ecs:eu-central-1:211439781557:task-definition/tests-web-family:7",
            "timeouts": null,
            "triggers": {},
            "wait_for_steady_state": false
          },
          "sensitive_attributes": [],
          "private": "eyJlMmJmYjczMC1lY2FhLTExZTYtOGY4OC0zNDM2M2JjN2M0YzAiOnsiY3JlYXRlIjoxMjAwMDAwMDAwMDAwLCJkZWxldGUiOjEyMDAwMDAwMDAwMDAsInVwZGF0ZSI6MTIwMDAwMDAwMDAwMH19",
          "dependencies": [
            "module.external_application_load_balancer.aws_security_group.main",
            "module.network.module.vpc.aws_subnet.private",
            "module.network.module.vpc.aws_vpc.this",
            "module.network.module.vpc.aws_vpc_ipv4_cidr_block_association.this",
            "module.roles.aws_iam_role.ecsTaskExecution",
            "module.roles.data.aws_iam_policy_document.ecsTaskExecution",
            "module.web_container.aws_ecr_repository.repo",
            "module.web_container.aws_ecs_cluster.this",
            "module.web_container.null_resource.send_docker_image",
            "module.web_task.aws_alb_target_group.web",
            "module.web_task.aws_ecs_task_definition.web",
            "module.web_task.aws_security_group.web_container"
          ]
        }
      ]
    },
    {
      "module": "module.web_container",
      "mode": "managed",
      "type": "null_resource",
      "name": "send_docker_image",
      "provider": "provider[\"registry.terraform.io/hashicorp/null\"]",
      "instances": [
        {
          "schema_version": 0,
          "attributes": {
            "id": "87529128207431386",
            "triggers": {
              "value": "1.0.2"
            }
          },
          "sensitive_attributes": [],
          "dependencies": [
            "module.web_container.aws_ecr_repository.repo"
          ]
        }
      ]
    },
    {
      "module": "module.web_task",
      "mode": "managed",
      "type": "aws_alb_target_group",
      "name": "web",
      "provider": "provider[\"registry.terraform.io/hashicorp/aws\"]",
      "instances": [
        {
          "schema_version": 0,
          "attributes": {
            "arn": "arn:aws:elasticloadbalancing:eu-central-1:211439781557:targetgroup/tests-web/b78aaad6777194f8",
            "arn_suffix": "targetgroup/tests-web/b78aaad6777194f8",
            "connection_termination": null,
            "deregistration_delay": "300",
            "health_check": [
              {
                "enabled": true,
                "healthy_threshold": 3,
                "interval": 30,
                "matcher": "200",
                "path": "/health.html",
                "port": "traffic-port",
                "protocol": "HTTP",
                "timeout": 3,
                "unhealthy_threshold": 2
              }
            ],
            "id": "arn:aws:elasticloadbalancing:eu-central-1:211439781557:targetgroup/tests-web/b78aaad6777194f8",
            "ip_address_type": "ipv4",
            "lambda_multi_value_headers_enabled": false,
            "load_balancing_algorithm_type": "round_robin",
            "load_balancing_cross_zone_enabled": "use_load_balancer_configuration",
            "name": "tests-web",
            "name_prefix": "",
            "port": 4173,
            "preserve_client_ip": null,
            "protocol": "HTTP",
            "protocol_version": "HTTP1",
            "proxy_protocol_v2": false,
            "slow_start": 0,
            "stickiness": [
              {
                "cookie_duration": 86400,
                "cookie_name": "",
                "enabled": true,
                "type": "lb_cookie"
              }
            ],
            "tags": {},
            "tags_all": {},
            "target_failover": [
              {
                "on_deregistration": null,
                "on_unhealthy": null
              }
            ],
            "target_health_state": [
              {
                "enable_unhealthy_connection_termination": null
              }
            ],
            "target_type": "ip",
            "vpc_id": "vpc-0abf410b5f1e1e2da"
          },
          "sensitive_attributes": [],
          "private": "bnVsbA==",
          "dependencies": [
            "module.network.module.vpc.aws_vpc.this"
          ]
        }
      ]
    },
    {
      "module": "module.web_task",
      "mode": "managed",
      "type": "aws_ecs_task_definition",
      "name": "web",
      "provider": "provider[\"registry.terraform.io/hashicorp/aws\"]",
      "instances": [
        {
          "schema_version": 1,
          "attributes": {
            "arn": "arn:aws:ecs:eu-central-1:211439781557:task-definition/tests-web-family:7",
            "arn_without_revision": "arn:aws:ecs:eu-central-1:211439781557:task-definition/tests-web-family",
            "container_definitions": "[{\"cpu\":256,\"environment\":[],\"essential\":true,\"healthCheck\":{\"command\":[\"CMD-SHELL\",\"wget --no-verbose --tries=1 --spider http://localhost:4173/health.html || exit 1\"],\"interval\":10,\"retries\":5,\"startPeriod\":20,\"timeout\":5},\"image\":\"211439781557.dkr.ecr.eu-central-1.amazonaws.com/tests-web:1.0.2\",\"memory\":512,\"mountPoints\":[],\"name\":\"tests-web\",\"portMappings\":[{\"containerPort\":4173,\"hostPort\":4173,\"protocol\":\"tcp\"}],\"volumesFrom\":[]}]",
            "cpu": "256",
            "ephemeral_storage": [],
            "execution_role_arn": "arn:aws:iam::211439781557:role/ecsTaskExecution",
            "family": "tests-web-family",
            "id": "tests-web-family",
            "inference_accelerator": [],
            "ipc_mode": "",
            "memory": "512",
            "network_mode": "awsvpc",
            "pid_mode": "",
            "placement_constraints": [],
            "proxy_configuration": [],
            "requires_compatibilities": [
              "FARGATE"
            ],
            "revision": 7,
            "runtime_platform": [],
            "skip_destroy": false,
            "tags": {
              "Name": "tests-web-family"
            },
            "tags_all": {
              "Name": "tests-web-family"
            },
            "task_role_arn": "",
            "volume": []
          },
          "sensitive_attributes": [],
          "private": "eyJzY2hlbWFfdmVyc2lvbiI6IjEifQ==",
          "dependencies": [
            "module.roles.aws_iam_role.ecsTaskExecution",
            "module.roles.data.aws_iam_policy_document.ecsTaskExecution",
            "module.web_container.aws_ecr_repository.repo"
          ]
        }
      ]
    },
    {
      "module": "module.web_task",
      "mode": "managed",
      "type": "aws_lb_listener_rule",
      "name": "static",
      "provider": "provider[\"registry.terraform.io/hashicorp/aws\"]",
      "instances": [
        {
          "schema_version": 0,
          "attributes": {
            "action": [
              {
                "authenticate_cognito": [],
                "authenticate_oidc": [],
                "fixed_response": [],
                "forward": [],
                "order": 1,
                "redirect": [],
                "target_group_arn": "arn:aws:elasticloadbalancing:eu-central-1:211439781557:targetgroup/tests-web/b78aaad6777194f8",
                "type": "forward"
              }
            ],
            "arn": "arn:aws:elasticloadbalancing:eu-central-1:211439781557:listener-rule/app/external/f8217e26f6125525/47d2c9a38ce3524d/f3372076022e4607",
            "condition": [
              {
                "host_header": [
                  {
                    "values": [
                      "www.watislaf.com"
                    ]
                  }
                ],
                "http_header": [],
                "http_request_method": [],
                "path_pattern": [],
                "query_string": [],
                "source_ip": []
              }
            ],
            "id": "arn:aws:elasticloadbalancing:eu-central-1:211439781557:listener-rule/app/external/f8217e26f6125525/47d2c9a38ce3524d/f3372076022e4607",
            "listener_arn": "arn:aws:elasticloadbalancing:eu-central-1:211439781557:listener/app/external/f8217e26f6125525/47d2c9a38ce3524d",
            "priority": 100,
            "tags": {},
            "tags_all": {}
          },
          "sensitive_attributes": [],
          "private": "bnVsbA==",
          "dependencies": [
            "module.external_application_load_balancer.aws_alb.main",
            "module.external_application_load_balancer.aws_alb_listener.external_http",
            "module.external_application_load_balancer.aws_security_group.main",
            "module.network.module.vpc.aws_subnet.public",
            "module.network.module.vpc.aws_vpc.this",
            "module.network.module.vpc.aws_vpc_ipv4_cidr_block_association.this",
            "module.web_task.aws_alb_target_group.web"
          ]
        }
      ]
    },
    {
      "module": "module.web_task",
      "mode": "managed",
      "type": "aws_security_group",
      "name": "web_container",
      "provider": "provider[\"registry.terraform.io/hashicorp/aws\"]",
      "instances": [
        {
          "schema_version": 1,
          "attributes": {
            "arn": "arn:aws:ec2:eu-central-1:211439781557:security-group/sg-056856fc230e053f2",
            "description": "allow inbound access from the ALB only",
            "egress": [
              {
                "cidr_blocks": [
                  "0.0.0.0/0"
                ],
                "description": "",
                "from_port": 0,
                "ipv6_cidr_blocks": [],
                "prefix_list_ids": [],
                "protocol": "-1",
                "security_groups": [],
                "self": false,
                "to_port": 0
              }
            ],
            "id": "sg-056856fc230e053f2",
            "ingress": [
              {
                "cidr_blocks": [],
                "description": "",
                "from_port": 4173,
                "ipv6_cidr_blocks": [],
                "prefix_list_ids": [],
                "protocol": "tcp",
                "security_groups": [
                  "sg-0dcbf1512818fccbd"
                ],
                "self": false,
                "to_port": 4173
              }
            ],
            "name": "tests-web-container",
            "name_prefix": "",
            "owner_id": "211439781557",
            "revoke_rules_on_delete": false,
            "tags": {
              "Name": "tests-web"
            },
            "tags_all": {
              "Name": "tests-web"
            },
            "timeouts": null,
            "vpc_id": "vpc-0abf410b5f1e1e2da"
          },
          "sensitive_attributes": [],
          "private": "eyJlMmJmYjczMC1lY2FhLTExZTYtOGY4OC0zNDM2M2JjN2M0YzAiOnsiY3JlYXRlIjo2MDAwMDAwMDAwMDAsImRlbGV0ZSI6OTAwMDAwMDAwMDAwfSwic2NoZW1hX3ZlcnNpb24iOiIxIn0=",
          "dependencies": [
            "module.external_application_load_balancer.aws_security_group.main",
            "module.network.module.vpc.aws_vpc.this"
          ]
        }
      ]
    }
  ],
  "check_results": null
}
