{
  "version": 4,
  "terraform_version": "1.6.2",
  "serial": 595,
  "lineage": "f78cd446-ae20-2964-b5ee-20d1f3d6190b",
  "outputs": {},
  "resources": [
    {
      "module": "module.bastion",
      "mode": "managed",
      "type": "aws_eip",
      "name": "bastion",
      "provider": "provider[\"registry.terraform.io/hashicorp/aws\"]",
      "instances": [
        {
          "schema_version": 0,
          "attributes": {
            "address": null,
            "allocation_id": "eipalloc-0a5b28f4d1412bddb",
            "associate_with_private_ip": "172.18.101.56",
            "association_id": "eipassoc-02e9113aaef2e421f",
            "carrier_ip": "",
            "customer_owned_ip": "",
            "customer_owned_ipv4_pool": "",
            "domain": "vpc",
            "id": "eipalloc-0a5b28f4d1412bddb",
            "instance": "i-0d3d39a854218b84f",
            "network_border_group": "eu-central-1",
            "network_interface": "eni-02b4ba0d591129fbf",
            "private_dns": "ip-172-18-101-56.eu-central-1.compute.internal",
            "private_ip": "172.18.101.56",
            "public_dns": "ec2-18-156-20-45.eu-central-1.compute.amazonaws.com",
            "public_ip": "18.156.20.45",
            "public_ipv4_pool": "amazon",
            "tags": {},
            "tags_all": {},
            "timeouts": null,
            "vpc": true
          },
          "sensitive_attributes": [],
          "private": "eyJlMmJmYjczMC1lY2FhLTExZTYtOGY4OC0zNDM2M2JjN2M0YzAiOnsiZGVsZXRlIjoxODAwMDAwMDAwMDAsInJlYWQiOjkwMDAwMDAwMDAwMCwidXBkYXRlIjozMDAwMDAwMDAwMDB9fQ==",
          "dependencies": [
            "module.bastion.aws_instance.bastion",
            "module.bastion.aws_key_pair.bastion_key",
            "module.bastion.aws_security_group.bastion",
            "module.bastion.tls_private_key.this",
            "module.network.module.vpc.aws_subnet.public",
            "module.network.module.vpc.aws_vpc.this",
            "module.network.module.vpc.aws_vpc_ipv4_cidr_block_association.this"
          ]
        }
      ]
    },
    {
      "module": "module.bastion",
      "mode": "managed",
      "type": "aws_instance",
      "name": "bastion",
      "provider": "provider[\"registry.terraform.io/hashicorp/aws\"]",
      "instances": [
        {
          "schema_version": 1,
          "attributes": {
            "ami": "ami-0a485299eeb98b979",
            "arn": "arn:aws:ec2:eu-central-1:211439781557:instance/i-0d3d39a854218b84f",
            "associate_public_ip_address": false,
            "availability_zone": "eu-central-1b",
            "capacity_reservation_specification": [
              {
                "capacity_reservation_preference": "open",
                "capacity_reservation_target": []
              }
            ],
            "cpu_core_count": 1,
            "cpu_options": [
              {
                "amd_sev_snp": "",
                "core_count": 1,
                "threads_per_core": 2
              }
            ],
            "cpu_threads_per_core": 2,
            "credit_specification": [
              {
                "cpu_credits": "standard"
              }
            ],
            "disable_api_stop": false,
            "disable_api_termination": false,
            "ebs_block_device": [],
            "ebs_optimized": false,
            "enclave_options": [
              {
                "enabled": false
              }
            ],
            "ephemeral_block_device": [],
            "get_password_data": false,
            "hibernation": false,
            "host_id": "",
            "host_resource_group_arn": null,
            "iam_instance_profile": "",
            "id": "i-0d3d39a854218b84f",
            "instance_initiated_shutdown_behavior": "stop",
            "instance_lifecycle": "",
            "instance_market_options": [],
            "instance_state": "running",
            "instance_type": "t3.nano",
            "ipv6_address_count": 0,
            "ipv6_addresses": [],
            "key_name": "bastion_key",
            "launch_template": [],
            "maintenance_options": [
              {
                "auto_recovery": "default"
              }
            ],
            "metadata_options": [
              {
                "http_endpoint": "enabled",
                "http_protocol_ipv6": "disabled",
                "http_put_response_hop_limit": 2,
                "http_tokens": "required",
                "instance_metadata_tags": "disabled"
              }
            ],
            "monitoring": false,
            "network_interface": [],
            "outpost_arn": "",
            "password_data": "",
            "placement_group": "",
            "placement_partition_number": 0,
            "primary_network_interface_id": "eni-02b4ba0d591129fbf",
            "private_dns": "ip-172-18-101-56.eu-central-1.compute.internal",
            "private_dns_name_options": [
              {
                "enable_resource_name_dns_a_record": false,
                "enable_resource_name_dns_aaaa_record": false,
                "hostname_type": "ip-name"
              }
            ],
            "private_ip": "172.18.101.56",
            "public_dns": "",
            "public_ip": "",
            "root_block_device": [
              {
                "delete_on_termination": true,
                "device_name": "/dev/xvda",
                "encrypted": false,
                "iops": 100,
                "kms_key_id": "",
                "tags": {
                  "Name": "bastion_root"
                },
                "throughput": 0,
                "volume_id": "vol-02eef78e349968d0b",
                "volume_size": 8,
                "volume_type": "gp2"
              }
            ],
            "secondary_private_ips": [],
            "security_groups": [],
            "source_dest_check": true,
            "spot_instance_request_id": "",
            "subnet_id": "subnet-07060935a762eda93",
            "tags": {
              "Name": "bastion"
            },
            "tags_all": {
              "Name": "bastion"
            },
            "tenancy": "default",
            "timeouts": null,
            "user_data": "3411ba3c8ffa3684ccfb7284858f993c8b70a502",
            "user_data_base64": null,
            "user_data_replace_on_change": false,
            "volume_tags": null,
            "vpc_security_group_ids": [
              "sg-0a0cc3b85bc9b89f7"
            ]
          },
          "sensitive_attributes": [],
          "private": "eyJlMmJmYjczMC1lY2FhLTExZTYtOGY4OC0zNDM2M2JjN2M0YzAiOnsiY3JlYXRlIjo2MDAwMDAwMDAwMDAsImRlbGV0ZSI6MTIwMDAwMDAwMDAwMCwidXBkYXRlIjo2MDAwMDAwMDAwMDB9LCJzY2hlbWFfdmVyc2lvbiI6IjEifQ==",
          "dependencies": [
            "module.bastion.aws_key_pair.bastion_key",
            "module.bastion.aws_security_group.bastion",
            "module.bastion.tls_private_key.this",
            "module.network.module.vpc.aws_subnet.public",
            "module.network.module.vpc.aws_vpc.this",
            "module.network.module.vpc.aws_vpc_ipv4_cidr_block_association.this"
          ]
        }
      ]
    },
    {
      "module": "module.bastion",
      "mode": "managed",
      "type": "aws_key_pair",
      "name": "bastion_key",
      "provider": "provider[\"registry.terraform.io/hashicorp/aws\"]",
      "instances": [
        {
          "schema_version": 1,
          "attributes": {
            "arn": "arn:aws:ec2:eu-central-1:211439781557:key-pair/bastion_key",
            "fingerprint": "19:99:27:fa:61:44:85:3d:b0:71:ce:2f:9f:2c:6f:6b",
            "id": "bastion_key",
            "key_name": "bastion_key",
            "key_name_prefix": "",
            "key_pair_id": "key-0671ad5820ca9427a",
            "key_type": "rsa",
            "public_key": "ssh-rsa AAAAB3NzaC1yc2EAAAADAQABAAACAQDgrflZ/+4eagQ+eFuKXDwYfR+O4OX3UH1tTQbWwrsT16e6tL3ogv5U+ISHFEg6Hm0bXFY7gsBMihbVOaV26ZQ+DFWUQPs3XM0p1sWSzWs+xp9VrEGFMyUnKgsRBvhISi1AuSvoRtbhJ7tJ5agwCw1z2Hw4s9sYXlyvWKOcBUBM09xqppX2+g5Xdu8sWnsyMXE6OYvKFP6HZlA1m1lKk92w/9VVSnTDt7T4DbLtE9uskuCTvk1ty3VM6vH29rKZEYIdoNvQYqB2912YkAvCK/q72ZWK7b6iTlDgxS2f7Palf9VzrmBEmvECwkwUJiYc9Ch0Rl/EaKinityUY1viSJyfE8YawnpVf/EGCxmU2rRhYTXbZw6RbYoSqsfV/pR30yEhqcBLgKUF0kpq3FzNlirIeuMlYSKmaSiV//KNjOrcI7lvDQbuz1Jft3w89OJ2QGgZV4mj3+gyIErQQl0lnOE9rD7UQTdlzvufwKIb8QJrB49OyZeWm/OBxrxQUyWiuRVW2oESXNRfJyq5MBEDPR1pKlgov+1elRcHc1rXoThLUucwY/ZZDP/Pk+rkHlN/JQCRVwCZlj3KCENv7iHEOgeZYIZtJPtOq5TJiVRR9ABX//qW2NY+E+hU2/SihojwTBdlyu9MMdEim6OkNwZ2NsMyDZb7owi4XDtT29EGJZlX9w==",
            "tags": {},
            "tags_all": {}
          },
          "sensitive_attributes": [],
          "private": "eyJzY2hlbWFfdmVyc2lvbiI6IjEifQ==",
          "dependencies": [
            "module.bastion.tls_private_key.this"
          ]
        }
      ]
    },
    {
      "module": "module.bastion",
      "mode": "managed",
      "type": "aws_security_group",
      "name": "bastion",
      "provider": "provider[\"registry.terraform.io/hashicorp/aws\"]",
      "instances": [
        {
          "schema_version": 1,
          "attributes": {
            "arn": "arn:aws:ec2:eu-central-1:211439781557:security-group/sg-0a0cc3b85bc9b89f7",
            "description": "EC2 Bastion Host Security Group",
            "egress": [
              {
                "cidr_blocks": [
                  "0.0.0.0/0"
                ],
                "description": "IPv4 route Open to Public Internet",
                "from_port": 0,
                "ipv6_cidr_blocks": [],
                "prefix_list_ids": [],
                "protocol": "-1",
                "security_groups": [],
                "self": false,
                "to_port": 0
              },
              {
                "cidr_blocks": [],
                "description": "IPv6 route Open to Public Internet",
                "from_port": 0,
                "ipv6_cidr_blocks": [
                  "::/0"
                ],
                "prefix_list_ids": [],
                "protocol": "-1",
                "security_groups": [],
                "self": false,
                "to_port": 0
              }
            ],
            "id": "sg-0a0cc3b85bc9b89f7",
            "ingress": [
              {
                "cidr_blocks": [
                  "0.0.0.0/0"
                ],
                "description": "",
                "from_port": 22,
                "ipv6_cidr_blocks": [],
                "prefix_list_ids": [],
                "protocol": "tcp",
                "security_groups": [],
                "self": false,
                "to_port": 22
              }
            ],
            "name": "bastion",
            "name_prefix": "",
            "owner_id": "211439781557",
            "revoke_rules_on_delete": false,
            "tags": {},
            "tags_all": {},
            "timeouts": null,
            "vpc_id": "vpc-0885355edfaf8192e"
          },
          "sensitive_attributes": [],
          "private": "eyJlMmJmYjczMC1lY2FhLTExZTYtOGY4OC0zNDM2M2JjN2M0YzAiOnsiY3JlYXRlIjo2MDAwMDAwMDAwMDAsImRlbGV0ZSI6OTAwMDAwMDAwMDAwfSwic2NoZW1hX3ZlcnNpb24iOiIxIn0=",
          "dependencies": [
            "module.network.module.vpc.aws_vpc.this"
          ]
        }
      ]
    },
    {
      "module": "module.bastion",
      "mode": "managed",
      "type": "local_file",
      "name": "bastion-public-key",
      "provider": "provider[\"registry.terraform.io/hashicorp/local\"]",
      "instances": [
        {
          "schema_version": 0,
          "attributes": {
            "content": "ssh-rsa AAAAB3NzaC1yc2EAAAADAQABAAACAQDgrflZ/+4eagQ+eFuKXDwYfR+O4OX3UH1tTQbWwrsT16e6tL3ogv5U+ISHFEg6Hm0bXFY7gsBMihbVOaV26ZQ+DFWUQPs3XM0p1sWSzWs+xp9VrEGFMyUnKgsRBvhISi1AuSvoRtbhJ7tJ5agwCw1z2Hw4s9sYXlyvWKOcBUBM09xqppX2+g5Xdu8sWnsyMXE6OYvKFP6HZlA1m1lKk92w/9VVSnTDt7T4DbLtE9uskuCTvk1ty3VM6vH29rKZEYIdoNvQYqB2912YkAvCK/q72ZWK7b6iTlDgxS2f7Palf9VzrmBEmvECwkwUJiYc9Ch0Rl/EaKinityUY1viSJyfE8YawnpVf/EGCxmU2rRhYTXbZw6RbYoSqsfV/pR30yEhqcBLgKUF0kpq3FzNlirIeuMlYSKmaSiV//KNjOrcI7lvDQbuz1Jft3w89OJ2QGgZV4mj3+gyIErQQl0lnOE9rD7UQTdlzvufwKIb8QJrB49OyZeWm/OBxrxQUyWiuRVW2oESXNRfJyq5MBEDPR1pKlgov+1elRcHc1rXoThLUucwY/ZZDP/Pk+rkHlN/JQCRVwCZlj3KCENv7iHEOgeZYIZtJPtOq5TJiVRR9ABX//qW2NY+E+hU2/SihojwTBdlyu9MMdEim6OkNwZ2NsMyDZb7owi4XDtT29EGJZlX9w==\n",
            "content_base64": null,
            "content_base64sha256": "XSJ1LMHcah2Vk8FCXOsPJU4GPy49f3wG/bZFP0Obkko=",
            "content_base64sha512": "fWAv44Ez+KktrrTYTgTGrBrwsv/erAvCG8BOYqdtsc4q2tn8hp+Hm5cx4mieGM5CJnVgB4/n78KE3CMvJTjIvg==",
            "content_md5": "4c7a563dee93bf74b35f37a0c6882c70",
            "content_sha1": "cfaaaebdc8b51ad02c7792ec970c443bd3ec5f3a",
            "content_sha256": "5d22752cc1dc6a1d9593c1425ceb0f254e063f2e3d7f7c06fdb6453f439b924a",
            "content_sha512": "7d602fe38133f8a92daeb4d84e04c6ac1af0b2ffdeac0bc21bc04e62a76db1ce2adad9fc869f879b9731e2689e18ce42267560078fe7efc284dc232f2538c8be",
            "directory_permission": "0777",
            "file_permission": "0777",
            "filename": "/Users/vladislavkozulin/work/dcms/infra/ssh/key.pub",
            "id": "cfaaaebdc8b51ad02c7792ec970c443bd3ec5f3a",
            "sensitive_content": null,
            "source": null
          },
          "sensitive_attributes": [],
          "dependencies": [
            "module.bastion.tls_private_key.this"
          ]
        }
      ]
    },
    {
      "module": "module.bastion",
      "mode": "managed",
      "type": "local_sensitive_file",
      "name": "bastion-private-key",
      "provider": "provider[\"registry.terraform.io/hashicorp/local\"]",
      "instances": [
        {
          "schema_version": 0,
          "attributes": {
            "content": "-----BEGIN RSA PRIVATE KEY-----\nMIIJKgIBAAKCAgEA4K35Wf/uHmoEPnhbilw8GH0fjuDl91B9bU0G1sK7E9enurS9\n6IL+VPiEhxRIOh5tG1xWO4LATIoW1TmldumUPgxVlED7N1zNKdbFks1rPsafVaxB\nhTMlJyoLEQb4SEotQLkr6EbW4Se7SeWoMAsNc9h8OLPbGF5cr1ijnAVATNPcaqaV\n9voOV3bvLFp7MjFxOjmLyhT+h2ZQNZtZSpPdsP/VVUp0w7e0+A2y7RPbrJLgk75N\nbct1TOrx9vaymRGCHaDb0GKgdvddmJALwiv6u9mViu2+ok5Q4MUtn+z2pX/Vc65g\nRJrxAsJMFCYmHPQodEZfxGiop4rclGNb4kicnxPGGsJ6VX/xBgsZlNq0YWE122cO\nkW2KEqrH1f6Ud9MhIanAS4ClBdJKatxczZYqyHrjJWEipmkolf/yjYzq3CO5bw0G\n7s9SX7d8PPTidkBoGVeJo9/oMiBK0EJdJZzhPaw+1EE3Zc77n8CiG/ECawePTsmX\nlpvzgca8UFMlorkVVtqBElzUXycquTARAz0daSpYKL/tXpUXB3Na16E4S1LnMGP2\nWQz/z5Pq5B5TfyUAkVcAmZY9yghDb+4hxDoHmWCGbST7TquUyYlUUfQAV//6ltjW\nPhPoVNv0ooaI8EwXZcrvTDHRIpujpDcGdjbDMg2W+6MIuFw7U9vRBiWZV/cCAwEA\nAQKCAgEA2YAxeimihvjUgPEclNVzK7W83iDjHkZiFXRSoYZDehLzgW/ExBhDQ1iN\nWwKMZQ7dSnZZ2CRcKfwn3GSAxJub8XEZS3qYduC0j8Mk4ldPcabvyg0GJH79gWtW\n6TXZFooQQq6/TY1+KNrAmOnkphWdAT9aCb464909VlW1lK0UsQsLPodjd4Jcbdlp\n8YLp7g4k8VuR8p/eQo8OKMbpaqO4IceX6og4ftsRKmyAgLcPmoFZPE0mQZqLRFnQ\nwOXSwRFM54e4I4PGmUQf7DfN2jue70jUVniOairsapsW7tGDd3VH2kO9V8yycZxL\n79l6Xd8SZnVV8hnq4r4viMqiwWzPh/KzeNqTt0Ugcps1sJaDgSUXrNXw2AD0J10b\nx6IpIGBhMKPk+7T4K2M9QHJGwngH7IUgfqDX2qP2202OQkKuRepaJ23//x7hQ4eC\nCjADNoRBFcwtjda5BdxqZY6KN2OhXuP/B1cAyaeR4B1hFNUbg+fiCQI2+8E6W9dD\nfG2DRyDDowhwQ14Fu2i8C7o2hhRKNWPSVYy/MqkHjDuMl7zIZVc/E8IZF5Ygrtjn\n+mSdZDPZSb4Df7mbGGj1IFTcpulE1xwwN7mRLfuC4dywJQxhAG9vLFCf3GiRnF5m\n1akdQk9Wk7A38RJeXItsC2q+jsVw7CvuLlgqa6NZmfGXf4C1JSECggEBAPyQQSLA\njYfOCPSM4zs8QYffysm09an/8ueaeWO0oaUPf1q7SiZdUET1e3lVWAhfK1XoN1Tb\nBBHC/9viQR1zPblV/mSPEMu3J6wBGZLfYv32e9Sv7UBXVrORb91umHhGtqgJc+gL\newEm0/nJZDWlxcFLJBPPyojENwZnGqlkMQmpZRZHRoLh6Rhsq+RiuF52Iobo9ho7\nrBY2buX6rKQj8UR9c8HYnbqSdtNbaci0YX5gPTiqEh2Y+uBv7okHAobnF9XoTZME\nr+7AmbK3L64kb+mE3+3VBVQ+ARygzw9rz4R7nWx1gQucdwtZVqhZKkn3HXpLD9Uf\nrZvjFVmPf1wiLocCggEBAOO8l7GlvDtUoj4pQNIETDd68jg7ND1Z3u/rAmFGJiAu\nh4gCUMKLRZJltdob0kkpE7px6ASkt+TJDRMGbvbTwiHFrQfovsIxBFoUKtHCSxZq\nCYB/Hei7Lds6lMU17tBKccEBAdqSv+GLcFcGShrjTCUqm9yid+njjXQNOW+aSvO0\ncr6l5dxOqGfpoiVj/RXknXQwMzhLhsMYHTG7Eu4A9mkWqWzmz54kGOf68J8eOQg/\n/N2tpPexub2xPfnqa75zVVc2haKkEUFpSXmlCBtozCq//nYhgrPd1/+R2obmRNbT\nTkmROGQHsvod7e4PJWffodAsR9gPQV8jQwsjMrwQ9xECggEAPTWMw6pc4pvZacM3\nUuTQkOh40hesLg4cxWqXnsVpI4K0/71CRDf7OysvSIGZezXtX72Oo18NBmz260hT\nNZr3S5J+u8o8bNKvp60AkKrY5+mzqyET47MHDS/jJ4wlIYkpvWHFGGin3+iUGQZo\n5eOOIMFgNfj3Adxj5YZZXNIuXEQUfqi5ewDbKBM2OXx/aE1DIuUUt9jcZOm+SLhO\n3NzlHQ82XbVszImwiJqv8Xdd5W3XiIMXLtsjef9GlSkAwMcC7NGG82mAZeGBnmFt\nCcxE3xhX2OD2kKsSQ+jpJbigK2B2D5IOu0ypQTPen6A0coaUO04zwRgTUCNhyjnP\nyPlzwwKCAQEAs8ogzAu29fQT/hUdanAgJ7C1ZzU+Qa0gtrIG9/qkgMWbFAIX9e5z\np2cK0T0jn8SBIbFpZbkQwNsEql9q3QxCd90ShGr3pmGCOQcw4taL5w8hn0M7vo9/\nXVL7PlIczm3nLmL4LrGqMIqfzuRVPrLxW2ovEFlnZ8vQ0azbCkN6Jrnv2JkqReoH\nQ7oL2477r/wDXkXrOedOZdk0ux0gjatO3ZoZebMid4ux6fqPWl9G0T+LBwtecHnr\n1FkIP7QVCY8N8cNGbyctxEE104Y5R0JN5PYcEvDTueJK8yYXqmZCNIMvjB7MsRPu\n9U0JmOZ2NnIz0iATO/yXNF+nPzSziguusQKCAQEA7eXIOAk6/HlDjsTkBMkvC1Fy\nC4Aop8Zkbff1sy4QP75nugvAogVLT9qbqTulPVFHsi9CoJpewiqD2k1ofgSlSsSk\n5CQXNSpkQos9rXGdMmIP5Wb0LVC2Fp4MakZUh8uGZZBLGbQ7ca3afBDcgPA5r+di\n1D04xd4KProwD9bJokZOJCQ1ACLrM+/mVfxa2AyZYtwgfgfP2D9dnb/b1yqJ21Tu\n/NG91NDGOYzKJ8jqbg+a80FYLKJ2OavDh4RdJFBOvSZHq4uR1+L8A4/7BpKdWdqO\ndOa+42yBgjSuJ5tOph1/1Tv3LABoRgSAfwNS/h2CRzvYYmlOckn8rCi9/F3G7w==\n-----END RSA PRIVATE KEY-----\n",
            "content_base64": null,
            "content_base64sha256": "XoFGHbUCNf3u4/Z3iWsFqCOXUhYofzUECXwVrqRjZ20=",
            "content_base64sha512": "oRdKKdQJIgQe6FNY6LivgkvzHnGeJNcLW5gJnJTkjkGHy2qY1rdt3JKlFzK9v/LVnCgu7y2Cp6A9c8hX51PBEA==",
            "content_md5": "46f3fa61ec42a828fe58192beb17669f",
            "content_sha1": "dd2585e0c9724488bcad56f5577dfa95d13637f2",
            "content_sha256": "5e81461db50235fdeee3f677896b05a823975216287f3504097c15aea463676d",
            "content_sha512": "a1174a29d40922041ee85358e8b8af824bf31e719e24d70b5b98099c94e48e4187cb6a98d6b76ddc92a51732bdbff2d59c282eef2d82a7a03d73c857e753c110",
            "directory_permission": "0700",
            "file_permission": "0600",
            "filename": "/Users/vladislavkozulin/work/dcms/infra/ssh/key",
            "id": "dd2585e0c9724488bcad56f5577dfa95d13637f2",
            "source": null
          },
          "sensitive_attributes": [
            [
              {
                "type": "get_attr",
                "value": "content"
              }
            ]
          ],
          "dependencies": [
            "module.bastion.tls_private_key.this"
          ]
        }
      ]
    },
    {
      "module": "module.bastion",
      "mode": "managed",
      "type": "tls_private_key",
      "name": "this",
      "provider": "provider[\"registry.terraform.io/hashicorp/tls\"]",
      "instances": [
        {
          "schema_version": 1,
          "attributes": {
            "algorithm": "RSA",
            "ecdsa_curve": "P224",
            "id": "f66d4062b50ff60a3ce70c49020ce16c8e365c0a",
            "private_key_openssh": "-----BEGIN OPENSSH PRIVATE KEY-----\nb3BlbnNzaC1rZXktdjEAAAAABG5vbmUAAAAEbm9uZQAAAAAAAAABAAACFwAAAAdz\nc2gtcnNhAAAAAwEAAQAAAgEA4K35Wf/uHmoEPnhbilw8GH0fjuDl91B9bU0G1sK7\nE9enurS96IL+VPiEhxRIOh5tG1xWO4LATIoW1TmldumUPgxVlED7N1zNKdbFks1r\nPsafVaxBhTMlJyoLEQb4SEotQLkr6EbW4Se7SeWoMAsNc9h8OLPbGF5cr1ijnAVA\nTNPcaqaV9voOV3bvLFp7MjFxOjmLyhT+h2ZQNZtZSpPdsP/VVUp0w7e0+A2y7RPb\nrJLgk75Nbct1TOrx9vaymRGCHaDb0GKgdvddmJALwiv6u9mViu2+ok5Q4MUtn+z2\npX/Vc65gRJrxAsJMFCYmHPQodEZfxGiop4rclGNb4kicnxPGGsJ6VX/xBgsZlNq0\nYWE122cOkW2KEqrH1f6Ud9MhIanAS4ClBdJKatxczZYqyHrjJWEipmkolf/yjYzq\n3CO5bw0G7s9SX7d8PPTidkBoGVeJo9/oMiBK0EJdJZzhPaw+1EE3Zc77n8CiG/EC\nawePTsmXlpvzgca8UFMlorkVVtqBElzUXycquTARAz0daSpYKL/tXpUXB3Na16E4\nS1LnMGP2WQz/z5Pq5B5TfyUAkVcAmZY9yghDb+4hxDoHmWCGbST7TquUyYlUUfQA\nV//6ltjWPhPoVNv0ooaI8EwXZcrvTDHRIpujpDcGdjbDMg2W+6MIuFw7U9vRBiWZ\nV/cAAAc4q3kvpKt5L6QAAAAHc3NoLXJzYQAAAgEA4K35Wf/uHmoEPnhbilw8GH0f\njuDl91B9bU0G1sK7E9enurS96IL+VPiEhxRIOh5tG1xWO4LATIoW1TmldumUPgxV\nlED7N1zNKdbFks1rPsafVaxBhTMlJyoLEQb4SEotQLkr6EbW4Se7SeWoMAsNc9h8\nOLPbGF5cr1ijnAVATNPcaqaV9voOV3bvLFp7MjFxOjmLyhT+h2ZQNZtZSpPdsP/V\nVUp0w7e0+A2y7RPbrJLgk75Nbct1TOrx9vaymRGCHaDb0GKgdvddmJALwiv6u9mV\niu2+ok5Q4MUtn+z2pX/Vc65gRJrxAsJMFCYmHPQodEZfxGiop4rclGNb4kicnxPG\nGsJ6VX/xBgsZlNq0YWE122cOkW2KEqrH1f6Ud9MhIanAS4ClBdJKatxczZYqyHrj\nJWEipmkolf/yjYzq3CO5bw0G7s9SX7d8PPTidkBoGVeJo9/oMiBK0EJdJZzhPaw+\n1EE3Zc77n8CiG/ECawePTsmXlpvzgca8UFMlorkVVtqBElzUXycquTARAz0daSpY\nKL/tXpUXB3Na16E4S1LnMGP2WQz/z5Pq5B5TfyUAkVcAmZY9yghDb+4hxDoHmWCG\nbST7TquUyYlUUfQAV//6ltjWPhPoVNv0ooaI8EwXZcrvTDHRIpujpDcGdjbDMg2W\n+6MIuFw7U9vRBiWZV/cAAAADAQABAAACAQDZgDF6KaKG+NSA8RyU1XMrtbzeIOMe\nRmIVdFKhhkN6EvOBb8TEGENDWI1bAoxlDt1KdlnYJFwp/CfcZIDEm5vxcRlLeph2\n4LSPwyTiV09xpu/KDQYkfv2Ba1bpNdkWihBCrr9NjX4o2sCY6eSmFZ0BP1oJvjrj\n3T1WVbWUrRSxCws+h2N3glxt2WnxgunuDiTxW5Hyn95Cjw4oxulqo7ghx5fqiDh+\n2xEqbICAtw+agVk8TSZBmotEWdDA5dLBEUznh7gjg8aZRB/sN83aO57vSNRWeI5q\nKuxqmxbu0YN3dUfaQ71XzLJxnEvv2Xpd3xJmdVXyGerivi+IyqLBbM+H8rN42pO3\nRSBymzWwloOBJRes1fDYAPQnXRvHoikgYGEwo+T7tPgrYz1AckbCeAfshSB+oNfa\no/bbTY5CQq5F6lonbf//HuFDh4IKMAM2hEEVzC2N1rkF3Gpljoo3Y6Fe4/8HVwDJ\np5HgHWEU1RuD5+IJAjb7wTpb10N8bYNHIMOjCHBDXgW7aLwLujaGFEo1Y9JVjL8y\nqQeMO4yXvMhlVz8TwhkXliCu2Of6ZJ1kM9lJvgN/uZsYaPUgVNym6UTXHDA3uZEt\n+4Lh3LAlDGEAb28sUJ/caJGcXmbVqR1CT1aTsDfxEl5ci2wLar6OxXDsK+4uWCpr\no1mZ8Zd/gLUlIQAAAQEA7eXIOAk6/HlDjsTkBMkvC1FyC4Aop8Zkbff1sy4QP75n\nugvAogVLT9qbqTulPVFHsi9CoJpewiqD2k1ofgSlSsSk5CQXNSpkQos9rXGdMmIP\n5Wb0LVC2Fp4MakZUh8uGZZBLGbQ7ca3afBDcgPA5r+di1D04xd4KProwD9bJokZO\nJCQ1ACLrM+/mVfxa2AyZYtwgfgfP2D9dnb/b1yqJ21Tu/NG91NDGOYzKJ8jqbg+a\n80FYLKJ2OavDh4RdJFBOvSZHq4uR1+L8A4/7BpKdWdqOdOa+42yBgjSuJ5tOph1/\n1Tv3LABoRgSAfwNS/h2CRzvYYmlOckn8rCi9/F3G7wAAAQEA/JBBIsCNh84I9Izj\nOzxBh9/KybT1qf/y55p5Y7ShpQ9/WrtKJl1QRPV7eVVYCF8rVeg3VNsEEcL/2+JB\nHXM9uVX+ZI8Qy7cnrAEZkt9i/fZ71K/tQFdWs5Fv3W6YeEa2qAlz6At7ASbT+clk\nNaXFwUskE8/KiMQ3BmcaqWQxCallFkdGguHpGGyr5GK4XnYihuj2GjusFjZu5fqs\npCPxRH1zwdidupJ201tpyLRhfmA9OKoSHZj64G/uiQcChucX1ehNkwSv7sCZsrcv\nriRv6YTf7dUFVD4BHKDPD2vPhHudbHWBC5x3C1lWqFkqSfcdeksP1R+tm+MVWY9/\nXCIuhwAAAQEA47yXsaW8O1SiPilA0gRMN3ryODs0PVne7+sCYUYmIC6HiAJQwotF\nkmW12hvSSSkTunHoBKS35MkNEwZu9tPCIcWtB+i+wjEEWhQq0cJLFmoJgH8d6Lst\n2zqUxTXu0EpxwQEB2pK/4YtwVwZKGuNMJSqb3KJ36eONdA05b5pK87RyvqXl3E6o\nZ+miJWP9FeSddDAzOEuGwxgdMbsS7gD2aRapbObPniQY5/rwnx45CD/83a2k97G5\nvbE9+eprvnNVVzaFoqQRQWlJeaUIG2jMKr/+diGCs93X/5HahuZE1tNOSZE4ZAey\n+h3t7g8lZ9+h0CxH2A9BXyNDCyMyvBD3EQAAAAAB\n-----END OPENSSH PRIVATE KEY-----\n",
            "private_key_pem": "-----BEGIN RSA PRIVATE KEY-----\nMIIJKgIBAAKCAgEA4K35Wf/uHmoEPnhbilw8GH0fjuDl91B9bU0G1sK7E9enurS9\n6IL+VPiEhxRIOh5tG1xWO4LATIoW1TmldumUPgxVlED7N1zNKdbFks1rPsafVaxB\nhTMlJyoLEQb4SEotQLkr6EbW4Se7SeWoMAsNc9h8OLPbGF5cr1ijnAVATNPcaqaV\n9voOV3bvLFp7MjFxOjmLyhT+h2ZQNZtZSpPdsP/VVUp0w7e0+A2y7RPbrJLgk75N\nbct1TOrx9vaymRGCHaDb0GKgdvddmJALwiv6u9mViu2+ok5Q4MUtn+z2pX/Vc65g\nRJrxAsJMFCYmHPQodEZfxGiop4rclGNb4kicnxPGGsJ6VX/xBgsZlNq0YWE122cO\nkW2KEqrH1f6Ud9MhIanAS4ClBdJKatxczZYqyHrjJWEipmkolf/yjYzq3CO5bw0G\n7s9SX7d8PPTidkBoGVeJo9/oMiBK0EJdJZzhPaw+1EE3Zc77n8CiG/ECawePTsmX\nlpvzgca8UFMlorkVVtqBElzUXycquTARAz0daSpYKL/tXpUXB3Na16E4S1LnMGP2\nWQz/z5Pq5B5TfyUAkVcAmZY9yghDb+4hxDoHmWCGbST7TquUyYlUUfQAV//6ltjW\nPhPoVNv0ooaI8EwXZcrvTDHRIpujpDcGdjbDMg2W+6MIuFw7U9vRBiWZV/cCAwEA\nAQKCAgEA2YAxeimihvjUgPEclNVzK7W83iDjHkZiFXRSoYZDehLzgW/ExBhDQ1iN\nWwKMZQ7dSnZZ2CRcKfwn3GSAxJub8XEZS3qYduC0j8Mk4ldPcabvyg0GJH79gWtW\n6TXZFooQQq6/TY1+KNrAmOnkphWdAT9aCb464909VlW1lK0UsQsLPodjd4Jcbdlp\n8YLp7g4k8VuR8p/eQo8OKMbpaqO4IceX6og4ftsRKmyAgLcPmoFZPE0mQZqLRFnQ\nwOXSwRFM54e4I4PGmUQf7DfN2jue70jUVniOairsapsW7tGDd3VH2kO9V8yycZxL\n79l6Xd8SZnVV8hnq4r4viMqiwWzPh/KzeNqTt0Ugcps1sJaDgSUXrNXw2AD0J10b\nx6IpIGBhMKPk+7T4K2M9QHJGwngH7IUgfqDX2qP2202OQkKuRepaJ23//x7hQ4eC\nCjADNoRBFcwtjda5BdxqZY6KN2OhXuP/B1cAyaeR4B1hFNUbg+fiCQI2+8E6W9dD\nfG2DRyDDowhwQ14Fu2i8C7o2hhRKNWPSVYy/MqkHjDuMl7zIZVc/E8IZF5Ygrtjn\n+mSdZDPZSb4Df7mbGGj1IFTcpulE1xwwN7mRLfuC4dywJQxhAG9vLFCf3GiRnF5m\n1akdQk9Wk7A38RJeXItsC2q+jsVw7CvuLlgqa6NZmfGXf4C1JSECggEBAPyQQSLA\njYfOCPSM4zs8QYffysm09an/8ueaeWO0oaUPf1q7SiZdUET1e3lVWAhfK1XoN1Tb\nBBHC/9viQR1zPblV/mSPEMu3J6wBGZLfYv32e9Sv7UBXVrORb91umHhGtqgJc+gL\newEm0/nJZDWlxcFLJBPPyojENwZnGqlkMQmpZRZHRoLh6Rhsq+RiuF52Iobo9ho7\nrBY2buX6rKQj8UR9c8HYnbqSdtNbaci0YX5gPTiqEh2Y+uBv7okHAobnF9XoTZME\nr+7AmbK3L64kb+mE3+3VBVQ+ARygzw9rz4R7nWx1gQucdwtZVqhZKkn3HXpLD9Uf\nrZvjFVmPf1wiLocCggEBAOO8l7GlvDtUoj4pQNIETDd68jg7ND1Z3u/rAmFGJiAu\nh4gCUMKLRZJltdob0kkpE7px6ASkt+TJDRMGbvbTwiHFrQfovsIxBFoUKtHCSxZq\nCYB/Hei7Lds6lMU17tBKccEBAdqSv+GLcFcGShrjTCUqm9yid+njjXQNOW+aSvO0\ncr6l5dxOqGfpoiVj/RXknXQwMzhLhsMYHTG7Eu4A9mkWqWzmz54kGOf68J8eOQg/\n/N2tpPexub2xPfnqa75zVVc2haKkEUFpSXmlCBtozCq//nYhgrPd1/+R2obmRNbT\nTkmROGQHsvod7e4PJWffodAsR9gPQV8jQwsjMrwQ9xECggEAPTWMw6pc4pvZacM3\nUuTQkOh40hesLg4cxWqXnsVpI4K0/71CRDf7OysvSIGZezXtX72Oo18NBmz260hT\nNZr3S5J+u8o8bNKvp60AkKrY5+mzqyET47MHDS/jJ4wlIYkpvWHFGGin3+iUGQZo\n5eOOIMFgNfj3Adxj5YZZXNIuXEQUfqi5ewDbKBM2OXx/aE1DIuUUt9jcZOm+SLhO\n3NzlHQ82XbVszImwiJqv8Xdd5W3XiIMXLtsjef9GlSkAwMcC7NGG82mAZeGBnmFt\nCcxE3xhX2OD2kKsSQ+jpJbigK2B2D5IOu0ypQTPen6A0coaUO04zwRgTUCNhyjnP\nyPlzwwKCAQEAs8ogzAu29fQT/hUdanAgJ7C1ZzU+Qa0gtrIG9/qkgMWbFAIX9e5z\np2cK0T0jn8SBIbFpZbkQwNsEql9q3QxCd90ShGr3pmGCOQcw4taL5w8hn0M7vo9/\nXVL7PlIczm3nLmL4LrGqMIqfzuRVPrLxW2ovEFlnZ8vQ0azbCkN6Jrnv2JkqReoH\nQ7oL2477r/wDXkXrOedOZdk0ux0gjatO3ZoZebMid4ux6fqPWl9G0T+LBwtecHnr\n1FkIP7QVCY8N8cNGbyctxEE104Y5R0JN5PYcEvDTueJK8yYXqmZCNIMvjB7MsRPu\n9U0JmOZ2NnIz0iATO/yXNF+nPzSziguusQKCAQEA7eXIOAk6/HlDjsTkBMkvC1Fy\nC4Aop8Zkbff1sy4QP75nugvAogVLT9qbqTulPVFHsi9CoJpewiqD2k1ofgSlSsSk\n5CQXNSpkQos9rXGdMmIP5Wb0LVC2Fp4MakZUh8uGZZBLGbQ7ca3afBDcgPA5r+di\n1D04xd4KProwD9bJokZOJCQ1ACLrM+/mVfxa2AyZYtwgfgfP2D9dnb/b1yqJ21Tu\n/NG91NDGOYzKJ8jqbg+a80FYLKJ2OavDh4RdJFBOvSZHq4uR1+L8A4/7BpKdWdqO\ndOa+42yBgjSuJ5tOph1/1Tv3LABoRgSAfwNS/h2CRzvYYmlOckn8rCi9/F3G7w==\n-----END RSA PRIVATE KEY-----\n",
            "private_key_pem_pkcs8": "-----BEGIN PRIVATE KEY-----\nMIIJRAIBADANBgkqhkiG9w0BAQEFAASCCS4wggkqAgEAAoICAQDgrflZ/+4eagQ+\neFuKXDwYfR+O4OX3UH1tTQbWwrsT16e6tL3ogv5U+ISHFEg6Hm0bXFY7gsBMihbV\nOaV26ZQ+DFWUQPs3XM0p1sWSzWs+xp9VrEGFMyUnKgsRBvhISi1AuSvoRtbhJ7tJ\n5agwCw1z2Hw4s9sYXlyvWKOcBUBM09xqppX2+g5Xdu8sWnsyMXE6OYvKFP6HZlA1\nm1lKk92w/9VVSnTDt7T4DbLtE9uskuCTvk1ty3VM6vH29rKZEYIdoNvQYqB2912Y\nkAvCK/q72ZWK7b6iTlDgxS2f7Palf9VzrmBEmvECwkwUJiYc9Ch0Rl/EaKinityU\nY1viSJyfE8YawnpVf/EGCxmU2rRhYTXbZw6RbYoSqsfV/pR30yEhqcBLgKUF0kpq\n3FzNlirIeuMlYSKmaSiV//KNjOrcI7lvDQbuz1Jft3w89OJ2QGgZV4mj3+gyIErQ\nQl0lnOE9rD7UQTdlzvufwKIb8QJrB49OyZeWm/OBxrxQUyWiuRVW2oESXNRfJyq5\nMBEDPR1pKlgov+1elRcHc1rXoThLUucwY/ZZDP/Pk+rkHlN/JQCRVwCZlj3KCENv\n7iHEOgeZYIZtJPtOq5TJiVRR9ABX//qW2NY+E+hU2/SihojwTBdlyu9MMdEim6Ok\nNwZ2NsMyDZb7owi4XDtT29EGJZlX9wIDAQABAoICAQDZgDF6KaKG+NSA8RyU1XMr\ntbzeIOMeRmIVdFKhhkN6EvOBb8TEGENDWI1bAoxlDt1KdlnYJFwp/CfcZIDEm5vx\ncRlLeph24LSPwyTiV09xpu/KDQYkfv2Ba1bpNdkWihBCrr9NjX4o2sCY6eSmFZ0B\nP1oJvjrj3T1WVbWUrRSxCws+h2N3glxt2WnxgunuDiTxW5Hyn95Cjw4oxulqo7gh\nx5fqiDh+2xEqbICAtw+agVk8TSZBmotEWdDA5dLBEUznh7gjg8aZRB/sN83aO57v\nSNRWeI5qKuxqmxbu0YN3dUfaQ71XzLJxnEvv2Xpd3xJmdVXyGerivi+IyqLBbM+H\n8rN42pO3RSBymzWwloOBJRes1fDYAPQnXRvHoikgYGEwo+T7tPgrYz1AckbCeAfs\nhSB+oNfao/bbTY5CQq5F6lonbf//HuFDh4IKMAM2hEEVzC2N1rkF3Gpljoo3Y6Fe\n4/8HVwDJp5HgHWEU1RuD5+IJAjb7wTpb10N8bYNHIMOjCHBDXgW7aLwLujaGFEo1\nY9JVjL8yqQeMO4yXvMhlVz8TwhkXliCu2Of6ZJ1kM9lJvgN/uZsYaPUgVNym6UTX\nHDA3uZEt+4Lh3LAlDGEAb28sUJ/caJGcXmbVqR1CT1aTsDfxEl5ci2wLar6OxXDs\nK+4uWCpro1mZ8Zd/gLUlIQKCAQEA/JBBIsCNh84I9IzjOzxBh9/KybT1qf/y55p5\nY7ShpQ9/WrtKJl1QRPV7eVVYCF8rVeg3VNsEEcL/2+JBHXM9uVX+ZI8Qy7cnrAEZ\nkt9i/fZ71K/tQFdWs5Fv3W6YeEa2qAlz6At7ASbT+clkNaXFwUskE8/KiMQ3Bmca\nqWQxCallFkdGguHpGGyr5GK4XnYihuj2GjusFjZu5fqspCPxRH1zwdidupJ201tp\nyLRhfmA9OKoSHZj64G/uiQcChucX1ehNkwSv7sCZsrcvriRv6YTf7dUFVD4BHKDP\nD2vPhHudbHWBC5x3C1lWqFkqSfcdeksP1R+tm+MVWY9/XCIuhwKCAQEA47yXsaW8\nO1SiPilA0gRMN3ryODs0PVne7+sCYUYmIC6HiAJQwotFkmW12hvSSSkTunHoBKS3\n5MkNEwZu9tPCIcWtB+i+wjEEWhQq0cJLFmoJgH8d6Lst2zqUxTXu0EpxwQEB2pK/\n4YtwVwZKGuNMJSqb3KJ36eONdA05b5pK87RyvqXl3E6oZ+miJWP9FeSddDAzOEuG\nwxgdMbsS7gD2aRapbObPniQY5/rwnx45CD/83a2k97G5vbE9+eprvnNVVzaFoqQR\nQWlJeaUIG2jMKr/+diGCs93X/5HahuZE1tNOSZE4ZAey+h3t7g8lZ9+h0CxH2A9B\nXyNDCyMyvBD3EQKCAQA9NYzDqlzim9lpwzdS5NCQ6HjSF6wuDhzFapeexWkjgrT/\nvUJEN/s7Ky9IgZl7Ne1fvY6jXw0GbPbrSFM1mvdLkn67yjxs0q+nrQCQqtjn6bOr\nIRPjswcNL+MnjCUhiSm9YcUYaKff6JQZBmjl444gwWA1+PcB3GPlhllc0i5cRBR+\nqLl7ANsoEzY5fH9oTUMi5RS32Nxk6b5IuE7c3OUdDzZdtWzMibCImq/xd13lbdeI\ngxcu2yN5/0aVKQDAxwLs0YbzaYBl4YGeYW0JzETfGFfY4PaQqxJD6OkluKArYHYP\nkg67TKlBM96foDRyhpQ7TjPBGBNQI2HKOc/I+XPDAoIBAQCzyiDMC7b19BP+FR1q\ncCAnsLVnNT5BrSC2sgb3+qSAxZsUAhf17nOnZwrRPSOfxIEhsWlluRDA2wSqX2rd\nDEJ33RKEavemYYI5BzDi1ovnDyGfQzu+j39dUvs+UhzObecuYvgusaowip/O5FU+\nsvFbai8QWWdny9DRrNsKQ3omue/YmSpF6gdDugvbjvuv/ANeRes5505l2TS7HSCN\nq07dmhl5syJ3i7Hp+o9aX0bRP4sHC15weevUWQg/tBUJjw3xw0ZvJy3EQTXThjlH\nQk3k9hwS8NO54krzJheqZkI0gy+MHsyxE+71TQmY5nY2cjPSIBM7/Jc0X6c/NLOK\nC66xAoIBAQDt5cg4CTr8eUOOxOQEyS8LUXILgCinxmRt9/WzLhA/vme6C8CiBUtP\n2pupO6U9UUeyL0Kgml7CKoPaTWh+BKVKxKTkJBc1KmRCiz2tcZ0yYg/lZvQtULYW\nngxqRlSHy4ZlkEsZtDtxrdp8ENyA8Dmv52LUPTjF3go+ujAP1smiRk4kJDUAIusz\n7+ZV/FrYDJli3CB+B8/YP12dv9vXKonbVO780b3U0MY5jMonyOpuD5rzQVgsonY5\nq8OHhF0kUE69Jkeri5HX4vwDj/sGkp1Z2o505r7jbIGCNK4nm06mHX/VO/csAGhG\nBIB/A1L+HYJHO9hiaU5ySfysKL38Xcbv\n-----END PRIVATE KEY-----\n",
            "public_key_fingerprint_md5": "fc:85:d2:53:4f:74:13:92:a2:60:2a:51:61:f7:bb:df",
            "public_key_fingerprint_sha256": "SHA256:vJX11mKXsnOpVV/3Dy8GRFWXGAMmcPk0thi+vgT7M+c",
            "public_key_openssh": "ssh-rsa AAAAB3NzaC1yc2EAAAADAQABAAACAQDgrflZ/+4eagQ+eFuKXDwYfR+O4OX3UH1tTQbWwrsT16e6tL3ogv5U+ISHFEg6Hm0bXFY7gsBMihbVOaV26ZQ+DFWUQPs3XM0p1sWSzWs+xp9VrEGFMyUnKgsRBvhISi1AuSvoRtbhJ7tJ5agwCw1z2Hw4s9sYXlyvWKOcBUBM09xqppX2+g5Xdu8sWnsyMXE6OYvKFP6HZlA1m1lKk92w/9VVSnTDt7T4DbLtE9uskuCTvk1ty3VM6vH29rKZEYIdoNvQYqB2912YkAvCK/q72ZWK7b6iTlDgxS2f7Palf9VzrmBEmvECwkwUJiYc9Ch0Rl/EaKinityUY1viSJyfE8YawnpVf/EGCxmU2rRhYTXbZw6RbYoSqsfV/pR30yEhqcBLgKUF0kpq3FzNlirIeuMlYSKmaSiV//KNjOrcI7lvDQbuz1Jft3w89OJ2QGgZV4mj3+gyIErQQl0lnOE9rD7UQTdlzvufwKIb8QJrB49OyZeWm/OBxrxQUyWiuRVW2oESXNRfJyq5MBEDPR1pKlgov+1elRcHc1rXoThLUucwY/ZZDP/Pk+rkHlN/JQCRVwCZlj3KCENv7iHEOgeZYIZtJPtOq5TJiVRR9ABX//qW2NY+E+hU2/SihojwTBdlyu9MMdEim6OkNwZ2NsMyDZb7owi4XDtT29EGJZlX9w==\n",
            "public_key_pem": "-----BEGIN PUBLIC KEY-----\nMIICIjANBgkqhkiG9w0BAQEFAAOCAg8AMIICCgKCAgEA4K35Wf/uHmoEPnhbilw8\nGH0fjuDl91B9bU0G1sK7E9enurS96IL+VPiEhxRIOh5tG1xWO4LATIoW1TmldumU\nPgxVlED7N1zNKdbFks1rPsafVaxBhTMlJyoLEQb4SEotQLkr6EbW4Se7SeWoMAsN\nc9h8OLPbGF5cr1ijnAVATNPcaqaV9voOV3bvLFp7MjFxOjmLyhT+h2ZQNZtZSpPd\nsP/VVUp0w7e0+A2y7RPbrJLgk75Nbct1TOrx9vaymRGCHaDb0GKgdvddmJALwiv6\nu9mViu2+ok5Q4MUtn+z2pX/Vc65gRJrxAsJMFCYmHPQodEZfxGiop4rclGNb4kic\nnxPGGsJ6VX/xBgsZlNq0YWE122cOkW2KEqrH1f6Ud9MhIanAS4ClBdJKatxczZYq\nyHrjJWEipmkolf/yjYzq3CO5bw0G7s9SX7d8PPTidkBoGVeJo9/oMiBK0EJdJZzh\nPaw+1EE3Zc77n8CiG/ECawePTsmXlpvzgca8UFMlorkVVtqBElzUXycquTARAz0d\naSpYKL/tXpUXB3Na16E4S1LnMGP2WQz/z5Pq5B5TfyUAkVcAmZY9yghDb+4hxDoH\nmWCGbST7TquUyYlUUfQAV//6ltjWPhPoVNv0ooaI8EwXZcrvTDHRIpujpDcGdjbD\nMg2W+6MIuFw7U9vRBiWZV/cCAwEAAQ==\n-----END PUBLIC KEY-----\n",
            "rsa_bits": 4096
          },
          "sensitive_attributes": []
        }
      ]
    },
    {
      "module": "module.external_application_load_balancer",
      "mode": "managed",
      "type": "aws_alb",
      "name": "main",
      "provider": "provider[\"registry.terraform.io/hashicorp/aws\"]",
      "instances": [
        {
          "schema_version": 0,
          "attributes": {
            "access_logs": [
              {
                "bucket": "",
                "enabled": false,
                "prefix": ""
              }
            ],
            "arn": "arn:aws:elasticloadbalancing:eu-central-1:211439781557:loadbalancer/app/external/f173c566a48d5da6",
            "arn_suffix": "app/external/f173c566a48d5da6",
            "customer_owned_ipv4_pool": "",
            "desync_mitigation_mode": "defensive",
            "dns_name": "external-1456232117.eu-central-1.elb.amazonaws.com",
            "dns_record_client_routing_policy": null,
            "drop_invalid_header_fields": false,
            "enable_cross_zone_load_balancing": true,
            "enable_deletion_protection": false,
            "enable_http2": true,
            "enable_tls_version_and_cipher_suite_headers": false,
            "enable_waf_fail_open": false,
            "enable_xff_client_port": false,
            "id": "arn:aws:elasticloadbalancing:eu-central-1:211439781557:loadbalancer/app/external/f173c566a48d5da6",
            "idle_timeout": 60,
            "internal": false,
            "ip_address_type": "ipv4",
            "load_balancer_type": "application",
            "name": "external",
            "name_prefix": "",
            "preserve_host_header": false,
            "security_groups": [
              "sg-0ce80fbd1a550b7c9"
            ],
            "subnet_mapping": [
              {
                "allocation_id": "",
                "ipv6_address": "",
                "outpost_id": "",
                "private_ipv4_address": "",
                "subnet_id": "subnet-04d23ba6977c30ba5"
              },
              {
                "allocation_id": "",
                "ipv6_address": "",
                "outpost_id": "",
                "private_ipv4_address": "",
                "subnet_id": "subnet-07060935a762eda93"
              }
            ],
            "subnets": [
              "subnet-04d23ba6977c30ba5",
              "subnet-07060935a762eda93"
            ],
            "tags": {
              "Name": "external"
            },
            "tags_all": {
              "Name": "external"
            },
            "timeouts": null,
            "vpc_id": "vpc-0885355edfaf8192e",
            "xff_header_processing_mode": "append",
            "zone_id": "Z215JYRZR1TBD5"
          },
          "sensitive_attributes": [],
          "private": "eyJlMmJmYjczMC1lY2FhLTExZTYtOGY4OC0zNDM2M2JjN2M0YzAiOnsiY3JlYXRlIjo2MDAwMDAwMDAwMDAsImRlbGV0ZSI6NjAwMDAwMDAwMDAwLCJ1cGRhdGUiOjYwMDAwMDAwMDAwMH19",
          "dependencies": [
            "module.external_application_load_balancer.aws_security_group.main",
            "module.network.module.vpc.aws_subnet.public",
            "module.network.module.vpc.aws_vpc.this",
            "module.network.module.vpc.aws_vpc_ipv4_cidr_block_association.this"
          ]
        }
      ]
    },
    {
      "module": "module.external_application_load_balancer",
      "mode": "managed",
      "type": "aws_security_group",
      "name": "main",
      "provider": "provider[\"registry.terraform.io/hashicorp/aws\"]",
      "instances": [
        {
          "schema_version": 1,
          "attributes": {
            "arn": "arn:aws:ec2:eu-central-1:211439781557:security-group/sg-0ce80fbd1a550b7c9",
            "description": "controls access to the ALB",
            "egress": [
              {
                "cidr_blocks": [
                  "0.0.0.0/0"
                ],
                "description": "",
                "from_port": 0,
                "ipv6_cidr_blocks": [],
                "prefix_list_ids": [],
                "protocol": "-1",
                "security_groups": [],
                "self": false,
                "to_port": 0
              }
            ],
            "id": "sg-0ce80fbd1a550b7c9",
            "ingress": [
              {
                "cidr_blocks": [
                  "0.0.0.0/0"
                ],
                "description": "",
                "from_port": 443,
                "ipv6_cidr_blocks": [],
                "prefix_list_ids": [],
                "protocol": "tcp",
                "security_groups": [],
                "self": false,
                "to_port": 443
              },
              {
                "cidr_blocks": [
                  "0.0.0.0/0"
                ],
                "description": "",
                "from_port": 80,
                "ipv6_cidr_blocks": [],
                "prefix_list_ids": [],
                "protocol": "tcp",
                "security_groups": [],
                "self": false,
                "to_port": 80
              }
            ],
            "name": "common-external-load-balancer-security-group",
            "name_prefix": "",
            "owner_id": "211439781557",
            "revoke_rules_on_delete": false,
            "tags": {},
            "tags_all": {},
            "timeouts": null,
            "vpc_id": "vpc-0885355edfaf8192e"
          },
          "sensitive_attributes": [],
          "private": "eyJlMmJmYjczMC1lY2FhLTExZTYtOGY4OC0zNDM2M2JjN2M0YzAiOnsiY3JlYXRlIjo2MDAwMDAwMDAwMDAsImRlbGV0ZSI6OTAwMDAwMDAwMDAwfSwic2NoZW1hX3ZlcnNpb24iOiIxIn0=",
          "dependencies": [
            "module.network.module.vpc.aws_vpc.this"
          ]
        }
      ]
    },
    {
      "module": "module.mongodb",
      "mode": "managed",
      "type": "aws_ebs_volume",
      "name": "this",
      "provider": "provider[\"registry.terraform.io/hashicorp/aws\"]",
      "instances": [
        {
          "schema_version": 0,
          "attributes": {
            "arn": "arn:aws:ec2:eu-central-1:211439781557:volume/vol-03948cda725b11349",
            "availability_zone": "eu-central-1b",
            "encrypted": false,
            "final_snapshot": false,
            "id": "vol-03948cda725b11349",
            "iops": 100,
            "kms_key_id": "",
            "multi_attach_enabled": false,
            "outpost_arn": "",
            "size": 10,
            "snapshot_id": "",
            "tags": {},
            "tags_all": {},
            "throughput": 0,
            "timeouts": null,
            "type": "gp2"
          },
          "sensitive_attributes": [],
          "private": "eyJlMmJmYjczMC1lY2FhLTExZTYtOGY4OC0zNDM2M2JjN2M0YzAiOnsiY3JlYXRlIjozMDAwMDAwMDAwMDAsImRlbGV0ZSI6MzAwMDAwMDAwMDAwLCJ1cGRhdGUiOjMwMDAwMDAwMDAwMH19"
        }
      ]
    },
    {
      "module": "module.mongodb",
      "mode": "managed",
      "type": "aws_instance",
      "name": "mongo_server",
      "provider": "provider[\"registry.terraform.io/hashicorp/aws\"]",
      "instances": [
        {
          "index_key": 0,
          "schema_version": 1,
          "attributes": {
            "ami": "ami-0a485299eeb98b979",
            "arn": "arn:aws:ec2:eu-central-1:211439781557:instance/i-008f6d465381813a0",
            "associate_public_ip_address": false,
            "availability_zone": "eu-central-1b",
            "capacity_reservation_specification": [
              {
                "capacity_reservation_preference": "open",
                "capacity_reservation_target": []
              }
            ],
            "cpu_core_count": 1,
            "cpu_options": [
              {
                "amd_sev_snp": "",
                "core_count": 1,
                "threads_per_core": 2
              }
            ],
            "cpu_threads_per_core": 2,
            "credit_specification": [
              {
                "cpu_credits": "unlimited"
              }
            ],
            "disable_api_stop": false,
            "disable_api_termination": false,
            "ebs_block_device": [
              {
                "delete_on_termination": false,
                "device_name": "/dev/xvdh",
                "encrypted": false,
                "iops": 100,
                "kms_key_id": "",
                "snapshot_id": "",
                "tags": {},
                "throughput": 0,
                "volume_id": "vol-03948cda725b11349",
                "volume_size": 10,
                "volume_type": "gp2"
              }
            ],
            "ebs_optimized": false,
            "enclave_options": [
              {
                "enabled": false
              }
            ],
            "ephemeral_block_device": [],
            "get_password_data": false,
            "hibernation": false,
            "host_id": "",
            "host_resource_group_arn": null,
            "iam_instance_profile": "",
            "id": "i-008f6d465381813a0",
            "instance_initiated_shutdown_behavior": "stop",
            "instance_lifecycle": "",
            "instance_market_options": [],
            "instance_state": "running",
            "instance_type": "t3.micro",
            "ipv6_address_count": 0,
            "ipv6_addresses": [],
            "key_name": "bastion_key",
            "launch_template": [],
            "maintenance_options": [
              {
                "auto_recovery": "default"
              }
            ],
            "metadata_options": [
              {
                "http_endpoint": "enabled",
                "http_protocol_ipv6": "disabled",
                "http_put_response_hop_limit": 2,
                "http_tokens": "required",
                "instance_metadata_tags": "disabled"
              }
            ],
            "monitoring": false,
            "network_interface": [],
            "outpost_arn": "",
            "password_data": "",
            "placement_group": "",
            "placement_partition_number": 0,
            "primary_network_interface_id": "eni-0ee107d0066dad841",
            "private_dns": "ip-172-18-1-77.eu-central-1.compute.internal",
            "private_dns_name_options": [
              {
                "enable_resource_name_dns_a_record": false,
                "enable_resource_name_dns_aaaa_record": false,
                "hostname_type": "ip-name"
              }
            ],
            "private_ip": "172.18.1.77",
            "public_dns": "",
            "public_ip": "",
            "root_block_device": [
              {
                "delete_on_termination": true,
                "device_name": "/dev/xvda",
                "encrypted": false,
                "iops": 3000,
                "kms_key_id": "",
                "tags": {},
                "throughput": 125,
                "volume_id": "vol-0975b1db8f12b93c0",
                "volume_size": 8,
                "volume_type": "gp3"
              }
            ],
            "secondary_private_ips": [],
            "security_groups": [],
            "source_dest_check": true,
            "spot_instance_request_id": "",
            "subnet_id": "subnet-038a18289c30dae4b",
            "tags": {
              "Name": "MongoDB"
            },
            "tags_all": {
              "Name": "MongoDB"
            },
            "tenancy": "default",
            "timeouts": null,
            "user_data": null,
            "user_data_base64": null,
            "user_data_replace_on_change": false,
            "volume_tags": null,
            "vpc_security_group_ids": [
              "sg-059cbe3f0e6bc6e03"
            ]
          },
          "sensitive_attributes": [],
          "private": "eyJlMmJmYjczMC1lY2FhLTExZTYtOGY4OC0zNDM2M2JjN2M0YzAiOnsiY3JlYXRlIjo2MDAwMDAwMDAwMDAsImRlbGV0ZSI6MTIwMDAwMDAwMDAwMCwidXBkYXRlIjo2MDAwMDAwMDAwMDB9LCJzY2hlbWFfdmVyc2lvbiI6IjEifQ==",
          "dependencies": [
            "module.bastion.aws_eip.bastion",
            "module.bastion.aws_instance.bastion",
            "module.bastion.aws_key_pair.bastion_key",
            "module.bastion.aws_security_group.bastion",
            "module.bastion.tls_private_key.this",
            "module.mongodb.aws_ebs_volume.this",
            "module.mongodb.aws_security_group.sg_mongodb",
            "module.network.module.vpc.aws_subnet.private",
            "module.network.module.vpc.aws_subnet.public",
            "module.network.module.vpc.aws_vpc.this",
            "module.network.module.vpc.aws_vpc_ipv4_cidr_block_association.this"
          ]
        }
      ]
    },
    {
      "module": "module.mongodb",
      "mode": "managed",
      "type": "aws_security_group",
      "name": "sg_mongodb",
      "provider": "provider[\"registry.terraform.io/hashicorp/aws\"]",
      "instances": [
        {
          "schema_version": 1,
          "attributes": {
            "arn": "arn:aws:ec2:eu-central-1:211439781557:security-group/sg-059cbe3f0e6bc6e03",
            "description": "Managed by Terraform",
            "egress": [
              {
                "cidr_blocks": [
                  "0.0.0.0/0"
                ],
                "description": "",
                "from_port": 0,
                "ipv6_cidr_blocks": [],
                "prefix_list_ids": [],
                "protocol": "-1",
                "security_groups": [],
                "self": false,
                "to_port": 0
              }
            ],
            "id": "sg-059cbe3f0e6bc6e03",
            "ingress": [
              {
                "cidr_blocks": [
                  "0.0.0.0/0"
                ],
                "description": "MongoDB access",
                "from_port": 27017,
                "ipv6_cidr_blocks": [],
                "prefix_list_ids": [],
                "protocol": "tcp",
                "security_groups": [],
                "self": false,
                "to_port": 27017
              },
              {
                "cidr_blocks": [
                  "0.0.0.0/0"
                ],
                "description": "SSH access",
                "from_port": 22,
                "ipv6_cidr_blocks": [],
                "prefix_list_ids": [],
                "protocol": "tcp",
                "security_groups": [],
                "self": false,
                "to_port": 22
              }
            ],
            "name": "terraform-20231105091329941800000002",
            "name_prefix": "terraform-",
            "owner_id": "211439781557",
            "revoke_rules_on_delete": false,
            "tags": {
              "Name": "MongoDB"
            },
            "tags_all": {
              "Name": "MongoDB"
            },
            "timeouts": null,
            "vpc_id": "vpc-0885355edfaf8192e"
          },
          "sensitive_attributes": [],
          "private": "eyJlMmJmYjczMC1lY2FhLTExZTYtOGY4OC0zNDM2M2JjN2M0YzAiOnsiY3JlYXRlIjo2MDAwMDAwMDAwMDAsImRlbGV0ZSI6OTAwMDAwMDAwMDAwfSwic2NoZW1hX3ZlcnNpb24iOiIxIn0=",
          "dependencies": [
            "module.network.module.vpc.aws_vpc.this"
          ]
        }
      ]
    },
    {
      "module": "module.mongodb",
      "mode": "managed",
      "type": "aws_volume_attachment",
      "name": "mongo-data-vol-attachment",
      "provider": "provider[\"registry.terraform.io/hashicorp/aws\"]",
      "instances": [
        {
          "index_key": 0,
          "schema_version": 0,
          "attributes": {
            "device_name": "/dev/xvdh",
            "force_detach": null,
            "id": "vai-2862900911",
            "instance_id": "i-008f6d465381813a0",
            "skip_destroy": true,
            "stop_instance_before_detaching": null,
            "timeouts": null,
            "volume_id": "vol-03948cda725b11349"
          },
          "sensitive_attributes": [],
          "private": "eyJlMmJmYjczMC1lY2FhLTExZTYtOGY4OC0zNDM2M2JjN2M0YzAiOnsiY3JlYXRlIjozMDAwMDAwMDAwMDAsImRlbGV0ZSI6MzAwMDAwMDAwMDAwfX0=",
          "dependencies": [
            "module.bastion.aws_eip.bastion",
            "module.bastion.aws_instance.bastion",
            "module.bastion.aws_key_pair.bastion_key",
            "module.bastion.aws_security_group.bastion",
            "module.bastion.tls_private_key.this",
            "module.mongodb.aws_ebs_volume.this",
            "module.mongodb.aws_instance.mongo_server",
            "module.mongodb.aws_security_group.sg_mongodb",
            "module.network.module.vpc.aws_subnet.private",
            "module.network.module.vpc.aws_subnet.public",
            "module.network.module.vpc.aws_vpc.this",
            "module.network.module.vpc.aws_vpc_ipv4_cidr_block_association.this"
          ]
        }
      ]
    },
    {
      "module": "module.mongodb",
      "mode": "managed",
      "type": "local_file",
      "name": "ansible_inventory",
      "provider": "provider[\"registry.terraform.io/hashicorp/local\"]",
      "instances": [
        {
          "schema_version": 0,
          "attributes": {
            "content": "[db-mongodb]\n172.18.1.77\n\n[db-mongodb:vars]\nansible_ssh_user=ec2-user\nansible_ssh_private_key_file=-----BEGIN RSA PRIVATE KEY-----\nMIIJKgIBAAKCAgEA4K35Wf/uHmoEPnhbilw8GH0fjuDl91B9bU0G1sK7E9enurS9\n6IL+VPiEhxRIOh5tG1xWO4LATIoW1TmldumUPgxVlED7N1zNKdbFks1rPsafVaxB\nhTMlJyoLEQb4SEotQLkr6EbW4Se7SeWoMAsNc9h8OLPbGF5cr1ijnAVATNPcaqaV\n9voOV3bvLFp7MjFxOjmLyhT+h2ZQNZtZSpPdsP/VVUp0w7e0+A2y7RPbrJLgk75N\nbct1TOrx9vaymRGCHaDb0GKgdvddmJALwiv6u9mViu2+ok5Q4MUtn+z2pX/Vc65g\nRJrxAsJMFCYmHPQodEZfxGiop4rclGNb4kicnxPGGsJ6VX/xBgsZlNq0YWE122cO\nkW2KEqrH1f6Ud9MhIanAS4ClBdJKatxczZYqyHrjJWEipmkolf/yjYzq3CO5bw0G\n7s9SX7d8PPTidkBoGVeJo9/oMiBK0EJdJZzhPaw+1EE3Zc77n8CiG/ECawePTsmX\nlpvzgca8UFMlorkVVtqBElzUXycquTARAz0daSpYKL/tXpUXB3Na16E4S1LnMGP2\nWQz/z5Pq5B5TfyUAkVcAmZY9yghDb+4hxDoHmWCGbST7TquUyYlUUfQAV//6ltjW\nPhPoVNv0ooaI8EwXZcrvTDHRIpujpDcGdjbDMg2W+6MIuFw7U9vRBiWZV/cCAwEA\nAQKCAgEA2YAxeimihvjUgPEclNVzK7W83iDjHkZiFXRSoYZDehLzgW/ExBhDQ1iN\nWwKMZQ7dSnZZ2CRcKfwn3GSAxJub8XEZS3qYduC0j8Mk4ldPcabvyg0GJH79gWtW\n6TXZFooQQq6/TY1+KNrAmOnkphWdAT9aCb464909VlW1lK0UsQsLPodjd4Jcbdlp\n8YLp7g4k8VuR8p/eQo8OKMbpaqO4IceX6og4ftsRKmyAgLcPmoFZPE0mQZqLRFnQ\nwOXSwRFM54e4I4PGmUQf7DfN2jue70jUVniOairsapsW7tGDd3VH2kO9V8yycZxL\n79l6Xd8SZnVV8hnq4r4viMqiwWzPh/KzeNqTt0Ugcps1sJaDgSUXrNXw2AD0J10b\nx6IpIGBhMKPk+7T4K2M9QHJGwngH7IUgfqDX2qP2202OQkKuRepaJ23//x7hQ4eC\nCjADNoRBFcwtjda5BdxqZY6KN2OhXuP/B1cAyaeR4B1hFNUbg+fiCQI2+8E6W9dD\nfG2DRyDDowhwQ14Fu2i8C7o2hhRKNWPSVYy/MqkHjDuMl7zIZVc/E8IZF5Ygrtjn\n+mSdZDPZSb4Df7mbGGj1IFTcpulE1xwwN7mRLfuC4dywJQxhAG9vLFCf3GiRnF5m\n1akdQk9Wk7A38RJeXItsC2q+jsVw7CvuLlgqa6NZmfGXf4C1JSECggEBAPyQQSLA\njYfOCPSM4zs8QYffysm09an/8ueaeWO0oaUPf1q7SiZdUET1e3lVWAhfK1XoN1Tb\nBBHC/9viQR1zPblV/mSPEMu3J6wBGZLfYv32e9Sv7UBXVrORb91umHhGtqgJc+gL\newEm0/nJZDWlxcFLJBPPyojENwZnGqlkMQmpZRZHRoLh6Rhsq+RiuF52Iobo9ho7\nrBY2buX6rKQj8UR9c8HYnbqSdtNbaci0YX5gPTiqEh2Y+uBv7okHAobnF9XoTZME\nr+7AmbK3L64kb+mE3+3VBVQ+ARygzw9rz4R7nWx1gQucdwtZVqhZKkn3HXpLD9Uf\nrZvjFVmPf1wiLocCggEBAOO8l7GlvDtUoj4pQNIETDd68jg7ND1Z3u/rAmFGJiAu\nh4gCUMKLRZJltdob0kkpE7px6ASkt+TJDRMGbvbTwiHFrQfovsIxBFoUKtHCSxZq\nCYB/Hei7Lds6lMU17tBKccEBAdqSv+GLcFcGShrjTCUqm9yid+njjXQNOW+aSvO0\ncr6l5dxOqGfpoiVj/RXknXQwMzhLhsMYHTG7Eu4A9mkWqWzmz54kGOf68J8eOQg/\n/N2tpPexub2xPfnqa75zVVc2haKkEUFpSXmlCBtozCq//nYhgrPd1/+R2obmRNbT\nTkmROGQHsvod7e4PJWffodAsR9gPQV8jQwsjMrwQ9xECggEAPTWMw6pc4pvZacM3\nUuTQkOh40hesLg4cxWqXnsVpI4K0/71CRDf7OysvSIGZezXtX72Oo18NBmz260hT\nNZr3S5J+u8o8bNKvp60AkKrY5+mzqyET47MHDS/jJ4wlIYkpvWHFGGin3+iUGQZo\n5eOOIMFgNfj3Adxj5YZZXNIuXEQUfqi5ewDbKBM2OXx/aE1DIuUUt9jcZOm+SLhO\n3NzlHQ82XbVszImwiJqv8Xdd5W3XiIMXLtsjef9GlSkAwMcC7NGG82mAZeGBnmFt\nCcxE3xhX2OD2kKsSQ+jpJbigK2B2D5IOu0ypQTPen6A0coaUO04zwRgTUCNhyjnP\nyPlzwwKCAQEAs8ogzAu29fQT/hUdanAgJ7C1ZzU+Qa0gtrIG9/qkgMWbFAIX9e5z\np2cK0T0jn8SBIbFpZbkQwNsEql9q3QxCd90ShGr3pmGCOQcw4taL5w8hn0M7vo9/\nXVL7PlIczm3nLmL4LrGqMIqfzuRVPrLxW2ovEFlnZ8vQ0azbCkN6Jrnv2JkqReoH\nQ7oL2477r/wDXkXrOedOZdk0ux0gjatO3ZoZebMid4ux6fqPWl9G0T+LBwtecHnr\n1FkIP7QVCY8N8cNGbyctxEE104Y5R0JN5PYcEvDTueJK8yYXqmZCNIMvjB7MsRPu\n9U0JmOZ2NnIz0iATO/yXNF+nPzSziguusQKCAQEA7eXIOAk6/HlDjsTkBMkvC1Fy\nC4Aop8Zkbff1sy4QP75nugvAogVLT9qbqTulPVFHsi9CoJpewiqD2k1ofgSlSsSk\n5CQXNSpkQos9rXGdMmIP5Wb0LVC2Fp4MakZUh8uGZZBLGbQ7ca3afBDcgPA5r+di\n1D04xd4KProwD9bJokZOJCQ1ACLrM+/mVfxa2AyZYtwgfgfP2D9dnb/b1yqJ21Tu\n/NG91NDGOYzKJ8jqbg+a80FYLKJ2OavDh4RdJFBOvSZHq4uR1+L8A4/7BpKdWdqO\ndOa+42yBgjSuJ5tOph1/1Tv3LABoRgSAfwNS/h2CRzvYYmlOckn8rCi9/F3G7w==\n-----END RSA PRIVATE KEY-----\n\nansible_ssh_common_args='-o StrictHostKeyChecking=no -o UserKnownHostsFile=/dev/null -o ProxyCommand=\"ssh -W %h:%p -q ec2-user@18.156.20.45\"'\n",
            "content_base64": null,
            "content_base64sha256": "3mCVsE76ik5PogkEK1Tt5SOR+qQ0gU4KYGilipNINEs=",
            "content_base64sha512": "8N1+3hsczelkb+O45w31fJ9Gmqek8Edx+30Ag4QnbnxljA0ybvhDKSwZKRQ2txxE0qJltDXJZ0CbP0wt0dM5QQ==",
            "content_md5": "edec6afc29367cc4196c5bd9c3a07b39",
            "content_sha1": "2e833113a4e75680195ff11a9fcb8b583cd22bff",
            "content_sha256": "de6095b04efa8a4e4fa209042b54ede52391faa434814e0a6068a58a9348344b",
            "content_sha512": "f0dd7ede1b1ccde9646fe3b8e70df57c9f469aa7a4f04771fb7d008384276e7c658c0d326ef843292c19291436b71c44d2a265b435c967409b3f4c2dd1d33941",
            "directory_permission": "0777",
            "file_permission": "0777",
            "filename": "resources/mongodb/inventory.ini",
            "id": "2e833113a4e75680195ff11a9fcb8b583cd22bff",
            "sensitive_content": null,
            "source": null
          },
          "sensitive_attributes": [],
          "dependencies": [
            "module.bastion.aws_eip.bastion",
            "module.bastion.aws_instance.bastion",
            "module.bastion.aws_key_pair.bastion_key",
            "module.bastion.aws_security_group.bastion",
            "module.bastion.tls_private_key.this",
            "module.mongodb.aws_ebs_volume.this",
            "module.mongodb.aws_instance.mongo_server",
            "module.mongodb.aws_security_group.sg_mongodb",
            "module.network.module.vpc.aws_subnet.private",
            "module.network.module.vpc.aws_subnet.public",
            "module.network.module.vpc.aws_vpc.this",
            "module.network.module.vpc.aws_vpc_ipv4_cidr_block_association.this"
          ]
        }
      ]
    },
    {
      "module": "module.mongodb",
      "mode": "managed",
      "type": "null_resource",
      "name": "ansible_provisioner",
      "provider": "provider[\"registry.terraform.io/hashicorp/null\"]",
      "instances": [
        {
          "schema_version": 0,
          "attributes": {
            "id": "6860072918238999946",
            "triggers": null
          },
          "sensitive_attributes": [],
          "dependencies": [
            "module.bastion.aws_eip.bastion",
            "module.bastion.aws_instance.bastion",
            "module.bastion.aws_key_pair.bastion_key",
            "module.bastion.aws_security_group.bastion",
            "module.bastion.tls_private_key.this",
            "module.mongodb.aws_ebs_volume.this",
            "module.mongodb.aws_instance.mongo_server",
            "module.mongodb.aws_security_group.sg_mongodb",
            "module.mongodb.local_file.ansible_inventory",
            "module.network.module.vpc.aws_subnet.private",
            "module.network.module.vpc.aws_subnet.public",
            "module.network.module.vpc.aws_vpc.this",
            "module.network.module.vpc.aws_vpc_ipv4_cidr_block_association.this"
          ]
        }
      ]
    },
    {
      "module": "module.network",
      "mode": "managed",
      "type": "aws_eip",
      "name": "nat",
      "provider": "provider[\"registry.terraform.io/hashicorp/aws\"]",
      "instances": [
        {
          "schema_version": 0,
          "attributes": {
            "address": null,
            "allocation_id": "eipalloc-05d191328d53f647a",
            "associate_with_private_ip": null,
            "association_id": "eipassoc-02f4cfd25c8491dc2",
            "carrier_ip": "",
            "customer_owned_ip": "",
            "customer_owned_ipv4_pool": "",
            "domain": "vpc",
            "id": "eipalloc-05d191328d53f647a",
            "instance": "i-030f51c0a2153784c",
            "network_border_group": "eu-central-1",
            "network_interface": "eni-08ccb7b56d53fbbd7",
            "private_dns": "ip-172-18-100-219.eu-central-1.compute.internal",
            "private_ip": "172.18.100.219",
            "public_dns": "ec2-18-153-142-236.eu-central-1.compute.amazonaws.com",
            "public_ip": "18.153.142.236",
            "public_ipv4_pool": "amazon",
            "tags": {
              "Name": "nat-instance-main"
            },
            "tags_all": {
              "Name": "nat-instance-main"
            },
            "timeouts": null,
            "vpc": true
          },
          "sensitive_attributes": [],
          "private": "eyJlMmJmYjczMC1lY2FhLTExZTYtOGY4OC0zNDM2M2JjN2M0YzAiOnsiZGVsZXRlIjoxODAwMDAwMDAwMDAsInJlYWQiOjkwMDAwMDAwMDAwMCwidXBkYXRlIjozMDAwMDAwMDAwMDB9fQ==",
          "dependencies": [
            "module.network.module.nat.aws_network_interface.this",
            "module.network.module.nat.aws_security_group.this",
            "module.network.module.vpc.aws_subnet.public",
            "module.network.module.vpc.aws_vpc.this",
            "module.network.module.vpc.aws_vpc_ipv4_cidr_block_association.this"
          ]
        }
      ]
    },
    {
      "module": "module.network.module.nat",
      "mode": "data",
      "type": "aws_ami",
      "name": "this",
      "provider": "provider[\"registry.terraform.io/hashicorp/aws\"]",
      "instances": [
        {
          "schema_version": 0,
          "attributes": {
            "architecture": "x86_64",
            "arn": "arn:aws:ec2:eu-central-1::image/ami-0812d7c8f1abc0e24",
            "block_device_mappings": [
              {
                "device_name": "/dev/xvda",
                "ebs": {
                  "delete_on_termination": "true",
                  "encrypted": "false",
                  "iops": "0",
                  "snapshot_id": "snap-047ab690fadd0a682",
                  "throughput": "0",
                  "volume_size": "8",
                  "volume_type": "gp2"
                },
                "no_device": "",
                "virtual_name": ""
              }
            ],
            "boot_mode": "",
            "creation_date": "2023-11-01T21:41:17.000Z",
            "deprecation_time": "2025-07-01T00:00:00.000Z",
            "description": "Amazon Linux 2 AMI 2.0.20231101.0 x86_64 HVM gp2",
            "ena_support": true,
            "executable_users": null,
            "filter": [
              {
                "name": "architecture",
                "values": [
                  "x86_64"
                ]
              },
              {
                "name": "block-device-mapping.volume-type",
                "values": [
                  "gp2"
                ]
              },
              {
                "name": "name",
                "values": [
                  "amzn2-ami-hvm-*"
                ]
              },
              {
                "name": "root-device-type",
                "values": [
                  "ebs"
                ]
              },
              {
                "name": "virtualization-type",
                "values": [
                  "hvm"
                ]
              }
            ],
            "hypervisor": "xen",
            "id": "ami-0812d7c8f1abc0e24",
            "image_id": "ami-0812d7c8f1abc0e24",
            "image_location": "amazon/amzn2-ami-hvm-2.0.20231101.0-x86_64-gp2",
            "image_owner_alias": "amazon",
            "image_type": "machine",
            "imds_support": "",
            "include_deprecated": false,
            "kernel_id": "",
            "most_recent": true,
            "name": "amzn2-ami-hvm-2.0.20231101.0-x86_64-gp2",
            "name_regex": null,
            "owner_id": "137112412989",
            "owners": [
              "amazon"
            ],
            "platform": "",
            "platform_details": "Linux/UNIX",
            "product_codes": [],
            "public": true,
            "ramdisk_id": "",
            "root_device_name": "/dev/xvda",
            "root_device_type": "ebs",
            "root_snapshot_id": "snap-047ab690fadd0a682",
            "sriov_net_support": "simple",
            "state": "available",
            "state_reason": {
              "code": "UNSET",
              "message": "UNSET"
            },
            "tags": {},
            "timeouts": null,
            "tpm_support": "",
            "usage_operation": "RunInstances",
            "virtualization_type": "hvm"
          },
          "sensitive_attributes": []
        }
      ]
    },
    {
      "module": "module.network.module.nat",
      "mode": "managed",
      "type": "aws_autoscaling_group",
      "name": "this",
      "provider": "provider[\"registry.terraform.io/hashicorp/aws\"]",
      "instances": [
        {
          "schema_version": 1,
          "attributes": {
            "arn": "arn:aws:autoscaling:eu-central-1:211439781557:autoScalingGroup:2dfe9cb0-7384-4733-b7eb-bc2f7c4a57e2:autoScalingGroupName/main20231104144951273500000001",
            "availability_zones": [
              "eu-central-1a"
            ],
            "capacity_rebalance": false,
            "context": "",
            "default_cooldown": 300,
            "default_instance_warmup": 0,
            "desired_capacity": 1,
            "desired_capacity_type": "",
            "enabled_metrics": [],
            "force_delete": false,
            "force_delete_warm_pool": false,
            "health_check_grace_period": 300,
            "health_check_type": "EC2",
            "id": "main20231104144951273500000001",
            "ignore_failed_scaling_activities": false,
            "initial_lifecycle_hook": [],
            "instance_refresh": [],
            "launch_configuration": "",
            "launch_template": [],
            "load_balancers": [],
            "max_instance_lifetime": 0,
            "max_size": 1,
            "metrics_granularity": "1Minute",
            "min_elb_capacity": null,
            "min_size": 1,
            "mixed_instances_policy": [
              {
                "instances_distribution": [
                  {
                    "on_demand_allocation_strategy": "prioritized",
                    "on_demand_base_capacity": 0,
                    "on_demand_percentage_above_base_capacity": 0,
                    "spot_allocation_strategy": "lowest-price",
                    "spot_instance_pools": 2,
                    "spot_max_price": ""
                  }
                ],
                "launch_template": [
                  {
                    "launch_template_specification": [
                      {
                        "launch_template_id": "lt-031558d47cccaf58d",
                        "launch_template_name": "main20231104142932972000000002",
                        "version": "$Latest"
                      }
                    ],
                    "override": [
                      {
                        "instance_requirements": [],
                        "instance_type": "t3.nano",
                        "launch_template_specification": [],
                        "weighted_capacity": ""
                      },
                      {
                        "instance_requirements": [],
                        "instance_type": "t3a.nano",
                        "launch_template_specification": [],
                        "weighted_capacity": ""
                      }
                    ]
                  }
                ]
              }
            ],
            "name": "main20231104144951273500000001",
            "name_prefix": "main",
            "placement_group": "",
            "predicted_capacity": 0,
            "protect_from_scale_in": false,
            "service_linked_role_arn": "arn:aws:iam::211439781557:role/aws-service-role/autoscaling.amazonaws.com/AWSServiceRoleForAutoScaling",
            "suspended_processes": [],
            "tag": [
              {
                "key": "Name",
                "propagate_at_launch": false,
                "value": "nat-instance-main"
              }
            ],
            "target_group_arns": [],
            "termination_policies": [],
            "timeouts": null,
            "traffic_source": [],
            "vpc_zone_identifier": [
              "subnet-04d23ba6977c30ba5"
            ],
            "wait_for_capacity_timeout": "10m",
            "wait_for_elb_capacity": null,
            "warm_pool": [],
            "warm_pool_size": 0
          },
          "sensitive_attributes": [],
          "private": "eyJlMmJmYjczMC1lY2FhLTExZTYtOGY4OC0zNDM2M2JjN2M0YzAiOnsiZGVsZXRlIjo2MDAwMDAwMDAwMDAsInVwZGF0ZSI6NjAwMDAwMDAwMDAwfSwic2NoZW1hX3ZlcnNpb24iOiIxIn0=",
          "dependencies": [
            "module.network.module.nat.aws_iam_instance_profile.this",
            "module.network.module.nat.aws_iam_role.this",
            "module.network.module.nat.aws_launch_template.this",
            "module.network.module.nat.aws_network_interface.this",
            "module.network.module.nat.aws_security_group.this",
            "module.network.module.nat.data.aws_ami.this",
            "module.network.module.vpc.aws_subnet.public",
            "module.network.module.vpc.aws_vpc.this",
            "module.network.module.vpc.aws_vpc_ipv4_cidr_block_association.this"
          ],
          "create_before_destroy": true
        }
      ]
    },
    {
      "module": "module.network.module.nat",
      "mode": "managed",
      "type": "aws_iam_instance_profile",
      "name": "this",
      "provider": "provider[\"registry.terraform.io/hashicorp/aws\"]",
      "instances": [
        {
          "schema_version": 0,
          "attributes": {
            "arn": "arn:aws:iam::211439781557:instance-profile/main20231104142817101500000003",
            "create_date": "2023-11-04T14:28:17Z",
            "id": "main20231104142817101500000003",
            "name": "main20231104142817101500000003",
            "name_prefix": "main",
            "path": "/",
            "role": "main20231104142815898100000001",
            "tags": {
              "Name": "nat-instance-main"
            },
            "tags_all": {
              "Name": "nat-instance-main"
            },
            "unique_id": "AIPATCOWLA2242MU7M3J3"
          },
          "sensitive_attributes": [],
          "private": "bnVsbA==",
          "dependencies": [
            "module.network.module.nat.aws_iam_role.this"
          ],
          "create_before_destroy": true
        }
      ]
    },
    {
      "module": "module.network.module.nat",
      "mode": "managed",
      "type": "aws_iam_role",
      "name": "this",
      "provider": "provider[\"registry.terraform.io/hashicorp/aws\"]",
      "instances": [
        {
          "schema_version": 0,
          "attributes": {
            "arn": "arn:aws:iam::211439781557:role/main20231104142815898100000001",
            "assume_role_policy": "{\"Statement\":[{\"Action\":\"sts:AssumeRole\",\"Effect\":\"Allow\",\"Principal\":{\"Service\":\"ec2.amazonaws.com\"}}],\"Version\":\"2012-10-17\"}",
            "create_date": "2023-11-04T14:28:16Z",
            "description": "",
            "force_detach_policies": false,
            "id": "main20231104142815898100000001",
            "inline_policy": [
              {
                "name": "main20231104142817100400000002",
                "policy": "{\"Version\":\"2012-10-17\",\"Statement\":[{\"Action\":[\"ec2:AttachNetworkInterface\"],\"Effect\":\"Allow\",\"Resource\":\"*\"}]}"
              }
            ],
            "managed_policy_arns": [
              "arn:aws:iam::aws:policy/AmazonSSMManagedInstanceCore"
            ],
            "max_session_duration": 3600,
            "name": "main20231104142815898100000001",
            "name_prefix": "main",
            "path": "/",
            "permissions_boundary": "",
            "tags": {
              "Name": "nat-instance-main"
            },
            "tags_all": {
              "Name": "nat-instance-main"
            },
            "unique_id": "AROATCOWLA222MNKN72QO"
          },
          "sensitive_attributes": [],
          "private": "bnVsbA==",
          "create_before_destroy": true
        }
      ]
    },
    {
      "module": "module.network.module.nat",
      "mode": "managed",
      "type": "aws_iam_role_policy",
      "name": "eni",
      "provider": "provider[\"registry.terraform.io/hashicorp/aws\"]",
      "instances": [
        {
          "schema_version": 0,
          "attributes": {
            "id": "main20231104142815898100000001:main20231104142817100400000002",
            "name": "main20231104142817100400000002",
            "name_prefix": "main",
            "policy": "{\"Version\":\"2012-10-17\",\"Statement\":[{\"Action\":[\"ec2:AttachNetworkInterface\"],\"Effect\":\"Allow\",\"Resource\":\"*\"}]}",
            "role": "main20231104142815898100000001"
          },
          "sensitive_attributes": [],
          "private": "bnVsbA==",
          "dependencies": [
            "module.network.module.nat.aws_iam_role.this"
          ]
        }
      ]
    },
    {
      "module": "module.network.module.nat",
      "mode": "managed",
      "type": "aws_iam_role_policy_attachment",
      "name": "ssm",
      "provider": "provider[\"registry.terraform.io/hashicorp/aws\"]",
      "instances": [
        {
          "schema_version": 0,
          "attributes": {
            "id": "main20231104142815898100000001-20231104142817393700000004",
            "policy_arn": "arn:aws:iam::aws:policy/AmazonSSMManagedInstanceCore",
            "role": "main20231104142815898100000001"
          },
          "sensitive_attributes": [],
          "private": "bnVsbA==",
          "dependencies": [
            "module.network.module.nat.aws_iam_role.this"
          ]
        }
      ]
    },
    {
      "module": "module.network.module.nat",
      "mode": "managed",
      "type": "aws_launch_template",
      "name": "this",
      "provider": "provider[\"registry.terraform.io/hashicorp/aws\"]",
      "instances": [
        {
          "schema_version": 0,
          "attributes": {
            "arn": "arn:aws:ec2:eu-central-1:211439781557:launch-template/lt-031558d47cccaf58d",
            "block_device_mappings": [],
            "capacity_reservation_specification": [],
            "cpu_options": [],
            "credit_specification": [],
            "default_version": 1,
            "description": "Launch template for NAT instance main",
            "disable_api_stop": false,
            "disable_api_termination": false,
            "ebs_optimized": "",
            "elastic_gpu_specifications": [],
            "elastic_inference_accelerator": [],
            "enclave_options": [],
            "hibernation_options": [],
            "iam_instance_profile": [
              {
                "arn": "arn:aws:iam::211439781557:instance-profile/main20231104142817101500000003",
                "name": ""
              }
            ],
            "id": "lt-031558d47cccaf58d",
            "image_id": "ami-0812d7c8f1abc0e24",
            "instance_initiated_shutdown_behavior": "",
            "instance_market_options": [],
            "instance_requirements": [],
            "instance_type": "",
            "kernel_id": "",
            "key_name": "",
            "latest_version": 1,
            "license_specification": [],
            "maintenance_options": [],
            "metadata_options": [
              {
                "http_endpoint": "enabled",
                "http_protocol_ipv6": "",
                "http_put_response_hop_limit": 0,
                "http_tokens": "required",
                "instance_metadata_tags": ""
              }
            ],
            "monitoring": [],
            "name": "main20231104142932972000000002",
            "name_prefix": "main",
            "network_interfaces": [
              {
                "associate_carrier_ip_address": "",
                "associate_public_ip_address": "true",
                "delete_on_termination": "true",
                "description": "",
                "device_index": 0,
                "interface_type": "",
                "ipv4_address_count": 0,
                "ipv4_addresses": [],
                "ipv4_prefix_count": 0,
                "ipv4_prefixes": [],
                "ipv6_address_count": 0,
                "ipv6_addresses": [],
                "ipv6_prefix_count": 0,
                "ipv6_prefixes": [],
                "network_card_index": 0,
                "network_interface_id": "",
                "private_ip_address": "",
                "security_groups": [
                  "sg-05eed8f7bf9a692c6"
                ],
                "subnet_id": ""
              }
            ],
            "placement": [],
            "private_dns_name_options": [],
            "ram_disk_id": "",
            "security_group_names": [],
            "tag_specifications": [
              {
                "resource_type": "instance",
                "tags": {
                  "Name": "nat-instance-main"
                }
              }
            ],
            "tags": {
              "Name": "nat-instance-main"
            },
            "tags_all": {
              "Name": "nat-instance-main"
            },
            "update_default_version": null,
            "user_data": "I2Nsb3VkLWNvbmZpZwoicnVuY21kIjoKLSAtICIvb3B0L25hdC9ydW5vbmNlLnNoIgoid3JpdGVfZmlsZXMiOgotICJjb250ZW50IjogfAogICAgIyEvYmluL2Jhc2ggLXgKCiAgICAjIGF0dGFjaCB0aGUgRU5JCiAgICBhd3MgZWMyIGF0dGFjaC1uZXR3b3JrLWludGVyZmFjZSBcCiAgICAgIC0tcmVnaW9uICIkKC9vcHQvYXdzL2Jpbi9lYzItbWV0YWRhdGEgLXogIHwgc2VkICdzL3BsYWNlbWVudDogXCguKlwpLiQvXDEvJykiIFwKICAgICAgLS1pbnN0YW5jZS1pZCAiJCgvb3B0L2F3cy9iaW4vZWMyLW1ldGFkYXRhIC1pIHwgY3V0IC1kJyAnIC1mMikiIFwKICAgICAgLS1kZXZpY2UtaW5kZXggMSBcCiAgICAgIC0tbmV0d29yay1pbnRlcmZhY2UtaWQgImVuaS0wOGNjYjdiNTZkNTNmYmJkNyIKCiAgICAjIHN0YXJ0IFNOQVQKICAgIHN5c3RlbWN0bCBlbmFibGUgc25hdAogICAgc3lzdGVtY3RsIHN0YXJ0IHNuYXQKICAicGF0aCI6ICIvb3B0L25hdC9ydW5vbmNlLnNoIgogICJwZXJtaXNzaW9ucyI6ICIwNzU1IgotICJjb250ZW50IjogfAogICAgIyEvYmluL2Jhc2gKICAgIHNldCAteAoKICAgICMgd2FpdCBmb3IgZXRoMQogICAgd2hpbGUgISBpcCBsaW5rIHNob3cgZGV2IGV0aDE7IGRvCiAgICAgIHNsZWVwIDEKICAgIGRvbmUKCiAgICAjIGVuYWJsZSBJUCBmb3J3YXJkaW5nIGFuZCBOQVQKICAgIHN5c2N0bCAtcSAtdyBuZXQuaXB2NC5pcF9mb3J3YXJkPTEKICAgIHN5c2N0bCAtcSAtdyBuZXQuaXB2NC5jb25mLmV0aDEuc2VuZF9yZWRpcmVjdHM9MAogICAgaXB0YWJsZXMgLXQgbmF0IC1BIFBPU1RST1VUSU5HIC1vIGV0aDEgLWogTUFTUVVFUkFERQoKICAgICMgcHJldmVudCBzZXR0aW5nIHRoZSBkZWZhdWx0IHJvdXRlIHRvIGV0aDAgYWZ0ZXIgcmVib290CiAgICBybSAtZiAvZXRjL3N5c2NvbmZpZy9uZXR3b3JrLXNjcmlwdHMvaWZjZmctZXRoMAoKICAgICMgc3dpdGNoIHRoZSBkZWZhdWx0IHJvdXRlIHRvIGV0aDEKICAgIGlwIHJvdXRlIGRlbCBkZWZhdWx0IGRldiBldGgwCgogICAgIyB3YWl0IGZvciBuZXR3b3JrIGNvbm5lY3Rpb24KICAgIGN1cmwgLS1yZXRyeSAxMCBodHRwOi8vd3d3LmV4YW1wbGUuY29tCgogICAgIyByZWVzdGFibGlzaCBjb25uZWN0aW9ucwogICAgc3lzdGVtY3RsIHJlc3RhcnQgYW1hem9uLXNzbS1hZ2VudC5zZXJ2aWNlCiAgInBhdGgiOiAiL29wdC9uYXQvc25hdC5zaCIKICAicGVybWlzc2lvbnMiOiAiMDc1NSIKLSAiY29udGVudCI6IHwKICAgIFtVbml0XQogICAgRGVzY3JpcHRpb24gPSBTTkFUIHZpYSBFTkkgZXRoMQoKICAgIFtTZXJ2aWNlXQogICAgRXhlY1N0YXJ0ID0gL29wdC9uYXQvc25hdC5zaAogICAgVHlwZSA9IG9uZXNob3QKCiAgICBbSW5zdGFsbF0KICAgIFdhbnRlZEJ5ID0gbXVsdGktdXNlci50YXJnZXQKICAicGF0aCI6ICIvZXRjL3N5c3RlbWQvc3lzdGVtL3NuYXQuc2VydmljZSIK",
            "vpc_security_group_ids": []
          },
          "sensitive_attributes": [],
          "private": "bnVsbA==",
          "dependencies": [
            "module.network.module.nat.aws_iam_instance_profile.this",
            "module.network.module.nat.aws_iam_role.this",
            "module.network.module.nat.aws_network_interface.this",
            "module.network.module.nat.aws_security_group.this",
            "module.network.module.nat.data.aws_ami.this",
            "module.network.module.vpc.aws_subnet.public",
            "module.network.module.vpc.aws_vpc.this",
            "module.network.module.vpc.aws_vpc_ipv4_cidr_block_association.this"
          ],
          "create_before_destroy": true
        }
      ]
    },
    {
      "module": "module.network.module.nat",
      "mode": "managed",
      "type": "aws_network_interface",
      "name": "this",
      "provider": "provider[\"registry.terraform.io/hashicorp/aws\"]",
      "instances": [
        {
          "schema_version": 0,
          "attributes": {
            "arn": "arn:aws:ec2:eu-central-1:211439781557:network-interface/eni-08ccb7b56d53fbbd7",
            "attachment": [
              {
                "attachment_id": "eni-attach-0cf245e405157d345",
                "device_index": 1,
                "instance": "i-030f51c0a2153784c"
              }
            ],
            "description": "ENI for NAT instance main",
            "id": "eni-08ccb7b56d53fbbd7",
            "interface_type": "interface",
            "ipv4_prefix_count": 0,
            "ipv4_prefixes": [],
            "ipv6_address_count": 0,
            "ipv6_address_list": [],
            "ipv6_address_list_enabled": false,
            "ipv6_addresses": [],
            "ipv6_prefix_count": 0,
            "ipv6_prefixes": [],
            "mac_address": "02:54:31:0f:27:d3",
            "outpost_arn": "",
            "owner_id": "211439781557",
            "private_dns_name": "ip-172-18-100-219.eu-central-1.compute.internal",
            "private_ip": "172.18.100.219",
            "private_ip_list": [
              "172.18.100.219"
            ],
            "private_ip_list_enabled": false,
            "private_ips": [
              "172.18.100.219"
            ],
            "private_ips_count": 0,
            "security_groups": [
              "sg-05eed8f7bf9a692c6"
            ],
            "source_dest_check": false,
            "subnet_id": "subnet-04d23ba6977c30ba5",
            "tags": {
              "Name": "nat-instance-main"
            },
            "tags_all": {
              "Name": "nat-instance-main"
            }
          },
          "sensitive_attributes": [],
          "private": "bnVsbA==",
          "dependencies": [
            "module.network.module.nat.aws_security_group.this",
            "module.network.module.vpc.aws_subnet.public",
            "module.network.module.vpc.aws_vpc.this",
            "module.network.module.vpc.aws_vpc_ipv4_cidr_block_association.this"
          ],
          "create_before_destroy": true
        }
      ]
    },
    {
      "module": "module.network.module.nat",
      "mode": "managed",
      "type": "aws_route",
      "name": "this",
      "provider": "provider[\"registry.terraform.io/hashicorp/aws\"]",
      "instances": [
        {
          "index_key": 0,
          "schema_version": 0,
          "attributes": {
            "carrier_gateway_id": "",
            "core_network_arn": "",
            "destination_cidr_block": "0.0.0.0/0",
            "destination_ipv6_cidr_block": "",
            "destination_prefix_list_id": "",
            "egress_only_gateway_id": "",
            "gateway_id": "",
            "id": "r-rtb-099bbfdad364432ef1080289494",
            "instance_id": "i-030f51c0a2153784c",
            "instance_owner_id": "211439781557",
            "local_gateway_id": "",
            "nat_gateway_id": "",
            "network_interface_id": "eni-08ccb7b56d53fbbd7",
            "origin": "CreateRoute",
            "route_table_id": "rtb-099bbfdad364432ef",
            "state": "active",
            "timeouts": null,
            "transit_gateway_id": "",
            "vpc_endpoint_id": "",
            "vpc_peering_connection_id": ""
          },
          "sensitive_attributes": [],
          "private": "eyJlMmJmYjczMC1lY2FhLTExZTYtOGY4OC0zNDM2M2JjN2M0YzAiOnsiY3JlYXRlIjozMDAwMDAwMDAwMDAsImRlbGV0ZSI6MzAwMDAwMDAwMDAwLCJ1cGRhdGUiOjEyMDAwMDAwMDAwMH19",
          "dependencies": [
            "module.network.module.nat.aws_network_interface.this",
            "module.network.module.nat.aws_security_group.this",
            "module.network.module.vpc.aws_route_table.private",
            "module.network.module.vpc.aws_subnet.public",
            "module.network.module.vpc.aws_vpc.this",
            "module.network.module.vpc.aws_vpc_ipv4_cidr_block_association.this"
          ]
        },
        {
          "index_key": 1,
          "schema_version": 0,
          "attributes": {
            "carrier_gateway_id": "",
            "core_network_arn": "",
            "destination_cidr_block": "0.0.0.0/0",
            "destination_ipv6_cidr_block": "",
            "destination_prefix_list_id": "",
            "egress_only_gateway_id": "",
            "gateway_id": "",
            "id": "r-rtb-048504060cf1c27451080289494",
            "instance_id": "i-030f51c0a2153784c",
            "instance_owner_id": "211439781557",
            "local_gateway_id": "",
            "nat_gateway_id": "",
            "network_interface_id": "eni-08ccb7b56d53fbbd7",
            "origin": "CreateRoute",
            "route_table_id": "rtb-048504060cf1c2745",
            "state": "active",
            "timeouts": null,
            "transit_gateway_id": "",
            "vpc_endpoint_id": "",
            "vpc_peering_connection_id": ""
          },
          "sensitive_attributes": [],
          "private": "eyJlMmJmYjczMC1lY2FhLTExZTYtOGY4OC0zNDM2M2JjN2M0YzAiOnsiY3JlYXRlIjozMDAwMDAwMDAwMDAsImRlbGV0ZSI6MzAwMDAwMDAwMDAwLCJ1cGRhdGUiOjEyMDAwMDAwMDAwMH19",
          "dependencies": [
            "module.network.module.nat.aws_network_interface.this",
            "module.network.module.nat.aws_security_group.this",
            "module.network.module.vpc.aws_route_table.private",
            "module.network.module.vpc.aws_subnet.public",
            "module.network.module.vpc.aws_vpc.this",
            "module.network.module.vpc.aws_vpc_ipv4_cidr_block_association.this"
          ]
        }
      ]
    },
    {
      "module": "module.network.module.nat",
      "mode": "managed",
      "type": "aws_security_group",
      "name": "this",
      "provider": "provider[\"registry.terraform.io/hashicorp/aws\"]",
      "instances": [
        {
          "schema_version": 1,
          "attributes": {
            "arn": "arn:aws:ec2:eu-central-1:211439781557:security-group/sg-05eed8f7bf9a692c6",
            "description": "Security group for NAT instance main",
            "egress": [
              {
                "cidr_blocks": [
                  "0.0.0.0/0"
                ],
                "description": "",
                "from_port": 0,
                "ipv6_cidr_blocks": [],
                "prefix_list_ids": [],
                "protocol": "tcp",
                "security_groups": [],
                "self": false,
                "to_port": 65535
              }
            ],
            "id": "sg-05eed8f7bf9a692c6",
            "ingress": [
              {
                "cidr_blocks": [
                  "172.18.0.0/24",
                  "172.18.1.0/24"
                ],
                "description": "",
                "from_port": 0,
                "ipv6_cidr_blocks": [],
                "prefix_list_ids": [],
                "protocol": "-1",
                "security_groups": [],
                "self": false,
                "to_port": 0
              }
            ],
            "name": "main20231104142827530000000006",
            "name_prefix": "main",
            "owner_id": "211439781557",
            "revoke_rules_on_delete": false,
            "tags": {
              "Name": "nat-instance-main"
            },
            "tags_all": {
              "Name": "nat-instance-main"
            },
            "timeouts": null,
            "vpc_id": "vpc-0885355edfaf8192e"
          },
          "sensitive_attributes": [],
          "private": "eyJlMmJmYjczMC1lY2FhLTExZTYtOGY4OC0zNDM2M2JjN2M0YzAiOnsiY3JlYXRlIjo2MDAwMDAwMDAwMDAsImRlbGV0ZSI6OTAwMDAwMDAwMDAwfSwic2NoZW1hX3ZlcnNpb24iOiIxIn0=",
          "dependencies": [
            "module.network.module.vpc.aws_vpc.this"
          ],
          "create_before_destroy": true
        }
      ]
    },
    {
      "module": "module.network.module.nat",
      "mode": "managed",
      "type": "aws_security_group_rule",
      "name": "egress",
      "provider": "provider[\"registry.terraform.io/hashicorp/aws\"]",
      "instances": [
        {
          "schema_version": 2,
          "attributes": {
            "cidr_blocks": [
              "0.0.0.0/0"
            ],
            "description": "",
            "from_port": 0,
            "id": "sgrule-4029884767",
            "ipv6_cidr_blocks": null,
            "prefix_list_ids": null,
            "protocol": "tcp",
            "security_group_id": "sg-05eed8f7bf9a692c6",
            "security_group_rule_id": "sgr-0b4fde419d871eacd",
            "self": false,
            "source_security_group_id": null,
            "timeouts": null,
            "to_port": 65535,
            "type": "egress"
          },
          "sensitive_attributes": [],
          "private": "eyJlMmJmYjczMC1lY2FhLTExZTYtOGY4OC0zNDM2M2JjN2M0YzAiOnsiY3JlYXRlIjozMDAwMDAwMDAwMDB9LCJzY2hlbWFfdmVyc2lvbiI6IjIifQ==",
          "dependencies": [
            "module.network.module.nat.aws_security_group.this",
            "module.network.module.vpc.aws_vpc.this"
          ]
        }
      ]
    },
    {
      "module": "module.network.module.nat",
      "mode": "managed",
      "type": "aws_security_group_rule",
      "name": "ingress_any",
      "provider": "provider[\"registry.terraform.io/hashicorp/aws\"]",
      "instances": [
        {
          "schema_version": 2,
          "attributes": {
            "cidr_blocks": [
              "172.18.0.0/24",
              "172.18.1.0/24"
            ],
            "description": "",
            "from_port": 0,
            "id": "sgrule-4194199843",
            "ipv6_cidr_blocks": null,
            "prefix_list_ids": null,
            "protocol": "-1",
            "security_group_id": "sg-05eed8f7bf9a692c6",
            "security_group_rule_id": "",
            "self": false,
            "source_security_group_id": null,
            "timeouts": null,
            "to_port": 0,
            "type": "ingress"
          },
          "sensitive_attributes": [],
          "private": "eyJlMmJmYjczMC1lY2FhLTExZTYtOGY4OC0zNDM2M2JjN2M0YzAiOnsiY3JlYXRlIjozMDAwMDAwMDAwMDB9LCJzY2hlbWFfdmVyc2lvbiI6IjIifQ==",
          "dependencies": [
            "module.network.module.nat.aws_security_group.this",
            "module.network.module.vpc.aws_subnet.private",
            "module.network.module.vpc.aws_vpc.this",
            "module.network.module.vpc.aws_vpc_ipv4_cidr_block_association.this"
          ]
        }
      ]
    },
    {
      "module": "module.network.module.vpc",
      "mode": "managed",
      "type": "aws_default_network_acl",
      "name": "this",
      "provider": "provider[\"registry.terraform.io/hashicorp/aws\"]",
      "instances": [
        {
          "index_key": 0,
          "schema_version": 0,
          "attributes": {
            "arn": "arn:aws:ec2:eu-central-1:211439781557:network-acl/acl-071e028ae7dc8e747",
            "default_network_acl_id": "acl-071e028ae7dc8e747",
            "egress": [
              {
                "action": "allow",
                "cidr_block": "",
                "from_port": 0,
                "icmp_code": 0,
                "icmp_type": 0,
                "ipv6_cidr_block": "::/0",
                "protocol": "-1",
                "rule_no": 101,
                "to_port": 0
              },
              {
                "action": "allow",
                "cidr_block": "0.0.0.0/0",
                "from_port": 0,
                "icmp_code": 0,
                "icmp_type": 0,
                "ipv6_cidr_block": "",
                "protocol": "-1",
                "rule_no": 100,
                "to_port": 0
              }
            ],
            "id": "acl-071e028ae7dc8e747",
            "ingress": [
              {
                "action": "allow",
                "cidr_block": "",
                "from_port": 0,
                "icmp_code": 0,
                "icmp_type": 0,
                "ipv6_cidr_block": "::/0",
                "protocol": "-1",
                "rule_no": 101,
                "to_port": 0
              },
              {
                "action": "allow",
                "cidr_block": "0.0.0.0/0",
                "from_port": 0,
                "icmp_code": 0,
                "icmp_type": 0,
                "ipv6_cidr_block": "",
                "protocol": "-1",
                "rule_no": 100,
                "to_port": 0
              }
            ],
            "owner_id": "211439781557",
            "subnet_ids": [
              "subnet-02aec72934f11912d",
              "subnet-038a18289c30dae4b",
              "subnet-04d23ba6977c30ba5",
              "subnet-07060935a762eda93"
            ],
            "tags": {
              "Name": "dcms-default"
            },
            "tags_all": {
              "Name": "dcms-default"
            },
            "vpc_id": "vpc-0885355edfaf8192e"
          },
          "sensitive_attributes": [],
          "private": "bnVsbA==",
          "dependencies": [
            "module.network.module.vpc.aws_vpc.this"
          ]
        }
      ]
    },
    {
      "module": "module.network.module.vpc",
      "mode": "managed",
      "type": "aws_default_route_table",
      "name": "default",
      "provider": "provider[\"registry.terraform.io/hashicorp/aws\"]",
      "instances": [
        {
          "index_key": 0,
          "schema_version": 0,
          "attributes": {
            "arn": "arn:aws:ec2:eu-central-1:211439781557:route-table/rtb-016a7f4fa375a7237",
            "default_route_table_id": "rtb-016a7f4fa375a7237",
            "id": "rtb-016a7f4fa375a7237",
            "owner_id": "211439781557",
            "propagating_vgws": [],
            "route": [],
            "tags": {
              "Name": "dcms-default"
            },
            "tags_all": {
              "Name": "dcms-default"
            },
            "timeouts": {
              "create": "5m",
              "update": "5m"
            },
            "vpc_id": "vpc-0885355edfaf8192e"
          },
          "sensitive_attributes": [],
          "private": "eyJlMmJmYjczMC1lY2FhLTExZTYtOGY4OC0zNDM2M2JjN2M0YzAiOnsiY3JlYXRlIjozMDAwMDAwMDAwMDAsInVwZGF0ZSI6MzAwMDAwMDAwMDAwfX0=",
          "dependencies": [
            "module.network.module.vpc.aws_vpc.this"
          ]
        }
      ]
    },
    {
      "module": "module.network.module.vpc",
      "mode": "managed",
      "type": "aws_default_security_group",
      "name": "this",
      "provider": "provider[\"registry.terraform.io/hashicorp/aws\"]",
      "instances": [
        {
          "index_key": 0,
          "schema_version": 1,
          "attributes": {
            "arn": "arn:aws:ec2:eu-central-1:211439781557:security-group/sg-0223d6da61878f434",
            "description": "default VPC security group",
            "egress": [],
            "id": "sg-0223d6da61878f434",
            "ingress": [],
            "name": "default",
            "name_prefix": "",
            "owner_id": "211439781557",
            "revoke_rules_on_delete": false,
            "tags": {
              "Name": "dcms-default"
            },
            "tags_all": {
              "Name": "dcms-default"
            },
            "vpc_id": "vpc-0885355edfaf8192e"
          },
          "sensitive_attributes": [],
          "private": "eyJzY2hlbWFfdmVyc2lvbiI6IjEifQ==",
          "dependencies": [
            "module.network.module.vpc.aws_vpc.this"
          ]
        }
      ]
    },
    {
      "module": "module.network.module.vpc",
      "mode": "managed",
      "type": "aws_internet_gateway",
      "name": "this",
      "provider": "provider[\"registry.terraform.io/hashicorp/aws\"]",
      "instances": [
        {
          "index_key": 0,
          "schema_version": 0,
          "attributes": {
            "arn": "arn:aws:ec2:eu-central-1:211439781557:internet-gateway/igw-03d04b2ee7498cb39",
            "id": "igw-03d04b2ee7498cb39",
            "owner_id": "211439781557",
            "tags": {
              "Name": "dcms"
            },
            "tags_all": {
              "Name": "dcms"
            },
            "timeouts": null,
            "vpc_id": "vpc-0885355edfaf8192e"
          },
          "sensitive_attributes": [],
          "private": "eyJlMmJmYjczMC1lY2FhLTExZTYtOGY4OC0zNDM2M2JjN2M0YzAiOnsiY3JlYXRlIjoxMjAwMDAwMDAwMDAwLCJkZWxldGUiOjEyMDAwMDAwMDAwMDAsInVwZGF0ZSI6MTIwMDAwMDAwMDAwMH19",
          "dependencies": [
            "module.network.module.vpc.aws_vpc.this",
            "module.network.module.vpc.aws_vpc_ipv4_cidr_block_association.this"
          ]
        }
      ]
    },
    {
      "module": "module.network.module.vpc",
      "mode": "managed",
      "type": "aws_route",
      "name": "public_internet_gateway",
      "provider": "provider[\"registry.terraform.io/hashicorp/aws\"]",
      "instances": [
        {
          "index_key": 0,
          "schema_version": 0,
          "attributes": {
            "carrier_gateway_id": "",
            "core_network_arn": "",
            "destination_cidr_block": "0.0.0.0/0",
            "destination_ipv6_cidr_block": "",
            "destination_prefix_list_id": "",
            "egress_only_gateway_id": "",
            "gateway_id": "igw-03d04b2ee7498cb39",
            "id": "r-rtb-0965110607bb7342d1080289494",
            "instance_id": "",
            "instance_owner_id": "",
            "local_gateway_id": "",
            "nat_gateway_id": "",
            "network_interface_id": "",
            "origin": "CreateRoute",
            "route_table_id": "rtb-0965110607bb7342d",
            "state": "active",
            "timeouts": {
              "create": "5m",
              "delete": null,
              "update": null
            },
            "transit_gateway_id": "",
            "vpc_endpoint_id": "",
            "vpc_peering_connection_id": ""
          },
          "sensitive_attributes": [],
          "private": "eyJlMmJmYjczMC1lY2FhLTExZTYtOGY4OC0zNDM2M2JjN2M0YzAiOnsiY3JlYXRlIjozMDAwMDAwMDAwMDAsImRlbGV0ZSI6MzAwMDAwMDAwMDAwLCJ1cGRhdGUiOjEyMDAwMDAwMDAwMH19",
          "dependencies": [
            "module.network.module.vpc.aws_internet_gateway.this",
            "module.network.module.vpc.aws_route_table.public",
            "module.network.module.vpc.aws_vpc.this",
            "module.network.module.vpc.aws_vpc_ipv4_cidr_block_association.this"
          ]
        }
      ]
    },
    {
      "module": "module.network.module.vpc",
      "mode": "managed",
      "type": "aws_route_table",
      "name": "private",
      "provider": "provider[\"registry.terraform.io/hashicorp/aws\"]",
      "instances": [
        {
          "index_key": 0,
          "schema_version": 0,
          "attributes": {
            "arn": "arn:aws:ec2:eu-central-1:211439781557:route-table/rtb-099bbfdad364432ef",
            "id": "rtb-099bbfdad364432ef",
            "owner_id": "211439781557",
            "propagating_vgws": [],
            "route": [
              {
                "carrier_gateway_id": "",
                "cidr_block": "0.0.0.0/0",
                "core_network_arn": "",
                "destination_prefix_list_id": "",
                "egress_only_gateway_id": "",
                "gateway_id": "",
                "ipv6_cidr_block": "",
                "local_gateway_id": "",
                "nat_gateway_id": "",
                "network_interface_id": "eni-08ccb7b56d53fbbd7",
                "transit_gateway_id": "",
                "vpc_endpoint_id": "",
                "vpc_peering_connection_id": ""
              }
            ],
            "tags": {
              "Name": "dcms-private-eu-central-1a"
            },
            "tags_all": {
              "Name": "dcms-private-eu-central-1a"
            },
            "timeouts": null,
            "vpc_id": "vpc-0885355edfaf8192e"
          },
          "sensitive_attributes": [],
          "private": "eyJlMmJmYjczMC1lY2FhLTExZTYtOGY4OC0zNDM2M2JjN2M0YzAiOnsiY3JlYXRlIjozMDAwMDAwMDAwMDAsImRlbGV0ZSI6MzAwMDAwMDAwMDAwLCJ1cGRhdGUiOjEyMDAwMDAwMDAwMH19",
          "dependencies": [
            "module.network.module.vpc.aws_vpc.this",
            "module.network.module.vpc.aws_vpc_ipv4_cidr_block_association.this"
          ]
        },
        {
          "index_key": 1,
          "schema_version": 0,
          "attributes": {
            "arn": "arn:aws:ec2:eu-central-1:211439781557:route-table/rtb-048504060cf1c2745",
            "id": "rtb-048504060cf1c2745",
            "owner_id": "211439781557",
            "propagating_vgws": [],
            "route": [
              {
                "carrier_gateway_id": "",
                "cidr_block": "0.0.0.0/0",
                "core_network_arn": "",
                "destination_prefix_list_id": "",
                "egress_only_gateway_id": "",
                "gateway_id": "",
                "ipv6_cidr_block": "",
                "local_gateway_id": "",
                "nat_gateway_id": "",
                "network_interface_id": "eni-08ccb7b56d53fbbd7",
                "transit_gateway_id": "",
                "vpc_endpoint_id": "",
                "vpc_peering_connection_id": ""
              }
            ],
            "tags": {
              "Name": "dcms-private-eu-central-1b"
            },
            "tags_all": {
              "Name": "dcms-private-eu-central-1b"
            },
            "timeouts": null,
            "vpc_id": "vpc-0885355edfaf8192e"
          },
          "sensitive_attributes": [],
          "private": "eyJlMmJmYjczMC1lY2FhLTExZTYtOGY4OC0zNDM2M2JjN2M0YzAiOnsiY3JlYXRlIjozMDAwMDAwMDAwMDAsImRlbGV0ZSI6MzAwMDAwMDAwMDAwLCJ1cGRhdGUiOjEyMDAwMDAwMDAwMH19",
          "dependencies": [
            "module.network.module.vpc.aws_vpc.this",
            "module.network.module.vpc.aws_vpc_ipv4_cidr_block_association.this"
          ]
        }
      ]
    },
    {
      "module": "module.network.module.vpc",
      "mode": "managed",
      "type": "aws_route_table",
      "name": "public",
      "provider": "provider[\"registry.terraform.io/hashicorp/aws\"]",
      "instances": [
        {
          "index_key": 0,
          "schema_version": 0,
          "attributes": {
            "arn": "arn:aws:ec2:eu-central-1:211439781557:route-table/rtb-0965110607bb7342d",
            "id": "rtb-0965110607bb7342d",
            "owner_id": "211439781557",
            "propagating_vgws": [],
            "route": [
              {
                "carrier_gateway_id": "",
                "cidr_block": "0.0.0.0/0",
                "core_network_arn": "",
                "destination_prefix_list_id": "",
                "egress_only_gateway_id": "",
                "gateway_id": "igw-03d04b2ee7498cb39",
                "ipv6_cidr_block": "",
                "local_gateway_id": "",
                "nat_gateway_id": "",
                "network_interface_id": "",
                "transit_gateway_id": "",
                "vpc_endpoint_id": "",
                "vpc_peering_connection_id": ""
              }
            ],
            "tags": {
              "Name": "dcms-public"
            },
            "tags_all": {
              "Name": "dcms-public"
            },
            "timeouts": null,
            "vpc_id": "vpc-0885355edfaf8192e"
          },
          "sensitive_attributes": [],
          "private": "eyJlMmJmYjczMC1lY2FhLTExZTYtOGY4OC0zNDM2M2JjN2M0YzAiOnsiY3JlYXRlIjozMDAwMDAwMDAwMDAsImRlbGV0ZSI6MzAwMDAwMDAwMDAwLCJ1cGRhdGUiOjEyMDAwMDAwMDAwMH19",
          "dependencies": [
            "module.network.module.vpc.aws_vpc.this",
            "module.network.module.vpc.aws_vpc_ipv4_cidr_block_association.this"
          ]
        }
      ]
    },
    {
      "module": "module.network.module.vpc",
      "mode": "managed",
      "type": "aws_route_table_association",
      "name": "private",
      "provider": "provider[\"registry.terraform.io/hashicorp/aws\"]",
      "instances": [
        {
          "index_key": 0,
          "schema_version": 0,
          "attributes": {
            "gateway_id": "",
            "id": "rtbassoc-0e0cc6d3513fabe84",
            "route_table_id": "rtb-099bbfdad364432ef",
            "subnet_id": "subnet-02aec72934f11912d",
            "timeouts": null
          },
          "sensitive_attributes": [],
          "private": "eyJlMmJmYjczMC1lY2FhLTExZTYtOGY4OC0zNDM2M2JjN2M0YzAiOnsiY3JlYXRlIjozMDAwMDAwMDAwMDAsImRlbGV0ZSI6MzAwMDAwMDAwMDAwLCJ1cGRhdGUiOjEyMDAwMDAwMDAwMH19",
          "dependencies": [
            "module.network.module.vpc.aws_route_table.private",
            "module.network.module.vpc.aws_subnet.private",
            "module.network.module.vpc.aws_vpc.this",
            "module.network.module.vpc.aws_vpc_ipv4_cidr_block_association.this"
          ]
        },
        {
          "index_key": 1,
          "schema_version": 0,
          "attributes": {
            "gateway_id": "",
            "id": "rtbassoc-01ddaddb675aad2f5",
            "route_table_id": "rtb-048504060cf1c2745",
            "subnet_id": "subnet-038a18289c30dae4b",
            "timeouts": null
          },
          "sensitive_attributes": [],
          "private": "eyJlMmJmYjczMC1lY2FhLTExZTYtOGY4OC0zNDM2M2JjN2M0YzAiOnsiY3JlYXRlIjozMDAwMDAwMDAwMDAsImRlbGV0ZSI6MzAwMDAwMDAwMDAwLCJ1cGRhdGUiOjEyMDAwMDAwMDAwMH19",
          "dependencies": [
            "module.network.module.vpc.aws_route_table.private",
            "module.network.module.vpc.aws_subnet.private",
            "module.network.module.vpc.aws_vpc.this",
            "module.network.module.vpc.aws_vpc_ipv4_cidr_block_association.this"
          ]
        }
      ]
    },
    {
      "module": "module.network.module.vpc",
      "mode": "managed",
      "type": "aws_route_table_association",
      "name": "public",
      "provider": "provider[\"registry.terraform.io/hashicorp/aws\"]",
      "instances": [
        {
          "index_key": 0,
          "schema_version": 0,
          "attributes": {
            "gateway_id": "",
            "id": "rtbassoc-099cc3bec7a59aec3",
            "route_table_id": "rtb-0965110607bb7342d",
            "subnet_id": "subnet-04d23ba6977c30ba5",
            "timeouts": null
          },
          "sensitive_attributes": [],
          "private": "eyJlMmJmYjczMC1lY2FhLTExZTYtOGY4OC0zNDM2M2JjN2M0YzAiOnsiY3JlYXRlIjozMDAwMDAwMDAwMDAsImRlbGV0ZSI6MzAwMDAwMDAwMDAwLCJ1cGRhdGUiOjEyMDAwMDAwMDAwMH19",
          "dependencies": [
            "module.network.module.vpc.aws_route_table.public",
            "module.network.module.vpc.aws_subnet.public",
            "module.network.module.vpc.aws_vpc.this",
            "module.network.module.vpc.aws_vpc_ipv4_cidr_block_association.this"
          ]
        },
        {
          "index_key": 1,
          "schema_version": 0,
          "attributes": {
            "gateway_id": "",
            "id": "rtbassoc-0d1151bf41ef6116b",
            "route_table_id": "rtb-0965110607bb7342d",
            "subnet_id": "subnet-07060935a762eda93",
            "timeouts": null
          },
          "sensitive_attributes": [],
          "private": "eyJlMmJmYjczMC1lY2FhLTExZTYtOGY4OC0zNDM2M2JjN2M0YzAiOnsiY3JlYXRlIjozMDAwMDAwMDAwMDAsImRlbGV0ZSI6MzAwMDAwMDAwMDAwLCJ1cGRhdGUiOjEyMDAwMDAwMDAwMH19",
          "dependencies": [
            "module.network.module.vpc.aws_route_table.public",
            "module.network.module.vpc.aws_subnet.public",
            "module.network.module.vpc.aws_vpc.this",
            "module.network.module.vpc.aws_vpc_ipv4_cidr_block_association.this"
          ]
        }
      ]
    },
    {
      "module": "module.network.module.vpc",
      "mode": "managed",
      "type": "aws_subnet",
      "name": "private",
      "provider": "provider[\"registry.terraform.io/hashicorp/aws\"]",
      "instances": [
        {
          "index_key": 0,
          "schema_version": 1,
          "attributes": {
            "arn": "arn:aws:ec2:eu-central-1:211439781557:subnet/subnet-02aec72934f11912d",
            "assign_ipv6_address_on_creation": false,
            "availability_zone": "eu-central-1a",
            "availability_zone_id": "euc1-az2",
            "cidr_block": "172.18.0.0/24",
            "customer_owned_ipv4_pool": "",
            "enable_dns64": false,
            "enable_lni_at_device_index": 0,
            "enable_resource_name_dns_a_record_on_launch": false,
            "enable_resource_name_dns_aaaa_record_on_launch": false,
            "id": "subnet-02aec72934f11912d",
            "ipv6_cidr_block": "",
            "ipv6_cidr_block_association_id": "",
            "ipv6_native": false,
            "map_customer_owned_ip_on_launch": false,
            "map_public_ip_on_launch": false,
            "outpost_arn": "",
            "owner_id": "211439781557",
            "private_dns_hostname_type_on_launch": "ip-name",
            "tags": {
              "Name": "dcms-private-eu-central-1a"
            },
            "tags_all": {
              "Name": "dcms-private-eu-central-1a"
            },
            "timeouts": null,
            "vpc_id": "vpc-0885355edfaf8192e"
          },
          "sensitive_attributes": [],
          "private": "eyJlMmJmYjczMC1lY2FhLTExZTYtOGY4OC0zNDM2M2JjN2M0YzAiOnsiY3JlYXRlIjo2MDAwMDAwMDAwMDAsImRlbGV0ZSI6MTIwMDAwMDAwMDAwMH0sInNjaGVtYV92ZXJzaW9uIjoiMSJ9",
          "dependencies": [
            "module.network.module.vpc.aws_vpc.this",
            "module.network.module.vpc.aws_vpc_ipv4_cidr_block_association.this"
          ]
        },
        {
          "index_key": 1,
          "schema_version": 1,
          "attributes": {
            "arn": "arn:aws:ec2:eu-central-1:211439781557:subnet/subnet-038a18289c30dae4b",
            "assign_ipv6_address_on_creation": false,
            "availability_zone": "eu-central-1b",
            "availability_zone_id": "euc1-az3",
            "cidr_block": "172.18.1.0/24",
            "customer_owned_ipv4_pool": "",
            "enable_dns64": false,
            "enable_lni_at_device_index": 0,
            "enable_resource_name_dns_a_record_on_launch": false,
            "enable_resource_name_dns_aaaa_record_on_launch": false,
            "id": "subnet-038a18289c30dae4b",
            "ipv6_cidr_block": "",
            "ipv6_cidr_block_association_id": "",
            "ipv6_native": false,
            "map_customer_owned_ip_on_launch": false,
            "map_public_ip_on_launch": false,
            "outpost_arn": "",
            "owner_id": "211439781557",
            "private_dns_hostname_type_on_launch": "ip-name",
            "tags": {
              "Name": "dcms-private-eu-central-1b"
            },
            "tags_all": {
              "Name": "dcms-private-eu-central-1b"
            },
            "timeouts": null,
            "vpc_id": "vpc-0885355edfaf8192e"
          },
          "sensitive_attributes": [],
          "private": "eyJlMmJmYjczMC1lY2FhLTExZTYtOGY4OC0zNDM2M2JjN2M0YzAiOnsiY3JlYXRlIjo2MDAwMDAwMDAwMDAsImRlbGV0ZSI6MTIwMDAwMDAwMDAwMH0sInNjaGVtYV92ZXJzaW9uIjoiMSJ9",
          "dependencies": [
            "module.network.module.vpc.aws_vpc.this",
            "module.network.module.vpc.aws_vpc_ipv4_cidr_block_association.this"
          ]
        }
      ]
    },
    {
      "module": "module.network.module.vpc",
      "mode": "managed",
      "type": "aws_subnet",
      "name": "public",
      "provider": "provider[\"registry.terraform.io/hashicorp/aws\"]",
      "instances": [
        {
          "index_key": 0,
          "schema_version": 1,
          "attributes": {
            "arn": "arn:aws:ec2:eu-central-1:211439781557:subnet/subnet-04d23ba6977c30ba5",
            "assign_ipv6_address_on_creation": false,
            "availability_zone": "eu-central-1a",
            "availability_zone_id": "euc1-az2",
            "cidr_block": "172.18.100.0/24",
            "customer_owned_ipv4_pool": "",
            "enable_dns64": false,
            "enable_lni_at_device_index": 0,
            "enable_resource_name_dns_a_record_on_launch": false,
            "enable_resource_name_dns_aaaa_record_on_launch": false,
            "id": "subnet-04d23ba6977c30ba5",
            "ipv6_cidr_block": "",
            "ipv6_cidr_block_association_id": "",
            "ipv6_native": false,
            "map_customer_owned_ip_on_launch": false,
            "map_public_ip_on_launch": false,
            "outpost_arn": "",
            "owner_id": "211439781557",
            "private_dns_hostname_type_on_launch": "ip-name",
            "tags": {
              "Name": "dcms-public-eu-central-1a"
            },
            "tags_all": {
              "Name": "dcms-public-eu-central-1a"
            },
            "timeouts": null,
            "vpc_id": "vpc-0885355edfaf8192e"
          },
          "sensitive_attributes": [],
          "private": "eyJlMmJmYjczMC1lY2FhLTExZTYtOGY4OC0zNDM2M2JjN2M0YzAiOnsiY3JlYXRlIjo2MDAwMDAwMDAwMDAsImRlbGV0ZSI6MTIwMDAwMDAwMDAwMH0sInNjaGVtYV92ZXJzaW9uIjoiMSJ9",
          "dependencies": [
            "module.network.module.vpc.aws_vpc.this",
            "module.network.module.vpc.aws_vpc_ipv4_cidr_block_association.this"
          ],
          "create_before_destroy": true
        },
        {
          "index_key": 1,
          "schema_version": 1,
          "attributes": {
            "arn": "arn:aws:ec2:eu-central-1:211439781557:subnet/subnet-07060935a762eda93",
            "assign_ipv6_address_on_creation": false,
            "availability_zone": "eu-central-1b",
            "availability_zone_id": "euc1-az3",
            "cidr_block": "172.18.101.0/24",
            "customer_owned_ipv4_pool": "",
            "enable_dns64": false,
            "enable_lni_at_device_index": 0,
            "enable_resource_name_dns_a_record_on_launch": false,
            "enable_resource_name_dns_aaaa_record_on_launch": false,
            "id": "subnet-07060935a762eda93",
            "ipv6_cidr_block": "",
            "ipv6_cidr_block_association_id": "",
            "ipv6_native": false,
            "map_customer_owned_ip_on_launch": false,
            "map_public_ip_on_launch": false,
            "outpost_arn": "",
            "owner_id": "211439781557",
            "private_dns_hostname_type_on_launch": "ip-name",
            "tags": {
              "Name": "dcms-public-eu-central-1b"
            },
            "tags_all": {
              "Name": "dcms-public-eu-central-1b"
            },
            "timeouts": null,
            "vpc_id": "vpc-0885355edfaf8192e"
          },
          "sensitive_attributes": [],
          "private": "eyJlMmJmYjczMC1lY2FhLTExZTYtOGY4OC0zNDM2M2JjN2M0YzAiOnsiY3JlYXRlIjo2MDAwMDAwMDAwMDAsImRlbGV0ZSI6MTIwMDAwMDAwMDAwMH0sInNjaGVtYV92ZXJzaW9uIjoiMSJ9",
          "dependencies": [
            "module.network.module.vpc.aws_vpc.this",
            "module.network.module.vpc.aws_vpc_ipv4_cidr_block_association.this"
          ],
          "create_before_destroy": true
        }
      ]
    },
    {
      "module": "module.network.module.vpc",
      "mode": "managed",
      "type": "aws_vpc",
      "name": "this",
      "provider": "provider[\"registry.terraform.io/hashicorp/aws\"]",
      "instances": [
        {
          "index_key": 0,
          "schema_version": 1,
          "attributes": {
            "arn": "arn:aws:ec2:eu-central-1:211439781557:vpc/vpc-0885355edfaf8192e",
            "assign_generated_ipv6_cidr_block": false,
            "cidr_block": "172.18.0.0/16",
            "default_network_acl_id": "acl-071e028ae7dc8e747",
            "default_route_table_id": "rtb-016a7f4fa375a7237",
            "default_security_group_id": "sg-0223d6da61878f434",
            "dhcp_options_id": "dopt-08121af603ba77c81",
            "enable_dns_hostnames": true,
            "enable_dns_support": true,
            "enable_network_address_usage_metrics": false,
            "id": "vpc-0885355edfaf8192e",
            "instance_tenancy": "default",
            "ipv4_ipam_pool_id": null,
            "ipv4_netmask_length": null,
            "ipv6_association_id": "",
            "ipv6_cidr_block": "",
            "ipv6_cidr_block_network_border_group": "",
            "ipv6_ipam_pool_id": "",
            "ipv6_netmask_length": 0,
            "main_route_table_id": "rtb-016a7f4fa375a7237",
            "owner_id": "211439781557",
            "tags": {
              "Name": "dcms"
            },
            "tags_all": {
              "Name": "dcms"
            }
          },
          "sensitive_attributes": [],
          "private": "eyJzY2hlbWFfdmVyc2lvbiI6IjEifQ==",
          "create_before_destroy": true
        }
      ]
    },
    {
      "module": "module.roles",
      "mode": "data",
      "type": "aws_iam_policy_document",
      "name": "ecsTaskExecution",
      "provider": "provider[\"registry.terraform.io/hashicorp/aws\"]",
      "instances": [
        {
          "schema_version": 0,
          "attributes": {
            "id": "1077804475",
            "json": "{\n  \"Version\": \"2012-10-17\",\n  \"Statement\": [\n    {\n      \"Effect\": \"Allow\",\n      \"Action\": \"sts:AssumeRole\",\n      \"Principal\": {\n        \"Service\": \"ecs-tasks.amazonaws.com\"\n      }\n    }\n  ]\n}",
            "override_policy_documents": null,
            "policy_id": null,
            "source_policy_documents": null,
            "statement": [
              {
                "actions": [
                  "sts:AssumeRole"
                ],
                "condition": [],
                "effect": "Allow",
                "not_actions": [],
                "not_principals": [],
                "not_resources": [],
                "principals": [
                  {
                    "identifiers": [
                      "ecs-tasks.amazonaws.com"
                    ],
                    "type": "Service"
                  }
                ],
                "resources": [],
                "sid": ""
              }
            ],
            "version": "2012-10-17"
          },
          "sensitive_attributes": []
        }
      ]
    },
    {
      "module": "module.roles",
      "mode": "managed",
      "type": "aws_iam_role",
      "name": "ecsTaskExecution",
      "provider": "provider[\"registry.terraform.io/hashicorp/aws\"]",
      "instances": [
        {
          "schema_version": 0,
          "attributes": {
            "arn": "arn:aws:iam::211439781557:role/ecsTaskExecution",
            "assume_role_policy": "{\"Statement\":[{\"Action\":\"sts:AssumeRole\",\"Effect\":\"Allow\",\"Principal\":{\"Service\":\"ecs-tasks.amazonaws.com\"}}],\"Version\":\"2012-10-17\"}",
            "create_date": "2023-11-04T14:28:16Z",
            "description": "",
            "force_detach_policies": false,
            "id": "ecsTaskExecution",
            "inline_policy": [],
            "managed_policy_arns": [
              "arn:aws:iam::aws:policy/service-role/AmazonECSTaskExecutionRolePolicy"
            ],
            "max_session_duration": 3600,
            "name": "ecsTaskExecution",
            "name_prefix": "",
            "path": "/",
            "permissions_boundary": "",
            "tags": {
              "Name": "ecsTaskExecution"
            },
            "tags_all": {
              "Name": "ecsTaskExecution"
            },
            "unique_id": "AROATCOWLA22UJINA22NR"
          },
          "sensitive_attributes": [],
          "private": "bnVsbA==",
          "dependencies": [
            "module.roles.data.aws_iam_policy_document.ecsTaskExecution"
          ]
        }
      ]
    },
    {
      "module": "module.roles",
      "mode": "managed",
      "type": "aws_iam_role_policy_attachment",
      "name": "ecsTaskExecution",
      "provider": "provider[\"registry.terraform.io/hashicorp/aws\"]",
      "instances": [
        {
          "schema_version": 0,
          "attributes": {
            "id": "ecsTaskExecution-20231104142817598700000005",
            "policy_arn": "arn:aws:iam::aws:policy/service-role/AmazonECSTaskExecutionRolePolicy",
            "role": "ecsTaskExecution"
          },
          "sensitive_attributes": [],
          "private": "bnVsbA==",
          "dependencies": [
            "module.roles.aws_iam_role.ecsTaskExecution",
            "module.roles.data.aws_iam_policy_document.ecsTaskExecution"
          ]
        }
      ]
    },
    {
      "module": "module.web_container",
      "mode": "managed",
      "type": "aws_ecr_lifecycle_policy",
      "name": "default_policy",
      "provider": "provider[\"registry.terraform.io/hashicorp/aws\"]",
      "instances": [
        {
          "schema_version": 0,
          "attributes": {
            "id": "tests-web",
            "policy": "{\"rules\":[{\"action\":{\"type\":\"expire\"},\"description\":\"Keep last 2 images\",\"rulePriority\":1,\"selection\":{\"countNumber\":3,\"countType\":\"imageCountMoreThan\",\"tagPrefixList\":[\"v\"],\"tagStatus\":\"tagged\"}}]}",
            "registry_id": "211439781557",
            "repository": "tests-web"
          },
          "sensitive_attributes": [],
          "private": "bnVsbA==",
          "dependencies": [
            "module.web_container.aws_ecr_repository.repo"
          ]
        }
      ]
    },
    {
      "module": "module.web_container",
      "mode": "managed",
      "type": "aws_ecr_repository",
      "name": "repo",
      "provider": "provider[\"registry.terraform.io/hashicorp/aws\"]",
      "instances": [
        {
          "schema_version": 0,
          "attributes": {
            "arn": "arn:aws:ecr:eu-central-1:211439781557:repository/tests-web",
            "encryption_configuration": [
              {
                "encryption_type": "AES256",
                "kms_key": ""
              }
            ],
            "force_delete": true,
            "id": "tests-web",
            "image_scanning_configuration": [
              {
                "scan_on_push": false
              }
            ],
            "image_tag_mutability": "MUTABLE",
            "name": "tests-web",
            "registry_id": "211439781557",
            "repository_url": "211439781557.dkr.ecr.eu-central-1.amazonaws.com/tests-web",
            "tags": {
              "Name": "tests-web"
            },
            "tags_all": {
              "Name": "tests-web"
            },
            "timeouts": null
          },
          "sensitive_attributes": [],
          "private": "eyJlMmJmYjczMC1lY2FhLTExZTYtOGY4OC0zNDM2M2JjN2M0YzAiOnsiZGVsZXRlIjoxMjAwMDAwMDAwMDAwfX0="
        }
      ]
    },
    {
      "module": "module.web_container",
      "mode": "managed",
      "type": "aws_ecs_cluster",
      "name": "this",
      "provider": "provider[\"registry.terraform.io/hashicorp/aws\"]",
      "instances": [
        {
          "schema_version": 0,
          "attributes": {
            "arn": "arn:aws:ecs:eu-central-1:211439781557:cluster/tests-web",
            "configuration": [],
            "id": "arn:aws:ecs:eu-central-1:211439781557:cluster/tests-web",
            "name": "tests-web",
            "service_connect_defaults": [],
            "setting": [
              {
                "name": "containerInsights",
                "value": "disabled"
              }
            ],
            "tags": {
              "Name": "tests-web"
            },
            "tags_all": {
              "Name": "tests-web"
            }
          },
          "sensitive_attributes": [],
          "private": "bnVsbA=="
        }
      ]
    },
    {
      "module": "module.web_container",
      "mode": "managed",
      "type": "aws_ecs_service",
      "name": "service",
      "provider": "provider[\"registry.terraform.io/hashicorp/aws\"]",
      "instances": [
        {
          "schema_version": 0,
          "attributes": {
            "alarms": [],
            "capacity_provider_strategy": [],
            "cluster": "arn:aws:ecs:eu-central-1:211439781557:cluster/tests-web",
            "deployment_circuit_breaker": [
              {
                "enable": false,
                "rollback": false
              }
            ],
            "deployment_controller": [
              {
                "type": "ECS"
              }
            ],
            "deployment_maximum_percent": 200,
            "deployment_minimum_healthy_percent": 100,
            "desired_count": 1,
            "enable_ecs_managed_tags": false,
            "enable_execute_command": false,
            "force_new_deployment": null,
            "health_check_grace_period_seconds": 0,
            "iam_role": "/aws-service-role/ecs.amazonaws.com/AWSServiceRoleForECS",
            "id": "arn:aws:ecs:eu-central-1:211439781557:service/tests-web/tests-web-service",
            "launch_type": "FARGATE",
            "load_balancer": [
              {
                "container_name": "tests-web",
                "container_port": 4173,
                "elb_name": "",
                "target_group_arn": "arn:aws:elasticloadbalancing:eu-central-1:211439781557:targetgroup/tests-web/ef65d6cb8059849c"
              }
            ],
            "name": "tests-web-service",
            "network_configuration": [
              {
                "assign_public_ip": false,
                "security_groups": [
                  "sg-031768191e03734ce"
                ],
                "subnets": [
                  "subnet-02aec72934f11912d",
                  "subnet-038a18289c30dae4b"
                ]
              }
            ],
            "ordered_placement_strategy": [],
            "placement_constraints": [],
            "platform_version": "LATEST",
            "propagate_tags": "NONE",
            "scheduling_strategy": "REPLICA",
            "service_connect_configuration": [],
            "service_registries": [],
            "tags": {
              "Name": "tests-web"
            },
            "tags_all": {
              "Name": "tests-web"
            },
            "task_definition": "arn:aws:ecs:eu-central-1:211439781557:task-definition/tests-web-family:3",
            "timeouts": null,
            "triggers": {},
            "wait_for_steady_state": false
          },
          "sensitive_attributes": [],
          "private": "eyJlMmJmYjczMC1lY2FhLTExZTYtOGY4OC0zNDM2M2JjN2M0YzAiOnsiY3JlYXRlIjoxMjAwMDAwMDAwMDAwLCJkZWxldGUiOjEyMDAwMDAwMDAwMDAsInVwZGF0ZSI6MTIwMDAwMDAwMDAwMH19",
          "dependencies": [
            "module.external_application_load_balancer.aws_security_group.main",
            "module.network.module.vpc.aws_subnet.private",
            "module.network.module.vpc.aws_vpc.this",
            "module.network.module.vpc.aws_vpc_ipv4_cidr_block_association.this",
            "module.roles.aws_iam_role.ecsTaskExecution",
            "module.roles.data.aws_iam_policy_document.ecsTaskExecution",
            "module.web_container.aws_ecr_repository.repo",
            "module.web_container.aws_ecs_cluster.this",
            "module.web_container.null_resource.send_docker_image",
            "module.web_task.aws_alb_target_group.web",
            "module.web_task.aws_ecs_task_definition.web",
            "module.web_task.aws_security_group.web_container"
          ]
        }
      ]
    },
    {
      "module": "module.web_container",
      "mode": "managed",
      "type": "null_resource",
      "name": "send_docker_image",
      "provider": "provider[\"registry.terraform.io/hashicorp/null\"]",
      "instances": [
        {
          "schema_version": 0,
          "attributes": {
            "id": "3455436110746469509",
            "triggers": {
              "value": "1.0.0"
            }
          },
          "sensitive_attributes": [],
          "dependencies": [
            "module.web_container.aws_ecr_repository.repo"
          ]
        }
      ]
    },
    {
      "module": "module.web_task",
      "mode": "managed",
      "type": "aws_alb_listener",
      "name": "external_http",
      "provider": "provider[\"registry.terraform.io/hashicorp/aws\"]",
      "instances": [
        {
          "schema_version": 0,
          "attributes": {
            "alpn_policy": null,
            "arn": "arn:aws:elasticloadbalancing:eu-central-1:211439781557:listener/app/external/f173c566a48d5da6/169d958a05418666",
            "certificate_arn": null,
            "default_action": [
              {
                "authenticate_cognito": [],
                "authenticate_oidc": [],
                "fixed_response": [],
                "forward": [],
                "order": 1,
                "redirect": [],
                "target_group_arn": "arn:aws:elasticloadbalancing:eu-central-1:211439781557:targetgroup/tests-web/ef65d6cb8059849c",
                "type": "forward"
              }
            ],
            "id": "arn:aws:elasticloadbalancing:eu-central-1:211439781557:listener/app/external/f173c566a48d5da6/169d958a05418666",
            "load_balancer_arn": "arn:aws:elasticloadbalancing:eu-central-1:211439781557:loadbalancer/app/external/f173c566a48d5da6",
            "port": 80,
            "protocol": "HTTP",
            "ssl_policy": "",
            "tags": {},
            "tags_all": {},
            "timeouts": null
          },
          "sensitive_attributes": [],
          "private": "eyJlMmJmYjczMC1lY2FhLTExZTYtOGY4OC0zNDM2M2JjN2M0YzAiOnsicmVhZCI6NjAwMDAwMDAwMDAwfX0=",
          "dependencies": [
            "module.external_application_load_balancer.aws_alb.main",
            "module.external_application_load_balancer.aws_security_group.main",
            "module.network.module.vpc.aws_subnet.public",
            "module.network.module.vpc.aws_vpc.this",
            "module.network.module.vpc.aws_vpc_ipv4_cidr_block_association.this",
            "module.web_task.aws_alb_target_group.web"
          ]
        }
      ]
    },
    {
      "module": "module.web_task",
      "mode": "managed",
      "type": "aws_alb_target_group",
      "name": "web",
      "provider": "provider[\"registry.terraform.io/hashicorp/aws\"]",
      "instances": [
        {
          "schema_version": 0,
          "attributes": {
            "arn": "arn:aws:elasticloadbalancing:eu-central-1:211439781557:targetgroup/tests-web/ef65d6cb8059849c",
            "arn_suffix": "targetgroup/tests-web/ef65d6cb8059849c",
            "connection_termination": null,
            "deregistration_delay": "300",
            "health_check": [
              {
                "enabled": true,
                "healthy_threshold": 3,
                "interval": 30,
                "matcher": "200",
                "path": "/health.html",
                "port": "traffic-port",
                "protocol": "HTTP",
                "timeout": 3,
                "unhealthy_threshold": 2
              }
            ],
            "id": "arn:aws:elasticloadbalancing:eu-central-1:211439781557:targetgroup/tests-web/ef65d6cb8059849c",
            "ip_address_type": "ipv4",
            "lambda_multi_value_headers_enabled": false,
            "load_balancing_algorithm_type": "round_robin",
            "load_balancing_cross_zone_enabled": "use_load_balancer_configuration",
            "name": "tests-web",
            "name_prefix": "",
            "port": 4173,
            "preserve_client_ip": null,
            "protocol": "HTTP",
            "protocol_version": "HTTP1",
            "proxy_protocol_v2": false,
            "slow_start": 0,
            "stickiness": [
              {
                "cookie_duration": 86400,
                "cookie_name": "",
                "enabled": true,
                "type": "lb_cookie"
              }
            ],
            "tags": {},
            "tags_all": {},
            "target_failover": [
              {
                "on_deregistration": null,
                "on_unhealthy": null
              }
            ],
            "target_health_state": [
              {
                "enable_unhealthy_connection_termination": null
              }
            ],
            "target_type": "ip",
            "vpc_id": "vpc-0885355edfaf8192e"
          },
          "sensitive_attributes": [],
          "private": "bnVsbA==",
          "dependencies": [
            "module.network.module.vpc.aws_vpc.this"
          ]
        }
      ]
    },
    {
      "module": "module.web_task",
      "mode": "managed",
      "type": "aws_ecs_task_definition",
      "name": "web",
      "provider": "provider[\"registry.terraform.io/hashicorp/aws\"]",
      "instances": [
        {
          "schema_version": 1,
          "attributes": {
            "arn": "arn:aws:ecs:eu-central-1:211439781557:task-definition/tests-web-family:3",
            "arn_without_revision": "arn:aws:ecs:eu-central-1:211439781557:task-definition/tests-web-family",
            "container_definitions": "[{\"cpu\":256,\"environment\":[],\"essential\":true,\"healthCheck\":{\"command\":[\"CMD-SHELL\",\"wget --no-verbose --tries=1 --spider http://localhost:4173/health.html || exit 1\"],\"interval\":10,\"retries\":5,\"startPeriod\":20,\"timeout\":5},\"image\":\"211439781557.dkr.ecr.eu-central-1.amazonaws.com/tests-web:1.0.0\",\"memory\":512,\"mountPoints\":[],\"name\":\"tests-web\",\"portMappings\":[{\"containerPort\":4173,\"hostPort\":4173,\"protocol\":\"tcp\"}],\"volumesFrom\":[]}]",
            "cpu": "256",
            "ephemeral_storage": [],
            "execution_role_arn": "arn:aws:iam::211439781557:role/ecsTaskExecution",
            "family": "tests-web-family",
            "id": "tests-web-family",
            "inference_accelerator": [],
            "ipc_mode": "",
            "memory": "512",
            "network_mode": "awsvpc",
            "pid_mode": "",
            "placement_constraints": [],
            "proxy_configuration": [],
            "requires_compatibilities": [
              "FARGATE"
            ],
            "revision": 3,
            "runtime_platform": [],
            "skip_destroy": false,
            "tags": {
              "Name": "tests-web-family"
            },
            "tags_all": {
              "Name": "tests-web-family"
            },
            "task_role_arn": "",
            "volume": []
          },
          "sensitive_attributes": [],
          "private": "eyJzY2hlbWFfdmVyc2lvbiI6IjEifQ==",
          "dependencies": [
            "module.roles.aws_iam_role.ecsTaskExecution",
            "module.roles.data.aws_iam_policy_document.ecsTaskExecution",
            "module.web_container.aws_ecr_repository.repo"
          ]
        }
      ]
    },
    {
      "module": "module.web_task",
      "mode": "managed",
      "type": "aws_security_group",
      "name": "web_container",
      "provider": "provider[\"registry.terraform.io/hashicorp/aws\"]",
      "instances": [
        {
          "schema_version": 1,
          "attributes": {
            "arn": "arn:aws:ec2:eu-central-1:211439781557:security-group/sg-031768191e03734ce",
            "description": "allow inbound access from the ALB only",
            "egress": [
              {
                "cidr_blocks": [
                  "0.0.0.0/0"
                ],
                "description": "",
                "from_port": 0,
                "ipv6_cidr_blocks": [],
                "prefix_list_ids": [],
                "protocol": "-1",
                "security_groups": [],
                "self": false,
                "to_port": 0
              }
            ],
            "id": "sg-031768191e03734ce",
            "ingress": [
              {
                "cidr_blocks": [],
                "description": "",
                "from_port": 4173,
                "ipv6_cidr_blocks": [],
                "prefix_list_ids": [],
                "protocol": "tcp",
                "security_groups": [
                  "sg-0ce80fbd1a550b7c9"
                ],
                "self": false,
                "to_port": 4173
              }
            ],
            "name": "tests-web-container",
            "name_prefix": "",
            "owner_id": "211439781557",
            "revoke_rules_on_delete": false,
            "tags": {
              "Name": "tests-web"
            },
            "tags_all": {
              "Name": "tests-web"
            },
            "timeouts": null,
            "vpc_id": "vpc-0885355edfaf8192e"
          },
          "sensitive_attributes": [],
          "private": "eyJlMmJmYjczMC1lY2FhLTExZTYtOGY4OC0zNDM2M2JjN2M0YzAiOnsiY3JlYXRlIjo2MDAwMDAwMDAwMDAsImRlbGV0ZSI6OTAwMDAwMDAwMDAwfSwic2NoZW1hX3ZlcnNpb24iOiIxIn0=",
          "dependencies": [
            "module.external_application_load_balancer.aws_security_group.main",
            "module.network.module.vpc.aws_vpc.this"
          ]
        }
      ]
    }
  ],
  "check_results": null
}
