{
  "version": 4,
  "terraform_version": "1.6.2",
  "serial": 777,
  "lineage": "f78cd446-ae20-2964-b5ee-20d1f3d6190b",
  "outputs": {},
  "resources": [
    {
      "module": "module.bastion",
      "mode": "data",
      "type": "template_file",
      "name": "userdata",
      "provider": "provider[\"registry.terraform.io/hashicorp/template\"]",
      "instances": [
        {
          "schema_version": 0,
          "attributes": {
            "filename": null,
            "id": "9be94ed29318257349fc5c64122b91a8398baf19fba05cedf4cf1035568657e2",
            "rendered": "#!/bin/bash\nset -x\n\nexec \u003e \u003e(tee /var/log/user-data.log|logger -t user-data ) 2\u003e\u00261\nyum -y update\n\necho \"AllowTcpForwarding yes\" \u003e\u003e /etc/ssh/sshd_config\nservice sshd restart\n\nyum -y install curl iputils check-update gcc wget libcurl openssl\n\nchmod 400 /home/ec2-user/id_rsa",
            "template": "#!/bin/bash\nset -x\n\nexec \u003e \u003e(tee /var/log/user-data.log|logger -t user-data ) 2\u003e\u00261\nyum -y update\n\necho \"AllowTcpForwarding yes\" \u003e\u003e /etc/ssh/sshd_config\nservice sshd restart\n\nyum -y install curl iputils check-update gcc wget libcurl openssl\n\nchmod 400 /home/ec2-user/id_rsa",
            "vars": null
          },
          "sensitive_attributes": []
        }
      ]
    },
    {
      "module": "module.bastion",
      "mode": "managed",
      "type": "aws_eip",
      "name": "bastion",
      "provider": "provider[\"registry.terraform.io/hashicorp/aws\"]",
      "instances": [
        {
          "schema_version": 0,
          "attributes": {
            "address": null,
            "allocation_id": "eipalloc-09cc2689073efa752",
            "associate_with_private_ip": "172.18.101.123",
            "association_id": "eipassoc-05a216671969280cd",
            "carrier_ip": "",
            "customer_owned_ip": "",
            "customer_owned_ipv4_pool": "",
            "domain": "vpc",
            "id": "eipalloc-09cc2689073efa752",
            "instance": "i-093778ac93e773feb",
            "network_border_group": "eu-central-1",
            "network_interface": "eni-059f1402a5424d45d",
            "private_dns": "ip-172-18-101-123.eu-central-1.compute.internal",
            "private_ip": "172.18.101.123",
            "public_dns": "ec2-3-124-149-166.eu-central-1.compute.amazonaws.com",
            "public_ip": "3.124.149.166",
            "public_ipv4_pool": "amazon",
            "tags": {},
            "tags_all": {},
            "timeouts": null,
            "vpc": true
          },
          "sensitive_attributes": [],
          "private": "eyJlMmJmYjczMC1lY2FhLTExZTYtOGY4OC0zNDM2M2JjN2M0YzAiOnsiZGVsZXRlIjoxODAwMDAwMDAwMDAsInJlYWQiOjkwMDAwMDAwMDAwMCwidXBkYXRlIjozMDAwMDAwMDAwMDB9fQ==",
          "dependencies": [
            "module.bastion.aws_instance.bastion",
            "module.bastion.aws_key_pair.bastion_key",
            "module.bastion.aws_security_group.bastion",
            "module.bastion.data.template_file.userdata",
            "module.bastion.local_sensitive_file.bastion-private-key",
            "module.bastion.tls_private_key.t",
            "module.network.module.vpc.aws_subnet.public",
            "module.network.module.vpc.aws_vpc.this",
            "module.network.module.vpc.aws_vpc_ipv4_cidr_block_association.this"
          ]
        }
      ]
    },
    {
      "module": "module.bastion",
      "mode": "managed",
      "type": "aws_instance",
      "name": "bastion",
      "provider": "provider[\"registry.terraform.io/hashicorp/aws\"]",
      "instances": [
        {
          "schema_version": 1,
          "attributes": {
            "ami": "ami-0a485299eeb98b979",
            "arn": "arn:aws:ec2:eu-central-1:211439781557:instance/i-093778ac93e773feb",
            "associate_public_ip_address": true,
            "availability_zone": "eu-central-1b",
            "capacity_reservation_specification": [
              {
                "capacity_reservation_preference": "open",
                "capacity_reservation_target": []
              }
            ],
            "cpu_core_count": 1,
            "cpu_options": [
              {
                "amd_sev_snp": "",
                "core_count": 1,
                "threads_per_core": 2
              }
            ],
            "cpu_threads_per_core": 2,
            "credit_specification": [
              {
                "cpu_credits": "standard"
              }
            ],
            "disable_api_stop": false,
            "disable_api_termination": false,
            "ebs_block_device": [],
            "ebs_optimized": false,
            "enclave_options": [
              {
                "enabled": false
              }
            ],
            "ephemeral_block_device": [],
            "get_password_data": false,
            "hibernation": false,
            "host_id": "",
            "host_resource_group_arn": null,
            "iam_instance_profile": "",
            "id": "i-093778ac93e773feb",
            "instance_initiated_shutdown_behavior": "stop",
            "instance_lifecycle": "",
            "instance_market_options": [],
            "instance_state": "running",
            "instance_type": "t3.nano",
            "ipv6_address_count": 0,
            "ipv6_addresses": [],
            "key_name": "bastion_key",
            "launch_template": [],
            "maintenance_options": [
              {
                "auto_recovery": "default"
              }
            ],
            "metadata_options": [
              {
                "http_endpoint": "enabled",
                "http_protocol_ipv6": "disabled",
                "http_put_response_hop_limit": 2,
                "http_tokens": "required",
                "instance_metadata_tags": "disabled"
              }
            ],
            "monitoring": false,
            "network_interface": [],
            "outpost_arn": "",
            "password_data": "",
            "placement_group": "",
            "placement_partition_number": 0,
            "primary_network_interface_id": "eni-059f1402a5424d45d",
            "private_dns": "ip-172-18-101-123.eu-central-1.compute.internal",
            "private_dns_name_options": [
              {
                "enable_resource_name_dns_a_record": false,
                "enable_resource_name_dns_aaaa_record": false,
                "hostname_type": "ip-name"
              }
            ],
            "private_ip": "172.18.101.123",
            "public_dns": "ec2-3-127-151-215.eu-central-1.compute.amazonaws.com",
            "public_ip": "3.127.151.215",
            "root_block_device": [
              {
                "delete_on_termination": true,
                "device_name": "/dev/xvda",
                "encrypted": false,
                "iops": 0,
                "kms_key_id": "",
                "tags": {
                  "Name": "bastion_root"
                },
                "throughput": 0,
                "volume_id": "vol-04c33ef507270c66d",
                "volume_size": 8,
                "volume_type": "standard"
              }
            ],
            "secondary_private_ips": [],
            "security_groups": [],
            "source_dest_check": true,
            "spot_instance_request_id": "",
            "subnet_id": "subnet-0c4cd4327410fa0f7",
            "tags": {
              "Name": "bastion"
            },
            "tags_all": {
              "Name": "bastion"
            },
            "tenancy": "default",
            "timeouts": null,
            "user_data": "728d92b91eb81488dd54373d2719acbf3b1bb2f1",
            "user_data_base64": null,
            "user_data_replace_on_change": false,
            "volume_tags": null,
            "vpc_security_group_ids": [
              "sg-0100d3d7ad9f4f83f"
            ]
          },
          "sensitive_attributes": [],
          "private": "eyJlMmJmYjczMC1lY2FhLTExZTYtOGY4OC0zNDM2M2JjN2M0YzAiOnsiY3JlYXRlIjo2MDAwMDAwMDAwMDAsImRlbGV0ZSI6MTIwMDAwMDAwMDAwMCwidXBkYXRlIjo2MDAwMDAwMDAwMDB9LCJzY2hlbWFfdmVyc2lvbiI6IjEifQ==",
          "dependencies": [
            "module.bastion.aws_key_pair.bastion_key",
            "module.bastion.aws_security_group.bastion",
            "module.bastion.data.template_file.userdata",
            "module.bastion.local_sensitive_file.bastion-private-key",
            "module.bastion.tls_private_key.t",
            "module.network.module.vpc.aws_subnet.public",
            "module.network.module.vpc.aws_vpc.this",
            "module.network.module.vpc.aws_vpc_ipv4_cidr_block_association.this"
          ]
        }
      ]
    },
    {
      "module": "module.bastion",
      "mode": "managed",
      "type": "aws_key_pair",
      "name": "bastion_key",
      "provider": "provider[\"registry.terraform.io/hashicorp/aws\"]",
      "instances": [
        {
          "schema_version": 1,
          "attributes": {
            "arn": "arn:aws:ec2:eu-central-1:211439781557:key-pair/bastion_key",
            "fingerprint": "8b:58:02:a9:f9:f9:c1:56:df:6d:6d:07:8c:d4:6f:c1",
            "id": "bastion_key",
            "key_name": "bastion_key",
            "key_name_prefix": "",
            "key_pair_id": "key-0343885019849307e",
            "key_type": "rsa",
            "public_key": "ssh-rsa AAAAB3NzaC1yc2EAAAADAQABAAACAQC5CT0Zts72viMJIg2b+zqByIwIpR/zkT9fg+uXLosB1TgLtkawaVp6cOkcrpdCn87xbOBNoVATbpFqJ9HxY+Hy+h3cInucIqJSdiI/Tv/j+1zyyqniqKNg8BMYo/zg1GrOt2ETLzZQMLItSmwcYkmbbGeN+yOrRLiSJG70WF46oWy0plmG6n7yQaCZ4Ju9j1EBB2CtAokKtFWZg4bI5zgrUOMrNSubxwHnjIpioD0V99R0R1RCqJJl7PMgRPy1zqFAmj7/lgXNEY7MCSTP4WbulmxMMojSjVqUn64iDmEUYU9UctmrrDunK3fthPOQlAdAKg0Jt8s+zeQYPef559SJ4kO+PCeB+X2rAukW9wXAhZBFcMsHIrRixe+v0PE9CWM9ILYiaxBKEerVqqiAxueSVygmGwt86CBjGgT9Qj6iX/9ODgEQrEHXbFOCU2q5fl0dkMV3vB9upkhTzFiCayXfq7h6ubqRLeLjUzRRazPwMDabXULug+cd4pycYoxePJpgfMq+8AgIUWRHFxxh8q9ALEPmN2HkTtEV6pCrxtWVY5gImipQTg716vIkm/oqsi1AZXIW2nwOd2UEQw1d3B3Z2HLVRSwQ3j+vGHC6pSB2v6zdXUsZ7Ce9ptq6lFnXeTTnqnwonWDdSFCban01cHdJk4HIMODlSQ9KaQM4mxE2Iw==",
            "tags": {},
            "tags_all": {}
          },
          "sensitive_attributes": [],
          "private": "eyJzY2hlbWFfdmVyc2lvbiI6IjEifQ==",
          "dependencies": [
            "module.bastion.tls_private_key.t"
          ]
        }
      ]
    },
    {
      "module": "module.bastion",
      "mode": "managed",
      "type": "aws_security_group",
      "name": "bastion",
      "provider": "provider[\"registry.terraform.io/hashicorp/aws\"]",
      "instances": [
        {
          "schema_version": 1,
          "attributes": {
            "arn": "arn:aws:ec2:eu-central-1:211439781557:security-group/sg-0100d3d7ad9f4f83f",
            "description": "EC2 Bastion Host Security Group",
            "egress": [
              {
                "cidr_blocks": [
                  "0.0.0.0/0"
                ],
                "description": "IPv4 route Open to Public Internet",
                "from_port": 0,
                "ipv6_cidr_blocks": [],
                "prefix_list_ids": [],
                "protocol": "-1",
                "security_groups": [],
                "self": false,
                "to_port": 0
              },
              {
                "cidr_blocks": [],
                "description": "IPv6 route Open to Public Internet",
                "from_port": 0,
                "ipv6_cidr_blocks": [
                  "::/0"
                ],
                "prefix_list_ids": [],
                "protocol": "-1",
                "security_groups": [],
                "self": false,
                "to_port": 0
              }
            ],
            "id": "sg-0100d3d7ad9f4f83f",
            "ingress": [
              {
                "cidr_blocks": [
                  "0.0.0.0/0"
                ],
                "description": "",
                "from_port": 22,
                "ipv6_cidr_blocks": [],
                "prefix_list_ids": [],
                "protocol": "tcp",
                "security_groups": [],
                "self": false,
                "to_port": 22
              }
            ],
            "name": "bastion",
            "name_prefix": "",
            "owner_id": "211439781557",
            "revoke_rules_on_delete": false,
            "tags": {},
            "tags_all": {},
            "timeouts": null,
            "vpc_id": "vpc-00bab91c900698c8f"
          },
          "sensitive_attributes": [],
          "private": "eyJlMmJmYjczMC1lY2FhLTExZTYtOGY4OC0zNDM2M2JjN2M0YzAiOnsiY3JlYXRlIjo2MDAwMDAwMDAwMDAsImRlbGV0ZSI6OTAwMDAwMDAwMDAwfSwic2NoZW1hX3ZlcnNpb24iOiIxIn0=",
          "dependencies": [
            "module.network.module.vpc.aws_vpc.this"
          ]
        }
      ]
    },
    {
      "module": "module.bastion",
      "mode": "managed",
      "type": "local_file",
      "name": "bastion-public-key",
      "provider": "provider[\"registry.terraform.io/hashicorp/local\"]",
      "instances": [
        {
          "schema_version": 0,
          "attributes": {
            "content": "ssh-rsa AAAAB3NzaC1yc2EAAAADAQABAAACAQC5CT0Zts72viMJIg2b+zqByIwIpR/zkT9fg+uXLosB1TgLtkawaVp6cOkcrpdCn87xbOBNoVATbpFqJ9HxY+Hy+h3cInucIqJSdiI/Tv/j+1zyyqniqKNg8BMYo/zg1GrOt2ETLzZQMLItSmwcYkmbbGeN+yOrRLiSJG70WF46oWy0plmG6n7yQaCZ4Ju9j1EBB2CtAokKtFWZg4bI5zgrUOMrNSubxwHnjIpioD0V99R0R1RCqJJl7PMgRPy1zqFAmj7/lgXNEY7MCSTP4WbulmxMMojSjVqUn64iDmEUYU9UctmrrDunK3fthPOQlAdAKg0Jt8s+zeQYPef559SJ4kO+PCeB+X2rAukW9wXAhZBFcMsHIrRixe+v0PE9CWM9ILYiaxBKEerVqqiAxueSVygmGwt86CBjGgT9Qj6iX/9ODgEQrEHXbFOCU2q5fl0dkMV3vB9upkhTzFiCayXfq7h6ubqRLeLjUzRRazPwMDabXULug+cd4pycYoxePJpgfMq+8AgIUWRHFxxh8q9ALEPmN2HkTtEV6pCrxtWVY5gImipQTg716vIkm/oqsi1AZXIW2nwOd2UEQw1d3B3Z2HLVRSwQ3j+vGHC6pSB2v6zdXUsZ7Ce9ptq6lFnXeTTnqnwonWDdSFCban01cHdJk4HIMODlSQ9KaQM4mxE2Iw==\n",
            "content_base64": null,
            "content_base64sha256": "uLqahbTLQNjoS6QM0FMml/wF9b1lTMOHbLheEQOcRLI=",
            "content_base64sha512": "aZ0MwNAeGEyE+WaIMPp444LoVaqdHqlaf89CM4I4NxEZLdjNwod8hzyf8wK2D6TEjhL8jEKMtUVgAgFJB8D3KQ==",
            "content_md5": "1eb8fba1feeb513bb415b0f7efd9ee3a",
            "content_sha1": "35465c13542bc5a8ff39d5f0587bbd9e0d5aa167",
            "content_sha256": "b8ba9a85b4cb40d8e84ba40cd0532697fc05f5bd654cc3876cb85e11039c44b2",
            "content_sha512": "699d0cc0d01e184c84f9668830fa78e382e855aa9d1ea95a7fcf423382383711192dd8cdc2877c873c9ff302b60fa4c48e12fc8c428cb5456002014907c0f729",
            "directory_permission": "0777",
            "file_permission": "0777",
            "filename": "/Users/vladislavkozulin/work/dcms/infra/ssh/key.pub",
            "id": "35465c13542bc5a8ff39d5f0587bbd9e0d5aa167",
            "sensitive_content": null,
            "source": null
          },
          "sensitive_attributes": [],
          "dependencies": [
            "module.bastion.tls_private_key.t"
          ]
        }
      ]
    },
    {
      "module": "module.bastion",
      "mode": "managed",
      "type": "local_sensitive_file",
      "name": "bastion-private-key",
      "provider": "provider[\"registry.terraform.io/hashicorp/local\"]",
      "instances": [
        {
          "schema_version": 0,
          "attributes": {
            "content": "-----BEGIN RSA PRIVATE KEY-----\nMIIJKQIBAAKCAgEAuQk9GbbO9r4jCSINm/s6gciMCKUf85E/X4Prly6LAdU4C7ZG\nsGlaenDpHK6XQp/O8WzgTaFQE26RaifR8WPh8vod3CJ7nCKiUnYiP07/4/tc8sqp\n4qijYPATGKP84NRqzrdhEy82UDCyLUpsHGJJm2xnjfsjq0S4kiRu9FheOqFstKZZ\nhup+8kGgmeCbvY9RAQdgrQKJCrRVmYOGyOc4K1DjKzUrm8cB54yKYqA9FffUdEdU\nQqiSZezzIET8tc6hQJo+/5YFzRGOzAkkz+Fm7pZsTDKI0o1alJ+uIg5hFGFPVHLZ\nq6w7pyt37YTzkJQHQCoNCbfLPs3kGD3n+efUieJDvjwngfl9qwLpFvcFwIWQRXDL\nByK0YsXvr9DxPQljPSC2ImsQShHq1aqogMbnklcoJhsLfOggYxoE/UI+ol//Tg4B\nEKxB12xTglNquX5dHZDFd7wfbqZIU8xYgmsl36u4erm6kS3i41M0UWsz8DA2m11C\n7oPnHeKcnGKMXjyaYHzKvvAICFFkRxccYfKvQCxD5jdh5E7RFeqQq8bVlWOYCJoq\nUE4O9eryJJv6KrItQGVyFtp8DndlBEMNXdwd2dhy1UUsEN4/rxhwuqUgdr+s3V1L\nGewnvabaupRZ13k056p8KJ1g3UhQm2p9NXB3SZOByDDg5UkPSmkDOJsRNiMCAwEA\nAQKCAgBayqK1ZFLHFWKhj5j36Vy648l6UHOOEr3ywwstQkQo4RNAA+9Jjlg77f0j\n+rLzmPB028RvsvBUqJMncGR+OlFa5MkUA8N9SC03owmI4N2EYwknhLO5KKAJ56Kn\nG4fwVaoWxjoWrLrMvCghOvwzLTMK1TU2oHzPA8hAxSnAMUADKsPpHBqfrZ4ehn8k\nIeapK5JGm/UezzipDPVXfwb6uyF/d5AP2mYMaKiRkg8w94khp1oSuBErKAW1h3+A\nXPlWyA2tYkH5LQapqazUhsQOUH4uIZcACGfEUGGavYM26LFPy7OeL0CJENiwXQ7a\nd7r/PPMV08xT8WAD8Ai0sGOL5uoM6tuaR8m+UZhk8AboTJt2OXDhTS+2vXQtMy+g\nWBA93I2eWTOJeAkAR+H3UKBBvdm2l1Uvd0Ao6aXQlpGk/eb0nsiATiOoJ6OWFy3D\nSsTkAOCBB6yK1CWvfSNX6ZgLxK8/kIhsLxL6xjrXcLISKNWGX47L+iM+gC8jBlNC\nkhIuLKCft21+nmb3tdZzSeB5VN8ZwLq17/hJRowDeLhGp7guZ4VNzpVLyRa0XgPr\npqKFKWChMTw+PMg1JyxhaODOBP4VGE/JUPaJ8lQj5GvHkfskQ2ty4J+nUC6fUwaM\nusrBC1FKTQvamp1PhZa+KcUIqsAO+u57stTvwFnyS5ky3E+UGQKCAQEAwPlrRadS\nJrozNteXtHHQyhpi3Bis+VxaxH0IgoQMNm18QV4n+jsL71udgOh8j3DSVIb/H1Fu\nZW4Si57nh/4J9i6PxvSLE1E1NGrGVhRGq4W+m9UrBEZK4nd4bw/KujHnrtXikZWW\nfhDdMB5ZjQt5+YGrHA+ZIw3qxn/UXTzskfzy7w3dqvoaVan+3q30NS7g8e2zo395\nr47TH5MeyQBJO8pgu2bK1YzdpTf/3Mt0Yq/8qX4bWtQ7a/YW7WWASXBIXdwRl+Bb\nvrLqsathaNKiw8Dmk7gDvlIiJiSp9+15KTuWKD4p1sJHPBNpVJsbmNT72pKUJUQm\nBSeUHMuncgfvdwKCAQEA9XgbOai3EaxWUWpUpiWz3+3BSaQMBgWXLB6xd4xPhekA\nMfif76vBd7MjOJnC31UmvvB8EwgMeVxLeV8/+tkLEaOYl+J2PQhwZIoRKNOtCzd1\n0bcERqveZQjCGtWbfucFsLsaNfST8v1r9AZNYIVfTSvUtdm2TKN0I5n1wv1dYCRW\n20qn75TBVwO2fB3/ZBCWYfRiVoD4/Sv4Wi+XGhqSlpsmH6cO3ZWYch1zc8RhJSmj\naOzILqZBsNVjQgnLO4lmqWqHQ2qWtqfja7eds5ncbyKAhuvcDrk7CO6Ow+37V2YX\nfqSAykxRESotzm6j0rVXId8wV0zEUXL3u3mpv2IRtQKCAQEAqycMm5SRakPPVJ7W\nsHYZ5oaMlAVWtTvSTV9QAuI3Krbkc92cu3VPWpX5FfIdN+OqyMmK0S4aKd/8ltTz\nKUyJbU1Su/T8vL9T3w+spYAKReqzaecg5gOqOz4XFPn+pjHI+Oo+rzzrYxh19U2V\nw2EgZ8k4CAVVnx+i0TdjFOcKM1kT5i54IkL8xGmn4byLUfgoDqryntpbBPg6DFEi\nBsg4K82NCelbkRgFJZqLVjslGLpZ78InZOHDajezkg5qP7hUltqux/N3q6VoPvhv\nxta7Ab+/Qdj9iPmzy/zMu1ZmFcoBneO0nANnxsK4sw925JBSaEOFHaBZ0EyQMxH1\ni0+6dQKCAQEApy8ye8bpSOQztifRl4e+RxnLt7g/aCqOl8If5OhvkSjstRw88iPt\nFPWxW29+RlXcmdd46g1lUZMG5Jd3IAaLf2wJFglrto303sUagtAI38baPAeGpguQ\n4QdiDJzH11rJiWElrPHzgmAQEpfoQ4ETM6BSs7igbPo2s7i8ph2iZ0TY02q5jnem\nZvlkZIyZ0TFq+zRTdc9JxkUYVXRsWZ8Xj/QDtzM08L5eofplE8gA0irV3TTH8t3R\nh/sOK4A4J0ih32lqzwPdunIGdusMQbLda+P33ezuaCjIiIDSQ6fms9QY1Gx+O0pX\nPHWZ1SuN8IkJ20wDxLHIVCEVkV5/upW0sQKCAQAc7gzfDS0cAgeOirDLhdoB3I29\nUr0ATAvFsMAVpz6rGLaiwu1CENgKP9NrjxiFEdqKSZmRTtY23XMZZB6iyOURgtoI\n8M8oSv7ee9B7ypLBHjV6ruIGJEOPd3xc9QNdrOvWgxz6iW5yX4NkCpGNjv3iulZY\n321eL/+zTHuMwWEhvU2l9CyEGMyk+uSJDAwwVJtKXUbCPs7+TwXryCNWeukgiWMt\nNmBKe5kcP1ZZym9gS9IYNaK1FRH4LViS+ODFuZfcLmzdjnjkJmiWmx2OvWdGWyNZ\n8Ynr6Fcj+kErKAAaLB2ltsPIgec60W7MJ0nnry+I2tBiYJrqRaoq29AYXhzu\n-----END RSA PRIVATE KEY-----\n",
            "content_base64": null,
            "content_base64sha256": "3+1IMTWd7SQQxx0hEUVwEGD1NpiXpLVU6aye5Pa8MCg=",
            "content_base64sha512": "xoFl+hAJLSH3yBb1r+Qf2BYk1EGkLaSXcpQEiUI+17zZDF13UiqdAU+ffDO4BuSpBLjLiI8F8PK1vBmWNJhPfg==",
            "content_md5": "5ceac6e50547840b7dd2ba61cacb25c5",
            "content_sha1": "ee2a6e6e6ca552a314c65550525e158e03a61a03",
            "content_sha256": "dfed4831359ded2410c71d211145701060f5369897a4b554e9ac9ee4f6bc3028",
            "content_sha512": "c68165fa10092d21f7c816f5afe41fd81624d441a42da49772940489423ed7bcd90c5d77522a9d014f9f7c33b806e4a904b8cb888f05f0f2b5bc199634984f7e",
            "directory_permission": "0700",
            "file_permission": "0600",
            "filename": "/Users/vladislavkozulin/work/dcms/infra/ssh/key",
            "id": "ee2a6e6e6ca552a314c65550525e158e03a61a03",
            "source": null
          },
          "sensitive_attributes": [
            [
              {
                "type": "get_attr",
                "value": "content"
              }
            ]
          ],
          "dependencies": [
            "module.bastion.tls_private_key.t"
          ]
        }
      ]
    },
    {
      "module": "module.bastion",
      "mode": "managed",
      "type": "tls_private_key",
      "name": "t",
      "provider": "provider[\"registry.terraform.io/hashicorp/tls\"]",
      "instances": [
        {
          "schema_version": 1,
          "attributes": {
            "algorithm": "RSA",
            "ecdsa_curve": "P224",
            "id": "f5b7e877db2b952e51ea0e3ba40c857a2a889c7f",
            "private_key_openssh": "-----BEGIN OPENSSH PRIVATE KEY-----\nb3BlbnNzaC1rZXktdjEAAAAABG5vbmUAAAAEbm9uZQAAAAAAAAABAAACFwAAAAdz\nc2gtcnNhAAAAAwEAAQAAAgEAuQk9GbbO9r4jCSINm/s6gciMCKUf85E/X4Prly6L\nAdU4C7ZGsGlaenDpHK6XQp/O8WzgTaFQE26RaifR8WPh8vod3CJ7nCKiUnYiP07/\n4/tc8sqp4qijYPATGKP84NRqzrdhEy82UDCyLUpsHGJJm2xnjfsjq0S4kiRu9Fhe\nOqFstKZZhup+8kGgmeCbvY9RAQdgrQKJCrRVmYOGyOc4K1DjKzUrm8cB54yKYqA9\nFffUdEdUQqiSZezzIET8tc6hQJo+/5YFzRGOzAkkz+Fm7pZsTDKI0o1alJ+uIg5h\nFGFPVHLZq6w7pyt37YTzkJQHQCoNCbfLPs3kGD3n+efUieJDvjwngfl9qwLpFvcF\nwIWQRXDLByK0YsXvr9DxPQljPSC2ImsQShHq1aqogMbnklcoJhsLfOggYxoE/UI+\nol//Tg4BEKxB12xTglNquX5dHZDFd7wfbqZIU8xYgmsl36u4erm6kS3i41M0UWsz\n8DA2m11C7oPnHeKcnGKMXjyaYHzKvvAICFFkRxccYfKvQCxD5jdh5E7RFeqQq8bV\nlWOYCJoqUE4O9eryJJv6KrItQGVyFtp8DndlBEMNXdwd2dhy1UUsEN4/rxhwuqUg\ndr+s3V1LGewnvabaupRZ13k056p8KJ1g3UhQm2p9NXB3SZOByDDg5UkPSmkDOJsR\nNiMAAAc4K4g1BSuINQUAAAAHc3NoLXJzYQAAAgEAuQk9GbbO9r4jCSINm/s6gciM\nCKUf85E/X4Prly6LAdU4C7ZGsGlaenDpHK6XQp/O8WzgTaFQE26RaifR8WPh8vod\n3CJ7nCKiUnYiP07/4/tc8sqp4qijYPATGKP84NRqzrdhEy82UDCyLUpsHGJJm2xn\njfsjq0S4kiRu9FheOqFstKZZhup+8kGgmeCbvY9RAQdgrQKJCrRVmYOGyOc4K1Dj\nKzUrm8cB54yKYqA9FffUdEdUQqiSZezzIET8tc6hQJo+/5YFzRGOzAkkz+Fm7pZs\nTDKI0o1alJ+uIg5hFGFPVHLZq6w7pyt37YTzkJQHQCoNCbfLPs3kGD3n+efUieJD\nvjwngfl9qwLpFvcFwIWQRXDLByK0YsXvr9DxPQljPSC2ImsQShHq1aqogMbnklco\nJhsLfOggYxoE/UI+ol//Tg4BEKxB12xTglNquX5dHZDFd7wfbqZIU8xYgmsl36u4\nerm6kS3i41M0UWsz8DA2m11C7oPnHeKcnGKMXjyaYHzKvvAICFFkRxccYfKvQCxD\n5jdh5E7RFeqQq8bVlWOYCJoqUE4O9eryJJv6KrItQGVyFtp8DndlBEMNXdwd2dhy\n1UUsEN4/rxhwuqUgdr+s3V1LGewnvabaupRZ13k056p8KJ1g3UhQm2p9NXB3SZOB\nyDDg5UkPSmkDOJsRNiMAAAADAQABAAACAFrKorVkUscVYqGPmPfpXLrjyXpQc44S\nvfLDCy1CRCjhE0AD70mOWDvt/SP6svOY8HTbxG+y8FSokydwZH46UVrkyRQDw31I\nLTejCYjg3YRjCSeEs7kooAnnoqcbh/BVqhbGOhasusy8KCE6/DMtMwrVNTagfM8D\nyEDFKcAxQAMqw+kcGp+tnh6GfyQh5qkrkkab9R7POKkM9Vd/Bvq7IX93kA/aZgxo\nqJGSDzD3iSGnWhK4ESsoBbWHf4Bc+VbIDa1iQfktBqmprNSGxA5Qfi4hlwAIZ8RQ\nYZq9gzbosU/Ls54vQIkQ2LBdDtp3uv888xXTzFPxYAPwCLSwY4vm6gzq25pHyb5R\nmGTwBuhMm3Y5cOFNL7a9dC0zL6BYED3cjZ5ZM4l4CQBH4fdQoEG92baXVS93QCjp\npdCWkaT95vSeyIBOI6gno5YXLcNKxOQA4IEHrIrUJa99I1fpmAvErz+QiGwvEvrG\nOtdwshIo1YZfjsv6Iz6ALyMGU0KSEi4soJ+3bX6eZve11nNJ4HlU3xnAurXv+ElG\njAN4uEanuC5nhU3OlUvJFrReA+umooUpYKExPD48yDUnLGFo4M4E/hUYT8lQ9ony\nVCPka8eR+yRDa3Lgn6dQLp9TBoy6ysELUUpNC9qanU+Flr4pxQiqwA767nuy1O/A\nWfJLmTLcT5QZAAABABzuDN8NLRwCB46KsMuF2gHcjb1SvQBMC8WwwBWnPqsYtqLC\n7UIQ2Ao/02uPGIUR2opJmZFO1jbdcxlkHqLI5RGC2gjwzyhK/t570HvKksEeNXqu\n4gYkQ493fFz1A12s69aDHPqJbnJfg2QKkY2O/eK6VljfbV4v/7NMe4zBYSG9TaX0\nLIQYzKT65IkMDDBUm0pdRsI+zv5PBevII1Z66SCJYy02YEp7mRw/VlnKb2BL0hg1\norUVEfgtWJL44MW5l9wubN2OeOQmaJabHY69Z0ZbI1nxievoVyP6QSsoABosHaW2\nw8iB5zrRbswnSeevL4ja0GJgmupFqirb0BheHO4AAAEBAMD5a0WnUia6MzbXl7Rx\n0MoaYtwYrPlcWsR9CIKEDDZtfEFeJ/o7C+9bnYDofI9w0lSG/x9RbmVuEoue54f+\nCfYuj8b0ixNRNTRqxlYURquFvpvVKwRGSuJ3eG8Pyrox567V4pGVln4Q3TAeWY0L\nefmBqxwPmSMN6sZ/1F087JH88u8N3ar6GlWp/t6t9DUu4PHts6N/ea+O0x+THskA\nSTvKYLtmytWM3aU3/9zLdGKv/Kl+G1rUO2v2Fu1lgElwSF3cEZfgW76y6rGrYWjS\nosPA5pO4A75SIiYkqffteSk7lig+KdbCRzwTaVSbG5jU+9qSlCVEJgUnlBzLp3IH\n73cAAAEBAPV4GzmotxGsVlFqVKYls9/twUmkDAYFlywesXeMT4XpADH4n++rwXez\nIziZwt9VJr7wfBMIDHlcS3lfP/rZCxGjmJfidj0IcGSKESjTrQs3ddG3BEar3mUI\nwhrVm37nBbC7GjX0k/L9a/QGTWCFX00r1LXZtkyjdCOZ9cL9XWAkVttKp++UwVcD\ntnwd/2QQlmH0YlaA+P0r+FovlxoakpabJh+nDt2VmHIdc3PEYSUpo2jsyC6mQbDV\nY0IJyzuJZqlqh0Nqlran42u3nbOZ3G8igIbr3A65OwjujsPt+1dmF36kgMpMUREq\nLc5uo9K1VyHfMFdMxFFy97t5qb9iEbUAAAAAAQID\n-----END OPENSSH PRIVATE KEY-----\n",
            "private_key_pem": "-----BEGIN RSA PRIVATE KEY-----\nMIIJKQIBAAKCAgEAuQk9GbbO9r4jCSINm/s6gciMCKUf85E/X4Prly6LAdU4C7ZG\nsGlaenDpHK6XQp/O8WzgTaFQE26RaifR8WPh8vod3CJ7nCKiUnYiP07/4/tc8sqp\n4qijYPATGKP84NRqzrdhEy82UDCyLUpsHGJJm2xnjfsjq0S4kiRu9FheOqFstKZZ\nhup+8kGgmeCbvY9RAQdgrQKJCrRVmYOGyOc4K1DjKzUrm8cB54yKYqA9FffUdEdU\nQqiSZezzIET8tc6hQJo+/5YFzRGOzAkkz+Fm7pZsTDKI0o1alJ+uIg5hFGFPVHLZ\nq6w7pyt37YTzkJQHQCoNCbfLPs3kGD3n+efUieJDvjwngfl9qwLpFvcFwIWQRXDL\nByK0YsXvr9DxPQljPSC2ImsQShHq1aqogMbnklcoJhsLfOggYxoE/UI+ol//Tg4B\nEKxB12xTglNquX5dHZDFd7wfbqZIU8xYgmsl36u4erm6kS3i41M0UWsz8DA2m11C\n7oPnHeKcnGKMXjyaYHzKvvAICFFkRxccYfKvQCxD5jdh5E7RFeqQq8bVlWOYCJoq\nUE4O9eryJJv6KrItQGVyFtp8DndlBEMNXdwd2dhy1UUsEN4/rxhwuqUgdr+s3V1L\nGewnvabaupRZ13k056p8KJ1g3UhQm2p9NXB3SZOByDDg5UkPSmkDOJsRNiMCAwEA\nAQKCAgBayqK1ZFLHFWKhj5j36Vy648l6UHOOEr3ywwstQkQo4RNAA+9Jjlg77f0j\n+rLzmPB028RvsvBUqJMncGR+OlFa5MkUA8N9SC03owmI4N2EYwknhLO5KKAJ56Kn\nG4fwVaoWxjoWrLrMvCghOvwzLTMK1TU2oHzPA8hAxSnAMUADKsPpHBqfrZ4ehn8k\nIeapK5JGm/UezzipDPVXfwb6uyF/d5AP2mYMaKiRkg8w94khp1oSuBErKAW1h3+A\nXPlWyA2tYkH5LQapqazUhsQOUH4uIZcACGfEUGGavYM26LFPy7OeL0CJENiwXQ7a\nd7r/PPMV08xT8WAD8Ai0sGOL5uoM6tuaR8m+UZhk8AboTJt2OXDhTS+2vXQtMy+g\nWBA93I2eWTOJeAkAR+H3UKBBvdm2l1Uvd0Ao6aXQlpGk/eb0nsiATiOoJ6OWFy3D\nSsTkAOCBB6yK1CWvfSNX6ZgLxK8/kIhsLxL6xjrXcLISKNWGX47L+iM+gC8jBlNC\nkhIuLKCft21+nmb3tdZzSeB5VN8ZwLq17/hJRowDeLhGp7guZ4VNzpVLyRa0XgPr\npqKFKWChMTw+PMg1JyxhaODOBP4VGE/JUPaJ8lQj5GvHkfskQ2ty4J+nUC6fUwaM\nusrBC1FKTQvamp1PhZa+KcUIqsAO+u57stTvwFnyS5ky3E+UGQKCAQEAwPlrRadS\nJrozNteXtHHQyhpi3Bis+VxaxH0IgoQMNm18QV4n+jsL71udgOh8j3DSVIb/H1Fu\nZW4Si57nh/4J9i6PxvSLE1E1NGrGVhRGq4W+m9UrBEZK4nd4bw/KujHnrtXikZWW\nfhDdMB5ZjQt5+YGrHA+ZIw3qxn/UXTzskfzy7w3dqvoaVan+3q30NS7g8e2zo395\nr47TH5MeyQBJO8pgu2bK1YzdpTf/3Mt0Yq/8qX4bWtQ7a/YW7WWASXBIXdwRl+Bb\nvrLqsathaNKiw8Dmk7gDvlIiJiSp9+15KTuWKD4p1sJHPBNpVJsbmNT72pKUJUQm\nBSeUHMuncgfvdwKCAQEA9XgbOai3EaxWUWpUpiWz3+3BSaQMBgWXLB6xd4xPhekA\nMfif76vBd7MjOJnC31UmvvB8EwgMeVxLeV8/+tkLEaOYl+J2PQhwZIoRKNOtCzd1\n0bcERqveZQjCGtWbfucFsLsaNfST8v1r9AZNYIVfTSvUtdm2TKN0I5n1wv1dYCRW\n20qn75TBVwO2fB3/ZBCWYfRiVoD4/Sv4Wi+XGhqSlpsmH6cO3ZWYch1zc8RhJSmj\naOzILqZBsNVjQgnLO4lmqWqHQ2qWtqfja7eds5ncbyKAhuvcDrk7CO6Ow+37V2YX\nfqSAykxRESotzm6j0rVXId8wV0zEUXL3u3mpv2IRtQKCAQEAqycMm5SRakPPVJ7W\nsHYZ5oaMlAVWtTvSTV9QAuI3Krbkc92cu3VPWpX5FfIdN+OqyMmK0S4aKd/8ltTz\nKUyJbU1Su/T8vL9T3w+spYAKReqzaecg5gOqOz4XFPn+pjHI+Oo+rzzrYxh19U2V\nw2EgZ8k4CAVVnx+i0TdjFOcKM1kT5i54IkL8xGmn4byLUfgoDqryntpbBPg6DFEi\nBsg4K82NCelbkRgFJZqLVjslGLpZ78InZOHDajezkg5qP7hUltqux/N3q6VoPvhv\nxta7Ab+/Qdj9iPmzy/zMu1ZmFcoBneO0nANnxsK4sw925JBSaEOFHaBZ0EyQMxH1\ni0+6dQKCAQEApy8ye8bpSOQztifRl4e+RxnLt7g/aCqOl8If5OhvkSjstRw88iPt\nFPWxW29+RlXcmdd46g1lUZMG5Jd3IAaLf2wJFglrto303sUagtAI38baPAeGpguQ\n4QdiDJzH11rJiWElrPHzgmAQEpfoQ4ETM6BSs7igbPo2s7i8ph2iZ0TY02q5jnem\nZvlkZIyZ0TFq+zRTdc9JxkUYVXRsWZ8Xj/QDtzM08L5eofplE8gA0irV3TTH8t3R\nh/sOK4A4J0ih32lqzwPdunIGdusMQbLda+P33ezuaCjIiIDSQ6fms9QY1Gx+O0pX\nPHWZ1SuN8IkJ20wDxLHIVCEVkV5/upW0sQKCAQAc7gzfDS0cAgeOirDLhdoB3I29\nUr0ATAvFsMAVpz6rGLaiwu1CENgKP9NrjxiFEdqKSZmRTtY23XMZZB6iyOURgtoI\n8M8oSv7ee9B7ypLBHjV6ruIGJEOPd3xc9QNdrOvWgxz6iW5yX4NkCpGNjv3iulZY\n321eL/+zTHuMwWEhvU2l9CyEGMyk+uSJDAwwVJtKXUbCPs7+TwXryCNWeukgiWMt\nNmBKe5kcP1ZZym9gS9IYNaK1FRH4LViS+ODFuZfcLmzdjnjkJmiWmx2OvWdGWyNZ\n8Ynr6Fcj+kErKAAaLB2ltsPIgec60W7MJ0nnry+I2tBiYJrqRaoq29AYXhzu\n-----END RSA PRIVATE KEY-----\n",
            "private_key_pem_pkcs8": "-----BEGIN PRIVATE KEY-----\nMIIJQwIBADANBgkqhkiG9w0BAQEFAASCCS0wggkpAgEAAoICAQC5CT0Zts72viMJ\nIg2b+zqByIwIpR/zkT9fg+uXLosB1TgLtkawaVp6cOkcrpdCn87xbOBNoVATbpFq\nJ9HxY+Hy+h3cInucIqJSdiI/Tv/j+1zyyqniqKNg8BMYo/zg1GrOt2ETLzZQMLIt\nSmwcYkmbbGeN+yOrRLiSJG70WF46oWy0plmG6n7yQaCZ4Ju9j1EBB2CtAokKtFWZ\ng4bI5zgrUOMrNSubxwHnjIpioD0V99R0R1RCqJJl7PMgRPy1zqFAmj7/lgXNEY7M\nCSTP4WbulmxMMojSjVqUn64iDmEUYU9UctmrrDunK3fthPOQlAdAKg0Jt8s+zeQY\nPef559SJ4kO+PCeB+X2rAukW9wXAhZBFcMsHIrRixe+v0PE9CWM9ILYiaxBKEerV\nqqiAxueSVygmGwt86CBjGgT9Qj6iX/9ODgEQrEHXbFOCU2q5fl0dkMV3vB9upkhT\nzFiCayXfq7h6ubqRLeLjUzRRazPwMDabXULug+cd4pycYoxePJpgfMq+8AgIUWRH\nFxxh8q9ALEPmN2HkTtEV6pCrxtWVY5gImipQTg716vIkm/oqsi1AZXIW2nwOd2UE\nQw1d3B3Z2HLVRSwQ3j+vGHC6pSB2v6zdXUsZ7Ce9ptq6lFnXeTTnqnwonWDdSFCb\nan01cHdJk4HIMODlSQ9KaQM4mxE2IwIDAQABAoICAFrKorVkUscVYqGPmPfpXLrj\nyXpQc44SvfLDCy1CRCjhE0AD70mOWDvt/SP6svOY8HTbxG+y8FSokydwZH46UVrk\nyRQDw31ILTejCYjg3YRjCSeEs7kooAnnoqcbh/BVqhbGOhasusy8KCE6/DMtMwrV\nNTagfM8DyEDFKcAxQAMqw+kcGp+tnh6GfyQh5qkrkkab9R7POKkM9Vd/Bvq7IX93\nkA/aZgxoqJGSDzD3iSGnWhK4ESsoBbWHf4Bc+VbIDa1iQfktBqmprNSGxA5Qfi4h\nlwAIZ8RQYZq9gzbosU/Ls54vQIkQ2LBdDtp3uv888xXTzFPxYAPwCLSwY4vm6gzq\n25pHyb5RmGTwBuhMm3Y5cOFNL7a9dC0zL6BYED3cjZ5ZM4l4CQBH4fdQoEG92baX\nVS93QCjppdCWkaT95vSeyIBOI6gno5YXLcNKxOQA4IEHrIrUJa99I1fpmAvErz+Q\niGwvEvrGOtdwshIo1YZfjsv6Iz6ALyMGU0KSEi4soJ+3bX6eZve11nNJ4HlU3xnA\nurXv+ElGjAN4uEanuC5nhU3OlUvJFrReA+umooUpYKExPD48yDUnLGFo4M4E/hUY\nT8lQ9onyVCPka8eR+yRDa3Lgn6dQLp9TBoy6ysELUUpNC9qanU+Flr4pxQiqwA76\n7nuy1O/AWfJLmTLcT5QZAoIBAQDA+WtFp1ImujM215e0cdDKGmLcGKz5XFrEfQiC\nhAw2bXxBXif6OwvvW52A6HyPcNJUhv8fUW5lbhKLnueH/gn2Lo/G9IsTUTU0asZW\nFEarhb6b1SsERkrid3hvD8q6Meeu1eKRlZZ+EN0wHlmNC3n5gascD5kjDerGf9Rd\nPOyR/PLvDd2q+hpVqf7erfQ1LuDx7bOjf3mvjtMfkx7JAEk7ymC7ZsrVjN2lN//c\ny3Rir/ypfhta1Dtr9hbtZYBJcEhd3BGX4Fu+suqxq2Fo0qLDwOaTuAO+UiImJKn3\n7XkpO5YoPinWwkc8E2lUmxuY1PvakpQlRCYFJ5Qcy6dyB+93AoIBAQD1eBs5qLcR\nrFZRalSmJbPf7cFJpAwGBZcsHrF3jE+F6QAx+J/vq8F3syM4mcLfVSa+8HwTCAx5\nXEt5Xz/62QsRo5iX4nY9CHBkihEo060LN3XRtwRGq95lCMIa1Zt+5wWwuxo19JPy\n/Wv0Bk1ghV9NK9S12bZMo3QjmfXC/V1gJFbbSqfvlMFXA7Z8Hf9kEJZh9GJWgPj9\nK/haL5caGpKWmyYfpw7dlZhyHXNzxGElKaNo7MgupkGw1WNCCcs7iWapaodDapa2\np+Nrt52zmdxvIoCG69wOuTsI7o7D7ftXZhd+pIDKTFERKi3ObqPStVch3zBXTMRR\ncve7eam/YhG1AoIBAQCrJwyblJFqQ89UntawdhnmhoyUBVa1O9JNX1AC4jcqtuRz\n3Zy7dU9alfkV8h0346rIyYrRLhop3/yW1PMpTIltTVK79Py8v1PfD6ylgApF6rNp\n5yDmA6o7PhcU+f6mMcj46j6vPOtjGHX1TZXDYSBnyTgIBVWfH6LRN2MU5wozWRPm\nLngiQvzEaafhvItR+CgOqvKe2lsE+DoMUSIGyDgrzY0J6VuRGAUlmotWOyUYulnv\nwidk4cNqN7OSDmo/uFSW2q7H83erpWg++G/G1rsBv79B2P2I+bPL/My7VmYVygGd\n47ScA2fGwrizD3bkkFJoQ4UdoFnQTJAzEfWLT7p1AoIBAQCnLzJ7xulI5DO2J9GX\nh75HGcu3uD9oKo6Xwh/k6G+RKOy1HDzyI+0U9bFbb35GVdyZ13jqDWVRkwbkl3cg\nBot/bAkWCWu2jfTexRqC0Ajfxto8B4amC5DhB2IMnMfXWsmJYSWs8fOCYBASl+hD\ngRMzoFKzuKBs+jazuLymHaJnRNjTarmOd6Zm+WRkjJnRMWr7NFN1z0nGRRhVdGxZ\nnxeP9AO3MzTwvl6h+mUTyADSKtXdNMfy3dGH+w4rgDgnSKHfaWrPA926cgZ26wxB\nst1r4/fd7O5oKMiIgNJDp+az1BjUbH47Slc8dZnVK43wiQnbTAPEschUIRWRXn+6\nlbSxAoIBABzuDN8NLRwCB46KsMuF2gHcjb1SvQBMC8WwwBWnPqsYtqLC7UIQ2Ao/\n02uPGIUR2opJmZFO1jbdcxlkHqLI5RGC2gjwzyhK/t570HvKksEeNXqu4gYkQ493\nfFz1A12s69aDHPqJbnJfg2QKkY2O/eK6VljfbV4v/7NMe4zBYSG9TaX0LIQYzKT6\n5IkMDDBUm0pdRsI+zv5PBevII1Z66SCJYy02YEp7mRw/VlnKb2BL0hg1orUVEfgt\nWJL44MW5l9wubN2OeOQmaJabHY69Z0ZbI1nxievoVyP6QSsoABosHaW2w8iB5zrR\nbswnSeevL4ja0GJgmupFqirb0BheHO4=\n-----END PRIVATE KEY-----\n",
            "public_key_fingerprint_md5": "32:f4:e9:6e:8c:25:0e:cd:1f:46:23:b5:0f:34:4c:45",
            "public_key_fingerprint_sha256": "SHA256:0qCewlosVfw1GYW5Rl3EbExZX8aYkp5XHDtPy1Xo0vQ",
            "public_key_openssh": "ssh-rsa AAAAB3NzaC1yc2EAAAADAQABAAACAQC5CT0Zts72viMJIg2b+zqByIwIpR/zkT9fg+uXLosB1TgLtkawaVp6cOkcrpdCn87xbOBNoVATbpFqJ9HxY+Hy+h3cInucIqJSdiI/Tv/j+1zyyqniqKNg8BMYo/zg1GrOt2ETLzZQMLItSmwcYkmbbGeN+yOrRLiSJG70WF46oWy0plmG6n7yQaCZ4Ju9j1EBB2CtAokKtFWZg4bI5zgrUOMrNSubxwHnjIpioD0V99R0R1RCqJJl7PMgRPy1zqFAmj7/lgXNEY7MCSTP4WbulmxMMojSjVqUn64iDmEUYU9UctmrrDunK3fthPOQlAdAKg0Jt8s+zeQYPef559SJ4kO+PCeB+X2rAukW9wXAhZBFcMsHIrRixe+v0PE9CWM9ILYiaxBKEerVqqiAxueSVygmGwt86CBjGgT9Qj6iX/9ODgEQrEHXbFOCU2q5fl0dkMV3vB9upkhTzFiCayXfq7h6ubqRLeLjUzRRazPwMDabXULug+cd4pycYoxePJpgfMq+8AgIUWRHFxxh8q9ALEPmN2HkTtEV6pCrxtWVY5gImipQTg716vIkm/oqsi1AZXIW2nwOd2UEQw1d3B3Z2HLVRSwQ3j+vGHC6pSB2v6zdXUsZ7Ce9ptq6lFnXeTTnqnwonWDdSFCban01cHdJk4HIMODlSQ9KaQM4mxE2Iw==\n",
            "public_key_pem": "-----BEGIN PUBLIC KEY-----\nMIICIjANBgkqhkiG9w0BAQEFAAOCAg8AMIICCgKCAgEAuQk9GbbO9r4jCSINm/s6\ngciMCKUf85E/X4Prly6LAdU4C7ZGsGlaenDpHK6XQp/O8WzgTaFQE26RaifR8WPh\n8vod3CJ7nCKiUnYiP07/4/tc8sqp4qijYPATGKP84NRqzrdhEy82UDCyLUpsHGJJ\nm2xnjfsjq0S4kiRu9FheOqFstKZZhup+8kGgmeCbvY9RAQdgrQKJCrRVmYOGyOc4\nK1DjKzUrm8cB54yKYqA9FffUdEdUQqiSZezzIET8tc6hQJo+/5YFzRGOzAkkz+Fm\n7pZsTDKI0o1alJ+uIg5hFGFPVHLZq6w7pyt37YTzkJQHQCoNCbfLPs3kGD3n+efU\nieJDvjwngfl9qwLpFvcFwIWQRXDLByK0YsXvr9DxPQljPSC2ImsQShHq1aqogMbn\nklcoJhsLfOggYxoE/UI+ol//Tg4BEKxB12xTglNquX5dHZDFd7wfbqZIU8xYgmsl\n36u4erm6kS3i41M0UWsz8DA2m11C7oPnHeKcnGKMXjyaYHzKvvAICFFkRxccYfKv\nQCxD5jdh5E7RFeqQq8bVlWOYCJoqUE4O9eryJJv6KrItQGVyFtp8DndlBEMNXdwd\n2dhy1UUsEN4/rxhwuqUgdr+s3V1LGewnvabaupRZ13k056p8KJ1g3UhQm2p9NXB3\nSZOByDDg5UkPSmkDOJsRNiMCAwEAAQ==\n-----END PUBLIC KEY-----\n",
            "rsa_bits": 4096
          },
          "sensitive_attributes": []
        }
      ]
    },
    {
      "module": "module.external_application_load_balancer",
      "mode": "managed",
      "type": "aws_alb",
      "name": "main",
      "provider": "provider[\"registry.terraform.io/hashicorp/aws\"]",
      "instances": [
        {
          "schema_version": 0,
          "attributes": {
            "access_logs": [
              {
                "bucket": "",
                "enabled": false,
                "prefix": ""
              }
            ],
            "arn": "arn:aws:elasticloadbalancing:eu-central-1:211439781557:loadbalancer/app/external/fe2430e336c24de9",
            "arn_suffix": "app/external/fe2430e336c24de9",
            "customer_owned_ipv4_pool": "",
            "desync_mitigation_mode": "defensive",
            "dns_name": "external-518703783.eu-central-1.elb.amazonaws.com",
            "dns_record_client_routing_policy": null,
            "drop_invalid_header_fields": false,
            "enable_cross_zone_load_balancing": true,
            "enable_deletion_protection": false,
            "enable_http2": true,
            "enable_tls_version_and_cipher_suite_headers": false,
            "enable_waf_fail_open": false,
            "enable_xff_client_port": false,
            "id": "arn:aws:elasticloadbalancing:eu-central-1:211439781557:loadbalancer/app/external/fe2430e336c24de9",
            "idle_timeout": 60,
            "internal": false,
            "ip_address_type": "ipv4",
            "load_balancer_type": "application",
            "name": "external",
            "name_prefix": "",
            "preserve_host_header": false,
            "security_groups": [
              "sg-09e967195ceb1a1c0"
            ],
            "subnet_mapping": [
              {
                "allocation_id": "",
                "ipv6_address": "",
                "outpost_id": "",
                "private_ipv4_address": "",
                "subnet_id": "subnet-00f9181941a1e57cf"
              },
              {
                "allocation_id": "",
                "ipv6_address": "",
                "outpost_id": "",
                "private_ipv4_address": "",
                "subnet_id": "subnet-0c4cd4327410fa0f7"
              }
            ],
            "subnets": [
              "subnet-00f9181941a1e57cf",
              "subnet-0c4cd4327410fa0f7"
            ],
            "tags": {
              "Name": "external"
            },
            "tags_all": {
              "Name": "external"
            },
            "timeouts": null,
            "vpc_id": "vpc-00bab91c900698c8f",
            "xff_header_processing_mode": "append",
            "zone_id": "Z215JYRZR1TBD5"
          },
          "sensitive_attributes": [],
          "private": "eyJlMmJmYjczMC1lY2FhLTExZTYtOGY4OC0zNDM2M2JjN2M0YzAiOnsiY3JlYXRlIjo2MDAwMDAwMDAwMDAsImRlbGV0ZSI6NjAwMDAwMDAwMDAwLCJ1cGRhdGUiOjYwMDAwMDAwMDAwMH19",
          "dependencies": [
            "module.external_application_load_balancer.aws_security_group.main",
            "module.network.module.vpc.aws_subnet.public",
            "module.network.module.vpc.aws_vpc.this",
            "module.network.module.vpc.aws_vpc_ipv4_cidr_block_association.this"
          ]
        }
      ]
    },
    {
      "module": "module.external_application_load_balancer",
      "mode": "managed",
      "type": "aws_security_group",
      "name": "main",
      "provider": "provider[\"registry.terraform.io/hashicorp/aws\"]",
      "instances": [
        {
          "schema_version": 1,
          "attributes": {
            "arn": "arn:aws:ec2:eu-central-1:211439781557:security-group/sg-09e967195ceb1a1c0",
            "description": "controls access to the ALB",
            "egress": [
              {
                "cidr_blocks": [
                  "0.0.0.0/0"
                ],
                "description": "",
                "from_port": 0,
                "ipv6_cidr_blocks": [],
                "prefix_list_ids": [],
                "protocol": "-1",
                "security_groups": [],
                "self": false,
                "to_port": 0
              }
            ],
            "id": "sg-09e967195ceb1a1c0",
            "ingress": [
              {
                "cidr_blocks": [
                  "0.0.0.0/0"
                ],
                "description": "",
                "from_port": 443,
                "ipv6_cidr_blocks": [],
                "prefix_list_ids": [],
                "protocol": "tcp",
                "security_groups": [],
                "self": false,
                "to_port": 443
              },
              {
                "cidr_blocks": [
                  "0.0.0.0/0"
                ],
                "description": "",
                "from_port": 80,
                "ipv6_cidr_blocks": [],
                "prefix_list_ids": [],
                "protocol": "tcp",
                "security_groups": [],
                "self": false,
                "to_port": 80
              }
            ],
            "name": "common-external-load-balancer-security-group",
            "name_prefix": "",
            "owner_id": "211439781557",
            "revoke_rules_on_delete": false,
            "tags": {},
            "tags_all": {},
            "timeouts": null,
            "vpc_id": "vpc-00bab91c900698c8f"
          },
          "sensitive_attributes": [],
          "private": "eyJlMmJmYjczMC1lY2FhLTExZTYtOGY4OC0zNDM2M2JjN2M0YzAiOnsiY3JlYXRlIjo2MDAwMDAwMDAwMDAsImRlbGV0ZSI6OTAwMDAwMDAwMDAwfSwic2NoZW1hX3ZlcnNpb24iOiIxIn0=",
          "dependencies": [
            "module.network.module.vpc.aws_vpc.this"
          ]
        }
      ]
    },
    {
      "module": "module.mongodb_cluster",
      "mode": "data",
      "type": "aws_iam_policy_document",
      "name": "instance-assume-role-policy",
      "provider": "provider[\"registry.terraform.io/hashicorp/aws\"]",
      "instances": [
        {
          "schema_version": 0,
          "attributes": {
            "id": "2851119427",
            "json": "{\n  \"Version\": \"2012-10-17\",\n  \"Statement\": [\n    {\n      \"Effect\": \"Allow\",\n      \"Action\": \"sts:AssumeRole\",\n      \"Principal\": {\n        \"Service\": \"ec2.amazonaws.com\"\n      }\n    }\n  ]\n}",
            "override_policy_documents": null,
            "policy_id": null,
            "source_policy_documents": null,
            "statement": [
              {
                "actions": [
                  "sts:AssumeRole"
                ],
                "condition": [],
                "effect": "Allow",
                "not_actions": [],
                "not_principals": [],
                "not_resources": [],
                "principals": [
                  {
                    "identifiers": [
                      "ec2.amazonaws.com"
                    ],
                    "type": "Service"
                  }
                ],
                "resources": [],
                "sid": ""
              }
            ],
            "version": "2012-10-17"
          },
          "sensitive_attributes": []
        }
      ]
    },
    {
      "module": "module.mongodb_cluster",
      "mode": "data",
      "type": "aws_region",
      "name": "current",
      "provider": "provider[\"registry.terraform.io/hashicorp/aws\"]",
      "instances": [
        {
          "schema_version": 0,
          "attributes": {
            "description": "Europe (Frankfurt)",
            "endpoint": "ec2.eu-central-1.amazonaws.com",
            "id": "eu-central-1",
            "name": "eu-central-1"
          },
          "sensitive_attributes": []
        }
      ]
    },
    {
      "module": "module.mongodb_cluster",
      "mode": "data",
      "type": "template_file",
      "name": "userdata",
      "provider": "provider[\"registry.terraform.io/hashicorp/template\"]",
      "instances": [
        {
          "schema_version": 0,
          "attributes": {
            "filename": null,
            "id": "c5606cbb73d9f7d031447e341cdc7a8a1fd40b8c774323c97b869532b1ade883",
            "rendered": "#!/bin/bash\nset -x\n\nexec \u003e \u003e(tee /var/log/user-data.log|logger -t user-data ) 2\u003e\u00261\napt-get update\n\necho \"AllowTcpForwarding yes\" \u003e\u003e /etc/ssh/sshd_config\nsystemctl restart ssh\n\n#\n#wget -qO - https://www.mongodb.org/static/pgp/server-7.0.asc | apt-key add -\n#echo \"deb [ arch=amd64 ] https://repo.mongodb.org/apt/ubuntu bionic/mongodb-org/7.0 multiverse\" | tee /etc/apt/sources.list.d/mongodb-org-7.0.list\n#\n#apt-get update\n#apt-get install -y mongodb-org unzip python3-distutils jq build-essential python3-dev\n#curl https://bootstrap.pypa.io/get-pip.py -o get-pip.py\n#python3 get-pip.py\n#rm -f get-pip.py\n#\n#sed -i 's/127.0.0.1/0.0.0.0/g' /etc/mongod.conf\n#\n#cat \u003e\u003e /etc/mongod.conf \u003c\u003cEOL\n#\n#security:\n#  keyFile: /opt/mongodb/keyFile\n#\n#replication:\n#  replSetName: mongoRs\n#\n#EOL\n#\n#chown ubuntu:ubuntu /etc/mongod.conf\n#\n#cat \u003e\u003e /etc/systemd/system/mongod.service \u003c\u003cEOL\n#\n#[Unit]\n#Description=High-performance, schema-free document-oriented database\n#After=network.target\n#\n#[Service]\n#User=mongodb\n#ExecStart=/usr/bin/mongod --quiet --config /etc/mongod.conf\n#\n#[Install]\n#WantedBy=multi-user.target\n#\n#EOL\n#\n#chown ubuntu:ubuntu /etc/systemd/system/mongod.service\n#\n#curl \"https://s3.amazonaws.com/aws-cli/awscli-bundle.zip\" -o \"awscli-bundle.zip\"\n#unzip awscli-bundle.zip\n#rm -rf awscli-bundle.zip\n#/usr/bin/python3 ./awscli-bundle/install -i /usr/local/aws -b /usr/local/bin/aws\n#\n#PRIMARY_PUBLIC_IP=$(aws ec2 describe-instances --filters \"Name=tag:Type,Values=primary\" \"Name=instance-state-name,Values=running\" --region eu-central-1 | jq .Reservations[0].Instances[0].PrivateIpAddress --raw-output)\n#echo \"$PRIMARY_PUBLIC_IP primary\" \u003e\u003e /etc/hosts\n#\n#while [ ! -f /home/ubuntu/populate_hosts_file.py ]\n#do\n#  sleep 2\n#done\n#\n#while [ ! -f /home/ubuntu/parse_instance_tags.py ]\n#do\n#  sleep 2\n#done\n#\n#while [ ! -f /home/ubuntu/keyFile ]\n#do\n#  sleep 2\n#done\n#\n#mkdir -p /opt/mongodb\n#mv /home/ubuntu/keyFile /opt/mongodb\n#chown mongodb:mongodb /opt/mongodb/keyFile\n#chmod 600 /opt/mongodb/keyFile\n#\n#mv /home/ubuntu/populate_hosts_file.py /populate_hosts_file.py\n#mv /home/ubuntu/parse_instance_tags.py /parse_instance_tags.py\n#\n#chmod +x populate_hosts_file.py\n#chmod +x parse_instance_tags.py\n#aws ec2 describe-instances --filters \"Name=tag:Type,Values=secondary\" \"Name=instance-state-name,Values=running\" --region eu-central-1 | jq . | ./populate_hosts_file.py mongoRs admin admin mongo4pass\n#\n#INSTANCE_ID=$(curl http://169.254.169.254/latest/meta-data/instance-id --silent)\n#HOSTNAME=$(aws ec2 describe-instances --instance-id $INSTANCE_ID --region eu-central-1 | jq . | ./parse_instance_tags.py)\n#hostnamectl set-hostname $HOSTNAME\n#\n#MONGO_NODE_TYPE=$(aws ec2 describe-tags --filters \"Name=resource-id,Values=$INSTANCE_ID\" \"Name=key,Values=Type\" --region eu-central-1 | jq .Tags[0].Value --raw-output)\n#\n#systemctl enable mongod.service\n#\n#service mongod start\n#service mongod restart\n#service mongod status\n#\n#if [ $MONGO_NODE_TYPE == \"primary\" ]; then\n#\n#  sleep 15\n#  mongo \u003c cluster_setup.js\n#  service mongod restart\n#  sleep 15\n#  mongo \u003c user_setup.js\n#  rm -f user_setup.js\n#fi\n#\n#service mongod restart\n",
            "template": "#!/bin/bash\nset -x\n\nexec \u003e \u003e(tee /var/log/user-data.log|logger -t user-data ) 2\u003e\u00261\napt-get update\n\necho \"AllowTcpForwarding yes\" \u003e\u003e /etc/ssh/sshd_config\nsystemctl restart ssh\n\n#\n#wget -qO - https://www.mongodb.org/static/pgp/server-7.0.asc | apt-key add -\n#echo \"deb [ arch=amd64 ] https://repo.mongodb.org/apt/ubuntu bionic/mongodb-org/7.0 multiverse\" | tee /etc/apt/sources.list.d/mongodb-org-7.0.list\n#\n#apt-get update\n#apt-get install -y mongodb-org unzip python3-distutils jq build-essential python3-dev\n#curl https://bootstrap.pypa.io/get-pip.py -o get-pip.py\n#python3 get-pip.py\n#rm -f get-pip.py\n#\n#sed -i 's/127.0.0.1/0.0.0.0/g' /etc/mongod.conf\n#\n#cat \u003e\u003e /etc/mongod.conf \u003c\u003cEOL\n#\n#security:\n#  keyFile: /opt/mongodb/keyFile\n#\n#replication:\n#  replSetName: ${replica_set_name}\n#\n#EOL\n#\n#chown ubuntu:ubuntu /etc/mongod.conf\n#\n#cat \u003e\u003e /etc/systemd/system/mongod.service \u003c\u003cEOL\n#\n#[Unit]\n#Description=High-performance, schema-free document-oriented database\n#After=network.target\n#\n#[Service]\n#User=mongodb\n#ExecStart=/usr/bin/mongod --quiet --config /etc/mongod.conf\n#\n#[Install]\n#WantedBy=multi-user.target\n#\n#EOL\n#\n#chown ubuntu:ubuntu /etc/systemd/system/mongod.service\n#\n#curl \"https://s3.amazonaws.com/aws-cli/awscli-bundle.zip\" -o \"awscli-bundle.zip\"\n#unzip awscli-bundle.zip\n#rm -rf awscli-bundle.zip\n#/usr/bin/python3 ./awscli-bundle/install -i /usr/local/aws -b /usr/local/bin/aws\n#\n#PRIMARY_PUBLIC_IP=$(aws ec2 describe-instances --filters \"Name=tag:Type,Values=primary\" \"Name=instance-state-name,Values=running\" --region ${aws_region} | jq .Reservations[0].Instances[0].PrivateIpAddress --raw-output)\n#echo \"$PRIMARY_PUBLIC_IP primary\" \u003e\u003e /etc/hosts\n#\n#while [ ! -f /home/ubuntu/populate_hosts_file.py ]\n#do\n#  sleep 2\n#done\n#\n#while [ ! -f /home/ubuntu/parse_instance_tags.py ]\n#do\n#  sleep 2\n#done\n#\n#while [ ! -f /home/ubuntu/keyFile ]\n#do\n#  sleep 2\n#done\n#\n#mkdir -p /opt/mongodb\n#mv /home/ubuntu/keyFile /opt/mongodb\n#chown mongodb:mongodb /opt/mongodb/keyFile\n#chmod 600 /opt/mongodb/keyFile\n#\n#mv /home/ubuntu/populate_hosts_file.py /populate_hosts_file.py\n#mv /home/ubuntu/parse_instance_tags.py /parse_instance_tags.py\n#\n#chmod +x populate_hosts_file.py\n#chmod +x parse_instance_tags.py\n#aws ec2 describe-instances --filters \"Name=tag:Type,Values=secondary\" \"Name=instance-state-name,Values=running\" --region ${aws_region} | jq . | ./populate_hosts_file.py ${replica_set_name} ${mongo_database} ${mongo_username} ${mongo_password}\n#\n#INSTANCE_ID=$(curl http://169.254.169.254/latest/meta-data/instance-id --silent)\n#HOSTNAME=$(aws ec2 describe-instances --instance-id $INSTANCE_ID --region ${aws_region} | jq . | ./parse_instance_tags.py)\n#hostnamectl set-hostname $HOSTNAME\n#\n#MONGO_NODE_TYPE=$(aws ec2 describe-tags --filters \"Name=resource-id,Values=$INSTANCE_ID\" \"Name=key,Values=Type\" --region ${aws_region} | jq .Tags[0].Value --raw-output)\n#\n#systemctl enable mongod.service\n#\n#service mongod start\n#service mongod restart\n#service mongod status\n#\n#if [ $MONGO_NODE_TYPE == \"primary\" ]; then\n#\n#  sleep 15\n#  mongo \u003c cluster_setup.js\n#  service mongod restart\n#  sleep 15\n#  mongo \u003c user_setup.js\n#  rm -f user_setup.js\n#fi\n#\n#service mongod restart\n",
            "vars": {
              "aws_region": "eu-central-1",
              "mongo_database": "admin",
              "mongo_password": "mongo4pass",
              "mongo_username": "admin",
              "replica_set_name": "mongoRs"
            }
          },
          "sensitive_attributes": []
        }
      ]
    },
    {
      "module": "module.mongodb_cluster",
      "mode": "managed",
      "type": "aws_iam_instance_profile",
      "name": "mongo-instance-profile",
      "provider": "provider[\"registry.terraform.io/hashicorp/aws\"]",
      "instances": [
        {
          "schema_version": 0,
          "attributes": {
            "arn": "arn:aws:iam::211439781557:instance-profile/mongo-instance-profile",
            "create_date": "2023-11-05T15:22:42Z",
            "id": "mongo-instance-profile",
            "name": "mongo-instance-profile",
            "name_prefix": "",
            "path": "/",
            "role": "mongo_role",
            "tags": {},
            "tags_all": {},
            "unique_id": "AIPATCOWLA22RCNBE4UTY"
          },
          "sensitive_attributes": [],
          "private": "bnVsbA==",
          "dependencies": [
            "module.mongodb_cluster.aws_iam_role.mongo-role",
            "module.mongodb_cluster.data.aws_iam_policy_document.instance-assume-role-policy"
          ]
        }
      ]
    },
    {
      "module": "module.mongodb_cluster",
      "mode": "managed",
      "type": "aws_iam_role",
      "name": "mongo-role",
      "provider": "provider[\"registry.terraform.io/hashicorp/aws\"]",
      "instances": [
        {
          "schema_version": 0,
          "attributes": {
            "arn": "arn:aws:iam::211439781557:role/system/mongo_role",
            "assume_role_policy": "{\"Statement\":[{\"Action\":\"sts:AssumeRole\",\"Effect\":\"Allow\",\"Principal\":{\"Service\":\"ec2.amazonaws.com\"}}],\"Version\":\"2012-10-17\"}",
            "create_date": "2023-11-05T15:22:41Z",
            "description": "",
            "force_detach_policies": false,
            "id": "mongo_role",
            "inline_policy": [
              {
                "name": "ec2-describe-instance-policy",
                "policy": "{\"Version\":\"2012-10-17\",\"Statement\":[{\"Action\":[\"ec2:DescribeInstances\",\"ec2:DescribeTags\"],\"Effect\":\"Allow\",\"Resource\":\"*\"}]}"
              }
            ],
            "managed_policy_arns": [],
            "max_session_duration": 3600,
            "name": "mongo_role",
            "name_prefix": "",
            "path": "/system/",
            "permissions_boundary": "",
            "tags": {},
            "tags_all": {},
            "unique_id": "AROATCOWLA226RAD3OAKA"
          },
          "sensitive_attributes": [],
          "private": "bnVsbA==",
          "dependencies": [
            "module.mongodb_cluster.data.aws_iam_policy_document.instance-assume-role-policy"
          ]
        }
      ]
    },
    {
      "module": "module.mongodb_cluster",
      "mode": "managed",
      "type": "aws_iam_role_policy",
      "name": "ec2-describe-instance-policy",
      "provider": "provider[\"registry.terraform.io/hashicorp/aws\"]",
      "instances": [
        {
          "schema_version": 0,
          "attributes": {
            "id": "mongo_role:ec2-describe-instance-policy",
            "name": "ec2-describe-instance-policy",
            "name_prefix": "",
            "policy": "{\"Version\":\"2012-10-17\",\"Statement\":[{\"Action\":[\"ec2:DescribeInstances\",\"ec2:DescribeTags\"],\"Effect\":\"Allow\",\"Resource\":\"*\"}]}",
            "role": "mongo_role"
          },
          "sensitive_attributes": [],
          "private": "bnVsbA==",
          "dependencies": [
            "module.mongodb_cluster.aws_iam_role.mongo-role",
            "module.mongodb_cluster.data.aws_iam_policy_document.instance-assume-role-policy"
          ]
        }
      ]
    },
    {
      "module": "module.mongodb_cluster",
      "mode": "managed",
      "type": "aws_instance",
      "name": "mongo_primary",
      "provider": "provider[\"registry.terraform.io/hashicorp/aws\"]",
      "instances": [
        {
          "status": "tainted",
          "schema_version": 1,
          "attributes": {
            "ami": "ami-06dd92ecc74fdfb36",
            "arn": "arn:aws:ec2:eu-central-1:211439781557:instance/i-0fa749cbb5194c947",
            "associate_public_ip_address": false,
            "availability_zone": "eu-central-1a",
            "capacity_reservation_specification": [
              {
                "capacity_reservation_preference": "open",
                "capacity_reservation_target": []
              }
            ],
            "cpu_core_count": 1,
            "cpu_options": [
              {
                "amd_sev_snp": "",
                "core_count": 1,
                "threads_per_core": 1
              }
            ],
            "cpu_threads_per_core": 1,
            "credit_specification": [
              {
                "cpu_credits": "standard"
              }
            ],
            "disable_api_stop": false,
            "disable_api_termination": false,
            "ebs_block_device": [],
            "ebs_optimized": false,
            "enclave_options": [
              {
                "enabled": false
              }
            ],
            "ephemeral_block_device": [],
            "get_password_data": false,
            "hibernation": false,
            "host_id": "",
            "host_resource_group_arn": null,
            "iam_instance_profile": "mongo-instance-profile",
            "id": "i-0fa749cbb5194c947",
            "instance_initiated_shutdown_behavior": "stop",
            "instance_lifecycle": "",
            "instance_market_options": [],
            "instance_state": "running",
            "instance_type": "t2.micro",
            "ipv6_address_count": 0,
            "ipv6_addresses": [],
            "key_name": "bastion_key",
            "launch_template": [],
            "maintenance_options": [
              {
                "auto_recovery": "default"
              }
            ],
            "metadata_options": [
              {
                "http_endpoint": "enabled",
                "http_protocol_ipv6": "disabled",
                "http_put_response_hop_limit": 1,
                "http_tokens": "optional",
                "instance_metadata_tags": "disabled"
              }
            ],
            "monitoring": false,
            "network_interface": [],
            "outpost_arn": "",
            "password_data": "",
            "placement_group": "",
            "placement_partition_number": 0,
            "primary_network_interface_id": "eni-0634b5ea2d4eb1098",
            "private_dns": "ip-172-18-0-244.eu-central-1.compute.internal",
            "private_dns_name_options": [
              {
                "enable_resource_name_dns_a_record": false,
                "enable_resource_name_dns_aaaa_record": false,
                "hostname_type": "ip-name"
              }
            ],
            "private_ip": "172.18.0.244",
            "public_dns": "",
            "public_ip": "",
            "root_block_device": [
              {
                "delete_on_termination": true,
                "device_name": "/dev/sda1",
                "encrypted": false,
                "iops": 0,
                "kms_key_id": "",
                "tags": null,
                "throughput": 0,
                "volume_id": "vol-05c84d8420d255966",
                "volume_size": 8,
                "volume_type": "standard"
              }
            ],
            "secondary_private_ips": [],
            "security_groups": [],
            "source_dest_check": true,
            "spot_instance_request_id": "",
            "subnet_id": "subnet-07dbd849cba2cc3f0",
            "tags": {
              "Name": "Mongo-Primary",
              "Type": "primary"
            },
            "tags_all": {
              "Name": "Mongo-Primary",
              "Type": "primary"
            },
            "tenancy": "default",
            "timeouts": null,
            "user_data": "f4ab676e311c68d04c65d68c54e24f23a1c11561",
            "user_data_base64": null,
            "user_data_replace_on_change": false,
            "volume_tags": null,
            "vpc_security_group_ids": [
              "sg-0d7d1e09ec4995ae2"
            ]
          },
          "sensitive_attributes": [],
          "private": "eyJlMmJmYjczMC1lY2FhLTExZTYtOGY4OC0zNDM2M2JjN2M0YzAiOnsiY3JlYXRlIjo2MDAwMDAwMDAwMDAsImRlbGV0ZSI6MTIwMDAwMDAwMDAwMCwidXBkYXRlIjo2MDAwMDAwMDAwMDB9LCJzY2hlbWFfdmVyc2lvbiI6IjEifQ==",
          "dependencies": [
            "module.bastion.aws_eip.bastion",
            "module.bastion.aws_instance.bastion",
            "module.bastion.aws_key_pair.bastion_key",
            "module.bastion.aws_security_group.bastion",
            "module.bastion.data.template_file.userdata",
            "module.bastion.local_sensitive_file.bastion-private-key",
            "module.bastion.tls_private_key.t",
            "module.mongodb_cluster.aws_iam_instance_profile.mongo-instance-profile",
            "module.mongodb_cluster.aws_iam_role.mongo-role",
            "module.mongodb_cluster.aws_security_group.mongo_sg",
            "module.mongodb_cluster.data.aws_iam_policy_document.instance-assume-role-policy",
            "module.mongodb_cluster.data.aws_region.current",
            "module.mongodb_cluster.data.template_file.userdata",
            "module.network.module.vpc.aws_subnet.private",
            "module.network.module.vpc.aws_subnet.public",
            "module.network.module.vpc.aws_vpc.this",
            "module.network.module.vpc.aws_vpc_ipv4_cidr_block_association.this"
          ]
        }
      ]
    },
    {
      "module": "module.mongodb_cluster",
      "mode": "managed",
      "type": "aws_security_group",
      "name": "mongo_sg",
      "provider": "provider[\"registry.terraform.io/hashicorp/aws\"]",
      "instances": [
        {
          "schema_version": 1,
          "attributes": {
            "arn": "arn:aws:ec2:eu-central-1:211439781557:security-group/sg-0d7d1e09ec4995ae2",
            "description": "Managed by Terraform",
            "egress": [
              {
                "cidr_blocks": [
                  "0.0.0.0/0"
                ],
                "description": "",
                "from_port": 0,
                "ipv6_cidr_blocks": [],
                "prefix_list_ids": [],
                "protocol": "-1",
                "security_groups": [],
                "self": false,
                "to_port": 0
              }
            ],
            "id": "sg-0d7d1e09ec4995ae2",
            "ingress": [
              {
                "cidr_blocks": [
                  "172.18.0.0/16"
                ],
                "description": "",
                "from_port": -1,
                "ipv6_cidr_blocks": [],
                "prefix_list_ids": [],
                "protocol": "icmp",
                "security_groups": [],
                "self": false,
                "to_port": -1
              },
              {
                "cidr_blocks": [
                  "172.18.0.0/16"
                ],
                "description": "",
                "from_port": 22,
                "ipv6_cidr_blocks": [],
                "prefix_list_ids": [],
                "protocol": "tcp",
                "security_groups": [],
                "self": false,
                "to_port": 22
              },
              {
                "cidr_blocks": [
                  "172.18.0.0/16"
                ],
                "description": "",
                "from_port": 27017,
                "ipv6_cidr_blocks": [],
                "prefix_list_ids": [],
                "protocol": "tcp",
                "security_groups": [],
                "self": false,
                "to_port": 27017
              }
            ],
            "name": "mongo_sg",
            "name_prefix": "",
            "owner_id": "211439781557",
            "revoke_rules_on_delete": false,
            "tags": {
              "Name": "Mongo_Security_Group"
            },
            "tags_all": {
              "Name": "Mongo_Security_Group"
            },
            "timeouts": null,
            "vpc_id": "vpc-00bab91c900698c8f"
          },
          "sensitive_attributes": [],
          "private": "eyJlMmJmYjczMC1lY2FhLTExZTYtOGY4OC0zNDM2M2JjN2M0YzAiOnsiY3JlYXRlIjo2MDAwMDAwMDAwMDAsImRlbGV0ZSI6OTAwMDAwMDAwMDAwfSwic2NoZW1hX3ZlcnNpb24iOiIxIn0=",
          "dependencies": [
            "module.network.module.vpc.aws_vpc.this"
          ]
        }
      ]
    },
    {
      "module": "module.network",
      "mode": "managed",
      "type": "aws_eip",
      "name": "nat",
      "provider": "provider[\"registry.terraform.io/hashicorp/aws\"]",
      "instances": [
        {
          "schema_version": 0,
          "attributes": {
            "address": null,
            "allocation_id": "eipalloc-092d1716812f08466",
            "associate_with_private_ip": null,
            "association_id": "eipassoc-07a81800f5dafe255",
            "carrier_ip": "",
            "customer_owned_ip": "",
            "customer_owned_ipv4_pool": "",
            "domain": "vpc",
            "id": "eipalloc-092d1716812f08466",
            "instance": "i-0e9fed21ecfba68eb",
            "network_border_group": "eu-central-1",
            "network_interface": "eni-062ecb1309a042f9d",
            "private_dns": "ip-172-18-100-194.eu-central-1.compute.internal",
            "private_ip": "172.18.100.194",
            "public_dns": "ec2-3-66-50-99.eu-central-1.compute.amazonaws.com",
            "public_ip": "3.66.50.99",
            "public_ipv4_pool": "amazon",
            "tags": {
              "Name": "nat-instance-main"
            },
            "tags_all": {
              "Name": "nat-instance-main"
            },
            "timeouts": null,
            "vpc": true
          },
          "sensitive_attributes": [],
          "private": "eyJlMmJmYjczMC1lY2FhLTExZTYtOGY4OC0zNDM2M2JjN2M0YzAiOnsiZGVsZXRlIjoxODAwMDAwMDAwMDAsInJlYWQiOjkwMDAwMDAwMDAwMCwidXBkYXRlIjozMDAwMDAwMDAwMDB9fQ==",
          "dependencies": [
            "module.network.module.nat.aws_network_interface.this",
            "module.network.module.nat.aws_security_group.this",
            "module.network.module.vpc.aws_subnet.public",
            "module.network.module.vpc.aws_vpc.this",
            "module.network.module.vpc.aws_vpc_ipv4_cidr_block_association.this"
          ]
        }
      ]
    },
    {
      "module": "module.network.module.nat",
      "mode": "data",
      "type": "aws_ami",
      "name": "this",
      "provider": "provider[\"registry.terraform.io/hashicorp/aws\"]",
      "instances": [
        {
          "schema_version": 0,
          "attributes": {
            "architecture": "x86_64",
            "arn": "arn:aws:ec2:eu-central-1::image/ami-0812d7c8f1abc0e24",
            "block_device_mappings": [
              {
                "device_name": "/dev/xvda",
                "ebs": {
                  "delete_on_termination": "true",
                  "encrypted": "false",
                  "iops": "0",
                  "snapshot_id": "snap-047ab690fadd0a682",
                  "throughput": "0",
                  "volume_size": "8",
                  "volume_type": "gp2"
                },
                "no_device": "",
                "virtual_name": ""
              }
            ],
            "boot_mode": "",
            "creation_date": "2023-11-01T21:41:17.000Z",
            "deprecation_time": "2025-07-01T00:00:00.000Z",
            "description": "Amazon Linux 2 AMI 2.0.20231101.0 x86_64 HVM gp2",
            "ena_support": true,
            "executable_users": null,
            "filter": [
              {
                "name": "architecture",
                "values": [
                  "x86_64"
                ]
              },
              {
                "name": "block-device-mapping.volume-type",
                "values": [
                  "gp2"
                ]
              },
              {
                "name": "name",
                "values": [
                  "amzn2-ami-hvm-*"
                ]
              },
              {
                "name": "root-device-type",
                "values": [
                  "ebs"
                ]
              },
              {
                "name": "virtualization-type",
                "values": [
                  "hvm"
                ]
              }
            ],
            "hypervisor": "xen",
            "id": "ami-0812d7c8f1abc0e24",
            "image_id": "ami-0812d7c8f1abc0e24",
            "image_location": "amazon/amzn2-ami-hvm-2.0.20231101.0-x86_64-gp2",
            "image_owner_alias": "amazon",
            "image_type": "machine",
            "imds_support": "",
            "include_deprecated": false,
            "kernel_id": "",
            "most_recent": true,
            "name": "amzn2-ami-hvm-2.0.20231101.0-x86_64-gp2",
            "name_regex": null,
            "owner_id": "137112412989",
            "owners": [
              "amazon"
            ],
            "platform": "",
            "platform_details": "Linux/UNIX",
            "product_codes": [],
            "public": true,
            "ramdisk_id": "",
            "root_device_name": "/dev/xvda",
            "root_device_type": "ebs",
            "root_snapshot_id": "snap-047ab690fadd0a682",
            "sriov_net_support": "simple",
            "state": "available",
            "state_reason": {
              "code": "UNSET",
              "message": "UNSET"
            },
            "tags": {},
            "timeouts": null,
            "tpm_support": "",
            "usage_operation": "RunInstances",
            "virtualization_type": "hvm"
          },
          "sensitive_attributes": []
        }
      ]
    },
    {
      "module": "module.network.module.nat",
      "mode": "managed",
      "type": "aws_autoscaling_group",
      "name": "this",
      "provider": "provider[\"registry.terraform.io/hashicorp/aws\"]",
      "instances": [
        {
          "schema_version": 1,
          "attributes": {
            "arn": "arn:aws:autoscaling:eu-central-1:211439781557:autoScalingGroup:bf018ee7-4bc9-4541-848d-d824379551ff:autoScalingGroupName/main2023110515225577290000000b",
            "availability_zones": [
              "eu-central-1a"
            ],
            "capacity_rebalance": false,
            "context": "",
            "default_cooldown": 300,
            "default_instance_warmup": 0,
            "desired_capacity": 1,
            "desired_capacity_type": "",
            "enabled_metrics": [],
            "force_delete": false,
            "force_delete_warm_pool": false,
            "health_check_grace_period": 300,
            "health_check_type": "EC2",
            "id": "main2023110515225577290000000b",
            "ignore_failed_scaling_activities": false,
            "initial_lifecycle_hook": [],
            "instance_refresh": [],
            "launch_configuration": "",
            "launch_template": [],
            "load_balancers": [],
            "max_instance_lifetime": 0,
            "max_size": 1,
            "metrics_granularity": "1Minute",
            "min_elb_capacity": null,
            "min_size": 1,
            "mixed_instances_policy": [
              {
                "instances_distribution": [
                  {
                    "on_demand_allocation_strategy": "prioritized",
                    "on_demand_base_capacity": 0,
                    "on_demand_percentage_above_base_capacity": 0,
                    "spot_allocation_strategy": "lowest-price",
                    "spot_instance_pools": 2,
                    "spot_max_price": ""
                  }
                ],
                "launch_template": [
                  {
                    "launch_template_specification": [
                      {
                        "launch_template_id": "lt-0761252f29435a7d7",
                        "launch_template_name": "main20231105152255512800000009",
                        "version": "$Latest"
                      }
                    ],
                    "override": [
                      {
                        "instance_requirements": [],
                        "instance_type": "t3.nano",
                        "launch_template_specification": [],
                        "weighted_capacity": ""
                      },
                      {
                        "instance_requirements": [],
                        "instance_type": "t3a.nano",
                        "launch_template_specification": [],
                        "weighted_capacity": ""
                      }
                    ]
                  }
                ]
              }
            ],
            "name": "main2023110515225577290000000b",
            "name_prefix": "main",
            "placement_group": "",
            "predicted_capacity": 0,
            "protect_from_scale_in": false,
            "service_linked_role_arn": "arn:aws:iam::211439781557:role/aws-service-role/autoscaling.amazonaws.com/AWSServiceRoleForAutoScaling",
            "suspended_processes": [],
            "tag": [
              {
                "key": "Name",
                "propagate_at_launch": false,
                "value": "nat-instance-main"
              }
            ],
            "target_group_arns": [],
            "termination_policies": [],
            "timeouts": null,
            "traffic_source": [],
            "vpc_zone_identifier": [
              "subnet-00f9181941a1e57cf"
            ],
            "wait_for_capacity_timeout": "10m",
            "wait_for_elb_capacity": null,
            "warm_pool": [],
            "warm_pool_size": 0
          },
          "sensitive_attributes": [],
          "private": "eyJlMmJmYjczMC1lY2FhLTExZTYtOGY4OC0zNDM2M2JjN2M0YzAiOnsiZGVsZXRlIjo2MDAwMDAwMDAwMDAsInVwZGF0ZSI6NjAwMDAwMDAwMDAwfSwic2NoZW1hX3ZlcnNpb24iOiIxIn0=",
          "dependencies": [
            "module.network.module.nat.aws_iam_instance_profile.this",
            "module.network.module.nat.aws_iam_role.this",
            "module.network.module.nat.aws_launch_template.this",
            "module.network.module.nat.aws_network_interface.this",
            "module.network.module.nat.aws_security_group.this",
            "module.network.module.nat.data.aws_ami.this",
            "module.network.module.vpc.aws_subnet.public",
            "module.network.module.vpc.aws_vpc.this",
            "module.network.module.vpc.aws_vpc_ipv4_cidr_block_association.this"
          ],
          "create_before_destroy": true
        }
      ]
    },
    {
      "module": "module.network.module.nat",
      "mode": "managed",
      "type": "aws_iam_instance_profile",
      "name": "this",
      "provider": "provider[\"registry.terraform.io/hashicorp/aws\"]",
      "instances": [
        {
          "schema_version": 0,
          "attributes": {
            "arn": "arn:aws:iam::211439781557:instance-profile/main20231105152242191800000003",
            "create_date": "2023-11-05T15:22:42Z",
            "id": "main20231105152242191800000003",
            "name": "main20231105152242191800000003",
            "name_prefix": "main",
            "path": "/",
            "role": "main20231105152240927900000001",
            "tags": {
              "Name": "nat-instance-main"
            },
            "tags_all": {
              "Name": "nat-instance-main"
            },
            "unique_id": "AIPATCOWLA2244DXRO6CF"
          },
          "sensitive_attributes": [],
          "private": "bnVsbA==",
          "dependencies": [
            "module.network.module.nat.aws_iam_role.this"
          ],
          "create_before_destroy": true
        }
      ]
    },
    {
      "module": "module.network.module.nat",
      "mode": "managed",
      "type": "aws_iam_role",
      "name": "this",
      "provider": "provider[\"registry.terraform.io/hashicorp/aws\"]",
      "instances": [
        {
          "schema_version": 0,
          "attributes": {
            "arn": "arn:aws:iam::211439781557:role/main20231105152240927900000001",
            "assume_role_policy": "{\"Statement\":[{\"Action\":\"sts:AssumeRole\",\"Effect\":\"Allow\",\"Principal\":{\"Service\":\"ec2.amazonaws.com\"}}],\"Version\":\"2012-10-17\"}",
            "create_date": "2023-11-05T15:22:41Z",
            "description": "",
            "force_detach_policies": false,
            "id": "main20231105152240927900000001",
            "inline_policy": [
              {
                "name": "main20231105152242190700000002",
                "policy": "{\"Version\":\"2012-10-17\",\"Statement\":[{\"Action\":[\"ec2:AttachNetworkInterface\"],\"Effect\":\"Allow\",\"Resource\":\"*\"}]}"
              }
            ],
            "managed_policy_arns": [
              "arn:aws:iam::aws:policy/AmazonSSMManagedInstanceCore"
            ],
            "max_session_duration": 3600,
            "name": "main20231105152240927900000001",
            "name_prefix": "main",
            "path": "/",
            "permissions_boundary": "",
            "tags": {
              "Name": "nat-instance-main"
            },
            "tags_all": {
              "Name": "nat-instance-main"
            },
            "unique_id": "AROATCOWLA22UFDSH3GFQ"
          },
          "sensitive_attributes": [],
          "private": "bnVsbA==",
          "create_before_destroy": true
        }
      ]
    },
    {
      "module": "module.network.module.nat",
      "mode": "managed",
      "type": "aws_iam_role_policy",
      "name": "eni",
      "provider": "provider[\"registry.terraform.io/hashicorp/aws\"]",
      "instances": [
        {
          "schema_version": 0,
          "attributes": {
            "id": "main20231105152240927900000001:main20231105152242190700000002",
            "name": "main20231105152242190700000002",
            "name_prefix": "main",
            "policy": "{\"Version\":\"2012-10-17\",\"Statement\":[{\"Action\":[\"ec2:AttachNetworkInterface\"],\"Effect\":\"Allow\",\"Resource\":\"*\"}]}",
            "role": "main20231105152240927900000001"
          },
          "sensitive_attributes": [],
          "private": "bnVsbA==",
          "dependencies": [
            "module.network.module.nat.aws_iam_role.this"
          ]
        }
      ]
    },
    {
      "module": "module.network.module.nat",
      "mode": "managed",
      "type": "aws_iam_role_policy_attachment",
      "name": "ssm",
      "provider": "provider[\"registry.terraform.io/hashicorp/aws\"]",
      "instances": [
        {
          "schema_version": 0,
          "attributes": {
            "id": "main20231105152240927900000001-20231105152242382300000004",
            "policy_arn": "arn:aws:iam::aws:policy/AmazonSSMManagedInstanceCore",
            "role": "main20231105152240927900000001"
          },
          "sensitive_attributes": [],
          "private": "bnVsbA==",
          "dependencies": [
            "module.network.module.nat.aws_iam_role.this"
          ]
        }
      ]
    },
    {
      "module": "module.network.module.nat",
      "mode": "managed",
      "type": "aws_launch_template",
      "name": "this",
      "provider": "provider[\"registry.terraform.io/hashicorp/aws\"]",
      "instances": [
        {
          "schema_version": 0,
          "attributes": {
            "arn": "arn:aws:ec2:eu-central-1:211439781557:launch-template/lt-0761252f29435a7d7",
            "block_device_mappings": [],
            "capacity_reservation_specification": [],
            "cpu_options": [],
            "credit_specification": [],
            "default_version": 1,
            "description": "Launch template for NAT instance main",
            "disable_api_stop": false,
            "disable_api_termination": false,
            "ebs_optimized": "",
            "elastic_gpu_specifications": [],
            "elastic_inference_accelerator": [],
            "enclave_options": [],
            "hibernation_options": [],
            "iam_instance_profile": [
              {
                "arn": "arn:aws:iam::211439781557:instance-profile/main20231105152242191800000003",
                "name": ""
              }
            ],
            "id": "lt-0761252f29435a7d7",
            "image_id": "ami-0812d7c8f1abc0e24",
            "instance_initiated_shutdown_behavior": "",
            "instance_market_options": [],
            "instance_requirements": [],
            "instance_type": "",
            "kernel_id": "",
            "key_name": "",
            "latest_version": 1,
            "license_specification": [],
            "maintenance_options": [],
            "metadata_options": [
              {
                "http_endpoint": "enabled",
                "http_protocol_ipv6": "",
                "http_put_response_hop_limit": 0,
                "http_tokens": "required",
                "instance_metadata_tags": ""
              }
            ],
            "monitoring": [],
            "name": "main20231105152255512800000009",
            "name_prefix": "main",
            "network_interfaces": [
              {
                "associate_carrier_ip_address": "",
                "associate_public_ip_address": "true",
                "delete_on_termination": "true",
                "description": "",
                "device_index": 0,
                "interface_type": "",
                "ipv4_address_count": 0,
                "ipv4_addresses": [],
                "ipv4_prefix_count": 0,
                "ipv4_prefixes": [],
                "ipv6_address_count": 0,
                "ipv6_addresses": [],
                "ipv6_prefix_count": 0,
                "ipv6_prefixes": [],
                "network_card_index": 0,
                "network_interface_id": "",
                "private_ip_address": "",
                "security_groups": [
                  "sg-0f6da1b9c53fb8911"
                ],
                "subnet_id": ""
              }
            ],
            "placement": [],
            "private_dns_name_options": [],
            "ram_disk_id": "",
            "security_group_names": [],
            "tag_specifications": [
              {
                "resource_type": "instance",
                "tags": {
                  "Name": "nat-instance-main"
                }
              }
            ],
            "tags": {
              "Name": "nat-instance-main"
            },
            "tags_all": {
              "Name": "nat-instance-main"
            },
            "update_default_version": null,
            "user_data": "I2Nsb3VkLWNvbmZpZwoicnVuY21kIjoKLSAtICIvb3B0L25hdC9ydW5vbmNlLnNoIgoid3JpdGVfZmlsZXMiOgotICJjb250ZW50IjogfAogICAgIyEvYmluL2Jhc2ggLXgKCiAgICAjIGF0dGFjaCB0aGUgRU5JCiAgICBhd3MgZWMyIGF0dGFjaC1uZXR3b3JrLWludGVyZmFjZSBcCiAgICAgIC0tcmVnaW9uICIkKC9vcHQvYXdzL2Jpbi9lYzItbWV0YWRhdGEgLXogIHwgc2VkICdzL3BsYWNlbWVudDogXCguKlwpLiQvXDEvJykiIFwKICAgICAgLS1pbnN0YW5jZS1pZCAiJCgvb3B0L2F3cy9iaW4vZWMyLW1ldGFkYXRhIC1pIHwgY3V0IC1kJyAnIC1mMikiIFwKICAgICAgLS1kZXZpY2UtaW5kZXggMSBcCiAgICAgIC0tbmV0d29yay1pbnRlcmZhY2UtaWQgImVuaS0wNjJlY2IxMzA5YTA0MmY5ZCIKCiAgICAjIHN0YXJ0IFNOQVQKICAgIHN5c3RlbWN0bCBlbmFibGUgc25hdAogICAgc3lzdGVtY3RsIHN0YXJ0IHNuYXQKICAicGF0aCI6ICIvb3B0L25hdC9ydW5vbmNlLnNoIgogICJwZXJtaXNzaW9ucyI6ICIwNzU1IgotICJjb250ZW50IjogfAogICAgIyEvYmluL2Jhc2gKICAgIHNldCAteAoKICAgICMgd2FpdCBmb3IgZXRoMQogICAgd2hpbGUgISBpcCBsaW5rIHNob3cgZGV2IGV0aDE7IGRvCiAgICAgIHNsZWVwIDEKICAgIGRvbmUKCiAgICAjIGVuYWJsZSBJUCBmb3J3YXJkaW5nIGFuZCBOQVQKICAgIHN5c2N0bCAtcSAtdyBuZXQuaXB2NC5pcF9mb3J3YXJkPTEKICAgIHN5c2N0bCAtcSAtdyBuZXQuaXB2NC5jb25mLmV0aDEuc2VuZF9yZWRpcmVjdHM9MAogICAgaXB0YWJsZXMgLXQgbmF0IC1BIFBPU1RST1VUSU5HIC1vIGV0aDEgLWogTUFTUVVFUkFERQoKICAgICMgcHJldmVudCBzZXR0aW5nIHRoZSBkZWZhdWx0IHJvdXRlIHRvIGV0aDAgYWZ0ZXIgcmVib290CiAgICBybSAtZiAvZXRjL3N5c2NvbmZpZy9uZXR3b3JrLXNjcmlwdHMvaWZjZmctZXRoMAoKICAgICMgc3dpdGNoIHRoZSBkZWZhdWx0IHJvdXRlIHRvIGV0aDEKICAgIGlwIHJvdXRlIGRlbCBkZWZhdWx0IGRldiBldGgwCgogICAgIyB3YWl0IGZvciBuZXR3b3JrIGNvbm5lY3Rpb24KICAgIGN1cmwgLS1yZXRyeSAxMCBodHRwOi8vd3d3LmV4YW1wbGUuY29tCgogICAgIyByZWVzdGFibGlzaCBjb25uZWN0aW9ucwogICAgc3lzdGVtY3RsIHJlc3RhcnQgYW1hem9uLXNzbS1hZ2VudC5zZXJ2aWNlCiAgInBhdGgiOiAiL29wdC9uYXQvc25hdC5zaCIKICAicGVybWlzc2lvbnMiOiAiMDc1NSIKLSAiY29udGVudCI6IHwKICAgIFtVbml0XQogICAgRGVzY3JpcHRpb24gPSBTTkFUIHZpYSBFTkkgZXRoMQoKICAgIFtTZXJ2aWNlXQogICAgRXhlY1N0YXJ0ID0gL29wdC9uYXQvc25hdC5zaAogICAgVHlwZSA9IG9uZXNob3QKCiAgICBbSW5zdGFsbF0KICAgIFdhbnRlZEJ5ID0gbXVsdGktdXNlci50YXJnZXQKICAicGF0aCI6ICIvZXRjL3N5c3RlbWQvc3lzdGVtL3NuYXQuc2VydmljZSIK",
            "vpc_security_group_ids": []
          },
          "sensitive_attributes": [],
          "private": "bnVsbA==",
          "dependencies": [
            "module.network.module.nat.aws_iam_instance_profile.this",
            "module.network.module.nat.aws_iam_role.this",
            "module.network.module.nat.aws_network_interface.this",
            "module.network.module.nat.aws_security_group.this",
            "module.network.module.nat.data.aws_ami.this",
            "module.network.module.vpc.aws_subnet.public",
            "module.network.module.vpc.aws_vpc.this",
            "module.network.module.vpc.aws_vpc_ipv4_cidr_block_association.this"
          ],
          "create_before_destroy": true
        }
      ]
    },
    {
      "module": "module.network.module.nat",
      "mode": "managed",
      "type": "aws_network_interface",
      "name": "this",
      "provider": "provider[\"registry.terraform.io/hashicorp/aws\"]",
      "instances": [
        {
          "schema_version": 0,
          "attributes": {
            "arn": "arn:aws:ec2:eu-central-1:211439781557:network-interface/eni-062ecb1309a042f9d",
            "attachment": [
              {
                "attachment_id": "eni-attach-056e31d4d73687b6d",
                "device_index": 1,
                "instance": "i-0e9fed21ecfba68eb"
              }
            ],
            "description": "ENI for NAT instance main",
            "id": "eni-062ecb1309a042f9d",
            "interface_type": "interface",
            "ipv4_prefix_count": 0,
            "ipv4_prefixes": [],
            "ipv6_address_count": 0,
            "ipv6_address_list": [],
            "ipv6_address_list_enabled": false,
            "ipv6_addresses": [],
            "ipv6_prefix_count": 0,
            "ipv6_prefixes": [],
            "mac_address": "02:9d:a4:a6:61:43",
            "outpost_arn": "",
            "owner_id": "211439781557",
            "private_dns_name": "ip-172-18-100-194.eu-central-1.compute.internal",
            "private_ip": "172.18.100.194",
            "private_ip_list": [
              "172.18.100.194"
            ],
            "private_ip_list_enabled": false,
            "private_ips": [
              "172.18.100.194"
            ],
            "private_ips_count": 0,
            "security_groups": [
              "sg-0f6da1b9c53fb8911"
            ],
            "source_dest_check": false,
            "subnet_id": "subnet-00f9181941a1e57cf",
            "tags": {
              "Name": "nat-instance-main"
            },
            "tags_all": {
              "Name": "nat-instance-main"
            }
          },
          "sensitive_attributes": [],
          "private": "bnVsbA==",
          "dependencies": [
            "module.network.module.nat.aws_security_group.this",
            "module.network.module.vpc.aws_subnet.public",
            "module.network.module.vpc.aws_vpc.this",
            "module.network.module.vpc.aws_vpc_ipv4_cidr_block_association.this"
          ],
          "create_before_destroy": true
        }
      ]
    },
    {
      "module": "module.network.module.nat",
      "mode": "managed",
      "type": "aws_route",
      "name": "this",
      "provider": "provider[\"registry.terraform.io/hashicorp/aws\"]",
      "instances": [
        {
          "index_key": 0,
          "schema_version": 0,
          "attributes": {
            "carrier_gateway_id": "",
            "core_network_arn": "",
            "destination_cidr_block": "0.0.0.0/0",
            "destination_ipv6_cidr_block": "",
            "destination_prefix_list_id": "",
            "egress_only_gateway_id": "",
            "gateway_id": "",
            "id": "r-rtb-0cf1e45e23dd12e141080289494",
            "instance_id": "i-0e9fed21ecfba68eb",
            "instance_owner_id": "211439781557",
            "local_gateway_id": "",
            "nat_gateway_id": "",
            "network_interface_id": "eni-062ecb1309a042f9d",
            "origin": "CreateRoute",
            "route_table_id": "rtb-0cf1e45e23dd12e14",
            "state": "active",
            "timeouts": null,
            "transit_gateway_id": "",
            "vpc_endpoint_id": "",
            "vpc_peering_connection_id": ""
          },
          "sensitive_attributes": [],
          "private": "eyJlMmJmYjczMC1lY2FhLTExZTYtOGY4OC0zNDM2M2JjN2M0YzAiOnsiY3JlYXRlIjozMDAwMDAwMDAwMDAsImRlbGV0ZSI6MzAwMDAwMDAwMDAwLCJ1cGRhdGUiOjEyMDAwMDAwMDAwMH19",
          "dependencies": [
            "module.network.module.nat.aws_network_interface.this",
            "module.network.module.nat.aws_security_group.this",
            "module.network.module.vpc.aws_route_table.private",
            "module.network.module.vpc.aws_subnet.public",
            "module.network.module.vpc.aws_vpc.this",
            "module.network.module.vpc.aws_vpc_ipv4_cidr_block_association.this"
          ]
        },
        {
          "index_key": 1,
          "schema_version": 0,
          "attributes": {
            "carrier_gateway_id": "",
            "core_network_arn": "",
            "destination_cidr_block": "0.0.0.0/0",
            "destination_ipv6_cidr_block": "",
            "destination_prefix_list_id": "",
            "egress_only_gateway_id": "",
            "gateway_id": "",
            "id": "r-rtb-06fd630d481170c471080289494",
            "instance_id": "i-0e9fed21ecfba68eb",
            "instance_owner_id": "211439781557",
            "local_gateway_id": "",
            "nat_gateway_id": "",
            "network_interface_id": "eni-062ecb1309a042f9d",
            "origin": "CreateRoute",
            "route_table_id": "rtb-06fd630d481170c47",
            "state": "active",
            "timeouts": null,
            "transit_gateway_id": "",
            "vpc_endpoint_id": "",
            "vpc_peering_connection_id": ""
          },
          "sensitive_attributes": [],
          "private": "eyJlMmJmYjczMC1lY2FhLTExZTYtOGY4OC0zNDM2M2JjN2M0YzAiOnsiY3JlYXRlIjozMDAwMDAwMDAwMDAsImRlbGV0ZSI6MzAwMDAwMDAwMDAwLCJ1cGRhdGUiOjEyMDAwMDAwMDAwMH19",
          "dependencies": [
            "module.network.module.nat.aws_network_interface.this",
            "module.network.module.nat.aws_security_group.this",
            "module.network.module.vpc.aws_route_table.private",
            "module.network.module.vpc.aws_subnet.public",
            "module.network.module.vpc.aws_vpc.this",
            "module.network.module.vpc.aws_vpc_ipv4_cidr_block_association.this"
          ]
        }
      ]
    },
    {
      "module": "module.network.module.nat",
      "mode": "managed",
      "type": "aws_security_group",
      "name": "this",
      "provider": "provider[\"registry.terraform.io/hashicorp/aws\"]",
      "instances": [
        {
          "schema_version": 1,
          "attributes": {
            "arn": "arn:aws:ec2:eu-central-1:211439781557:security-group/sg-0f6da1b9c53fb8911",
            "description": "Security group for NAT instance main",
            "egress": [
              {
                "cidr_blocks": [
                  "0.0.0.0/0"
                ],
                "description": "",
                "from_port": 0,
                "ipv6_cidr_blocks": [],
                "prefix_list_ids": [],
                "protocol": "tcp",
                "security_groups": [],
                "self": false,
                "to_port": 65535
              }
            ],
            "id": "sg-0f6da1b9c53fb8911",
            "ingress": [
              {
                "cidr_blocks": [
                  "172.18.0.0/24",
                  "172.18.1.0/24"
                ],
                "description": "",
                "from_port": 0,
                "ipv6_cidr_blocks": [],
                "prefix_list_ids": [],
                "protocol": "-1",
                "security_groups": [],
                "self": false,
                "to_port": 0
              }
            ],
            "name": "main20231105152253053300000006",
            "name_prefix": "main",
            "owner_id": "211439781557",
            "revoke_rules_on_delete": false,
            "tags": {
              "Name": "nat-instance-main"
            },
            "tags_all": {
              "Name": "nat-instance-main"
            },
            "timeouts": null,
            "vpc_id": "vpc-00bab91c900698c8f"
          },
          "sensitive_attributes": [],
          "private": "eyJlMmJmYjczMC1lY2FhLTExZTYtOGY4OC0zNDM2M2JjN2M0YzAiOnsiY3JlYXRlIjo2MDAwMDAwMDAwMDAsImRlbGV0ZSI6OTAwMDAwMDAwMDAwfSwic2NoZW1hX3ZlcnNpb24iOiIxIn0=",
          "dependencies": [
            "module.network.module.vpc.aws_vpc.this"
          ],
          "create_before_destroy": true
        }
      ]
    },
    {
      "module": "module.network.module.nat",
      "mode": "managed",
      "type": "aws_security_group_rule",
      "name": "egress",
      "provider": "provider[\"registry.terraform.io/hashicorp/aws\"]",
      "instances": [
        {
          "schema_version": 2,
          "attributes": {
            "cidr_blocks": [
              "0.0.0.0/0"
            ],
            "description": "",
            "from_port": 0,
            "id": "sgrule-3386393570",
            "ipv6_cidr_blocks": null,
            "prefix_list_ids": null,
            "protocol": "tcp",
            "security_group_id": "sg-0f6da1b9c53fb8911",
            "security_group_rule_id": "sgr-0ffd1607ea1cdf19e",
            "self": false,
            "source_security_group_id": null,
            "timeouts": null,
            "to_port": 65535,
            "type": "egress"
          },
          "sensitive_attributes": [],
          "private": "eyJlMmJmYjczMC1lY2FhLTExZTYtOGY4OC0zNDM2M2JjN2M0YzAiOnsiY3JlYXRlIjozMDAwMDAwMDAwMDB9LCJzY2hlbWFfdmVyc2lvbiI6IjIifQ==",
          "dependencies": [
            "module.network.module.nat.aws_security_group.this",
            "module.network.module.vpc.aws_vpc.this"
          ]
        }
      ]
    },
    {
      "module": "module.network.module.nat",
      "mode": "managed",
      "type": "aws_security_group_rule",
      "name": "ingress_any",
      "provider": "provider[\"registry.terraform.io/hashicorp/aws\"]",
      "instances": [
        {
          "schema_version": 2,
          "attributes": {
            "cidr_blocks": [
              "172.18.0.0/24",
              "172.18.1.0/24"
            ],
            "description": "",
            "from_port": 0,
            "id": "sgrule-3964960666",
            "ipv6_cidr_blocks": null,
            "prefix_list_ids": null,
            "protocol": "-1",
            "security_group_id": "sg-0f6da1b9c53fb8911",
            "security_group_rule_id": "",
            "self": false,
            "source_security_group_id": null,
            "timeouts": null,
            "to_port": 0,
            "type": "ingress"
          },
          "sensitive_attributes": [],
          "private": "eyJlMmJmYjczMC1lY2FhLTExZTYtOGY4OC0zNDM2M2JjN2M0YzAiOnsiY3JlYXRlIjozMDAwMDAwMDAwMDB9LCJzY2hlbWFfdmVyc2lvbiI6IjIifQ==",
          "dependencies": [
            "module.network.module.nat.aws_security_group.this",
            "module.network.module.vpc.aws_subnet.private",
            "module.network.module.vpc.aws_vpc.this",
            "module.network.module.vpc.aws_vpc_ipv4_cidr_block_association.this"
          ]
        }
      ]
    },
    {
      "module": "module.network.module.vpc",
      "mode": "managed",
      "type": "aws_default_network_acl",
      "name": "this",
      "provider": "provider[\"registry.terraform.io/hashicorp/aws\"]",
      "instances": [
        {
          "index_key": 0,
          "schema_version": 0,
          "attributes": {
            "arn": "arn:aws:ec2:eu-central-1:211439781557:network-acl/acl-0c783854342c341c7",
            "default_network_acl_id": "acl-0c783854342c341c7",
            "egress": [
              {
                "action": "allow",
                "cidr_block": "",
                "from_port": 0,
                "icmp_code": 0,
                "icmp_type": 0,
                "ipv6_cidr_block": "::/0",
                "protocol": "-1",
                "rule_no": 101,
                "to_port": 0
              },
              {
                "action": "allow",
                "cidr_block": "0.0.0.0/0",
                "from_port": 0,
                "icmp_code": 0,
                "icmp_type": 0,
                "ipv6_cidr_block": "",
                "protocol": "-1",
                "rule_no": 100,
                "to_port": 0
              }
            ],
            "id": "acl-0c783854342c341c7",
            "ingress": [
              {
                "action": "allow",
                "cidr_block": "",
                "from_port": 0,
                "icmp_code": 0,
                "icmp_type": 0,
                "ipv6_cidr_block": "::/0",
                "protocol": "-1",
                "rule_no": 101,
                "to_port": 0
              },
              {
                "action": "allow",
                "cidr_block": "0.0.0.0/0",
                "from_port": 0,
                "icmp_code": 0,
                "icmp_type": 0,
                "ipv6_cidr_block": "",
                "protocol": "-1",
                "rule_no": 100,
                "to_port": 0
              }
            ],
            "owner_id": "211439781557",
            "subnet_ids": [
              "subnet-00f9181941a1e57cf",
              "subnet-07dbd849cba2cc3f0",
              "subnet-0a9b1e1198ad93987",
              "subnet-0c4cd4327410fa0f7"
            ],
            "tags": {
              "Name": "dcms-default"
            },
            "tags_all": {
              "Name": "dcms-default"
            },
            "vpc_id": "vpc-00bab91c900698c8f"
          },
          "sensitive_attributes": [],
          "private": "bnVsbA==",
          "dependencies": [
            "module.network.module.vpc.aws_vpc.this"
          ]
        }
      ]
    },
    {
      "module": "module.network.module.vpc",
      "mode": "managed",
      "type": "aws_default_route_table",
      "name": "default",
      "provider": "provider[\"registry.terraform.io/hashicorp/aws\"]",
      "instances": [
        {
          "index_key": 0,
          "schema_version": 0,
          "attributes": {
            "arn": "arn:aws:ec2:eu-central-1:211439781557:route-table/rtb-031a811e35d8c6ce1",
            "default_route_table_id": "rtb-031a811e35d8c6ce1",
            "id": "rtb-031a811e35d8c6ce1",
            "owner_id": "211439781557",
            "propagating_vgws": [],
            "route": [],
            "tags": {
              "Name": "dcms-default"
            },
            "tags_all": {
              "Name": "dcms-default"
            },
            "timeouts": {
              "create": "5m",
              "update": "5m"
            },
            "vpc_id": "vpc-00bab91c900698c8f"
          },
          "sensitive_attributes": [],
          "private": "eyJlMmJmYjczMC1lY2FhLTExZTYtOGY4OC0zNDM2M2JjN2M0YzAiOnsiY3JlYXRlIjozMDAwMDAwMDAwMDAsInVwZGF0ZSI6MzAwMDAwMDAwMDAwfX0=",
          "dependencies": [
            "module.network.module.vpc.aws_vpc.this"
          ]
        }
      ]
    },
    {
      "module": "module.network.module.vpc",
      "mode": "managed",
      "type": "aws_default_security_group",
      "name": "this",
      "provider": "provider[\"registry.terraform.io/hashicorp/aws\"]",
      "instances": [
        {
          "index_key": 0,
          "schema_version": 1,
          "attributes": {
            "arn": "arn:aws:ec2:eu-central-1:211439781557:security-group/sg-092e1e7ec5da63e1d",
            "description": "default VPC security group",
            "egress": [],
            "id": "sg-092e1e7ec5da63e1d",
            "ingress": [],
            "name": "default",
            "name_prefix": "",
            "owner_id": "211439781557",
            "revoke_rules_on_delete": false,
            "tags": {
              "Name": "dcms-default"
            },
            "tags_all": {
              "Name": "dcms-default"
            },
            "vpc_id": "vpc-00bab91c900698c8f"
          },
          "sensitive_attributes": [],
          "private": "eyJzY2hlbWFfdmVyc2lvbiI6IjEifQ==",
          "dependencies": [
            "module.network.module.vpc.aws_vpc.this"
          ]
        }
      ]
    },
    {
      "module": "module.network.module.vpc",
      "mode": "managed",
      "type": "aws_internet_gateway",
      "name": "this",
      "provider": "provider[\"registry.terraform.io/hashicorp/aws\"]",
      "instances": [
        {
          "index_key": 0,
          "schema_version": 0,
          "attributes": {
            "arn": "arn:aws:ec2:eu-central-1:211439781557:internet-gateway/igw-0c2660248edf3ddca",
            "id": "igw-0c2660248edf3ddca",
            "owner_id": "211439781557",
            "tags": {
              "Name": "dcms"
            },
            "tags_all": {
              "Name": "dcms"
            },
            "timeouts": null,
            "vpc_id": "vpc-00bab91c900698c8f"
          },
          "sensitive_attributes": [],
          "private": "eyJlMmJmYjczMC1lY2FhLTExZTYtOGY4OC0zNDM2M2JjN2M0YzAiOnsiY3JlYXRlIjoxMjAwMDAwMDAwMDAwLCJkZWxldGUiOjEyMDAwMDAwMDAwMDAsInVwZGF0ZSI6MTIwMDAwMDAwMDAwMH19",
          "dependencies": [
            "module.network.module.vpc.aws_vpc.this",
            "module.network.module.vpc.aws_vpc_ipv4_cidr_block_association.this"
          ]
        }
      ]
    },
    {
      "module": "module.network.module.vpc",
      "mode": "managed",
      "type": "aws_route",
      "name": "public_internet_gateway",
      "provider": "provider[\"registry.terraform.io/hashicorp/aws\"]",
      "instances": [
        {
          "index_key": 0,
          "schema_version": 0,
          "attributes": {
            "carrier_gateway_id": "",
            "core_network_arn": "",
            "destination_cidr_block": "0.0.0.0/0",
            "destination_ipv6_cidr_block": "",
            "destination_prefix_list_id": "",
            "egress_only_gateway_id": "",
            "gateway_id": "igw-0c2660248edf3ddca",
            "id": "r-rtb-087aa4c55486492051080289494",
            "instance_id": "",
            "instance_owner_id": "",
            "local_gateway_id": "",
            "nat_gateway_id": "",
            "network_interface_id": "",
            "origin": "CreateRoute",
            "route_table_id": "rtb-087aa4c5548649205",
            "state": "active",
            "timeouts": {
              "create": "5m",
              "delete": null,
              "update": null
            },
            "transit_gateway_id": "",
            "vpc_endpoint_id": "",
            "vpc_peering_connection_id": ""
          },
          "sensitive_attributes": [],
          "private": "eyJlMmJmYjczMC1lY2FhLTExZTYtOGY4OC0zNDM2M2JjN2M0YzAiOnsiY3JlYXRlIjozMDAwMDAwMDAwMDAsImRlbGV0ZSI6MzAwMDAwMDAwMDAwLCJ1cGRhdGUiOjEyMDAwMDAwMDAwMH19",
          "dependencies": [
            "module.network.module.vpc.aws_internet_gateway.this",
            "module.network.module.vpc.aws_route_table.public",
            "module.network.module.vpc.aws_vpc.this",
            "module.network.module.vpc.aws_vpc_ipv4_cidr_block_association.this"
          ]
        }
      ]
    },
    {
      "module": "module.network.module.vpc",
      "mode": "managed",
      "type": "aws_route_table",
      "name": "private",
      "provider": "provider[\"registry.terraform.io/hashicorp/aws\"]",
      "instances": [
        {
          "index_key": 0,
          "schema_version": 0,
          "attributes": {
            "arn": "arn:aws:ec2:eu-central-1:211439781557:route-table/rtb-0cf1e45e23dd12e14",
            "id": "rtb-0cf1e45e23dd12e14",
            "owner_id": "211439781557",
            "propagating_vgws": [],
            "route": [
              {
                "carrier_gateway_id": "",
                "cidr_block": "0.0.0.0/0",
                "core_network_arn": "",
                "destination_prefix_list_id": "",
                "egress_only_gateway_id": "",
                "gateway_id": "",
                "ipv6_cidr_block": "",
                "local_gateway_id": "",
                "nat_gateway_id": "",
                "network_interface_id": "eni-062ecb1309a042f9d",
                "transit_gateway_id": "",
                "vpc_endpoint_id": "",
                "vpc_peering_connection_id": ""
              }
            ],
            "tags": {
              "Name": "dcms-private-eu-central-1a"
            },
            "tags_all": {
              "Name": "dcms-private-eu-central-1a"
            },
            "timeouts": null,
            "vpc_id": "vpc-00bab91c900698c8f"
          },
          "sensitive_attributes": [],
          "private": "eyJlMmJmYjczMC1lY2FhLTExZTYtOGY4OC0zNDM2M2JjN2M0YzAiOnsiY3JlYXRlIjozMDAwMDAwMDAwMDAsImRlbGV0ZSI6MzAwMDAwMDAwMDAwLCJ1cGRhdGUiOjEyMDAwMDAwMDAwMH19",
          "dependencies": [
            "module.network.module.vpc.aws_vpc.this",
            "module.network.module.vpc.aws_vpc_ipv4_cidr_block_association.this"
          ]
        },
        {
          "index_key": 1,
          "schema_version": 0,
          "attributes": {
            "arn": "arn:aws:ec2:eu-central-1:211439781557:route-table/rtb-06fd630d481170c47",
            "id": "rtb-06fd630d481170c47",
            "owner_id": "211439781557",
            "propagating_vgws": [],
            "route": [
              {
                "carrier_gateway_id": "",
                "cidr_block": "0.0.0.0/0",
                "core_network_arn": "",
                "destination_prefix_list_id": "",
                "egress_only_gateway_id": "",
                "gateway_id": "",
                "ipv6_cidr_block": "",
                "local_gateway_id": "",
                "nat_gateway_id": "",
                "network_interface_id": "eni-062ecb1309a042f9d",
                "transit_gateway_id": "",
                "vpc_endpoint_id": "",
                "vpc_peering_connection_id": ""
              }
            ],
            "tags": {
              "Name": "dcms-private-eu-central-1b"
            },
            "tags_all": {
              "Name": "dcms-private-eu-central-1b"
            },
            "timeouts": null,
            "vpc_id": "vpc-00bab91c900698c8f"
          },
          "sensitive_attributes": [],
          "private": "eyJlMmJmYjczMC1lY2FhLTExZTYtOGY4OC0zNDM2M2JjN2M0YzAiOnsiY3JlYXRlIjozMDAwMDAwMDAwMDAsImRlbGV0ZSI6MzAwMDAwMDAwMDAwLCJ1cGRhdGUiOjEyMDAwMDAwMDAwMH19",
          "dependencies": [
            "module.network.module.vpc.aws_vpc.this",
            "module.network.module.vpc.aws_vpc_ipv4_cidr_block_association.this"
          ]
        }
      ]
    },
    {
      "module": "module.network.module.vpc",
      "mode": "managed",
      "type": "aws_route_table",
      "name": "public",
      "provider": "provider[\"registry.terraform.io/hashicorp/aws\"]",
      "instances": [
        {
          "index_key": 0,
          "schema_version": 0,
          "attributes": {
            "arn": "arn:aws:ec2:eu-central-1:211439781557:route-table/rtb-087aa4c5548649205",
            "id": "rtb-087aa4c5548649205",
            "owner_id": "211439781557",
            "propagating_vgws": [],
            "route": [
              {
                "carrier_gateway_id": "",
                "cidr_block": "0.0.0.0/0",
                "core_network_arn": "",
                "destination_prefix_list_id": "",
                "egress_only_gateway_id": "",
                "gateway_id": "igw-0c2660248edf3ddca",
                "ipv6_cidr_block": "",
                "local_gateway_id": "",
                "nat_gateway_id": "",
                "network_interface_id": "",
                "transit_gateway_id": "",
                "vpc_endpoint_id": "",
                "vpc_peering_connection_id": ""
              }
            ],
            "tags": {
              "Name": "dcms-public"
            },
            "tags_all": {
              "Name": "dcms-public"
            },
            "timeouts": null,
            "vpc_id": "vpc-00bab91c900698c8f"
          },
          "sensitive_attributes": [],
          "private": "eyJlMmJmYjczMC1lY2FhLTExZTYtOGY4OC0zNDM2M2JjN2M0YzAiOnsiY3JlYXRlIjozMDAwMDAwMDAwMDAsImRlbGV0ZSI6MzAwMDAwMDAwMDAwLCJ1cGRhdGUiOjEyMDAwMDAwMDAwMH19",
          "dependencies": [
            "module.network.module.vpc.aws_vpc.this",
            "module.network.module.vpc.aws_vpc_ipv4_cidr_block_association.this"
          ]
        }
      ]
    },
    {
      "module": "module.network.module.vpc",
      "mode": "managed",
      "type": "aws_route_table_association",
      "name": "private",
      "provider": "provider[\"registry.terraform.io/hashicorp/aws\"]",
      "instances": [
        {
          "index_key": 0,
          "schema_version": 0,
          "attributes": {
            "gateway_id": "",
            "id": "rtbassoc-084204198b11c0bb4",
            "route_table_id": "rtb-0cf1e45e23dd12e14",
            "subnet_id": "subnet-07dbd849cba2cc3f0",
            "timeouts": null
          },
          "sensitive_attributes": [],
          "private": "eyJlMmJmYjczMC1lY2FhLTExZTYtOGY4OC0zNDM2M2JjN2M0YzAiOnsiY3JlYXRlIjozMDAwMDAwMDAwMDAsImRlbGV0ZSI6MzAwMDAwMDAwMDAwLCJ1cGRhdGUiOjEyMDAwMDAwMDAwMH19",
          "dependencies": [
            "module.network.module.vpc.aws_route_table.private",
            "module.network.module.vpc.aws_subnet.private",
            "module.network.module.vpc.aws_vpc.this",
            "module.network.module.vpc.aws_vpc_ipv4_cidr_block_association.this"
          ]
        },
        {
          "index_key": 1,
          "schema_version": 0,
          "attributes": {
            "gateway_id": "",
            "id": "rtbassoc-02ec8679f2a5747a0",
            "route_table_id": "rtb-06fd630d481170c47",
            "subnet_id": "subnet-0a9b1e1198ad93987",
            "timeouts": null
          },
          "sensitive_attributes": [],
          "private": "eyJlMmJmYjczMC1lY2FhLTExZTYtOGY4OC0zNDM2M2JjN2M0YzAiOnsiY3JlYXRlIjozMDAwMDAwMDAwMDAsImRlbGV0ZSI6MzAwMDAwMDAwMDAwLCJ1cGRhdGUiOjEyMDAwMDAwMDAwMH19",
          "dependencies": [
            "module.network.module.vpc.aws_route_table.private",
            "module.network.module.vpc.aws_subnet.private",
            "module.network.module.vpc.aws_vpc.this",
            "module.network.module.vpc.aws_vpc_ipv4_cidr_block_association.this"
          ]
        }
      ]
    },
    {
      "module": "module.network.module.vpc",
      "mode": "managed",
      "type": "aws_route_table_association",
      "name": "public",
      "provider": "provider[\"registry.terraform.io/hashicorp/aws\"]",
      "instances": [
        {
          "index_key": 0,
          "schema_version": 0,
          "attributes": {
            "gateway_id": "",
            "id": "rtbassoc-0d1022e3f75549187",
            "route_table_id": "rtb-087aa4c5548649205",
            "subnet_id": "subnet-00f9181941a1e57cf",
            "timeouts": null
          },
          "sensitive_attributes": [],
          "private": "eyJlMmJmYjczMC1lY2FhLTExZTYtOGY4OC0zNDM2M2JjN2M0YzAiOnsiY3JlYXRlIjozMDAwMDAwMDAwMDAsImRlbGV0ZSI6MzAwMDAwMDAwMDAwLCJ1cGRhdGUiOjEyMDAwMDAwMDAwMH19",
          "dependencies": [
            "module.network.module.vpc.aws_route_table.public",
            "module.network.module.vpc.aws_subnet.public",
            "module.network.module.vpc.aws_vpc.this",
            "module.network.module.vpc.aws_vpc_ipv4_cidr_block_association.this"
          ]
        },
        {
          "index_key": 1,
          "schema_version": 0,
          "attributes": {
            "gateway_id": "",
            "id": "rtbassoc-09788d50c89692af4",
            "route_table_id": "rtb-087aa4c5548649205",
            "subnet_id": "subnet-0c4cd4327410fa0f7",
            "timeouts": null
          },
          "sensitive_attributes": [],
          "private": "eyJlMmJmYjczMC1lY2FhLTExZTYtOGY4OC0zNDM2M2JjN2M0YzAiOnsiY3JlYXRlIjozMDAwMDAwMDAwMDAsImRlbGV0ZSI6MzAwMDAwMDAwMDAwLCJ1cGRhdGUiOjEyMDAwMDAwMDAwMH19",
          "dependencies": [
            "module.network.module.vpc.aws_route_table.public",
            "module.network.module.vpc.aws_subnet.public",
            "module.network.module.vpc.aws_vpc.this",
            "module.network.module.vpc.aws_vpc_ipv4_cidr_block_association.this"
          ]
        }
      ]
    },
    {
      "module": "module.network.module.vpc",
      "mode": "managed",
      "type": "aws_subnet",
      "name": "private",
      "provider": "provider[\"registry.terraform.io/hashicorp/aws\"]",
      "instances": [
        {
          "index_key": 0,
          "schema_version": 1,
          "attributes": {
            "arn": "arn:aws:ec2:eu-central-1:211439781557:subnet/subnet-07dbd849cba2cc3f0",
            "assign_ipv6_address_on_creation": false,
            "availability_zone": "eu-central-1a",
            "availability_zone_id": "euc1-az2",
            "cidr_block": "172.18.0.0/24",
            "customer_owned_ipv4_pool": "",
            "enable_dns64": false,
            "enable_lni_at_device_index": 0,
            "enable_resource_name_dns_a_record_on_launch": false,
            "enable_resource_name_dns_aaaa_record_on_launch": false,
            "id": "subnet-07dbd849cba2cc3f0",
            "ipv6_cidr_block": "",
            "ipv6_cidr_block_association_id": "",
            "ipv6_native": false,
            "map_customer_owned_ip_on_launch": false,
            "map_public_ip_on_launch": false,
            "outpost_arn": "",
            "owner_id": "211439781557",
            "private_dns_hostname_type_on_launch": "ip-name",
            "tags": {
              "Name": "dcms-private-eu-central-1a"
            },
            "tags_all": {
              "Name": "dcms-private-eu-central-1a"
            },
            "timeouts": null,
            "vpc_id": "vpc-00bab91c900698c8f"
          },
          "sensitive_attributes": [],
          "private": "eyJlMmJmYjczMC1lY2FhLTExZTYtOGY4OC0zNDM2M2JjN2M0YzAiOnsiY3JlYXRlIjo2MDAwMDAwMDAwMDAsImRlbGV0ZSI6MTIwMDAwMDAwMDAwMH0sInNjaGVtYV92ZXJzaW9uIjoiMSJ9",
          "dependencies": [
            "module.network.module.vpc.aws_vpc.this",
            "module.network.module.vpc.aws_vpc_ipv4_cidr_block_association.this"
          ]
        },
        {
          "index_key": 1,
          "schema_version": 1,
          "attributes": {
            "arn": "arn:aws:ec2:eu-central-1:211439781557:subnet/subnet-0a9b1e1198ad93987",
            "assign_ipv6_address_on_creation": false,
            "availability_zone": "eu-central-1b",
            "availability_zone_id": "euc1-az3",
            "cidr_block": "172.18.1.0/24",
            "customer_owned_ipv4_pool": "",
            "enable_dns64": false,
            "enable_lni_at_device_index": 0,
            "enable_resource_name_dns_a_record_on_launch": false,
            "enable_resource_name_dns_aaaa_record_on_launch": false,
            "id": "subnet-0a9b1e1198ad93987",
            "ipv6_cidr_block": "",
            "ipv6_cidr_block_association_id": "",
            "ipv6_native": false,
            "map_customer_owned_ip_on_launch": false,
            "map_public_ip_on_launch": false,
            "outpost_arn": "",
            "owner_id": "211439781557",
            "private_dns_hostname_type_on_launch": "ip-name",
            "tags": {
              "Name": "dcms-private-eu-central-1b"
            },
            "tags_all": {
              "Name": "dcms-private-eu-central-1b"
            },
            "timeouts": null,
            "vpc_id": "vpc-00bab91c900698c8f"
          },
          "sensitive_attributes": [],
          "private": "eyJlMmJmYjczMC1lY2FhLTExZTYtOGY4OC0zNDM2M2JjN2M0YzAiOnsiY3JlYXRlIjo2MDAwMDAwMDAwMDAsImRlbGV0ZSI6MTIwMDAwMDAwMDAwMH0sInNjaGVtYV92ZXJzaW9uIjoiMSJ9",
          "dependencies": [
            "module.network.module.vpc.aws_vpc.this",
            "module.network.module.vpc.aws_vpc_ipv4_cidr_block_association.this"
          ]
        }
      ]
    },
    {
      "module": "module.network.module.vpc",
      "mode": "managed",
      "type": "aws_subnet",
      "name": "public",
      "provider": "provider[\"registry.terraform.io/hashicorp/aws\"]",
      "instances": [
        {
          "index_key": 0,
          "schema_version": 1,
          "attributes": {
            "arn": "arn:aws:ec2:eu-central-1:211439781557:subnet/subnet-00f9181941a1e57cf",
            "assign_ipv6_address_on_creation": false,
            "availability_zone": "eu-central-1a",
            "availability_zone_id": "euc1-az2",
            "cidr_block": "172.18.100.0/24",
            "customer_owned_ipv4_pool": "",
            "enable_dns64": false,
            "enable_lni_at_device_index": 0,
            "enable_resource_name_dns_a_record_on_launch": false,
            "enable_resource_name_dns_aaaa_record_on_launch": false,
            "id": "subnet-00f9181941a1e57cf",
            "ipv6_cidr_block": "",
            "ipv6_cidr_block_association_id": "",
            "ipv6_native": false,
            "map_customer_owned_ip_on_launch": false,
            "map_public_ip_on_launch": false,
            "outpost_arn": "",
            "owner_id": "211439781557",
            "private_dns_hostname_type_on_launch": "ip-name",
            "tags": {
              "Name": "dcms-public-eu-central-1a"
            },
            "tags_all": {
              "Name": "dcms-public-eu-central-1a"
            },
            "timeouts": null,
            "vpc_id": "vpc-00bab91c900698c8f"
          },
          "sensitive_attributes": [],
          "private": "eyJlMmJmYjczMC1lY2FhLTExZTYtOGY4OC0zNDM2M2JjN2M0YzAiOnsiY3JlYXRlIjo2MDAwMDAwMDAwMDAsImRlbGV0ZSI6MTIwMDAwMDAwMDAwMH0sInNjaGVtYV92ZXJzaW9uIjoiMSJ9",
          "dependencies": [
            "module.network.module.vpc.aws_vpc.this",
            "module.network.module.vpc.aws_vpc_ipv4_cidr_block_association.this"
          ],
          "create_before_destroy": true
        },
        {
          "index_key": 1,
          "schema_version": 1,
          "attributes": {
            "arn": "arn:aws:ec2:eu-central-1:211439781557:subnet/subnet-0c4cd4327410fa0f7",
            "assign_ipv6_address_on_creation": false,
            "availability_zone": "eu-central-1b",
            "availability_zone_id": "euc1-az3",
            "cidr_block": "172.18.101.0/24",
            "customer_owned_ipv4_pool": "",
            "enable_dns64": false,
            "enable_lni_at_device_index": 0,
            "enable_resource_name_dns_a_record_on_launch": false,
            "enable_resource_name_dns_aaaa_record_on_launch": false,
            "id": "subnet-0c4cd4327410fa0f7",
            "ipv6_cidr_block": "",
            "ipv6_cidr_block_association_id": "",
            "ipv6_native": false,
            "map_customer_owned_ip_on_launch": false,
            "map_public_ip_on_launch": false,
            "outpost_arn": "",
            "owner_id": "211439781557",
            "private_dns_hostname_type_on_launch": "ip-name",
            "tags": {
              "Name": "dcms-public-eu-central-1b"
            },
            "tags_all": {
              "Name": "dcms-public-eu-central-1b"
            },
            "timeouts": null,
            "vpc_id": "vpc-00bab91c900698c8f"
          },
          "sensitive_attributes": [],
          "private": "eyJlMmJmYjczMC1lY2FhLTExZTYtOGY4OC0zNDM2M2JjN2M0YzAiOnsiY3JlYXRlIjo2MDAwMDAwMDAwMDAsImRlbGV0ZSI6MTIwMDAwMDAwMDAwMH0sInNjaGVtYV92ZXJzaW9uIjoiMSJ9",
          "dependencies": [
            "module.network.module.vpc.aws_vpc.this",
            "module.network.module.vpc.aws_vpc_ipv4_cidr_block_association.this"
          ],
          "create_before_destroy": true
        }
      ]
    },
    {
      "module": "module.network.module.vpc",
      "mode": "managed",
      "type": "aws_vpc",
      "name": "this",
      "provider": "provider[\"registry.terraform.io/hashicorp/aws\"]",
      "instances": [
        {
          "index_key": 0,
          "schema_version": 1,
          "attributes": {
            "arn": "arn:aws:ec2:eu-central-1:211439781557:vpc/vpc-00bab91c900698c8f",
            "assign_generated_ipv6_cidr_block": false,
            "cidr_block": "172.18.0.0/16",
            "default_network_acl_id": "acl-0c783854342c341c7",
            "default_route_table_id": "rtb-031a811e35d8c6ce1",
            "default_security_group_id": "sg-092e1e7ec5da63e1d",
            "dhcp_options_id": "dopt-08121af603ba77c81",
            "enable_dns_hostnames": true,
            "enable_dns_support": true,
            "enable_network_address_usage_metrics": false,
            "id": "vpc-00bab91c900698c8f",
            "instance_tenancy": "default",
            "ipv4_ipam_pool_id": null,
            "ipv4_netmask_length": null,
            "ipv6_association_id": "",
            "ipv6_cidr_block": "",
            "ipv6_cidr_block_network_border_group": "",
            "ipv6_ipam_pool_id": "",
            "ipv6_netmask_length": 0,
            "main_route_table_id": "rtb-031a811e35d8c6ce1",
            "owner_id": "211439781557",
            "tags": {
              "Name": "dcms"
            },
            "tags_all": {
              "Name": "dcms"
            }
          },
          "sensitive_attributes": [],
          "private": "eyJzY2hlbWFfdmVyc2lvbiI6IjEifQ==",
          "create_before_destroy": true
        }
      ]
    },
    {
      "module": "module.network.module.vpc",
      "mode": "managed",
      "type": "aws_vpc_ipv4_cidr_block_association",
      "name": "this",
      "provider": "provider[\"registry.terraform.io/hashicorp/aws\"]",
      "instances": []
    },
    {
      "module": "module.roles",
      "mode": "data",
      "type": "aws_iam_policy_document",
      "name": "ecsTaskExecution",
      "provider": "provider[\"registry.terraform.io/hashicorp/aws\"]",
      "instances": [
        {
          "schema_version": 0,
          "attributes": {
            "id": "1077804475",
            "json": "{\n  \"Version\": \"2012-10-17\",\n  \"Statement\": [\n    {\n      \"Effect\": \"Allow\",\n      \"Action\": \"sts:AssumeRole\",\n      \"Principal\": {\n        \"Service\": \"ecs-tasks.amazonaws.com\"\n      }\n    }\n  ]\n}",
            "override_policy_documents": null,
            "policy_id": null,
            "source_policy_documents": null,
            "statement": [
              {
                "actions": [
                  "sts:AssumeRole"
                ],
                "condition": [],
                "effect": "Allow",
                "not_actions": [],
                "not_principals": [],
                "not_resources": [],
                "principals": [
                  {
                    "identifiers": [
                      "ecs-tasks.amazonaws.com"
                    ],
                    "type": "Service"
                  }
                ],
                "resources": [],
                "sid": ""
              }
            ],
            "version": "2012-10-17"
          },
          "sensitive_attributes": []
        }
      ]
    },
    {
      "module": "module.roles",
      "mode": "managed",
      "type": "aws_iam_role",
      "name": "ecsTaskExecution",
      "provider": "provider[\"registry.terraform.io/hashicorp/aws\"]",
      "instances": [
        {
          "schema_version": 0,
          "attributes": {
            "arn": "arn:aws:iam::211439781557:role/ecsTaskExecution",
            "assume_role_policy": "{\"Statement\":[{\"Action\":\"sts:AssumeRole\",\"Effect\":\"Allow\",\"Principal\":{\"Service\":\"ecs-tasks.amazonaws.com\"}}],\"Version\":\"2012-10-17\"}",
            "create_date": "2023-11-05T15:22:41Z",
            "description": "",
            "force_detach_policies": false,
            "id": "ecsTaskExecution",
            "inline_policy": [],
            "managed_policy_arns": [
              "arn:aws:iam::aws:policy/service-role/AmazonECSTaskExecutionRolePolicy"
            ],
            "max_session_duration": 3600,
            "name": "ecsTaskExecution",
            "name_prefix": "",
            "path": "/",
            "permissions_boundary": "",
            "tags": {
              "Name": "ecsTaskExecution"
            },
            "tags_all": {
              "Name": "ecsTaskExecution"
            },
            "unique_id": "AROATCOWLA22ZDABLLK6Z"
          },
          "sensitive_attributes": [],
          "private": "bnVsbA==",
          "dependencies": [
            "module.roles.data.aws_iam_policy_document.ecsTaskExecution"
          ]
        }
      ]
    },
    {
      "module": "module.roles",
      "mode": "managed",
      "type": "aws_iam_role_policy_attachment",
      "name": "ecsTaskExecution",
      "provider": "provider[\"registry.terraform.io/hashicorp/aws\"]",
      "instances": [
        {
          "schema_version": 0,
          "attributes": {
            "id": "ecsTaskExecution-20231105152242584400000005",
            "policy_arn": "arn:aws:iam::aws:policy/service-role/AmazonECSTaskExecutionRolePolicy",
            "role": "ecsTaskExecution"
          },
          "sensitive_attributes": [],
          "private": "bnVsbA==",
          "dependencies": [
            "module.roles.aws_iam_role.ecsTaskExecution",
            "module.roles.data.aws_iam_policy_document.ecsTaskExecution"
          ]
        }
      ]
    },
    {
      "module": "module.web_container",
      "mode": "managed",
      "type": "aws_ecr_lifecycle_policy",
      "name": "default_policy",
      "provider": "provider[\"registry.terraform.io/hashicorp/aws\"]",
      "instances": [
        {
          "schema_version": 0,
          "attributes": {
            "id": "tests-web",
            "policy": "{\"rules\":[{\"action\":{\"type\":\"expire\"},\"description\":\"Keep last 2 images\",\"rulePriority\":1,\"selection\":{\"countNumber\":3,\"countType\":\"imageCountMoreThan\",\"tagPrefixList\":[\"v\"],\"tagStatus\":\"tagged\"}}]}",
            "registry_id": "211439781557",
            "repository": "tests-web"
          },
          "sensitive_attributes": [],
          "private": "bnVsbA==",
          "dependencies": [
            "module.web_container.aws_ecr_repository.repo"
          ]
        }
      ]
    },
    {
      "module": "module.web_container",
      "mode": "managed",
      "type": "aws_ecr_repository",
      "name": "repo",
      "provider": "provider[\"registry.terraform.io/hashicorp/aws\"]",
      "instances": [
        {
          "schema_version": 0,
          "attributes": {
            "arn": "arn:aws:ecr:eu-central-1:211439781557:repository/tests-web",
            "encryption_configuration": [
              {
                "encryption_type": "AES256",
                "kms_key": ""
              }
            ],
            "force_delete": true,
            "id": "tests-web",
            "image_scanning_configuration": [
              {
                "scan_on_push": false
              }
            ],
            "image_tag_mutability": "MUTABLE",
            "name": "tests-web",
            "registry_id": "211439781557",
            "repository_url": "211439781557.dkr.ecr.eu-central-1.amazonaws.com/tests-web",
            "tags": {
              "Name": "tests-web"
            },
            "tags_all": {
              "Name": "tests-web"
            },
            "timeouts": null
          },
          "sensitive_attributes": [],
          "private": "eyJlMmJmYjczMC1lY2FhLTExZTYtOGY4OC0zNDM2M2JjN2M0YzAiOnsiZGVsZXRlIjoxMjAwMDAwMDAwMDAwfX0="
        }
      ]
    },
    {
      "module": "module.web_container",
      "mode": "managed",
      "type": "aws_ecs_cluster",
      "name": "this",
      "provider": "provider[\"registry.terraform.io/hashicorp/aws\"]",
      "instances": [
        {
          "schema_version": 0,
          "attributes": {
            "arn": "arn:aws:ecs:eu-central-1:211439781557:cluster/tests-web",
            "configuration": [],
            "id": "arn:aws:ecs:eu-central-1:211439781557:cluster/tests-web",
            "name": "tests-web",
            "service_connect_defaults": [],
            "setting": [
              {
                "name": "containerInsights",
                "value": "disabled"
              }
            ],
            "tags": {
              "Name": "tests-web"
            },
            "tags_all": {
              "Name": "tests-web"
            }
          },
          "sensitive_attributes": [],
          "private": "bnVsbA=="
        }
      ]
    },
    {
      "module": "module.web_container",
      "mode": "managed",
      "type": "aws_ecs_service",
      "name": "service",
      "provider": "provider[\"registry.terraform.io/hashicorp/aws\"]",
      "instances": [
        {
          "schema_version": 0,
          "attributes": {
            "alarms": [],
            "capacity_provider_strategy": [],
            "cluster": "arn:aws:ecs:eu-central-1:211439781557:cluster/tests-web",
            "deployment_circuit_breaker": [
              {
                "enable": false,
                "rollback": false
              }
            ],
            "deployment_controller": [
              {
                "type": "ECS"
              }
            ],
            "deployment_maximum_percent": 200,
            "deployment_minimum_healthy_percent": 100,
            "desired_count": 1,
            "enable_ecs_managed_tags": false,
            "enable_execute_command": false,
            "force_new_deployment": null,
            "health_check_grace_period_seconds": 0,
            "iam_role": "/aws-service-role/ecs.amazonaws.com/AWSServiceRoleForECS",
            "id": "arn:aws:ecs:eu-central-1:211439781557:service/tests-web/tests-web-service",
            "launch_type": "FARGATE",
            "load_balancer": [
              {
                "container_name": "tests-web",
                "container_port": 4173,
                "elb_name": "",
                "target_group_arn": "arn:aws:elasticloadbalancing:eu-central-1:211439781557:targetgroup/tests-web/2a216f38f5a1e18c"
              }
            ],
            "name": "tests-web-service",
            "network_configuration": [
              {
                "assign_public_ip": false,
                "security_groups": [
                  "sg-0e57fed5321fce6a8"
                ],
                "subnets": [
                  "subnet-07dbd849cba2cc3f0",
                  "subnet-0a9b1e1198ad93987"
                ]
              }
            ],
            "ordered_placement_strategy": [],
            "placement_constraints": [],
            "platform_version": "LATEST",
            "propagate_tags": "NONE",
            "scheduling_strategy": "REPLICA",
            "service_connect_configuration": [],
            "service_registries": [],
            "tags": {
              "Name": "tests-web"
            },
            "tags_all": {
              "Name": "tests-web"
            },
            "task_definition": "arn:aws:ecs:eu-central-1:211439781557:task-definition/tests-web-family:4",
            "timeouts": null,
            "triggers": {},
            "wait_for_steady_state": false
          },
          "sensitive_attributes": [],
          "private": "eyJlMmJmYjczMC1lY2FhLTExZTYtOGY4OC0zNDM2M2JjN2M0YzAiOnsiY3JlYXRlIjoxMjAwMDAwMDAwMDAwLCJkZWxldGUiOjEyMDAwMDAwMDAwMDAsInVwZGF0ZSI6MTIwMDAwMDAwMDAwMH19",
          "dependencies": [
            "module.external_application_load_balancer.aws_security_group.main",
            "module.network.module.vpc.aws_subnet.private",
            "module.network.module.vpc.aws_vpc.this",
            "module.network.module.vpc.aws_vpc_ipv4_cidr_block_association.this",
            "module.roles.aws_iam_role.ecsTaskExecution",
            "module.roles.data.aws_iam_policy_document.ecsTaskExecution",
            "module.web_container.aws_ecr_repository.repo",
            "module.web_container.aws_ecs_cluster.this",
            "module.web_container.null_resource.send_docker_image",
            "module.web_task.aws_alb_target_group.web",
            "module.web_task.aws_ecs_task_definition.web",
            "module.web_task.aws_security_group.web_container"
          ]
        }
      ]
    },
    {
      "module": "module.web_container",
      "mode": "managed",
      "type": "null_resource",
      "name": "send_docker_image",
      "provider": "provider[\"registry.terraform.io/hashicorp/null\"]",
      "instances": [
        {
          "schema_version": 0,
          "attributes": {
            "id": "7058566359911448108",
            "triggers": {
              "value": "1.0.0"
            }
          },
          "sensitive_attributes": [],
          "dependencies": [
            "module.web_container.aws_ecr_repository.repo"
          ]
        }
      ]
    },
    {
      "module": "module.web_task",
      "mode": "managed",
      "type": "aws_alb_listener",
      "name": "external_http",
      "provider": "provider[\"registry.terraform.io/hashicorp/aws\"]",
      "instances": [
        {
          "schema_version": 0,
          "attributes": {
            "alpn_policy": null,
            "arn": "arn:aws:elasticloadbalancing:eu-central-1:211439781557:listener/app/external/fe2430e336c24de9/598915a5240b01a2",
            "certificate_arn": null,
            "default_action": [
              {
                "authenticate_cognito": [],
                "authenticate_oidc": [],
                "fixed_response": [],
                "forward": [],
                "order": 1,
                "redirect": [],
                "target_group_arn": "arn:aws:elasticloadbalancing:eu-central-1:211439781557:targetgroup/tests-web/2a216f38f5a1e18c",
                "type": "forward"
              }
            ],
            "id": "arn:aws:elasticloadbalancing:eu-central-1:211439781557:listener/app/external/fe2430e336c24de9/598915a5240b01a2",
            "load_balancer_arn": "arn:aws:elasticloadbalancing:eu-central-1:211439781557:loadbalancer/app/external/fe2430e336c24de9",
            "port": 80,
            "protocol": "HTTP",
            "ssl_policy": "",
            "tags": {},
            "tags_all": {},
            "timeouts": null
          },
          "sensitive_attributes": [],
          "private": "eyJlMmJmYjczMC1lY2FhLTExZTYtOGY4OC0zNDM2M2JjN2M0YzAiOnsicmVhZCI6NjAwMDAwMDAwMDAwfX0=",
          "dependencies": [
            "module.external_application_load_balancer.aws_alb.main",
            "module.external_application_load_balancer.aws_security_group.main",
            "module.network.module.vpc.aws_subnet.public",
            "module.network.module.vpc.aws_vpc.this",
            "module.network.module.vpc.aws_vpc_ipv4_cidr_block_association.this",
            "module.web_task.aws_alb_target_group.web"
          ]
        }
      ]
    },
    {
      "module": "module.web_task",
      "mode": "managed",
      "type": "aws_alb_target_group",
      "name": "web",
      "provider": "provider[\"registry.terraform.io/hashicorp/aws\"]",
      "instances": [
        {
          "schema_version": 0,
          "attributes": {
            "arn": "arn:aws:elasticloadbalancing:eu-central-1:211439781557:targetgroup/tests-web/2a216f38f5a1e18c",
            "arn_suffix": "targetgroup/tests-web/2a216f38f5a1e18c",
            "connection_termination": null,
            "deregistration_delay": "300",
            "health_check": [
              {
                "enabled": true,
                "healthy_threshold": 3,
                "interval": 30,
                "matcher": "200",
                "path": "/health.html",
                "port": "traffic-port",
                "protocol": "HTTP",
                "timeout": 3,
                "unhealthy_threshold": 2
              }
            ],
            "id": "arn:aws:elasticloadbalancing:eu-central-1:211439781557:targetgroup/tests-web/2a216f38f5a1e18c",
            "ip_address_type": "ipv4",
            "lambda_multi_value_headers_enabled": false,
            "load_balancing_algorithm_type": "round_robin",
            "load_balancing_cross_zone_enabled": "use_load_balancer_configuration",
            "name": "tests-web",
            "name_prefix": "",
            "port": 4173,
            "preserve_client_ip": null,
            "protocol": "HTTP",
            "protocol_version": "HTTP1",
            "proxy_protocol_v2": false,
            "slow_start": 0,
            "stickiness": [
              {
                "cookie_duration": 86400,
                "cookie_name": "",
                "enabled": true,
                "type": "lb_cookie"
              }
            ],
            "tags": {},
            "tags_all": {},
            "target_failover": [
              {
                "on_deregistration": null,
                "on_unhealthy": null
              }
            ],
            "target_health_state": [
              {
                "enable_unhealthy_connection_termination": null
              }
            ],
            "target_type": "ip",
            "vpc_id": "vpc-00bab91c900698c8f"
          },
          "sensitive_attributes": [],
          "private": "bnVsbA==",
          "dependencies": [
            "module.network.module.vpc.aws_vpc.this"
          ]
        }
      ]
    },
    {
      "module": "module.web_task",
      "mode": "managed",
      "type": "aws_ecs_task_definition",
      "name": "web",
      "provider": "provider[\"registry.terraform.io/hashicorp/aws\"]",
      "instances": [
        {
          "schema_version": 1,
          "attributes": {
            "arn": "arn:aws:ecs:eu-central-1:211439781557:task-definition/tests-web-family:4",
            "arn_without_revision": "arn:aws:ecs:eu-central-1:211439781557:task-definition/tests-web-family",
            "container_definitions": "[{\"cpu\":256,\"environment\":[],\"essential\":true,\"healthCheck\":{\"command\":[\"CMD-SHELL\",\"wget --no-verbose --tries=1 --spider http://localhost:4173/health.html || exit 1\"],\"interval\":10,\"retries\":5,\"startPeriod\":20,\"timeout\":5},\"image\":\"211439781557.dkr.ecr.eu-central-1.amazonaws.com/tests-web:1.0.0\",\"memory\":512,\"mountPoints\":[],\"name\":\"tests-web\",\"portMappings\":[{\"containerPort\":4173,\"hostPort\":4173,\"protocol\":\"tcp\"}],\"volumesFrom\":[]}]",
            "cpu": "256",
            "ephemeral_storage": [],
            "execution_role_arn": "arn:aws:iam::211439781557:role/ecsTaskExecution",
            "family": "tests-web-family",
            "id": "tests-web-family",
            "inference_accelerator": [],
            "ipc_mode": "",
            "memory": "512",
            "network_mode": "awsvpc",
            "pid_mode": "",
            "placement_constraints": [],
            "proxy_configuration": [],
            "requires_compatibilities": [
              "FARGATE"
            ],
            "revision": 4,
            "runtime_platform": [],
            "skip_destroy": false,
            "tags": {
              "Name": "tests-web-family"
            },
            "tags_all": {
              "Name": "tests-web-family"
            },
            "task_role_arn": "",
            "volume": []
          },
          "sensitive_attributes": [],
          "private": "eyJzY2hlbWFfdmVyc2lvbiI6IjEifQ==",
          "dependencies": [
            "module.roles.aws_iam_role.ecsTaskExecution",
            "module.roles.data.aws_iam_policy_document.ecsTaskExecution",
            "module.web_container.aws_ecr_repository.repo"
          ]
        }
      ]
    },
    {
      "module": "module.web_task",
      "mode": "managed",
      "type": "aws_security_group",
      "name": "web_container",
      "provider": "provider[\"registry.terraform.io/hashicorp/aws\"]",
      "instances": [
        {
          "schema_version": 1,
          "attributes": {
            "arn": "arn:aws:ec2:eu-central-1:211439781557:security-group/sg-0e57fed5321fce6a8",
            "description": "allow inbound access from the ALB only",
            "egress": [
              {
                "cidr_blocks": [
                  "0.0.0.0/0"
                ],
                "description": "",
                "from_port": 0,
                "ipv6_cidr_blocks": [],
                "prefix_list_ids": [],
                "protocol": "-1",
                "security_groups": [],
                "self": false,
                "to_port": 0
              }
            ],
            "id": "sg-0e57fed5321fce6a8",
            "ingress": [
              {
                "cidr_blocks": [],
                "description": "",
                "from_port": 4173,
                "ipv6_cidr_blocks": [],
                "prefix_list_ids": [],
                "protocol": "tcp",
                "security_groups": [
                  "sg-09e967195ceb1a1c0"
                ],
                "self": false,
                "to_port": 4173
              }
            ],
            "name": "tests-web-container",
            "name_prefix": "",
            "owner_id": "211439781557",
            "revoke_rules_on_delete": false,
            "tags": {
              "Name": "tests-web"
            },
            "tags_all": {
              "Name": "tests-web"
            },
            "timeouts": null,
            "vpc_id": "vpc-00bab91c900698c8f"
          },
          "sensitive_attributes": [],
          "private": "eyJlMmJmYjczMC1lY2FhLTExZTYtOGY4OC0zNDM2M2JjN2M0YzAiOnsiY3JlYXRlIjo2MDAwMDAwMDAwMDAsImRlbGV0ZSI6OTAwMDAwMDAwMDAwfSwic2NoZW1hX3ZlcnNpb24iOiIxIn0=",
          "dependencies": [
            "module.external_application_load_balancer.aws_security_group.main",
            "module.network.module.vpc.aws_vpc.this"
          ]
        }
      ]
    }
  ],
  "check_results": null
}
